{
  "version": 4,
  "terraform_version": "1.5.7",
  "serial": 152,
  "lineage": "2c629264-e9a2-dba9-5375-f6cb35a42993",
  "outputs": {},
  "resources": [
    {
      "module": "module.main-eks",
      "mode": "data",
      "type": "aws_ami",
      "name": "gold_image",
      "provider": "provider[\"registry.terraform.io/hashicorp/aws\"]",
      "instances": [
        {
          "index_key": 0,
          "schema_version": 0,
          "attributes": {
            "architecture": "x86_64",
            "arn": "arn:aws:ec2:us-east-1::image/ami-021ff3ba98dc6d3a5",
            "block_device_mappings": [
              {
                "device_name": "/dev/xvda",
                "ebs": {
                  "delete_on_termination": "true",
                  "encrypted": "false",
                  "iops": "0",
                  "snapshot_id": "snap-0f20580c9db382e82",
                  "throughput": "0",
                  "volume_size": "20",
                  "volume_type": "gp2"
                },
                "no_device": "",
                "virtual_name": ""
              }
            ],
            "boot_mode": "",
            "creation_date": "2024-05-15T12:05:42.000Z",
            "deprecation_time": "2024-09-13T04:00:00.000Z",
            "description": "EKS Kubernetes Worker AMI with AmazonLinux2 image, (k8s: 1.29.3, containerd: 1.7.*)",
            "ena_support": true,
            "executable_users": null,
            "filter": null,
            "hypervisor": "xen",
            "id": "ami-021ff3ba98dc6d3a5",
            "image_id": "ami-021ff3ba98dc6d3a5",
            "image_location": "743302140042/amzn2-eks-1.29-gi-2024-05-15T11-57-08Z",
            "image_owner_alias": "",
            "image_type": "machine",
            "imds_support": "",
            "include_deprecated": false,
            "kernel_id": "",
            "most_recent": true,
            "name": "amzn2-eks-1.29-gi-2024-05-15T11-57-08Z",
            "name_regex": "^amzn2-eks-1.29-gi-2024-05",
            "owner_id": "743302140042",
            "owners": [
              "743302140042"
            ],
            "platform": "",
            "platform_details": "Linux/UNIX",
            "product_codes": [],
            "public": false,
            "ramdisk_id": "",
            "root_device_name": "/dev/xvda",
            "root_device_type": "ebs",
            "root_snapshot_id": "snap-0f20580c9db382e82",
            "sriov_net_support": "simple",
            "state": "available",
            "state_reason": {
              "code": "UNSET",
              "message": "UNSET"
            },
            "tags": {},
            "timeouts": null,
            "tpm_support": "",
            "usage_operation": "RunInstances",
            "virtualization_type": "hvm"
          },
          "sensitive_attributes": []
        }
      ]
    },
    {
      "module": "module.main-eks",
      "mode": "data",
      "type": "aws_availability_zones",
      "name": "available",
      "provider": "provider[\"registry.terraform.io/hashicorp/aws\"]",
      "instances": [
        {
          "schema_version": 0,
          "attributes": {
            "all_availability_zones": null,
            "exclude_names": null,
            "exclude_zone_ids": null,
            "filter": null,
            "group_names": [
              "us-east-1"
            ],
            "id": "us-east-1",
            "names": [
              "us-east-1a",
              "us-east-1b",
              "us-east-1c",
              "us-east-1d",
              "us-east-1e",
              "us-east-1f"
            ],
            "state": null,
            "timeouts": null,
            "zone_ids": [
              "use1-az6",
              "use1-az1",
              "use1-az2",
              "use1-az4",
              "use1-az3",
              "use1-az5"
            ]
          },
          "sensitive_attributes": []
        }
      ]
    },
    {
      "module": "module.main-eks",
      "mode": "data",
      "type": "aws_caller_identity",
      "name": "current",
      "provider": "provider[\"registry.terraform.io/hashicorp/aws\"]",
      "instances": [
        {
          "schema_version": 0,
          "attributes": {
            "account_id": "111594127594",
            "arn": "arn:aws:sts::111594127594:assumed-role/ct-ado-batcave-techadmin/PDYW",
            "id": "111594127594",
            "user_id": "AROART64HIDVDKJZ7XSD4:PDYW"
          },
          "sensitive_attributes": []
        }
      ]
    },
    {
      "module": "module.main-eks",
      "mode": "data",
      "type": "aws_ec2_managed_prefix_list",
      "name": "cmscloud_security_tools",
      "provider": "provider[\"registry.terraform.io/hashicorp/aws\"]",
      "instances": [
        {
          "schema_version": 0,
          "attributes": {
            "address_family": "IPv4",
            "arn": "arn:aws:ec2:us-east-1:921617238787:prefix-list/pl-0a4dde74506ba8a8f",
            "entries": [
              {
                "cidr": "10.220.126.0/26",
                "description": "security-west-prod"
              },
              {
                "cidr": "10.223.126.0/26",
                "description": "security-east-prod"
              },
              {
                "cidr": "10.244.100.0/23",
                "description": "security-old"
              }
            ],
            "filter": null,
            "id": "pl-0a4dde74506ba8a8f",
            "max_entries": 8,
            "name": "cmscloud-security-tools",
            "owner_id": "921617238787",
            "tags": {},
            "timeouts": null,
            "version": 1
          },
          "sensitive_attributes": []
        }
      ]
    },
    {
      "module": "module.main-eks",
      "mode": "data",
      "type": "aws_ec2_managed_prefix_list",
      "name": "cmscloud_shared_services_pl",
      "provider": "provider[\"registry.terraform.io/hashicorp/aws\"]",
      "instances": [
        {
          "schema_version": 0,
          "attributes": {
            "address_family": "IPv4",
            "arn": "arn:aws:ec2:us-east-1:921617238787:prefix-list/pl-01cd239fc89e69618",
            "entries": [
              {
                "cidr": "10.129.0.0/16",
                "description": "ccs-shared-services-west"
              },
              {
                "cidr": "10.135.240.0/20",
                "description": "vpn-private-west"
              },
              {
                "cidr": "10.220.126.0/23",
                "description": "prod-shared-west-1"
              },
              {
                "cidr": "10.220.128.0/20",
                "description": "prod-shared-west-2"
              },
              {
                "cidr": "10.223.126.0/23",
                "description": "prod-shared-east-1"
              },
              {
                "cidr": "10.223.128.0/20",
                "description": "prod-shared-east-2"
              },
              {
                "cidr": "10.232.32.0/19",
                "description": "vpn-private"
              },
              {
                "cidr": "10.244.96.0/19",
                "description": "ccs-shared-services-east"
              },
              {
                "cidr": "34.196.35.156/32",
                "description": "cisco-vpn-instance-2"
              },
              {
                "cidr": "35.160.156.109/32",
                "description": "cisco-vpn-west-instance-1"
              },
              {
                "cidr": "52.20.26.200/32",
                "description": "cisco-vpn-instance-1"
              },
              {
                "cidr": "52.34.232.30/32",
                "description": "cisco-vpn-west-instance-2"
              },
              {
                "cidr": "52.5.212.71/32",
                "description": "cisco-vpn-instance-3"
              }
            ],
            "filter": null,
            "id": "pl-01cd239fc89e69618",
            "max_entries": 20,
            "name": "cmscloud-shared-services",
            "owner_id": "921617238787",
            "tags": {},
            "timeouts": null,
            "version": 4
          },
          "sensitive_attributes": []
        }
      ]
    },
    {
      "module": "module.main-eks",
      "mode": "data",
      "type": "aws_ec2_managed_prefix_list",
      "name": "vpn_prefix_list",
      "provider": "provider[\"registry.terraform.io/hashicorp/aws\"]",
      "instances": [
        {
          "schema_version": 0,
          "attributes": {
            "address_family": "IPv4",
            "arn": "arn:aws:ec2:us-east-1:921617238787:prefix-list/pl-006315be223e9c9a7",
            "entries": [
              {
                "cidr": "10.220.126.64/27",
                "description": "Zscaler West"
              },
              {
                "cidr": "10.220.126.96/28",
                "description": "Zscaler West"
              },
              {
                "cidr": "10.223.126.64/27",
                "description": "Zscaler East"
              },
              {
                "cidr": "10.223.126.96/28",
                "description": "Zscaler East"
              },
              {
                "cidr": "10.232.32.0/19",
                "description": "vpn-private"
              },
              {
                "cidr": "3.230.9.238/32",
                "description": "Zs-NAT-east1"
              },
              {
                "cidr": "34.196.35.156/32",
                "description": "cisco-vpn-instance-2"
              },
              {
                "cidr": "52.20.26.200/32",
                "description": "cisco-vpn-instance-1"
              },
              {
                "cidr": "52.35.250.41/32",
                "description": "Zs-NAT-west2"
              },
              {
                "cidr": "52.5.212.71/32",
                "description": "cisco-vpn-instance-3"
              },
              {
                "cidr": "52.70.76.139/32",
                "description": "Zs-NAT-east1"
              },
              {
                "cidr": "52.73.139.64/32",
                "description": "Zs-NAT-east1"
              },
              {
                "cidr": "52.88.116.165/32",
                "description": "Zs-NAT-west2"
              },
              {
                "cidr": "54.188.70.230/32",
                "description": "Zs-NAT-west2"
              }
            ],
            "filter": null,
            "id": "pl-006315be223e9c9a7",
            "max_entries": 14,
            "name": "cmscloud-vpn",
            "owner_id": "921617238787",
            "tags": {},
            "timeouts": null,
            "version": 5
          },
          "sensitive_attributes": []
        }
      ]
    },
    {
      "module": "module.main-eks",
      "mode": "data",
      "type": "aws_ec2_managed_prefix_list",
      "name": "zscaler_pl",
      "provider": "provider[\"registry.terraform.io/hashicorp/aws\"]",
      "instances": [
        {
          "schema_version": 0,
          "attributes": {
            "address_family": "IPv4",
            "arn": "arn:aws:ec2:us-east-1:083791537459:prefix-list/pl-021a6f9575cc1b686",
            "entries": [
              {
                "cidr": "10.220.126.64/27",
                "description": "Zscaler East West commercial"
              },
              {
                "cidr": "10.220.126.96/28",
                "description": "Zscaler East West commercial"
              },
              {
                "cidr": "10.223.126.64/27",
                "description": "Zscaler East west commercial"
              },
              {
                "cidr": "10.223.126.96/28",
                "description": "Zscaler East West commercial"
              },
              {
                "cidr": "136.226.12.0/23",
                "description": "Zscaler cloud public"
              },
              {
                "cidr": "136.226.18.0/23",
                "description": "Zscaler cloud public"
              },
              {
                "cidr": "136.226.6.0/23",
                "description": "Zscaler cloud public"
              },
              {
                "cidr": "165.225.46.0/24",
                "description": "zscaler from swamy"
              },
              {
                "cidr": "165.225.48.0/24",
                "description": "zscaler from swamy"
              },
              {
                "cidr": "198.179.4.0/24",
                "description": "On prem"
              },
              {
                "cidr": "208.250.57.0/24",
                "description": "zscaler equinix west vishal"
              },
              {
                "cidr": "3.230.9.238/32",
                "description": "NAT GW AWS east west Zscaler public"
              },
              {
                "cidr": "52.35.250.41/32",
                "description": "NAT GW AWS east west Zscaler public"
              },
              {
                "cidr": "52.70.76.139/32",
                "description": "NAT GW AWS east west Zscaler public"
              },
              {
                "cidr": "52.73.139.64/32",
                "description": "NAT GW AWS east west Zscaler public"
              },
              {
                "cidr": "52.88.116.165/32",
                "description": "NAT GW AWS east west Zscaler public"
              },
              {
                "cidr": "54.188.70.230/32",
                "description": "NAT GW AWS east west Zscaler public"
              },
              {
                "cidr": "65.213.206.0/24",
                "description": "zscaler equinix east vishal"
              }
            ],
            "filter": null,
            "id": "pl-021a6f9575cc1b686",
            "max_entries": 30,
            "name": "zscaler",
            "owner_id": "083791537459",
            "tags": {},
            "timeouts": null,
            "version": 5
          },
          "sensitive_attributes": []
        }
      ]
    },
    {
      "module": "module.main-eks",
      "mode": "data",
      "type": "aws_eks_addon_version",
      "name": "aws-ebs-csi-driver",
      "provider": "provider[\"registry.terraform.io/hashicorp/aws\"]",
      "instances": [
        {
          "schema_version": 0,
          "attributes": {
            "addon_name": "aws-ebs-csi-driver",
            "id": "aws-ebs-csi-driver",
            "kubernetes_version": "1.29",
            "most_recent": true,
            "version": "v1.31.0-eksbuild.1"
          },
          "sensitive_attributes": []
        }
      ]
    },
    {
      "module": "module.main-eks",
      "mode": "data",
      "type": "aws_eks_addon_version",
      "name": "aws-efs-csi-driver",
      "provider": "provider[\"registry.terraform.io/hashicorp/aws\"]",
      "instances": [
        {
          "schema_version": 0,
          "attributes": {
            "addon_name": "aws-efs-csi-driver",
            "id": "aws-efs-csi-driver",
            "kubernetes_version": "1.29",
            "most_recent": true,
            "version": "v2.0.3-eksbuild.1"
          },
          "sensitive_attributes": []
        }
      ]
    },
    {
      "module": "module.main-eks",
      "mode": "data",
      "type": "aws_eks_addon_version",
      "name": "aws_cloudwatch_observability",
      "provider": "provider[\"registry.terraform.io/hashicorp/aws\"]",
      "instances": [
        {
          "schema_version": 0,
          "attributes": {
            "addon_name": "amazon-cloudwatch-observability",
            "id": "amazon-cloudwatch-observability",
            "kubernetes_version": "1.29",
            "most_recent": true,
            "version": "v1.7.0-eksbuild.1"
          },
          "sensitive_attributes": []
        }
      ]
    },
    {
      "module": "module.main-eks",
      "mode": "data",
      "type": "aws_eks_addon_version",
      "name": "coredns",
      "provider": "provider[\"registry.terraform.io/hashicorp/aws\"]",
      "instances": [
        {
          "schema_version": 0,
          "attributes": {
            "addon_name": "coredns",
            "id": "coredns",
            "kubernetes_version": "1.29",
            "most_recent": true,
            "version": "v1.11.1-eksbuild.9"
          },
          "sensitive_attributes": []
        }
      ]
    },
    {
      "module": "module.main-eks",
      "mode": "data",
      "type": "aws_eks_addon_version",
      "name": "eks-pod-identity-agent",
      "provider": "provider[\"registry.terraform.io/hashicorp/aws\"]",
      "instances": [
        {
          "schema_version": 0,
          "attributes": {
            "addon_name": "eks-pod-identity-agent",
            "id": "eks-pod-identity-agent",
            "kubernetes_version": "1.29",
            "most_recent": true,
            "version": "v1.2.0-eksbuild.1"
          },
          "sensitive_attributes": []
        }
      ]
    },
    {
      "module": "module.main-eks",
      "mode": "data",
      "type": "aws_eks_addon_version",
      "name": "kube-proxy",
      "provider": "provider[\"registry.terraform.io/hashicorp/aws\"]",
      "instances": [
        {
          "schema_version": 0,
          "attributes": {
            "addon_name": "kube-proxy",
            "id": "kube-proxy",
            "kubernetes_version": "1.29",
            "most_recent": true,
            "version": "v1.29.3-eksbuild.5"
          },
          "sensitive_attributes": []
        }
      ]
    },
    {
      "module": "module.main-eks",
      "mode": "data",
      "type": "aws_eks_addon_version",
      "name": "vpc-cni",
      "provider": "provider[\"registry.terraform.io/hashicorp/aws\"]",
      "instances": [
        {
          "schema_version": 0,
          "attributes": {
            "addon_name": "vpc-cni",
            "id": "vpc-cni",
            "kubernetes_version": "1.29",
            "most_recent": true,
            "version": "v1.18.2-eksbuild.1"
          },
          "sensitive_attributes": []
        }
      ]
    },
    {
      "module": "module.main-eks",
      "mode": "data",
      "type": "aws_eks_cluster_auth",
      "name": "main",
      "provider": "provider[\"registry.terraform.io/hashicorp/aws\"]",
      "instances": [
        {
          "schema_version": 0,
          "attributes": {
            "id": "hema-test",
            "name": "hema-test",
            "token": "k8s-aws-v1.aHR0cHM6Ly9zdHMudXMtZWFzdC0xLmFtYXpvbmF3cy5jb20vP0FjdGlvbj1HZXRDYWxsZXJJZGVudGl0eSZWZXJzaW9uPTIwMTEtMDYtMTUmWC1BbXotQWxnb3JpdGhtPUFXUzQtSE1BQy1TSEEyNTYmWC1BbXotQ3JlZGVudGlhbD1BU0lBUlQ2NEhJRFZCSFM1N1lXSiUyRjIwMjQwNjE0JTJGdXMtZWFzdC0xJTJGc3RzJTJGYXdzNF9yZXF1ZXN0JlgtQW16LURhdGU9MjAyNDA2MTRUMTg0NzIwWiZYLUFtei1FeHBpcmVzPTAmWC1BbXotU2VjdXJpdHktVG9rZW49RndvR1pYSXZZWGR6RUNJYURLY2tkeFJQbVR5UVRLY2ZhU0tvQVZ6OVpWcFJUUEo4WDlreTN2WnB2RDNHZ0FFZjgyZFZiWVNzcG45YmtNSEtlcFp0OVRZbjZFOVRURENGNUsxcSUyRjJSYkp6Ym9rb2wxTnJ0MmRFNWYwbnhwbUdqcVBCYTZhcXdBd25uVjc4aVVqRlhhZjVycU52U3V2Y0g2R1YwcWh3bDlOdE5oTnlLWjZiZTNIY0Rlenh2bU9mUWo1UmdRJTJCYVhNTmpGZVdDSGZkYnNyWHNBanlsekI2T3RqZXI0eCUyRm1QWjJXZjhQeUFxeHUydUptcXBxeThLJTJGTzk1OW52Q3BpaWoxckd6QmpJdEYwVFlyb3phQlZZM3hESXVsNTl3cDM4N2hxRnAxQWZ3VGJTUyUyRnNVM3JzWmJqZDdMNVJKSlo0Q0F3bnkxJlgtQW16LVNpZ25lZEhlYWRlcnM9aG9zdCUzQngtazhzLWF3cy1pZCZYLUFtei1TaWduYXR1cmU9NWE3Mjg3YzI4YTcxYTE5MDAwZWFhNDA0ZGE1MzlmZjRlNjFlOGU4Y2E1YzY4MTk1M2JhZTZjNjBhNmRiNjIzYw"
          },
          "sensitive_attributes": []
        }
      ]
    },
    {
      "module": "module.main-eks",
      "mode": "data",
      "type": "aws_iam_policy_document",
      "name": "vpc",
      "provider": "provider[\"registry.terraform.io/hashicorp/aws\"]",
      "instances": [
        {
          "schema_version": 0,
          "attributes": {
            "id": "986889625",
            "json": "{\n  \"Version\": \"2012-10-17\",\n  \"Statement\": [\n    {\n      \"Sid\": \"VPCFlowLogs\",\n      \"Effect\": \"Allow\",\n      \"Action\": [\n        \"logs:PutLogEvents\",\n        \"logs:DescribeLogStreams\",\n        \"logs:DescribeLogGroups\",\n        \"logs:CreateLogStream\",\n        \"logs:CreateLogGroup\"\n      ],\n      \"Resource\": \"*\"\n    },\n    {\n      \"Sid\": \"VPCFlowLogsS3\",\n      \"Effect\": \"Allow\",\n      \"Action\": \"s3:PutObject\",\n      \"Resource\": \"arn:aws:s3:::hema-test-logs-t2stgk0dvnzo/*\"\n    }\n  ]\n}",
            "minified_json": "{\"Version\":\"2012-10-17\",\"Statement\":[{\"Sid\":\"VPCFlowLogs\",\"Effect\":\"Allow\",\"Action\":[\"logs:PutLogEvents\",\"logs:DescribeLogStreams\",\"logs:DescribeLogGroups\",\"logs:CreateLogStream\",\"logs:CreateLogGroup\"],\"Resource\":\"*\"},{\"Sid\":\"VPCFlowLogsS3\",\"Effect\":\"Allow\",\"Action\":\"s3:PutObject\",\"Resource\":\"arn:aws:s3:::hema-test-logs-t2stgk0dvnzo/*\"}]}",
            "override_json": null,
            "override_policy_documents": null,
            "policy_id": null,
            "source_json": null,
            "source_policy_documents": null,
            "statement": [
              {
                "actions": [
                  "logs:CreateLogGroup",
                  "logs:CreateLogStream",
                  "logs:DescribeLogGroups",
                  "logs:DescribeLogStreams",
                  "logs:PutLogEvents"
                ],
                "condition": [],
                "effect": "Allow",
                "not_actions": [],
                "not_principals": [],
                "not_resources": [],
                "principals": [],
                "resources": [
                  "*"
                ],
                "sid": "VPCFlowLogs"
              },
              {
                "actions": [
                  "s3:PutObject"
                ],
                "condition": [],
                "effect": "Allow",
                "not_actions": [],
                "not_principals": [],
                "not_resources": [],
                "principals": [],
                "resources": [
                  "arn:aws:s3:::hema-test-logs-t2stgk0dvnzo/*"
                ],
                "sid": "VPCFlowLogsS3"
              }
            ],
            "version": "2012-10-17"
          },
          "sensitive_attributes": []
        }
      ]
    },
    {
      "module": "module.main-eks",
      "mode": "data",
      "type": "aws_iam_roles",
      "name": "all_roles",
      "provider": "provider[\"registry.terraform.io/hashicorp/aws\"]",
      "instances": [
        {
          "schema_version": 0,
          "attributes": {
            "arns": [
              "arn:aws:iam::111594127594:role/AttachSNS-to-Inspector-LambdaRole-111594127594-us-east-1",
              "arn:aws:iam::111594127594:role/AttachSNS-to-Inspector-LambdaRole-111594127594-us-west-2",
              "arn:aws:iam::111594127594:role/CCSPatchRole",
              "arn:aws:iam::111594127594:role/CMS-ChefInspecScan-SSMAutomation-us-east-1",
              "arn:aws:iam::111594127594:role/CMS-ChefInspecScan-SSMAutomation-us-west-2",
              "arn:aws:iam::111594127594:role/CMS-Cloud-Security-Bucket-Cleanup-role",
              "arn:aws:iam::111594127594:role/CMS-Cloud-Security-Compliance-Forwarder-role-us-east-1",
              "arn:aws:iam::111594127594:role/CMS-Cloud-Security-Compliance-Forwarder-role-us-west-2",
              "arn:aws:iam::111594127594:role/CMS-Cloud-Security-GuardRails-Remediation-Cross-Account-Role",
              "arn:aws:iam::111594127594:role/CMS-Cloud-Security-Instance-C-EventsComplianceRole-187XJ5TFXKHJY",
              "arn:aws:iam::111594127594:role/CMS-Cloud-Security-Instance-C-EventsComplianceRole-18OHJSR8K8AB4",
              "arn:aws:iam::111594127594:role/CMS-Cloud-Security-Instance-SSMtoSecHubLambdaRole-12Z6GZ9VUGWK5",
              "arn:aws:iam::111594127594:role/CMS-Cloud-Security-Instance-SSMtoSecHubLambdaRole-1HQ3ARWVN8ODM",
              "arn:aws:iam::111594127594:role/CMS-Cloud-Security-SSM-Doc-Handler-Role-us-east-1",
              "arn:aws:iam::111594127594:role/CMS-Cloud-Security-SSM-Doc-Handler-Role-us-west-2",
              "arn:aws:iam::111594127594:role/CMS-Cloud-Security-SSM-OSDetection-Role-us-east-1",
              "arn:aws:iam::111594127594:role/CMS-Cloud-Security-SSM-OSDetection-Role-us-west-2",
              "arn:aws:iam::111594127594:role/CMS-Cloud-Security-SSM-RunInspec-Role-us-east-1",
              "arn:aws:iam::111594127594:role/CMS-Cloud-Security-SSM-RunInspec-Role-us-west-2",
              "arn:aws:iam::111594127594:role/CMS-CustomResource-CF-Lambda-us-east-1",
              "arn:aws:iam::111594127594:role/CMS-CustomResource-CF-Lambda-us-west-2",
              "arn:aws:iam::111594127594:role/DWCrossAccountAccessRole",
              "arn:aws:iam::111594127594:role/ITOPS-SSM-Patching-IAM-Ba-AssignIAMToSSMInstancesRo-BdeEAJWNwvlC",
              "arn:aws:iam::111594127594:role/ITOPS-SSM-Patching-IAM-Ba-CheckSSMAssociationStatus-EOMrgM67IfJB",
              "arn:aws:iam::111594127594:role/ITOPS-SSM-Patching-IAM-Base-AWSConfigSSMRulesRole-YIN0Ez4zJ8Dw",
              "arn:aws:iam::111594127594:role/ITOPS-SSM-Patching-non-marketpl-CCSPatchTaggingRole-92NdDuZ7sWQZ",
              "arn:aws:iam::111594127594:role/Inspector-to-S3-LambdaRole-111594127594",
              "arn:aws:iam::111594127594:role/InspectorRunStartEventsRole",
              "arn:aws:iam::111594127594:role/OrganizationAccountAccessRole",
              "arn:aws:iam::111594127594:role/SamShieldAdvancedWaf-DeliveryRole-166JZ5CKZIQAI",
              "arn:aws:iam::111594127594:role/SamShieldAdvancedWaf-DeliveryRole-1CXYK7OTZSTJB",
              "arn:aws:iam::111594127594:role/aws-cpm-assume-roleV2",
              "arn:aws:iam::111594127594:role/aws-service-role/access-analyzer.amazonaws.com/AWSServiceRoleForAccessAnalyzer",
              "arn:aws:iam::111594127594:role/aws-service-role/auditmanager.amazonaws.com/AWSServiceRoleForAuditManager",
              "arn:aws:iam::111594127594:role/aws-service-role/autoscaling.amazonaws.com/AWSServiceRoleForAutoScaling",
              "arn:aws:iam::111594127594:role/aws-service-role/backup.amazonaws.com/AWSServiceRoleForBackup",
              "arn:aws:iam::111594127594:role/aws-service-role/compute-optimizer.amazonaws.com/AWSServiceRoleForComputeOptimizer",
              "arn:aws:iam::111594127594:role/aws-service-role/config-multiaccountsetup.amazonaws.com/AWSServiceRoleForConfigMultiAccountSetup",
              "arn:aws:iam::111594127594:role/aws-service-role/cost-optimization-hub.bcm.amazonaws.com/AWSServiceRoleForCostOptimizationHub",
              "arn:aws:iam::111594127594:role/aws-service-role/eks-nodegroup.amazonaws.com/AWSServiceRoleForAmazonEKSNodegroup",
              "arn:aws:iam::111594127594:role/aws-service-role/eks.amazonaws.com/AWSServiceRoleForAmazonEKS",
              "arn:aws:iam::111594127594:role/aws-service-role/fms.amazonaws.com/AWSServiceRoleForFMS",
              "arn:aws:iam::111594127594:role/aws-service-role/guardduty.amazonaws.com/AWSServiceRoleForAmazonGuardDuty",
              "arn:aws:iam::111594127594:role/aws-service-role/inspector.amazonaws.com/AWSServiceRoleForAmazonInspector",
              "arn:aws:iam::111594127594:role/aws-service-role/management.chatbot.amazonaws.com/AWSServiceRoleForAWSChatbot",
              "arn:aws:iam::111594127594:role/aws-service-role/member.org.stacksets.cloudformation.amazonaws.com/AWSServiceRoleForCloudFormationStackSetsOrgMember",
              "arn:aws:iam::111594127594:role/aws-service-role/organizations.amazonaws.com/AWSServiceRoleForOrganizations",
              "arn:aws:iam::111594127594:role/aws-service-role/remediation.config.amazonaws.com/AWSServiceRoleForConfigRemediation",
              "arn:aws:iam::111594127594:role/aws-service-role/route53resolver.amazonaws.com/AWSServiceRoleForRoute53Resolver",
              "arn:aws:iam::111594127594:role/aws-service-role/securityhub.amazonaws.com/AWSServiceRoleForSecurityHub",
              "arn:aws:iam::111594127594:role/aws-service-role/servicequotas.amazonaws.com/AWSServiceRoleForServiceQuotas",
              "arn:aws:iam::111594127594:role/aws-service-role/ssm.amazonaws.com/AWSServiceRoleForAmazonSSM",
              "arn:aws:iam::111594127594:role/aws-service-role/sso.amazonaws.com/AWSServiceRoleForSSO",
              "arn:aws:iam::111594127594:role/aws-service-role/support.amazonaws.com/AWSServiceRoleForSupport",
              "arn:aws:iam::111594127594:role/aws-service-role/transitgateway.amazonaws.com/AWSServiceRoleForVPCTransitGateway",
              "arn:aws:iam::111594127594:role/aws-service-role/trustedadvisor.amazonaws.com/AWSServiceRoleForTrustedAdvisor",
              "arn:aws:iam::111594127594:role/aws-service-role/wafv2.amazonaws.com/AWSServiceRoleForWAFV2Logging",
              "arn:aws:iam::111594127594:role/ccs-pwc-patching-role",
              "arn:aws:iam::111594127594:role/cloudtamer-service-role",
              "arn:aws:iam::111594127594:role/cms-approved-services-network-architecture-admin",
              "arn:aws:iam::111594127594:role/cms-cloud-admin/ct-cms-cloud-ia-operations",
              "arn:aws:iam::111594127594:role/cms-cloud-axonius-connector",
              "arn:aws:iam::111594127594:role/cms-cloud-cdm-assign-config-ssm-role",
              "arn:aws:iam::111594127594:role/cms-cloud-cdm-assign-iam-role-lambda-role",
              "arn:aws:iam::111594127594:role/cms-cloud-cdm-cloudtrail-replication-role",
              "arn:aws:iam::111594127594:role/cms-cloud-cdm-config-recorder-role",
              "arn:aws:iam::111594127594:role/cms-cloud-cdm-failed-association-role",
              "arn:aws:iam::111594127594:role/cms-cloud-cdm-support-cloudtrail-role",
              "arn:aws:iam::111594127594:role/cms-cloud-cloud-navigator",
              "arn:aws:iam::111594127594:role/cms-cloud-cloudwatch-scanning-write-role",
              "arn:aws:iam::111594127594:role/cms-cloud-cpm-backup-metrics-role",
              "arn:aws:iam::111594127594:role/cms-cloud-cpt-read-role",
              "arn:aws:iam::111594127594:role/cms-cloud-devops-ci-access-role",
              "arn:aws:iam::111594127594:role/cms-cloud-global-config",
              "arn:aws:iam::111594127594:role/cms-cloud-iam-password-policy",
              "arn:aws:iam::111594127594:role/cms-cloud-logging-cloudtrail-cloudwatch-role",
              "arn:aws:iam::111594127594:role/cms-cloud-logging-cloudwatch-splunk-lambda-role-us-east-1",
              "arn:aws:iam::111594127594:role/cms-cloud-logging-cloudwatch-splunk-lambda-role-us-west-2",
              "arn:aws:iam::111594127594:role/cms-cloud-logging-cloudwatch-subscriber-lambda-role",
              "arn:aws:iam::111594127594:role/cms-cloud-logging-data-warehouse-role",
              "arn:aws:iam::111594127594:role/cms-cloud-logging-default-hec-lambda-role-us-east-1",
              "arn:aws:iam::111594127594:role/cms-cloud-logging-default-hec-lambda-role-us-west-2",
              "arn:aws:iam::111594127594:role/cms-cloud-logging-flowlogs-cloudwatch-role",
              "arn:aws:iam::111594127594:role/cms-cloud-logging-kinesis-metrics-to-splunk-role",
              "arn:aws:iam::111594127594:role/cms-cloud-logging-kinesis-stream-role",
              "arn:aws:iam::111594127594:role/cms-cloud-logging-metrics-stream-kinesis-role",
              "arn:aws:iam::111594127594:role/cms-cloud-logging-s3-splunk-lambda-role-us-east-1",
              "arn:aws:iam::111594127594:role/cms-cloud-logging-s3-splunk-lambda-role-us-west-2",
              "arn:aws:iam::111594127594:role/cms-cloud-logging-trustedadvisor-eventrule-lambda-role",
              "arn:aws:iam::111594127594:role/cms-cloud-nucleus-connector",
              "arn:aws:iam::111594127594:role/cms-cloud-sam-compliance-checker-role",
              "arn:aws:iam::111594127594:role/cms-cloud-sam-remediation-role",
              "arn:aws:iam::111594127594:role/cms-cloud-security-compliance-scanning",
              "arn:aws:iam::111594127594:role/cms-cloud-security-dsm-agent-health-reporter-us-east-1",
              "arn:aws:iam::111594127594:role/cms-cloud-security-dsm-agent-health-reporter-us-west-2",
              "arn:aws:iam::111594127594:role/cms-cloud-security-iam-assessment",
              "arn:aws:iam::111594127594:role/cms-cloud-security-nash-CreateActionTargetLambdaRo-1HUYMLNVAU258",
              "arn:aws:iam::111594127594:role/cms-cloud-security-nash-CreateActionTargetLambdaRo-4CKEH0JUS0Q0",
              "arn:aws:iam::111594127594:role/cms-cloud-security-nash-EventBridgeRole-1VMPPUDF3TRTT",
              "arn:aws:iam::111594127594:role/cms-cloud-security-nash-EventBridgeRole-CJX00679Q6LY",
              "arn:aws:iam::111594127594:role/cms-cloud-security-sdl-gather-role",
              "arn:aws:iam::111594127594:role/cms-cloud-software-asset-mgmt-discovery-role",
              "arn:aws:iam::111594127594:role/cms-s3-replication-S3DataReplicationReplicationPol-1CMXGKE8P626Q",
              "arn:aws:iam::111594127594:role/cms-s3-replication-S3DataReplicationReplicationPol-CUTV73NGEAKA",
              "arn:aws:iam::111594127594:role/cms-s3-replication-S3DataReplicationSetupLambdaRol-15T5TPVZGO1GN",
              "arn:aws:iam::111594127594:role/cms-s3-replication-S3DataReplicationSetupLambdaRol-1ARCC4RC5RTZT",
              "arn:aws:iam::111594127594:role/cs-acm-service-role",
              "arn:aws:iam::111594127594:role/ct-ado-batcave-application-admin",
              "arn:aws:iam::111594127594:role/ct-ado-batcave-audit",
              "arn:aws:iam::111594127594:role/ct-ado-batcave-pipelines",
              "arn:aws:iam::111594127594:role/ct-ado-batcave-readonly",
              "arn:aws:iam::111594127594:role/ct-ado-batcave-security",
              "arn:aws:iam::111594127594:role/ct-ado-batcave-sonar",
              "arn:aws:iam::111594127594:role/ct-ado-batcave-techadmin",
              "arn:aws:iam::111594127594:role/ct-ado-batcave-techadmin-nonprod",
              "arn:aws:iam::111594127594:role/ct-ado-patching-service-readonly",
              "arn:aws:iam::111594127594:role/ct-ccic-readonly",
              "arn:aws:iam::111594127594:role/ct-cloudtamer-admin",
              "arn:aws:iam::111594127594:role/ct-cms-read-only",
              "arn:aws:iam::111594127594:role/ct-external-pentester-readonly",
              "arn:aws:iam::111594127594:role/ct-gov20-user",
              "arn:aws:iam::111594127594:role/ct-gss-account-admin",
              "arn:aws:iam::111594127594:role/ct-gss-acm-readonly",
              "arn:aws:iam::111594127594:role/ct-gss-ado-admin",
              "arn:aws:iam::111594127594:role/ct-gss-cast-admin",
              "arn:aws:iam::111594127594:role/ct-gss-cast-poweruser",
              "arn:aws:iam::111594127594:role/ct-gss-cloudtamer-poweruser",
              "arn:aws:iam::111594127594:role/ct-gss-cloudtamer-readonly",
              "arn:aws:iam::111594127594:role/ct-gss-cre-admin",
              "arn:aws:iam::111594127594:role/ct-gss-cre-leads",
              "arn:aws:iam::111594127594:role/ct-gss-cre-poweruser",
              "arn:aws:iam::111594127594:role/ct-gss-cre-readonly",
              "arn:aws:iam::111594127594:role/ct-gss-finance-admin",
              "arn:aws:iam::111594127594:role/ct-gss-finance-readonly",
              "arn:aws:iam::111594127594:role/ct-gss-helpdesk-poweruser",
              "arn:aws:iam::111594127594:role/ct-gss-helpdesk-readonly",
              "arn:aws:iam::111594127594:role/ct-gss-logging-admin",
              "arn:aws:iam::111594127594:role/ct-gss-logging-poweruser",
              "arn:aws:iam::111594127594:role/ct-gss-logging-readonly",
              "arn:aws:iam::111594127594:role/ct-gss-network-admin",
              "arn:aws:iam::111594127594:role/ct-gss-network-poweruser",
              "arn:aws:iam::111594127594:role/ct-gss-network-readonly",
              "arn:aws:iam::111594127594:role/ct-gss-network-vpcconf-viewer-readonly",
              "arn:aws:iam::111594127594:role/ct-gss-operations-admin",
              "arn:aws:iam::111594127594:role/ct-gss-operations-poweruser",
              "arn:aws:iam::111594127594:role/ct-gss-operations-readonly",
              "arn:aws:iam::111594127594:role/ct-gss-security-admin",
              "arn:aws:iam::111594127594:role/ct-gss-security-poweruser",
              "arn:aws:iam::111594127594:role/ct-gss-security-readonly",
              "arn:aws:iam::111594127594:role/ct-gss-sre-admin",
              "arn:aws:iam::111594127594:role/ct-gss-sre-poweruser",
              "arn:aws:iam::111594127594:role/ct-gss-sre-readonly",
              "arn:aws:iam::111594127594:role/ct-gss-tam-admin",
              "arn:aws:iam::111594127594:role/ct-gss-tam-poweruser",
              "arn:aws:iam::111594127594:role/ct-gss-tam-readonly",
              "arn:aws:iam::111594127594:role/ct-gss-tooling-admin",
              "arn:aws:iam::111594127594:role/ct-gss-tooling-poweruser",
              "arn:aws:iam::111594127594:role/ct-gss-tooling-readonly",
              "arn:aws:iam::111594127594:role/ct-iusg-admin",
              "arn:aws:iam::111594127594:role/ct-iusg-cms-soc",
              "arn:aws:iam::111594127594:role/ct-iusg-read-only",
              "arn:aws:iam::111594127594:role/ct-iusg-readonly",
              "arn:aws:iam::111594127594:role/deep-security-role-east",
              "arn:aws:iam::111594127594:role/deep-security-role-west",
              "arn:aws:iam::111594127594:role/default-ebs-encryption/CMS-Cloud-Security-Instance-Co-LambdaExecutionRole-13VY2A4XX2MIL",
              "arn:aws:iam::111594127594:role/default-ebs-encryption/CMS-Cloud-Security-Instance-Co-LambdaExecutionRole-7ID5DICFJA9F",
              "arn:aws:iam::111594127594:role/delegatedadmin/developer/Arun-fluentbit-test",
              "arn:aws:iam::111594127594:role/delegatedadmin/developer/KarpenterController-2024061314215263810000001d",
              "arn:aws:iam::111594127594:role/delegatedadmin/developer/KarpenterController-2024061414210858220000001e",
              "arn:aws:iam::111594127594:role/delegatedadmin/developer/KarpenterController-2024061417105196950000001d",
              "arn:aws:iam::111594127594:role/delegatedadmin/developer/aws-cloudwatch-observability",
              "arn:aws:iam::111594127594:role/delegatedadmin/developer/aws-ebs-csi-hasan-test",
              "arn:aws:iam::111594127594:role/delegatedadmin/developer/aws-ebs-csi-hemanth-test",
              "arn:aws:iam::111594127594:role/delegatedadmin/developer/aws-ebs-csi-howard-test",
              "arn:aws:iam::111594127594:role/delegatedadmin/developer/aws-ebs-csi-jloi-test",
              "arn:aws:iam::111594127594:role/delegatedadmin/developer/aws-ebs-csi-max-test",
              "arn:aws:iam::111594127594:role/delegatedadmin/developer/aws-ebs-csi-sarit-test1",
              "arn:aws:iam::111594127594:role/delegatedadmin/developer/aws-efs-csi-hemanth-test",
              "arn:aws:iam::111594127594:role/delegatedadmin/developer/aws-efs-csi-howard-test",
              "arn:aws:iam::111594127594:role/delegatedadmin/developer/aws-efs-csi-jloi-test",
              "arn:aws:iam::111594127594:role/delegatedadmin/developer/aws-efs-csi-max-test",
              "arn:aws:iam::111594127594:role/delegatedadmin/developer/aws-efs-csi-sarit-test1",
              "arn:aws:iam::111594127594:role/delegatedadmin/developer/aws-lbc-hemanth-test",
              "arn:aws:iam::111594127594:role/delegatedadmin/developer/aws-lbc-howard-test",
              "arn:aws:iam::111594127594:role/delegatedadmin/developer/aws-lbc-jloi-test",
              "arn:aws:iam::111594127594:role/delegatedadmin/developer/aws-lbc-max-test",
              "arn:aws:iam::111594127594:role/delegatedadmin/developer/aws-lbc-sarit-test1",
              "arn:aws:iam::111594127594:role/delegatedadmin/developer/cbj-delete-snapshot",
              "arn:aws:iam::111594127594:role/delegatedadmin/developer/cms-cloud-base-iam-ec2-role-v4",
              "arn:aws:iam::111594127594:role/delegatedadmin/developer/cms-cloud-security-remediate-tmux-config-ssm-role",
              "arn:aws:iam::111594127594:role/delegatedadmin/developer/eks-hasan-test1",
              "arn:aws:iam::111594127594:role/delegatedadmin/developer/eks-hemanth-test",
              "arn:aws:iam::111594127594:role/delegatedadmin/developer/eks-howard-test",
              "arn:aws:iam::111594127594:role/delegatedadmin/developer/eks-jloi-test",
              "arn:aws:iam::111594127594:role/delegatedadmin/developer/eks-max-test",
              "arn:aws:iam::111594127594:role/delegatedadmin/developer/eks-nodes-hasan-test1-20240614184509283000000002",
              "arn:aws:iam::111594127594:role/delegatedadmin/developer/eks-nodes-hemanth-test-20240613140721418800000002",
              "arn:aws:iam::111594127594:role/delegatedadmin/developer/eks-nodes-howard-test-20240614165512769700000001",
              "arn:aws:iam::111594127594:role/delegatedadmin/developer/eks-nodes-jloi-test-20240614171556463000000002",
              "arn:aws:iam::111594127594:role/delegatedadmin/developer/eks-nodes-max-test-20240613151245854400000002",
              "arn:aws:iam::111594127594:role/delegatedadmin/developer/eks-nodes-sarit-test-20240612193700358400000003",
              "arn:aws:iam::111594127594:role/delegatedadmin/developer/eks-nodes-sarit-test1-20240614140541942200000002",
              "arn:aws:iam::111594127594:role/delegatedadmin/developer/eks-sarit-test",
              "arn:aws:iam::111594127594:role/delegatedadmin/developer/eks-sarit-test1",
              "arn:aws:iam::111594127594:role/delegatedadmin/developer/fluentbit-hemanth-test",
              "arn:aws:iam::111594127594:role/delegatedadmin/developer/hasan-test1-vpc-flow-logs",
              "arn:aws:iam::111594127594:role/delegatedadmin/developer/hemanth-test-vpc-flow-logs",
              "arn:aws:iam::111594127594:role/delegatedadmin/developer/howard-test-fluentbit",
              "arn:aws:iam::111594127594:role/delegatedadmin/developer/howard-test-vpc-flow-logs",
              "arn:aws:iam::111594127594:role/delegatedadmin/developer/jloi-test-fluentbit",
              "arn:aws:iam::111594127594:role/delegatedadmin/developer/jloi-test-vpc-flow-logs",
              "arn:aws:iam::111594127594:role/delegatedadmin/developer/max-test-vpc-flow-logs",
              "arn:aws:iam::111594127594:role/delegatedadmin/developer/sarit-test1-fluentbit",
              "arn:aws:iam::111594127594:role/delegatedadmin/developer/sarit-test1-vpc-flow-logs",
              "arn:aws:iam::111594127594:role/delegatedadmin/developer/subscribe-new-log-group",
              "arn:aws:iam::111594127594:role/network-architecture-workstream-service-account",
              "arn:aws:iam::111594127594:role/patching-notification",
              "arn:aws:iam::111594127594:role/service-role/CMSCloudSecuritySamSenderRoleEast",
              "arn:aws:iam::111594127594:role/service-role/CMSCloudSecuritySamSenderRoleWest",
              "arn:aws:iam::111594127594:role/stacksets-exec-ef557517ae89c18125af7ff5ddd288f6",
              "arn:aws:iam::111594127594:role/trend-micro-service-account"
            ],
            "id": "us-east-1",
            "name_regex": null,
            "names": [
              "AWSServiceRoleForAWSChatbot",
              "AWSServiceRoleForAccessAnalyzer",
              "AWSServiceRoleForAmazonEKS",
              "AWSServiceRoleForAmazonEKSNodegroup",
              "AWSServiceRoleForAmazonGuardDuty",
              "AWSServiceRoleForAmazonInspector",
              "AWSServiceRoleForAmazonSSM",
              "AWSServiceRoleForAuditManager",
              "AWSServiceRoleForAutoScaling",
              "AWSServiceRoleForBackup",
              "AWSServiceRoleForCloudFormationStackSetsOrgMember",
              "AWSServiceRoleForComputeOptimizer",
              "AWSServiceRoleForConfigMultiAccountSetup",
              "AWSServiceRoleForConfigRemediation",
              "AWSServiceRoleForCostOptimizationHub",
              "AWSServiceRoleForFMS",
              "AWSServiceRoleForOrganizations",
              "AWSServiceRoleForRoute53Resolver",
              "AWSServiceRoleForSSO",
              "AWSServiceRoleForSecurityHub",
              "AWSServiceRoleForServiceQuotas",
              "AWSServiceRoleForSupport",
              "AWSServiceRoleForTrustedAdvisor",
              "AWSServiceRoleForVPCTransitGateway",
              "AWSServiceRoleForWAFV2Logging",
              "Arun-fluentbit-test",
              "AttachSNS-to-Inspector-LambdaRole-111594127594-us-east-1",
              "AttachSNS-to-Inspector-LambdaRole-111594127594-us-west-2",
              "CCSPatchRole",
              "CMS-ChefInspecScan-SSMAutomation-us-east-1",
              "CMS-ChefInspecScan-SSMAutomation-us-west-2",
              "CMS-Cloud-Security-Bucket-Cleanup-role",
              "CMS-Cloud-Security-Compliance-Forwarder-role-us-east-1",
              "CMS-Cloud-Security-Compliance-Forwarder-role-us-west-2",
              "CMS-Cloud-Security-GuardRails-Remediation-Cross-Account-Role",
              "CMS-Cloud-Security-Instance-C-EventsComplianceRole-187XJ5TFXKHJY",
              "CMS-Cloud-Security-Instance-C-EventsComplianceRole-18OHJSR8K8AB4",
              "CMS-Cloud-Security-Instance-Co-LambdaExecutionRole-13VY2A4XX2MIL",
              "CMS-Cloud-Security-Instance-Co-LambdaExecutionRole-7ID5DICFJA9F",
              "CMS-Cloud-Security-Instance-SSMtoSecHubLambdaRole-12Z6GZ9VUGWK5",
              "CMS-Cloud-Security-Instance-SSMtoSecHubLambdaRole-1HQ3ARWVN8ODM",
              "CMS-Cloud-Security-SSM-Doc-Handler-Role-us-east-1",
              "CMS-Cloud-Security-SSM-Doc-Handler-Role-us-west-2",
              "CMS-Cloud-Security-SSM-OSDetection-Role-us-east-1",
              "CMS-Cloud-Security-SSM-OSDetection-Role-us-west-2",
              "CMS-Cloud-Security-SSM-RunInspec-Role-us-east-1",
              "CMS-Cloud-Security-SSM-RunInspec-Role-us-west-2",
              "CMS-CustomResource-CF-Lambda-us-east-1",
              "CMS-CustomResource-CF-Lambda-us-west-2",
              "CMSCloudSecuritySamSenderRoleEast",
              "CMSCloudSecuritySamSenderRoleWest",
              "DWCrossAccountAccessRole",
              "ITOPS-SSM-Patching-IAM-Ba-AssignIAMToSSMInstancesRo-BdeEAJWNwvlC",
              "ITOPS-SSM-Patching-IAM-Ba-CheckSSMAssociationStatus-EOMrgM67IfJB",
              "ITOPS-SSM-Patching-IAM-Base-AWSConfigSSMRulesRole-YIN0Ez4zJ8Dw",
              "ITOPS-SSM-Patching-non-marketpl-CCSPatchTaggingRole-92NdDuZ7sWQZ",
              "Inspector-to-S3-LambdaRole-111594127594",
              "InspectorRunStartEventsRole",
              "KarpenterController-2024061314215263810000001d",
              "KarpenterController-2024061414210858220000001e",
              "KarpenterController-2024061417105196950000001d",
              "OrganizationAccountAccessRole",
              "SamShieldAdvancedWaf-DeliveryRole-166JZ5CKZIQAI",
              "SamShieldAdvancedWaf-DeliveryRole-1CXYK7OTZSTJB",
              "aws-cloudwatch-observability",
              "aws-cpm-assume-roleV2",
              "aws-ebs-csi-hasan-test",
              "aws-ebs-csi-hemanth-test",
              "aws-ebs-csi-howard-test",
              "aws-ebs-csi-jloi-test",
              "aws-ebs-csi-max-test",
              "aws-ebs-csi-sarit-test1",
              "aws-efs-csi-hemanth-test",
              "aws-efs-csi-howard-test",
              "aws-efs-csi-jloi-test",
              "aws-efs-csi-max-test",
              "aws-efs-csi-sarit-test1",
              "aws-lbc-hemanth-test",
              "aws-lbc-howard-test",
              "aws-lbc-jloi-test",
              "aws-lbc-max-test",
              "aws-lbc-sarit-test1",
              "cbj-delete-snapshot",
              "ccs-pwc-patching-role",
              "cloudtamer-service-role",
              "cms-approved-services-network-architecture-admin",
              "cms-cloud-axonius-connector",
              "cms-cloud-base-iam-ec2-role-v4",
              "cms-cloud-cdm-assign-config-ssm-role",
              "cms-cloud-cdm-assign-iam-role-lambda-role",
              "cms-cloud-cdm-cloudtrail-replication-role",
              "cms-cloud-cdm-config-recorder-role",
              "cms-cloud-cdm-failed-association-role",
              "cms-cloud-cdm-support-cloudtrail-role",
              "cms-cloud-cloud-navigator",
              "cms-cloud-cloudwatch-scanning-write-role",
              "cms-cloud-cpm-backup-metrics-role",
              "cms-cloud-cpt-read-role",
              "cms-cloud-devops-ci-access-role",
              "cms-cloud-global-config",
              "cms-cloud-iam-password-policy",
              "cms-cloud-logging-cloudtrail-cloudwatch-role",
              "cms-cloud-logging-cloudwatch-splunk-lambda-role-us-east-1",
              "cms-cloud-logging-cloudwatch-splunk-lambda-role-us-west-2",
              "cms-cloud-logging-cloudwatch-subscriber-lambda-role",
              "cms-cloud-logging-data-warehouse-role",
              "cms-cloud-logging-default-hec-lambda-role-us-east-1",
              "cms-cloud-logging-default-hec-lambda-role-us-west-2",
              "cms-cloud-logging-flowlogs-cloudwatch-role",
              "cms-cloud-logging-kinesis-metrics-to-splunk-role",
              "cms-cloud-logging-kinesis-stream-role",
              "cms-cloud-logging-metrics-stream-kinesis-role",
              "cms-cloud-logging-s3-splunk-lambda-role-us-east-1",
              "cms-cloud-logging-s3-splunk-lambda-role-us-west-2",
              "cms-cloud-logging-trustedadvisor-eventrule-lambda-role",
              "cms-cloud-nucleus-connector",
              "cms-cloud-sam-compliance-checker-role",
              "cms-cloud-sam-remediation-role",
              "cms-cloud-security-compliance-scanning",
              "cms-cloud-security-dsm-agent-health-reporter-us-east-1",
              "cms-cloud-security-dsm-agent-health-reporter-us-west-2",
              "cms-cloud-security-iam-assessment",
              "cms-cloud-security-nash-CreateActionTargetLambdaRo-1HUYMLNVAU258",
              "cms-cloud-security-nash-CreateActionTargetLambdaRo-4CKEH0JUS0Q0",
              "cms-cloud-security-nash-EventBridgeRole-1VMPPUDF3TRTT",
              "cms-cloud-security-nash-EventBridgeRole-CJX00679Q6LY",
              "cms-cloud-security-remediate-tmux-config-ssm-role",
              "cms-cloud-security-sdl-gather-role",
              "cms-cloud-software-asset-mgmt-discovery-role",
              "cms-s3-replication-S3DataReplicationReplicationPol-1CMXGKE8P626Q",
              "cms-s3-replication-S3DataReplicationReplicationPol-CUTV73NGEAKA",
              "cms-s3-replication-S3DataReplicationSetupLambdaRol-15T5TPVZGO1GN",
              "cms-s3-replication-S3DataReplicationSetupLambdaRol-1ARCC4RC5RTZT",
              "cs-acm-service-role",
              "ct-ado-batcave-application-admin",
              "ct-ado-batcave-audit",
              "ct-ado-batcave-pipelines",
              "ct-ado-batcave-readonly",
              "ct-ado-batcave-security",
              "ct-ado-batcave-sonar",
              "ct-ado-batcave-techadmin",
              "ct-ado-batcave-techadmin-nonprod",
              "ct-ado-patching-service-readonly",
              "ct-ccic-readonly",
              "ct-cloudtamer-admin",
              "ct-cms-cloud-ia-operations",
              "ct-cms-read-only",
              "ct-external-pentester-readonly",
              "ct-gov20-user",
              "ct-gss-account-admin",
              "ct-gss-acm-readonly",
              "ct-gss-ado-admin",
              "ct-gss-cast-admin",
              "ct-gss-cast-poweruser",
              "ct-gss-cloudtamer-poweruser",
              "ct-gss-cloudtamer-readonly",
              "ct-gss-cre-admin",
              "ct-gss-cre-leads",
              "ct-gss-cre-poweruser",
              "ct-gss-cre-readonly",
              "ct-gss-finance-admin",
              "ct-gss-finance-readonly",
              "ct-gss-helpdesk-poweruser",
              "ct-gss-helpdesk-readonly",
              "ct-gss-logging-admin",
              "ct-gss-logging-poweruser",
              "ct-gss-logging-readonly",
              "ct-gss-network-admin",
              "ct-gss-network-poweruser",
              "ct-gss-network-readonly",
              "ct-gss-network-vpcconf-viewer-readonly",
              "ct-gss-operations-admin",
              "ct-gss-operations-poweruser",
              "ct-gss-operations-readonly",
              "ct-gss-security-admin",
              "ct-gss-security-poweruser",
              "ct-gss-security-readonly",
              "ct-gss-sre-admin",
              "ct-gss-sre-poweruser",
              "ct-gss-sre-readonly",
              "ct-gss-tam-admin",
              "ct-gss-tam-poweruser",
              "ct-gss-tam-readonly",
              "ct-gss-tooling-admin",
              "ct-gss-tooling-poweruser",
              "ct-gss-tooling-readonly",
              "ct-iusg-admin",
              "ct-iusg-cms-soc",
              "ct-iusg-read-only",
              "ct-iusg-readonly",
              "deep-security-role-east",
              "deep-security-role-west",
              "eks-hasan-test1",
              "eks-hemanth-test",
              "eks-howard-test",
              "eks-jloi-test",
              "eks-max-test",
              "eks-nodes-hasan-test1-20240614184509283000000002",
              "eks-nodes-hemanth-test-20240613140721418800000002",
              "eks-nodes-howard-test-20240614165512769700000001",
              "eks-nodes-jloi-test-20240614171556463000000002",
              "eks-nodes-max-test-20240613151245854400000002",
              "eks-nodes-sarit-test-20240612193700358400000003",
              "eks-nodes-sarit-test1-20240614140541942200000002",
              "eks-sarit-test",
              "eks-sarit-test1",
              "fluentbit-hemanth-test",
              "hasan-test1-vpc-flow-logs",
              "hemanth-test-vpc-flow-logs",
              "howard-test-fluentbit",
              "howard-test-vpc-flow-logs",
              "jloi-test-fluentbit",
              "jloi-test-vpc-flow-logs",
              "max-test-vpc-flow-logs",
              "network-architecture-workstream-service-account",
              "patching-notification",
              "sarit-test1-fluentbit",
              "sarit-test1-vpc-flow-logs",
              "stacksets-exec-ef557517ae89c18125af7ff5ddd288f6",
              "subscribe-new-log-group",
              "trend-micro-service-account"
            ],
            "path_prefix": null
          },
          "sensitive_attributes": []
        }
      ]
    },
    {
      "module": "module.main-eks",
      "mode": "data",
      "type": "aws_partition",
      "name": "current",
      "provider": "provider[\"registry.terraform.io/hashicorp/aws\"]",
      "instances": [
        {
          "schema_version": 0,
          "attributes": {
            "dns_suffix": "amazonaws.com",
            "id": "aws",
            "partition": "aws",
            "reverse_dns_prefix": "com.amazonaws"
          },
          "sensitive_attributes": []
        }
      ]
    },
    {
      "module": "module.main-eks",
      "mode": "data",
      "type": "aws_region",
      "name": "current",
      "provider": "provider[\"registry.terraform.io/hashicorp/aws\"]",
      "instances": [
        {
          "schema_version": 0,
          "attributes": {
            "description": "US East (N. Virginia)",
            "endpoint": "ec2.us-east-1.amazonaws.com",
            "id": "us-east-1",
            "name": "us-east-1"
          },
          "sensitive_attributes": []
        }
      ]
    },
    {
      "module": "module.main-eks",
      "mode": "data",
      "type": "aws_route_table",
      "name": "all_private_route_tables",
      "provider": "provider[\"registry.terraform.io/hashicorp/aws\"]",
      "instances": [
        {
          "index_key": "subnet-035ad9d12298c4d9d",
          "schema_version": 0,
          "attributes": {
            "arn": "arn:aws:ec2:us-east-1:111594127594:route-table/rtb-09788fef3e59fc700",
            "associations": [
              {
                "gateway_id": "",
                "main": false,
                "route_table_association_id": "rtbassoc-01f1cecd667252599",
                "route_table_id": "rtb-09788fef3e59fc700",
                "subnet_id": "subnet-035ad9d12298c4d9d"
              }
            ],
            "filter": null,
            "gateway_id": null,
            "id": "rtb-09788fef3e59fc700",
            "owner_id": "111594127594",
            "route_table_id": "rtb-09788fef3e59fc700",
            "routes": [
              {
                "carrier_gateway_id": "",
                "cidr_block": "10.223.167.0/28",
                "core_network_arn": "",
                "destination_prefix_list_id": "",
                "egress_only_gateway_id": "",
                "gateway_id": "",
                "instance_id": "",
                "ipv6_cidr_block": "",
                "local_gateway_id": "",
                "nat_gateway_id": "",
                "network_interface_id": "",
                "transit_gateway_id": "",
                "vpc_endpoint_id": "",
                "vpc_peering_connection_id": "pcx-01f6ddb26b26a658e"
              },
              {
                "carrier_gateway_id": "",
                "cidr_block": "10.223.167.16/28",
                "core_network_arn": "",
                "destination_prefix_list_id": "",
                "egress_only_gateway_id": "",
                "gateway_id": "",
                "instance_id": "",
                "ipv6_cidr_block": "",
                "local_gateway_id": "",
                "nat_gateway_id": "",
                "network_interface_id": "",
                "transit_gateway_id": "",
                "vpc_endpoint_id": "",
                "vpc_peering_connection_id": "pcx-01f6ddb26b26a658e"
              },
              {
                "carrier_gateway_id": "",
                "cidr_block": "10.223.167.32/28",
                "core_network_arn": "",
                "destination_prefix_list_id": "",
                "egress_only_gateway_id": "",
                "gateway_id": "",
                "instance_id": "",
                "ipv6_cidr_block": "",
                "local_gateway_id": "",
                "nat_gateway_id": "",
                "network_interface_id": "",
                "transit_gateway_id": "",
                "vpc_endpoint_id": "",
                "vpc_peering_connection_id": "pcx-01f6ddb26b26a658e"
              },
              {
                "carrier_gateway_id": "",
                "cidr_block": "10.148.194.0/25",
                "core_network_arn": "",
                "destination_prefix_list_id": "",
                "egress_only_gateway_id": "",
                "gateway_id": "",
                "instance_id": "",
                "ipv6_cidr_block": "",
                "local_gateway_id": "",
                "nat_gateway_id": "",
                "network_interface_id": "",
                "transit_gateway_id": "",
                "vpc_endpoint_id": "",
                "vpc_peering_connection_id": "pcx-01f6ddb26b26a658e"
              },
              {
                "carrier_gateway_id": "",
                "cidr_block": "10.148.194.128/25",
                "core_network_arn": "",
                "destination_prefix_list_id": "",
                "egress_only_gateway_id": "",
                "gateway_id": "",
                "instance_id": "",
                "ipv6_cidr_block": "",
                "local_gateway_id": "",
                "nat_gateway_id": "",
                "network_interface_id": "",
                "transit_gateway_id": "",
                "vpc_endpoint_id": "",
                "vpc_peering_connection_id": "pcx-01f6ddb26b26a658e"
              },
              {
                "carrier_gateway_id": "",
                "cidr_block": "10.148.195.0/25",
                "core_network_arn": "",
                "destination_prefix_list_id": "",
                "egress_only_gateway_id": "",
                "gateway_id": "",
                "instance_id": "",
                "ipv6_cidr_block": "",
                "local_gateway_id": "",
                "nat_gateway_id": "",
                "network_interface_id": "",
                "transit_gateway_id": "",
                "vpc_endpoint_id": "",
                "vpc_peering_connection_id": "pcx-01f6ddb26b26a658e"
              },
              {
                "carrier_gateway_id": "",
                "cidr_block": "10.0.0.0/8",
                "core_network_arn": "",
                "destination_prefix_list_id": "",
                "egress_only_gateway_id": "",
                "gateway_id": "",
                "instance_id": "",
                "ipv6_cidr_block": "",
                "local_gateway_id": "",
                "nat_gateway_id": "",
                "network_interface_id": "",
                "transit_gateway_id": "tgw-0f08888a7e2f3e38c",
                "vpc_endpoint_id": "",
                "vpc_peering_connection_id": ""
              },
              {
                "carrier_gateway_id": "",
                "cidr_block": "0.0.0.0/0",
                "core_network_arn": "",
                "destination_prefix_list_id": "",
                "egress_only_gateway_id": "",
                "gateway_id": "",
                "instance_id": "",
                "ipv6_cidr_block": "",
                "local_gateway_id": "",
                "nat_gateway_id": "nat-0ccd818ec2c3c92a0",
                "network_interface_id": "",
                "transit_gateway_id": "",
                "vpc_endpoint_id": "",
                "vpc_peering_connection_id": ""
              },
              {
                "carrier_gateway_id": "",
                "cidr_block": "",
                "core_network_arn": "",
                "destination_prefix_list_id": "pl-083163c5ce3f79e76",
                "egress_only_gateway_id": "",
                "gateway_id": "",
                "instance_id": "",
                "ipv6_cidr_block": "",
                "local_gateway_id": "",
                "nat_gateway_id": "",
                "network_interface_id": "",
                "transit_gateway_id": "tgw-0f08888a7e2f3e38c",
                "vpc_endpoint_id": "",
                "vpc_peering_connection_id": ""
              }
            ],
            "subnet_id": "subnet-035ad9d12298c4d9d",
            "tags": {
              "Automated": "true",
              "Name": "batcave-east-impl-private-b"
            },
            "timeouts": null,
            "vpc_id": "vpc-09e9130e3c54083f1"
          },
          "sensitive_attributes": []
        },
        {
          "index_key": "subnet-0a9ffecd6d6b5f938",
          "schema_version": 0,
          "attributes": {
            "arn": "arn:aws:ec2:us-east-1:111594127594:route-table/rtb-0e59dc27752d6de9d",
            "associations": [
              {
                "gateway_id": "",
                "main": false,
                "route_table_association_id": "rtbassoc-0c53322bdb248d38a",
                "route_table_id": "rtb-0e59dc27752d6de9d",
                "subnet_id": "subnet-0a9ffecd6d6b5f938"
              }
            ],
            "filter": null,
            "gateway_id": null,
            "id": "rtb-0e59dc27752d6de9d",
            "owner_id": "111594127594",
            "route_table_id": "rtb-0e59dc27752d6de9d",
            "routes": [
              {
                "carrier_gateway_id": "",
                "cidr_block": "10.223.167.0/28",
                "core_network_arn": "",
                "destination_prefix_list_id": "",
                "egress_only_gateway_id": "",
                "gateway_id": "",
                "instance_id": "",
                "ipv6_cidr_block": "",
                "local_gateway_id": "",
                "nat_gateway_id": "",
                "network_interface_id": "",
                "transit_gateway_id": "",
                "vpc_endpoint_id": "",
                "vpc_peering_connection_id": "pcx-01f6ddb26b26a658e"
              },
              {
                "carrier_gateway_id": "",
                "cidr_block": "10.223.167.16/28",
                "core_network_arn": "",
                "destination_prefix_list_id": "",
                "egress_only_gateway_id": "",
                "gateway_id": "",
                "instance_id": "",
                "ipv6_cidr_block": "",
                "local_gateway_id": "",
                "nat_gateway_id": "",
                "network_interface_id": "",
                "transit_gateway_id": "",
                "vpc_endpoint_id": "",
                "vpc_peering_connection_id": "pcx-01f6ddb26b26a658e"
              },
              {
                "carrier_gateway_id": "",
                "cidr_block": "10.223.167.32/28",
                "core_network_arn": "",
                "destination_prefix_list_id": "",
                "egress_only_gateway_id": "",
                "gateway_id": "",
                "instance_id": "",
                "ipv6_cidr_block": "",
                "local_gateway_id": "",
                "nat_gateway_id": "",
                "network_interface_id": "",
                "transit_gateway_id": "",
                "vpc_endpoint_id": "",
                "vpc_peering_connection_id": "pcx-01f6ddb26b26a658e"
              },
              {
                "carrier_gateway_id": "",
                "cidr_block": "10.148.194.0/25",
                "core_network_arn": "",
                "destination_prefix_list_id": "",
                "egress_only_gateway_id": "",
                "gateway_id": "",
                "instance_id": "",
                "ipv6_cidr_block": "",
                "local_gateway_id": "",
                "nat_gateway_id": "",
                "network_interface_id": "",
                "transit_gateway_id": "",
                "vpc_endpoint_id": "",
                "vpc_peering_connection_id": "pcx-01f6ddb26b26a658e"
              },
              {
                "carrier_gateway_id": "",
                "cidr_block": "10.148.194.128/25",
                "core_network_arn": "",
                "destination_prefix_list_id": "",
                "egress_only_gateway_id": "",
                "gateway_id": "",
                "instance_id": "",
                "ipv6_cidr_block": "",
                "local_gateway_id": "",
                "nat_gateway_id": "",
                "network_interface_id": "",
                "transit_gateway_id": "",
                "vpc_endpoint_id": "",
                "vpc_peering_connection_id": "pcx-01f6ddb26b26a658e"
              },
              {
                "carrier_gateway_id": "",
                "cidr_block": "10.148.195.0/25",
                "core_network_arn": "",
                "destination_prefix_list_id": "",
                "egress_only_gateway_id": "",
                "gateway_id": "",
                "instance_id": "",
                "ipv6_cidr_block": "",
                "local_gateway_id": "",
                "nat_gateway_id": "",
                "network_interface_id": "",
                "transit_gateway_id": "",
                "vpc_endpoint_id": "",
                "vpc_peering_connection_id": "pcx-01f6ddb26b26a658e"
              },
              {
                "carrier_gateway_id": "",
                "cidr_block": "10.0.0.0/8",
                "core_network_arn": "",
                "destination_prefix_list_id": "",
                "egress_only_gateway_id": "",
                "gateway_id": "",
                "instance_id": "",
                "ipv6_cidr_block": "",
                "local_gateway_id": "",
                "nat_gateway_id": "",
                "network_interface_id": "",
                "transit_gateway_id": "tgw-0f08888a7e2f3e38c",
                "vpc_endpoint_id": "",
                "vpc_peering_connection_id": ""
              },
              {
                "carrier_gateway_id": "",
                "cidr_block": "0.0.0.0/0",
                "core_network_arn": "",
                "destination_prefix_list_id": "",
                "egress_only_gateway_id": "",
                "gateway_id": "",
                "instance_id": "",
                "ipv6_cidr_block": "",
                "local_gateway_id": "",
                "nat_gateway_id": "nat-04d4282033ba6665a",
                "network_interface_id": "",
                "transit_gateway_id": "",
                "vpc_endpoint_id": "",
                "vpc_peering_connection_id": ""
              },
              {
                "carrier_gateway_id": "",
                "cidr_block": "",
                "core_network_arn": "",
                "destination_prefix_list_id": "pl-083163c5ce3f79e76",
                "egress_only_gateway_id": "",
                "gateway_id": "",
                "instance_id": "",
                "ipv6_cidr_block": "",
                "local_gateway_id": "",
                "nat_gateway_id": "",
                "network_interface_id": "",
                "transit_gateway_id": "tgw-0f08888a7e2f3e38c",
                "vpc_endpoint_id": "",
                "vpc_peering_connection_id": ""
              }
            ],
            "subnet_id": "subnet-0a9ffecd6d6b5f938",
            "tags": {
              "Automated": "true",
              "Name": "batcave-east-impl-private-a"
            },
            "timeouts": null,
            "vpc_id": "vpc-09e9130e3c54083f1"
          },
          "sensitive_attributes": []
        },
        {
          "index_key": "subnet-0fc274cdc0d0c62d9",
          "schema_version": 0,
          "attributes": {
            "arn": "arn:aws:ec2:us-east-1:111594127594:route-table/rtb-0de7775cbec6c2f5c",
            "associations": [
              {
                "gateway_id": "",
                "main": false,
                "route_table_association_id": "rtbassoc-0230d289c2d3cb7b7",
                "route_table_id": "rtb-0de7775cbec6c2f5c",
                "subnet_id": "subnet-0fc274cdc0d0c62d9"
              }
            ],
            "filter": null,
            "gateway_id": null,
            "id": "rtb-0de7775cbec6c2f5c",
            "owner_id": "111594127594",
            "route_table_id": "rtb-0de7775cbec6c2f5c",
            "routes": [
              {
                "carrier_gateway_id": "",
                "cidr_block": "10.223.167.0/28",
                "core_network_arn": "",
                "destination_prefix_list_id": "",
                "egress_only_gateway_id": "",
                "gateway_id": "",
                "instance_id": "",
                "ipv6_cidr_block": "",
                "local_gateway_id": "",
                "nat_gateway_id": "",
                "network_interface_id": "",
                "transit_gateway_id": "",
                "vpc_endpoint_id": "",
                "vpc_peering_connection_id": "pcx-01f6ddb26b26a658e"
              },
              {
                "carrier_gateway_id": "",
                "cidr_block": "10.223.167.16/28",
                "core_network_arn": "",
                "destination_prefix_list_id": "",
                "egress_only_gateway_id": "",
                "gateway_id": "",
                "instance_id": "",
                "ipv6_cidr_block": "",
                "local_gateway_id": "",
                "nat_gateway_id": "",
                "network_interface_id": "",
                "transit_gateway_id": "",
                "vpc_endpoint_id": "",
                "vpc_peering_connection_id": "pcx-01f6ddb26b26a658e"
              },
              {
                "carrier_gateway_id": "",
                "cidr_block": "10.223.167.32/28",
                "core_network_arn": "",
                "destination_prefix_list_id": "",
                "egress_only_gateway_id": "",
                "gateway_id": "",
                "instance_id": "",
                "ipv6_cidr_block": "",
                "local_gateway_id": "",
                "nat_gateway_id": "",
                "network_interface_id": "",
                "transit_gateway_id": "",
                "vpc_endpoint_id": "",
                "vpc_peering_connection_id": "pcx-01f6ddb26b26a658e"
              },
              {
                "carrier_gateway_id": "",
                "cidr_block": "10.148.194.0/25",
                "core_network_arn": "",
                "destination_prefix_list_id": "",
                "egress_only_gateway_id": "",
                "gateway_id": "",
                "instance_id": "",
                "ipv6_cidr_block": "",
                "local_gateway_id": "",
                "nat_gateway_id": "",
                "network_interface_id": "",
                "transit_gateway_id": "",
                "vpc_endpoint_id": "",
                "vpc_peering_connection_id": "pcx-01f6ddb26b26a658e"
              },
              {
                "carrier_gateway_id": "",
                "cidr_block": "10.148.194.128/25",
                "core_network_arn": "",
                "destination_prefix_list_id": "",
                "egress_only_gateway_id": "",
                "gateway_id": "",
                "instance_id": "",
                "ipv6_cidr_block": "",
                "local_gateway_id": "",
                "nat_gateway_id": "",
                "network_interface_id": "",
                "transit_gateway_id": "",
                "vpc_endpoint_id": "",
                "vpc_peering_connection_id": "pcx-01f6ddb26b26a658e"
              },
              {
                "carrier_gateway_id": "",
                "cidr_block": "10.148.195.0/25",
                "core_network_arn": "",
                "destination_prefix_list_id": "",
                "egress_only_gateway_id": "",
                "gateway_id": "",
                "instance_id": "",
                "ipv6_cidr_block": "",
                "local_gateway_id": "",
                "nat_gateway_id": "",
                "network_interface_id": "",
                "transit_gateway_id": "",
                "vpc_endpoint_id": "",
                "vpc_peering_connection_id": "pcx-01f6ddb26b26a658e"
              },
              {
                "carrier_gateway_id": "",
                "cidr_block": "10.0.0.0/8",
                "core_network_arn": "",
                "destination_prefix_list_id": "",
                "egress_only_gateway_id": "",
                "gateway_id": "",
                "instance_id": "",
                "ipv6_cidr_block": "",
                "local_gateway_id": "",
                "nat_gateway_id": "",
                "network_interface_id": "",
                "transit_gateway_id": "tgw-0f08888a7e2f3e38c",
                "vpc_endpoint_id": "",
                "vpc_peering_connection_id": ""
              },
              {
                "carrier_gateway_id": "",
                "cidr_block": "0.0.0.0/0",
                "core_network_arn": "",
                "destination_prefix_list_id": "",
                "egress_only_gateway_id": "",
                "gateway_id": "",
                "instance_id": "",
                "ipv6_cidr_block": "",
                "local_gateway_id": "",
                "nat_gateway_id": "nat-051fd8eddfc08e588",
                "network_interface_id": "",
                "transit_gateway_id": "",
                "vpc_endpoint_id": "",
                "vpc_peering_connection_id": ""
              },
              {
                "carrier_gateway_id": "",
                "cidr_block": "",
                "core_network_arn": "",
                "destination_prefix_list_id": "pl-083163c5ce3f79e76",
                "egress_only_gateway_id": "",
                "gateway_id": "",
                "instance_id": "",
                "ipv6_cidr_block": "",
                "local_gateway_id": "",
                "nat_gateway_id": "",
                "network_interface_id": "",
                "transit_gateway_id": "tgw-0f08888a7e2f3e38c",
                "vpc_endpoint_id": "",
                "vpc_peering_connection_id": ""
              }
            ],
            "subnet_id": "subnet-0fc274cdc0d0c62d9",
            "tags": {
              "Automated": "true",
              "Name": "batcave-east-impl-private-c"
            },
            "timeouts": null,
            "vpc_id": "vpc-09e9130e3c54083f1"
          },
          "sensitive_attributes": []
        }
      ]
    },
    {
      "module": "module.main-eks",
      "mode": "data",
      "type": "aws_subnets",
      "name": "container",
      "provider": "provider[\"registry.terraform.io/hashicorp/aws\"]",
      "instances": [
        {
          "schema_version": 0,
          "attributes": {
            "filter": [
              {
                "name": "tag:Name",
                "values": [
                  "batcave-*-impl-unroutable-*"
                ]
              }
            ],
            "id": "us-east-1",
            "ids": [
              "subnet-00169d82aebf0798a",
              "subnet-0a590187fa1b25fea",
              "subnet-06e0df39f40346626"
            ],
            "tags": null,
            "timeouts": null
          },
          "sensitive_attributes": []
        }
      ]
    },
    {
      "module": "module.main-eks",
      "mode": "data",
      "type": "aws_subnets",
      "name": "private",
      "provider": "provider[\"registry.terraform.io/hashicorp/aws\"]",
      "instances": [
        {
          "schema_version": 0,
          "attributes": {
            "filter": [
              {
                "name": "tag:Name",
                "values": [
                  "batcave-*-impl-private-*"
                ]
              }
            ],
            "id": "us-east-1",
            "ids": [
              "subnet-035ad9d12298c4d9d",
              "subnet-0a9ffecd6d6b5f938",
              "subnet-0fc274cdc0d0c62d9"
            ],
            "tags": null,
            "timeouts": null
          },
          "sensitive_attributes": []
        }
      ]
    },
    {
      "module": "module.main-eks",
      "mode": "data",
      "type": "aws_vpc",
      "name": "vpc",
      "provider": "provider[\"registry.terraform.io/hashicorp/aws\"]",
      "instances": [
        {
          "schema_version": 0,
          "attributes": {
            "arn": "arn:aws:ec2:us-east-1:111594127594:vpc/vpc-09e9130e3c54083f1",
            "cidr_block": "10.149.116.0/23",
            "cidr_block_associations": [
              {
                "association_id": "vpc-cidr-assoc-03905967f698e5970",
                "cidr_block": "10.149.116.0/23",
                "state": "associated"
              },
              {
                "association_id": "vpc-cidr-assoc-09318d744b265e295",
                "cidr_block": "100.87.0.0/16",
                "state": "associated"
              },
              {
                "association_id": "vpc-cidr-assoc-0f75d0b112bac7bb2",
                "cidr_block": "10.223.173.128/26",
                "state": "associated"
              },
              {
                "association_id": "vpc-cidr-assoc-0da2c5ce3cd67f361",
                "cidr_block": "10.203.154.0/24",
                "state": "associated"
              }
            ],
            "default": false,
            "dhcp_options_id": "dopt-0e7abb885b2b89bb1",
            "enable_dns_hostnames": true,
            "enable_dns_support": true,
            "enable_network_address_usage_metrics": false,
            "filter": null,
            "id": "vpc-09e9130e3c54083f1",
            "instance_tenancy": "default",
            "ipv6_association_id": "",
            "ipv6_cidr_block": "",
            "main_route_table_id": "rtb-09b90fc02f0747421",
            "owner_id": "111594127594",
            "state": null,
            "tags": {
              "Automated": "true",
              "Name": "batcave-east-impl",
              "stack": "impl"
            },
            "timeouts": null
          },
          "sensitive_attributes": []
        }
      ]
    },
    {
      "module": "module.main-eks",
      "mode": "managed",
      "type": "aws_eks_addon",
      "name": "aws-ebs-csi-driver",
      "provider": "provider[\"registry.terraform.io/hashicorp/aws\"]",
      "instances": [
        {
          "schema_version": 0,
          "attributes": {
            "addon_name": "aws-ebs-csi-driver",
            "addon_version": "v1.31.0-eksbuild.1",
            "arn": "arn:aws:eks:us-east-1:111594127594:addon/hema-test/aws-ebs-csi-driver/0ac80c10-dd75-1272-72ff-d409f40b6143",
            "cluster_name": "hema-test",
            "configuration_values": "",
            "created_at": "2024-06-14T19:03:02Z",
            "id": "hema-test:aws-ebs-csi-driver",
            "modified_at": "2024-06-14T19:03:54Z",
            "preserve": null,
            "resolve_conflicts": null,
            "resolve_conflicts_on_create": null,
            "resolve_conflicts_on_update": null,
            "service_account_role_arn": "",
            "tags": null,
            "tags_all": {
              "Creator": "Terraform"
            },
            "timeouts": null
          },
          "sensitive_attributes": [],
          "private": "eyJlMmJmYjczMC1lY2FhLTExZTYtOGY4OC0zNDM2M2JjN2M0YzAiOnsiY3JlYXRlIjoxMjAwMDAwMDAwMDAwLCJkZWxldGUiOjI0MDAwMDAwMDAwMDAsInVwZGF0ZSI6MTIwMDAwMDAwMDAwMH19",
          "dependencies": [
            "module.main-eks.data.aws_ami.gold_image",
            "module.main-eks.data.aws_caller_identity.current",
            "module.main-eks.data.aws_eks_addon_version.aws-ebs-csi-driver",
            "module.main-eks.data.aws_partition.current",
            "module.main-eks.data.aws_subnets.private",
            "module.main-eks.data.aws_vpc.vpc",
            "module.main-eks.module.cloudwatch_kms.aws_kms_external_key.this",
            "module.main-eks.module.cloudwatch_kms.aws_kms_key.this",
            "module.main-eks.module.cloudwatch_kms.aws_kms_replica_external_key.this",
            "module.main-eks.module.cloudwatch_kms.aws_kms_replica_key.this",
            "module.main-eks.module.cloudwatch_kms.data.aws_iam_policy_document.this",
            "module.main-eks.module.eks.aws_cloudwatch_log_group.this",
            "module.main-eks.module.eks.aws_eks_access_entry.this",
            "module.main-eks.module.eks.aws_eks_access_policy_association.this",
            "module.main-eks.module.eks.aws_eks_cluster.this",
            "module.main-eks.module.eks.aws_iam_policy.cni_ipv6_policy",
            "module.main-eks.module.eks.aws_iam_role.this",
            "module.main-eks.module.eks.aws_iam_role_policy_attachment.this",
            "module.main-eks.module.eks.aws_security_group.cluster",
            "module.main-eks.module.eks.aws_security_group.node",
            "module.main-eks.module.eks.aws_security_group_rule.cluster",
            "module.main-eks.module.eks.aws_security_group_rule.node",
            "module.main-eks.module.eks.data.aws_iam_policy_document.assume_role_policy",
            "module.main-eks.module.eks.data.aws_iam_session_context.current",
            "module.main-eks.module.eks.data.aws_partition.current",
            "module.main-eks.module.eks.module.kms.aws_kms_external_key.this",
            "module.main-eks.module.eks.module.kms.aws_kms_key.this",
            "module.main-eks.module.eks.module.kms.aws_kms_replica_external_key.this",
            "module.main-eks.module.eks.module.kms.aws_kms_replica_key.this",
            "module.main-eks.module.eks.module.kms.data.aws_caller_identity.current",
            "module.main-eks.module.eks.module.kms.data.aws_iam_policy_document.this",
            "module.main-eks.module.eks.module.kms.data.aws_partition.current",
            "module.main-eks.module.main_nodes.aws_autoscaling_schedule.this",
            "module.main-eks.module.main_nodes.aws_eks_node_group.this",
            "module.main-eks.module.main_nodes.aws_iam_role.this",
            "module.main-eks.module.main_nodes.aws_iam_role_policy_attachment.additional",
            "module.main-eks.module.main_nodes.aws_iam_role_policy_attachment.this",
            "module.main-eks.module.main_nodes.aws_launch_template.this",
            "module.main-eks.module.main_nodes.data.aws_caller_identity.current",
            "module.main-eks.module.main_nodes.data.aws_iam_policy_document.assume_role_policy",
            "module.main-eks.module.main_nodes.data.aws_partition.current",
            "module.main-eks.module.main_nodes.module.user_data.data.cloudinit_config.linux_eks_managed_node_group"
          ]
        }
      ]
    },
    {
      "module": "module.main-eks",
      "mode": "managed",
      "type": "aws_eks_addon",
      "name": "aws-efs-csi-driver",
      "provider": "provider[\"registry.terraform.io/hashicorp/aws\"]",
      "instances": [
        {
          "schema_version": 0,
          "attributes": {
            "addon_name": "aws-efs-csi-driver",
            "addon_version": "v2.0.3-eksbuild.1",
            "arn": "arn:aws:eks:us-east-1:111594127594:addon/hema-test/aws-efs-csi-driver/cac80c10-dd60-1c0a-fc6e-f59ca6331e28",
            "cluster_name": "hema-test",
            "configuration_values": "",
            "created_at": "2024-06-14T19:03:02Z",
            "id": "hema-test:aws-efs-csi-driver",
            "modified_at": "2024-06-14T19:03:49Z",
            "preserve": null,
            "resolve_conflicts": null,
            "resolve_conflicts_on_create": null,
            "resolve_conflicts_on_update": null,
            "service_account_role_arn": "",
            "tags": null,
            "tags_all": {
              "Creator": "Terraform"
            },
            "timeouts": null
          },
          "sensitive_attributes": [],
          "private": "eyJlMmJmYjczMC1lY2FhLTExZTYtOGY4OC0zNDM2M2JjN2M0YzAiOnsiY3JlYXRlIjoxMjAwMDAwMDAwMDAwLCJkZWxldGUiOjI0MDAwMDAwMDAwMDAsInVwZGF0ZSI6MTIwMDAwMDAwMDAwMH19",
          "dependencies": [
            "module.main-eks.data.aws_ami.gold_image",
            "module.main-eks.data.aws_caller_identity.current",
            "module.main-eks.data.aws_eks_addon_version.aws-efs-csi-driver",
            "module.main-eks.data.aws_partition.current",
            "module.main-eks.data.aws_subnets.private",
            "module.main-eks.data.aws_vpc.vpc",
            "module.main-eks.module.cloudwatch_kms.aws_kms_external_key.this",
            "module.main-eks.module.cloudwatch_kms.aws_kms_key.this",
            "module.main-eks.module.cloudwatch_kms.aws_kms_replica_external_key.this",
            "module.main-eks.module.cloudwatch_kms.aws_kms_replica_key.this",
            "module.main-eks.module.cloudwatch_kms.data.aws_iam_policy_document.this",
            "module.main-eks.module.eks.aws_cloudwatch_log_group.this",
            "module.main-eks.module.eks.aws_eks_access_entry.this",
            "module.main-eks.module.eks.aws_eks_access_policy_association.this",
            "module.main-eks.module.eks.aws_eks_cluster.this",
            "module.main-eks.module.eks.aws_iam_policy.cni_ipv6_policy",
            "module.main-eks.module.eks.aws_iam_role.this",
            "module.main-eks.module.eks.aws_iam_role_policy_attachment.this",
            "module.main-eks.module.eks.aws_security_group.cluster",
            "module.main-eks.module.eks.aws_security_group.node",
            "module.main-eks.module.eks.aws_security_group_rule.cluster",
            "module.main-eks.module.eks.aws_security_group_rule.node",
            "module.main-eks.module.eks.data.aws_iam_policy_document.assume_role_policy",
            "module.main-eks.module.eks.data.aws_iam_session_context.current",
            "module.main-eks.module.eks.data.aws_partition.current",
            "module.main-eks.module.eks.module.kms.aws_kms_external_key.this",
            "module.main-eks.module.eks.module.kms.aws_kms_key.this",
            "module.main-eks.module.eks.module.kms.aws_kms_replica_external_key.this",
            "module.main-eks.module.eks.module.kms.aws_kms_replica_key.this",
            "module.main-eks.module.eks.module.kms.data.aws_caller_identity.current",
            "module.main-eks.module.eks.module.kms.data.aws_iam_policy_document.this",
            "module.main-eks.module.eks.module.kms.data.aws_partition.current",
            "module.main-eks.module.main_nodes.aws_autoscaling_schedule.this",
            "module.main-eks.module.main_nodes.aws_eks_node_group.this",
            "module.main-eks.module.main_nodes.aws_iam_role.this",
            "module.main-eks.module.main_nodes.aws_iam_role_policy_attachment.additional",
            "module.main-eks.module.main_nodes.aws_iam_role_policy_attachment.this",
            "module.main-eks.module.main_nodes.aws_launch_template.this",
            "module.main-eks.module.main_nodes.data.aws_caller_identity.current",
            "module.main-eks.module.main_nodes.data.aws_iam_policy_document.assume_role_policy",
            "module.main-eks.module.main_nodes.data.aws_partition.current",
            "module.main-eks.module.main_nodes.module.user_data.data.cloudinit_config.linux_eks_managed_node_group"
          ]
        }
      ]
    },
    {
      "module": "module.main-eks",
      "mode": "managed",
      "type": "aws_eks_addon",
      "name": "aws_cloudwatch_observability",
      "provider": "provider[\"registry.terraform.io/hashicorp/aws\"]",
      "instances": [
        {
          "schema_version": 0,
          "attributes": {
            "addon_name": "amazon-cloudwatch-observability",
            "addon_version": "v1.7.0-eksbuild.1",
            "arn": "arn:aws:eks:us-east-1:111594127594:addon/hema-test/amazon-cloudwatch-observability/a4c80c0e-b8a0-0d99-fdd5-4b26105bd3bc",
            "cluster_name": "hema-test",
            "configuration_values": "{\"agent\":{\"config\":{\"logs\":{\"metrics_collected\":{\"app_signals\":{},\"kubernetes\":{\"enhanced_container_insights\":false}}}}},\"containerLogs\":{\"enabled\":false}}",
            "created_at": "2024-06-14T18:58:21Z",
            "id": "hema-test:amazon-cloudwatch-observability",
            "modified_at": "2024-06-14T19:01:43Z",
            "preserve": null,
            "resolve_conflicts": null,
            "resolve_conflicts_on_create": null,
            "resolve_conflicts_on_update": null,
            "service_account_role_arn": "",
            "tags": null,
            "tags_all": {
              "Creator": "Terraform"
            },
            "timeouts": null
          },
          "sensitive_attributes": [],
          "private": "eyJlMmJmYjczMC1lY2FhLTExZTYtOGY4OC0zNDM2M2JjN2M0YzAiOnsiY3JlYXRlIjoxMjAwMDAwMDAwMDAwLCJkZWxldGUiOjI0MDAwMDAwMDAwMDAsInVwZGF0ZSI6MTIwMDAwMDAwMDAwMH19",
          "dependencies": [
            "module.main-eks.data.aws_caller_identity.current",
            "module.main-eks.data.aws_eks_addon_version.aws_cloudwatch_observability",
            "module.main-eks.data.aws_partition.current",
            "module.main-eks.data.aws_subnets.private",
            "module.main-eks.data.aws_vpc.vpc",
            "module.main-eks.module.cloudwatch_kms.aws_kms_external_key.this",
            "module.main-eks.module.cloudwatch_kms.aws_kms_key.this",
            "module.main-eks.module.cloudwatch_kms.aws_kms_replica_external_key.this",
            "module.main-eks.module.cloudwatch_kms.aws_kms_replica_key.this",
            "module.main-eks.module.cloudwatch_kms.data.aws_iam_policy_document.this",
            "module.main-eks.module.eks.aws_cloudwatch_log_group.this",
            "module.main-eks.module.eks.aws_eks_access_entry.this",
            "module.main-eks.module.eks.aws_eks_access_policy_association.this",
            "module.main-eks.module.eks.aws_eks_cluster.this",
            "module.main-eks.module.eks.aws_iam_policy.cni_ipv6_policy",
            "module.main-eks.module.eks.aws_iam_role.this",
            "module.main-eks.module.eks.aws_iam_role_policy_attachment.this",
            "module.main-eks.module.eks.aws_security_group.cluster",
            "module.main-eks.module.eks.aws_security_group.node",
            "module.main-eks.module.eks.aws_security_group_rule.cluster",
            "module.main-eks.module.eks.aws_security_group_rule.node",
            "module.main-eks.module.eks.data.aws_iam_policy_document.assume_role_policy",
            "module.main-eks.module.eks.data.aws_iam_session_context.current",
            "module.main-eks.module.eks.data.aws_partition.current",
            "module.main-eks.module.eks.module.kms.aws_kms_external_key.this",
            "module.main-eks.module.eks.module.kms.aws_kms_key.this",
            "module.main-eks.module.eks.module.kms.aws_kms_replica_external_key.this",
            "module.main-eks.module.eks.module.kms.aws_kms_replica_key.this",
            "module.main-eks.module.eks.module.kms.data.aws_caller_identity.current",
            "module.main-eks.module.eks.module.kms.data.aws_iam_policy_document.this",
            "module.main-eks.module.eks.module.kms.data.aws_partition.current"
          ]
        }
      ]
    },
    {
      "module": "module.main-eks",
      "mode": "managed",
      "type": "aws_eks_addon",
      "name": "coredns",
      "provider": "provider[\"registry.terraform.io/hashicorp/aws\"]",
      "instances": [
        {
          "schema_version": 0,
          "attributes": {
            "addon_name": "coredns",
            "addon_version": "v1.11.1-eksbuild.9",
            "arn": "arn:aws:eks:us-east-1:111594127594:addon/hema-test/coredns/fcc80c10-dd5f-5416-3a73-1f82a0f6fcd4",
            "cluster_name": "hema-test",
            "configuration_values": "",
            "created_at": "2024-06-14T19:03:02Z",
            "id": "hema-test:coredns",
            "modified_at": "2024-06-14T19:03:17Z",
            "preserve": null,
            "resolve_conflicts": null,
            "resolve_conflicts_on_create": null,
            "resolve_conflicts_on_update": null,
            "service_account_role_arn": "",
            "tags": null,
            "tags_all": {
              "Creator": "Terraform"
            },
            "timeouts": null
          },
          "sensitive_attributes": [],
          "private": "eyJlMmJmYjczMC1lY2FhLTExZTYtOGY4OC0zNDM2M2JjN2M0YzAiOnsiY3JlYXRlIjoxMjAwMDAwMDAwMDAwLCJkZWxldGUiOjI0MDAwMDAwMDAwMDAsInVwZGF0ZSI6MTIwMDAwMDAwMDAwMH19",
          "dependencies": [
            "module.main-eks.data.aws_ami.gold_image",
            "module.main-eks.data.aws_caller_identity.current",
            "module.main-eks.data.aws_eks_addon_version.coredns",
            "module.main-eks.data.aws_partition.current",
            "module.main-eks.data.aws_subnets.private",
            "module.main-eks.data.aws_vpc.vpc",
            "module.main-eks.module.cloudwatch_kms.aws_kms_external_key.this",
            "module.main-eks.module.cloudwatch_kms.aws_kms_key.this",
            "module.main-eks.module.cloudwatch_kms.aws_kms_replica_external_key.this",
            "module.main-eks.module.cloudwatch_kms.aws_kms_replica_key.this",
            "module.main-eks.module.cloudwatch_kms.data.aws_iam_policy_document.this",
            "module.main-eks.module.eks.aws_cloudwatch_log_group.this",
            "module.main-eks.module.eks.aws_eks_access_entry.this",
            "module.main-eks.module.eks.aws_eks_access_policy_association.this",
            "module.main-eks.module.eks.aws_eks_cluster.this",
            "module.main-eks.module.eks.aws_iam_policy.cni_ipv6_policy",
            "module.main-eks.module.eks.aws_iam_role.this",
            "module.main-eks.module.eks.aws_iam_role_policy_attachment.this",
            "module.main-eks.module.eks.aws_security_group.cluster",
            "module.main-eks.module.eks.aws_security_group.node",
            "module.main-eks.module.eks.aws_security_group_rule.cluster",
            "module.main-eks.module.eks.aws_security_group_rule.node",
            "module.main-eks.module.eks.data.aws_iam_policy_document.assume_role_policy",
            "module.main-eks.module.eks.data.aws_iam_session_context.current",
            "module.main-eks.module.eks.data.aws_partition.current",
            "module.main-eks.module.eks.module.kms.aws_kms_external_key.this",
            "module.main-eks.module.eks.module.kms.aws_kms_key.this",
            "module.main-eks.module.eks.module.kms.aws_kms_replica_external_key.this",
            "module.main-eks.module.eks.module.kms.aws_kms_replica_key.this",
            "module.main-eks.module.eks.module.kms.data.aws_caller_identity.current",
            "module.main-eks.module.eks.module.kms.data.aws_iam_policy_document.this",
            "module.main-eks.module.eks.module.kms.data.aws_partition.current",
            "module.main-eks.module.main_nodes.aws_autoscaling_schedule.this",
            "module.main-eks.module.main_nodes.aws_eks_node_group.this",
            "module.main-eks.module.main_nodes.aws_iam_role.this",
            "module.main-eks.module.main_nodes.aws_iam_role_policy_attachment.additional",
            "module.main-eks.module.main_nodes.aws_iam_role_policy_attachment.this",
            "module.main-eks.module.main_nodes.aws_launch_template.this",
            "module.main-eks.module.main_nodes.data.aws_caller_identity.current",
            "module.main-eks.module.main_nodes.data.aws_iam_policy_document.assume_role_policy",
            "module.main-eks.module.main_nodes.data.aws_partition.current",
            "module.main-eks.module.main_nodes.module.user_data.data.cloudinit_config.linux_eks_managed_node_group"
          ]
        }
      ]
    },
    {
      "module": "module.main-eks",
      "mode": "managed",
      "type": "aws_eks_addon",
      "name": "eks-pod-identity-agent",
      "provider": "provider[\"registry.terraform.io/hashicorp/aws\"]",
      "instances": [
        {
          "schema_version": 0,
          "attributes": {
            "addon_name": "eks-pod-identity-agent",
            "addon_version": "v1.2.0-eksbuild.1",
            "arn": "arn:aws:eks:us-east-1:111594127594:addon/hema-test/eks-pod-identity-agent/d8c80c0e-b8a6-f431-b523-6bdf5c8efe7b",
            "cluster_name": "hema-test",
            "configuration_values": "",
            "created_at": "2024-06-14T18:58:21Z",
            "id": "hema-test:eks-pod-identity-agent",
            "modified_at": "2024-06-14T19:01:38Z",
            "preserve": null,
            "resolve_conflicts": null,
            "resolve_conflicts_on_create": null,
            "resolve_conflicts_on_update": null,
            "service_account_role_arn": "",
            "tags": null,
            "tags_all": {
              "Creator": "Terraform"
            },
            "timeouts": null
          },
          "sensitive_attributes": [],
          "private": "eyJlMmJmYjczMC1lY2FhLTExZTYtOGY4OC0zNDM2M2JjN2M0YzAiOnsiY3JlYXRlIjoxMjAwMDAwMDAwMDAwLCJkZWxldGUiOjI0MDAwMDAwMDAwMDAsInVwZGF0ZSI6MTIwMDAwMDAwMDAwMH19",
          "dependencies": [
            "module.main-eks.data.aws_caller_identity.current",
            "module.main-eks.data.aws_eks_addon_version.eks-pod-identity-agent",
            "module.main-eks.data.aws_partition.current",
            "module.main-eks.data.aws_subnets.private",
            "module.main-eks.data.aws_vpc.vpc",
            "module.main-eks.module.cloudwatch_kms.aws_kms_external_key.this",
            "module.main-eks.module.cloudwatch_kms.aws_kms_key.this",
            "module.main-eks.module.cloudwatch_kms.aws_kms_replica_external_key.this",
            "module.main-eks.module.cloudwatch_kms.aws_kms_replica_key.this",
            "module.main-eks.module.cloudwatch_kms.data.aws_iam_policy_document.this",
            "module.main-eks.module.eks.aws_cloudwatch_log_group.this",
            "module.main-eks.module.eks.aws_eks_access_entry.this",
            "module.main-eks.module.eks.aws_eks_access_policy_association.this",
            "module.main-eks.module.eks.aws_eks_cluster.this",
            "module.main-eks.module.eks.aws_iam_policy.cni_ipv6_policy",
            "module.main-eks.module.eks.aws_iam_role.this",
            "module.main-eks.module.eks.aws_iam_role_policy_attachment.this",
            "module.main-eks.module.eks.aws_security_group.cluster",
            "module.main-eks.module.eks.aws_security_group.node",
            "module.main-eks.module.eks.aws_security_group_rule.cluster",
            "module.main-eks.module.eks.aws_security_group_rule.node",
            "module.main-eks.module.eks.data.aws_iam_policy_document.assume_role_policy",
            "module.main-eks.module.eks.data.aws_iam_session_context.current",
            "module.main-eks.module.eks.data.aws_partition.current",
            "module.main-eks.module.eks.module.kms.aws_kms_external_key.this",
            "module.main-eks.module.eks.module.kms.aws_kms_key.this",
            "module.main-eks.module.eks.module.kms.aws_kms_replica_external_key.this",
            "module.main-eks.module.eks.module.kms.aws_kms_replica_key.this",
            "module.main-eks.module.eks.module.kms.data.aws_caller_identity.current",
            "module.main-eks.module.eks.module.kms.data.aws_iam_policy_document.this",
            "module.main-eks.module.eks.module.kms.data.aws_partition.current"
          ]
        }
      ]
    },
    {
      "module": "module.main-eks",
      "mode": "managed",
      "type": "aws_eks_addon",
      "name": "kube-proxy",
      "provider": "provider[\"registry.terraform.io/hashicorp/aws\"]",
      "instances": [
        {
          "schema_version": 0,
          "attributes": {
            "addon_name": "kube-proxy",
            "addon_version": "v1.29.3-eksbuild.5",
            "arn": "arn:aws:eks:us-east-1:111594127594:addon/hema-test/kube-proxy/cec80c0e-b89d-e72e-388b-4d1628df44d2",
            "cluster_name": "hema-test",
            "configuration_values": "",
            "created_at": "2024-06-14T18:58:21Z",
            "id": "hema-test:kube-proxy",
            "modified_at": "2024-06-14T19:01:42Z",
            "preserve": null,
            "resolve_conflicts": null,
            "resolve_conflicts_on_create": null,
            "resolve_conflicts_on_update": null,
            "service_account_role_arn": "",
            "tags": null,
            "tags_all": {
              "Creator": "Terraform"
            },
            "timeouts": null
          },
          "sensitive_attributes": [],
          "private": "eyJlMmJmYjczMC1lY2FhLTExZTYtOGY4OC0zNDM2M2JjN2M0YzAiOnsiY3JlYXRlIjoxMjAwMDAwMDAwMDAwLCJkZWxldGUiOjI0MDAwMDAwMDAwMDAsInVwZGF0ZSI6MTIwMDAwMDAwMDAwMH19",
          "dependencies": [
            "module.main-eks.data.aws_caller_identity.current",
            "module.main-eks.data.aws_eks_addon_version.kube-proxy",
            "module.main-eks.data.aws_partition.current",
            "module.main-eks.data.aws_subnets.private",
            "module.main-eks.data.aws_vpc.vpc",
            "module.main-eks.module.cloudwatch_kms.aws_kms_external_key.this",
            "module.main-eks.module.cloudwatch_kms.aws_kms_key.this",
            "module.main-eks.module.cloudwatch_kms.aws_kms_replica_external_key.this",
            "module.main-eks.module.cloudwatch_kms.aws_kms_replica_key.this",
            "module.main-eks.module.cloudwatch_kms.data.aws_iam_policy_document.this",
            "module.main-eks.module.eks.aws_cloudwatch_log_group.this",
            "module.main-eks.module.eks.aws_eks_access_entry.this",
            "module.main-eks.module.eks.aws_eks_access_policy_association.this",
            "module.main-eks.module.eks.aws_eks_cluster.this",
            "module.main-eks.module.eks.aws_iam_policy.cni_ipv6_policy",
            "module.main-eks.module.eks.aws_iam_role.this",
            "module.main-eks.module.eks.aws_iam_role_policy_attachment.this",
            "module.main-eks.module.eks.aws_security_group.cluster",
            "module.main-eks.module.eks.aws_security_group.node",
            "module.main-eks.module.eks.aws_security_group_rule.cluster",
            "module.main-eks.module.eks.aws_security_group_rule.node",
            "module.main-eks.module.eks.data.aws_iam_policy_document.assume_role_policy",
            "module.main-eks.module.eks.data.aws_iam_session_context.current",
            "module.main-eks.module.eks.data.aws_partition.current",
            "module.main-eks.module.eks.module.kms.aws_kms_external_key.this",
            "module.main-eks.module.eks.module.kms.aws_kms_key.this",
            "module.main-eks.module.eks.module.kms.aws_kms_replica_external_key.this",
            "module.main-eks.module.eks.module.kms.aws_kms_replica_key.this",
            "module.main-eks.module.eks.module.kms.data.aws_caller_identity.current",
            "module.main-eks.module.eks.module.kms.data.aws_iam_policy_document.this",
            "module.main-eks.module.eks.module.kms.data.aws_partition.current"
          ]
        }
      ]
    },
    {
      "module": "module.main-eks",
      "mode": "managed",
      "type": "aws_eks_addon",
      "name": "vpc-cni",
      "provider": "provider[\"registry.terraform.io/hashicorp/aws\"]",
      "instances": [
        {
          "schema_version": 0,
          "attributes": {
            "addon_name": "vpc-cni",
            "addon_version": "v1.18.2-eksbuild.1",
            "arn": "arn:aws:eks:us-east-1:111594127594:addon/hema-test/vpc-cni/34c80c0e-b898-fb10-c271-a9befefaffe8",
            "cluster_name": "hema-test",
            "configuration_values": "",
            "created_at": "2024-06-14T18:58:21Z",
            "id": "hema-test:vpc-cni",
            "modified_at": "2024-06-14T19:01:44Z",
            "preserve": null,
            "resolve_conflicts": null,
            "resolve_conflicts_on_create": null,
            "resolve_conflicts_on_update": null,
            "service_account_role_arn": "",
            "tags": null,
            "tags_all": {
              "Creator": "Terraform"
            },
            "timeouts": null
          },
          "sensitive_attributes": [],
          "private": "eyJlMmJmYjczMC1lY2FhLTExZTYtOGY4OC0zNDM2M2JjN2M0YzAiOnsiY3JlYXRlIjoxMjAwMDAwMDAwMDAwLCJkZWxldGUiOjI0MDAwMDAwMDAwMDAsInVwZGF0ZSI6MTIwMDAwMDAwMDAwMH19",
          "dependencies": [
            "module.main-eks.data.aws_caller_identity.current",
            "module.main-eks.data.aws_eks_addon_version.vpc-cni",
            "module.main-eks.data.aws_partition.current",
            "module.main-eks.data.aws_subnets.private",
            "module.main-eks.data.aws_vpc.vpc",
            "module.main-eks.module.cloudwatch_kms.aws_kms_external_key.this",
            "module.main-eks.module.cloudwatch_kms.aws_kms_key.this",
            "module.main-eks.module.cloudwatch_kms.aws_kms_replica_external_key.this",
            "module.main-eks.module.cloudwatch_kms.aws_kms_replica_key.this",
            "module.main-eks.module.cloudwatch_kms.data.aws_iam_policy_document.this",
            "module.main-eks.module.eks.aws_cloudwatch_log_group.this",
            "module.main-eks.module.eks.aws_eks_access_entry.this",
            "module.main-eks.module.eks.aws_eks_access_policy_association.this",
            "module.main-eks.module.eks.aws_eks_cluster.this",
            "module.main-eks.module.eks.aws_iam_policy.cni_ipv6_policy",
            "module.main-eks.module.eks.aws_iam_role.this",
            "module.main-eks.module.eks.aws_iam_role_policy_attachment.this",
            "module.main-eks.module.eks.aws_security_group.cluster",
            "module.main-eks.module.eks.aws_security_group.node",
            "module.main-eks.module.eks.aws_security_group_rule.cluster",
            "module.main-eks.module.eks.aws_security_group_rule.node",
            "module.main-eks.module.eks.data.aws_iam_policy_document.assume_role_policy",
            "module.main-eks.module.eks.data.aws_iam_session_context.current",
            "module.main-eks.module.eks.data.aws_partition.current",
            "module.main-eks.module.eks.module.kms.aws_kms_external_key.this",
            "module.main-eks.module.eks.module.kms.aws_kms_key.this",
            "module.main-eks.module.eks.module.kms.aws_kms_replica_external_key.this",
            "module.main-eks.module.eks.module.kms.aws_kms_replica_key.this",
            "module.main-eks.module.eks.module.kms.data.aws_caller_identity.current",
            "module.main-eks.module.eks.module.kms.data.aws_iam_policy_document.this",
            "module.main-eks.module.eks.module.kms.data.aws_partition.current"
          ]
        }
      ]
    },
    {
      "module": "module.main-eks",
      "mode": "managed",
      "type": "aws_iam_policy",
      "name": "vpc",
      "provider": "provider[\"registry.terraform.io/hashicorp/aws\"]",
      "instances": [
        {
          "schema_version": 0,
          "attributes": {
            "arn": "arn:aws:iam::111594127594:policy/delegatedadmin/developer/hema-test-vpc-flow-logs",
            "attachment_count": 0,
            "description": "",
            "id": "arn:aws:iam::111594127594:policy/delegatedadmin/developer/hema-test-vpc-flow-logs",
            "name": "hema-test-vpc-flow-logs",
            "name_prefix": "",
            "path": "/delegatedadmin/developer/",
            "policy": "{\"Statement\":[{\"Action\":[\"logs:PutLogEvents\",\"logs:DescribeLogStreams\",\"logs:DescribeLogGroups\",\"logs:CreateLogStream\",\"logs:CreateLogGroup\"],\"Effect\":\"Allow\",\"Resource\":\"*\",\"Sid\":\"VPCFlowLogs\"},{\"Action\":\"s3:PutObject\",\"Effect\":\"Allow\",\"Resource\":\"arn:aws:s3:::hema-test-logs-t2stgk0dvnzo/*\",\"Sid\":\"VPCFlowLogsS3\"}],\"Version\":\"2012-10-17\"}",
            "policy_id": "ANPART64HIDVMVBHSPC3O",
            "tags": null,
            "tags_all": {
              "Creator": "Terraform"
            }
          },
          "sensitive_attributes": [],
          "private": "bnVsbA==",
          "dependencies": [
            "module.main-eks.data.aws_iam_policy_document.vpc",
            "module.main-eks.module.s3_logs.aws_s3_bucket.this",
            "module.main-eks.random_string.s3"
          ]
        }
      ]
    },
    {
      "module": "module.main-eks",
      "mode": "managed",
      "type": "aws_iam_role",
      "name": "vpc",
      "provider": "provider[\"registry.terraform.io/hashicorp/aws\"]",
      "instances": [
        {
          "schema_version": 0,
          "attributes": {
            "arn": "arn:aws:iam::111594127594:role/delegatedadmin/developer/hema-test-vpc-flow-logs",
            "assume_role_policy": "{\"Statement\":[{\"Action\":\"sts:AssumeRole\",\"Effect\":\"Allow\",\"Principal\":{\"Service\":\"vpc-flow-logs.amazonaws.com\"},\"Sid\":\"\"}],\"Version\":\"2012-10-17\"}",
            "create_date": "2024-06-14T18:47:51Z",
            "description": "",
            "force_detach_policies": false,
            "id": "hema-test-vpc-flow-logs",
            "inline_policy": [],
            "managed_policy_arns": [],
            "max_session_duration": 3600,
            "name": "hema-test-vpc-flow-logs",
            "name_prefix": "",
            "path": "/delegatedadmin/developer/",
            "permissions_boundary": "arn:aws:iam::111594127594:policy/cms-cloud-admin/ct-ado-poweruser-permissions-boundary-policy",
            "tags": null,
            "tags_all": {
              "Creator": "Terraform"
            },
            "unique_id": "AROART64HIDVPBMGMVTWD"
          },
          "sensitive_attributes": [],
          "private": "bnVsbA==",
          "dependencies": [
            "module.main-eks.data.aws_caller_identity.current",
            "module.main-eks.data.aws_partition.current"
          ]
        }
      ]
    },
    {
      "module": "module.main-eks",
      "mode": "managed",
      "type": "aws_iam_role_policy_attachment",
      "name": "vpc",
      "provider": "provider[\"registry.terraform.io/hashicorp/aws\"]",
      "instances": [
        {
          "schema_version": 0,
          "attributes": {
            "id": "hema-test-vpc-flow-logs-20240614184757003300000009",
            "policy_arn": "arn:aws:iam::111594127594:policy/delegatedadmin/developer/hema-test-vpc-flow-logs",
            "role": "hema-test-vpc-flow-logs"
          },
          "sensitive_attributes": [],
          "private": "bnVsbA==",
          "dependencies": [
            "module.main-eks.aws_iam_policy.vpc",
            "module.main-eks.aws_iam_role.vpc",
            "module.main-eks.data.aws_caller_identity.current",
            "module.main-eks.data.aws_iam_policy_document.vpc",
            "module.main-eks.data.aws_partition.current",
            "module.main-eks.module.s3_logs.aws_s3_bucket.this",
            "module.main-eks.random_string.s3"
          ]
        }
      ]
    },
    {
      "module": "module.main-eks",
      "mode": "managed",
      "type": "aws_security_group_rule",
      "name": "allow_ingress_additional_prefix_lists",
      "provider": "provider[\"registry.terraform.io/hashicorp/aws\"]",
      "instances": [
        {
          "index_key": "cluster",
          "schema_version": 2,
          "attributes": {
            "cidr_blocks": null,
            "description": "allow_ingress_additional_prefix_lists",
            "from_port": 0,
            "id": "sgrule-2514896669",
            "ipv6_cidr_blocks": null,
            "prefix_list_ids": [
              "pl-006315be223e9c9a7",
              "pl-01cd239fc89e69618",
              "pl-0a4dde74506ba8a8f",
              "pl-021a6f9575cc1b686"
            ],
            "protocol": "-1",
            "security_group_id": "sg-0d33a5338beac132e",
            "security_group_rule_id": "",
            "self": false,
            "source_security_group_id": null,
            "timeouts": null,
            "to_port": 0,
            "type": "ingress"
          },
          "sensitive_attributes": [],
          "private": "eyJlMmJmYjczMC1lY2FhLTExZTYtOGY4OC0zNDM2M2JjN2M0YzAiOnsiY3JlYXRlIjozMDAwMDAwMDAwMDB9LCJzY2hlbWFfdmVyc2lvbiI6IjIifQ==",
          "dependencies": [
            "module.main-eks.data.aws_caller_identity.current",
            "module.main-eks.data.aws_ec2_managed_prefix_list.cmscloud_security_tools",
            "module.main-eks.data.aws_ec2_managed_prefix_list.cmscloud_shared_services_pl",
            "module.main-eks.data.aws_ec2_managed_prefix_list.vpn_prefix_list",
            "module.main-eks.data.aws_ec2_managed_prefix_list.zscaler_pl",
            "module.main-eks.data.aws_partition.current",
            "module.main-eks.data.aws_subnets.private",
            "module.main-eks.data.aws_vpc.vpc",
            "module.main-eks.module.cloudwatch_kms.aws_kms_external_key.this",
            "module.main-eks.module.cloudwatch_kms.aws_kms_key.this",
            "module.main-eks.module.cloudwatch_kms.aws_kms_replica_external_key.this",
            "module.main-eks.module.cloudwatch_kms.aws_kms_replica_key.this",
            "module.main-eks.module.cloudwatch_kms.data.aws_iam_policy_document.this",
            "module.main-eks.module.eks.aws_cloudwatch_log_group.this",
            "module.main-eks.module.eks.aws_eks_cluster.this",
            "module.main-eks.module.eks.aws_iam_policy.cni_ipv6_policy",
            "module.main-eks.module.eks.aws_iam_role.this",
            "module.main-eks.module.eks.aws_iam_role_policy_attachment.this",
            "module.main-eks.module.eks.aws_security_group.cluster",
            "module.main-eks.module.eks.aws_security_group.node",
            "module.main-eks.module.eks.aws_security_group_rule.cluster",
            "module.main-eks.module.eks.aws_security_group_rule.node",
            "module.main-eks.module.eks.data.aws_iam_policy_document.assume_role_policy",
            "module.main-eks.module.eks.data.aws_iam_session_context.current",
            "module.main-eks.module.eks.data.aws_partition.current",
            "module.main-eks.module.eks.module.kms.aws_kms_external_key.this",
            "module.main-eks.module.eks.module.kms.aws_kms_key.this",
            "module.main-eks.module.eks.module.kms.aws_kms_replica_external_key.this",
            "module.main-eks.module.eks.module.kms.aws_kms_replica_key.this",
            "module.main-eks.module.eks.module.kms.data.aws_caller_identity.current",
            "module.main-eks.module.eks.module.kms.data.aws_iam_policy_document.this",
            "module.main-eks.module.eks.module.kms.data.aws_partition.current"
          ]
        },
        {
          "index_key": "cluster_primary",
          "schema_version": 2,
          "attributes": {
            "cidr_blocks": null,
            "description": "allow_ingress_additional_prefix_lists",
            "from_port": 0,
            "id": "sgrule-43458042",
            "ipv6_cidr_blocks": null,
            "prefix_list_ids": [
              "pl-006315be223e9c9a7",
              "pl-01cd239fc89e69618",
              "pl-0a4dde74506ba8a8f",
              "pl-021a6f9575cc1b686"
            ],
            "protocol": "-1",
            "security_group_id": "sg-0c9daf0e7276ab90d",
            "security_group_rule_id": "",
            "self": false,
            "source_security_group_id": null,
            "timeouts": null,
            "to_port": 0,
            "type": "ingress"
          },
          "sensitive_attributes": [],
          "private": "eyJlMmJmYjczMC1lY2FhLTExZTYtOGY4OC0zNDM2M2JjN2M0YzAiOnsiY3JlYXRlIjozMDAwMDAwMDAwMDB9LCJzY2hlbWFfdmVyc2lvbiI6IjIifQ==",
          "dependencies": [
            "module.main-eks.data.aws_caller_identity.current",
            "module.main-eks.data.aws_ec2_managed_prefix_list.cmscloud_security_tools",
            "module.main-eks.data.aws_ec2_managed_prefix_list.cmscloud_shared_services_pl",
            "module.main-eks.data.aws_ec2_managed_prefix_list.vpn_prefix_list",
            "module.main-eks.data.aws_ec2_managed_prefix_list.zscaler_pl",
            "module.main-eks.data.aws_partition.current",
            "module.main-eks.data.aws_subnets.private",
            "module.main-eks.data.aws_vpc.vpc",
            "module.main-eks.module.cloudwatch_kms.aws_kms_external_key.this",
            "module.main-eks.module.cloudwatch_kms.aws_kms_key.this",
            "module.main-eks.module.cloudwatch_kms.aws_kms_replica_external_key.this",
            "module.main-eks.module.cloudwatch_kms.aws_kms_replica_key.this",
            "module.main-eks.module.cloudwatch_kms.data.aws_iam_policy_document.this",
            "module.main-eks.module.eks.aws_cloudwatch_log_group.this",
            "module.main-eks.module.eks.aws_eks_cluster.this",
            "module.main-eks.module.eks.aws_iam_policy.cni_ipv6_policy",
            "module.main-eks.module.eks.aws_iam_role.this",
            "module.main-eks.module.eks.aws_iam_role_policy_attachment.this",
            "module.main-eks.module.eks.aws_security_group.cluster",
            "module.main-eks.module.eks.aws_security_group.node",
            "module.main-eks.module.eks.aws_security_group_rule.cluster",
            "module.main-eks.module.eks.aws_security_group_rule.node",
            "module.main-eks.module.eks.data.aws_iam_policy_document.assume_role_policy",
            "module.main-eks.module.eks.data.aws_iam_session_context.current",
            "module.main-eks.module.eks.data.aws_partition.current",
            "module.main-eks.module.eks.module.kms.aws_kms_external_key.this",
            "module.main-eks.module.eks.module.kms.aws_kms_key.this",
            "module.main-eks.module.eks.module.kms.aws_kms_replica_external_key.this",
            "module.main-eks.module.eks.module.kms.aws_kms_replica_key.this",
            "module.main-eks.module.eks.module.kms.data.aws_caller_identity.current",
            "module.main-eks.module.eks.module.kms.data.aws_iam_policy_document.this",
            "module.main-eks.module.eks.module.kms.data.aws_partition.current"
          ]
        },
        {
          "index_key": "node",
          "schema_version": 2,
          "attributes": {
            "cidr_blocks": null,
            "description": "allow_ingress_additional_prefix_lists",
            "from_port": 0,
            "id": "sgrule-496274729",
            "ipv6_cidr_blocks": null,
            "prefix_list_ids": [
              "pl-006315be223e9c9a7",
              "pl-01cd239fc89e69618",
              "pl-0a4dde74506ba8a8f",
              "pl-021a6f9575cc1b686"
            ],
            "protocol": "-1",
            "security_group_id": "sg-00e5524775dcc9d44",
            "security_group_rule_id": "",
            "self": false,
            "source_security_group_id": null,
            "timeouts": null,
            "to_port": 0,
            "type": "ingress"
          },
          "sensitive_attributes": [],
          "private": "eyJlMmJmYjczMC1lY2FhLTExZTYtOGY4OC0zNDM2M2JjN2M0YzAiOnsiY3JlYXRlIjozMDAwMDAwMDAwMDB9LCJzY2hlbWFfdmVyc2lvbiI6IjIifQ==",
          "dependencies": [
            "module.main-eks.data.aws_caller_identity.current",
            "module.main-eks.data.aws_ec2_managed_prefix_list.cmscloud_security_tools",
            "module.main-eks.data.aws_ec2_managed_prefix_list.cmscloud_shared_services_pl",
            "module.main-eks.data.aws_ec2_managed_prefix_list.vpn_prefix_list",
            "module.main-eks.data.aws_ec2_managed_prefix_list.zscaler_pl",
            "module.main-eks.data.aws_partition.current",
            "module.main-eks.data.aws_subnets.private",
            "module.main-eks.data.aws_vpc.vpc",
            "module.main-eks.module.cloudwatch_kms.aws_kms_external_key.this",
            "module.main-eks.module.cloudwatch_kms.aws_kms_key.this",
            "module.main-eks.module.cloudwatch_kms.aws_kms_replica_external_key.this",
            "module.main-eks.module.cloudwatch_kms.aws_kms_replica_key.this",
            "module.main-eks.module.cloudwatch_kms.data.aws_iam_policy_document.this",
            "module.main-eks.module.eks.aws_cloudwatch_log_group.this",
            "module.main-eks.module.eks.aws_eks_cluster.this",
            "module.main-eks.module.eks.aws_iam_policy.cni_ipv6_policy",
            "module.main-eks.module.eks.aws_iam_role.this",
            "module.main-eks.module.eks.aws_iam_role_policy_attachment.this",
            "module.main-eks.module.eks.aws_security_group.cluster",
            "module.main-eks.module.eks.aws_security_group.node",
            "module.main-eks.module.eks.aws_security_group_rule.cluster",
            "module.main-eks.module.eks.aws_security_group_rule.node",
            "module.main-eks.module.eks.data.aws_iam_policy_document.assume_role_policy",
            "module.main-eks.module.eks.data.aws_iam_session_context.current",
            "module.main-eks.module.eks.data.aws_partition.current",
            "module.main-eks.module.eks.module.kms.aws_kms_external_key.this",
            "module.main-eks.module.eks.module.kms.aws_kms_key.this",
            "module.main-eks.module.eks.module.kms.aws_kms_replica_external_key.this",
            "module.main-eks.module.eks.module.kms.aws_kms_replica_key.this",
            "module.main-eks.module.eks.module.kms.data.aws_caller_identity.current",
            "module.main-eks.module.eks.module.kms.data.aws_iam_policy_document.this",
            "module.main-eks.module.eks.module.kms.data.aws_partition.current"
          ]
        }
      ]
    },
    {
      "module": "module.main-eks",
      "mode": "managed",
      "type": "aws_security_group_rule",
      "name": "https-tg-ingress",
      "provider": "provider[\"registry.terraform.io/hashicorp/aws\"]",
      "instances": [
        {
          "schema_version": 2,
          "attributes": {
            "cidr_blocks": [
              "10.0.0.0/8"
            ],
            "description": null,
            "from_port": 0,
            "id": "sgrule-3561883513",
            "ipv6_cidr_blocks": null,
            "prefix_list_ids": null,
            "protocol": "-1",
            "security_group_id": "sg-00e5524775dcc9d44",
            "security_group_rule_id": "sgr-06bd12a93b1b4125f",
            "self": false,
            "source_security_group_id": null,
            "timeouts": null,
            "to_port": 0,
            "type": "ingress"
          },
          "sensitive_attributes": [],
          "private": "eyJlMmJmYjczMC1lY2FhLTExZTYtOGY4OC0zNDM2M2JjN2M0YzAiOnsiY3JlYXRlIjozMDAwMDAwMDAwMDB9LCJzY2hlbWFfdmVyc2lvbiI6IjIifQ==",
          "dependencies": [
            "module.main-eks.data.aws_vpc.vpc",
            "module.main-eks.module.eks.aws_security_group.node"
          ]
        }
      ]
    },
    {
      "module": "module.main-eks",
      "mode": "managed",
      "type": "aws_security_group_rule",
      "name": "https-vpc-ingress",
      "provider": "provider[\"registry.terraform.io/hashicorp/aws\"]",
      "instances": [
        {
          "index_key": 0,
          "schema_version": 2,
          "attributes": {
            "cidr_blocks": [
              "10.149.116.0/23",
              "100.87.0.0/16",
              "10.223.173.128/26",
              "10.203.154.0/24"
            ],
            "description": null,
            "from_port": 0,
            "id": "sgrule-3357413386",
            "ipv6_cidr_blocks": null,
            "prefix_list_ids": null,
            "protocol": "tcp",
            "security_group_id": "sg-0c9daf0e7276ab90d",
            "security_group_rule_id": "",
            "self": false,
            "source_security_group_id": null,
            "timeouts": null,
            "to_port": 443,
            "type": "ingress"
          },
          "sensitive_attributes": [],
          "private": "eyJlMmJmYjczMC1lY2FhLTExZTYtOGY4OC0zNDM2M2JjN2M0YzAiOnsiY3JlYXRlIjozMDAwMDAwMDAwMDB9LCJzY2hlbWFfdmVyc2lvbiI6IjIifQ==",
          "dependencies": [
            "module.main-eks.data.aws_caller_identity.current",
            "module.main-eks.data.aws_partition.current",
            "module.main-eks.data.aws_subnets.private",
            "module.main-eks.data.aws_vpc.vpc",
            "module.main-eks.module.cloudwatch_kms.aws_kms_external_key.this",
            "module.main-eks.module.cloudwatch_kms.aws_kms_key.this",
            "module.main-eks.module.cloudwatch_kms.aws_kms_replica_external_key.this",
            "module.main-eks.module.cloudwatch_kms.aws_kms_replica_key.this",
            "module.main-eks.module.cloudwatch_kms.data.aws_iam_policy_document.this",
            "module.main-eks.module.eks.aws_cloudwatch_log_group.this",
            "module.main-eks.module.eks.aws_eks_cluster.this",
            "module.main-eks.module.eks.aws_iam_policy.cni_ipv6_policy",
            "module.main-eks.module.eks.aws_iam_role.this",
            "module.main-eks.module.eks.aws_iam_role_policy_attachment.this",
            "module.main-eks.module.eks.aws_security_group.cluster",
            "module.main-eks.module.eks.aws_security_group.node",
            "module.main-eks.module.eks.aws_security_group_rule.cluster",
            "module.main-eks.module.eks.aws_security_group_rule.node",
            "module.main-eks.module.eks.data.aws_iam_policy_document.assume_role_policy",
            "module.main-eks.module.eks.data.aws_iam_session_context.current",
            "module.main-eks.module.eks.data.aws_partition.current",
            "module.main-eks.module.eks.module.kms.aws_kms_external_key.this",
            "module.main-eks.module.eks.module.kms.aws_kms_key.this",
            "module.main-eks.module.eks.module.kms.aws_kms_replica_external_key.this",
            "module.main-eks.module.eks.module.kms.aws_kms_replica_key.this",
            "module.main-eks.module.eks.module.kms.data.aws_caller_identity.current",
            "module.main-eks.module.eks.module.kms.data.aws_iam_policy_document.this",
            "module.main-eks.module.eks.module.kms.data.aws_partition.current"
          ]
        }
      ]
    },
    {
      "module": "module.main-eks",
      "mode": "managed",
      "type": "random_string",
      "name": "s3",
      "provider": "provider[\"registry.terraform.io/hashicorp/random\"]",
      "instances": [
        {
          "schema_version": 2,
          "attributes": {
            "id": "t2stgk0dvnzo",
            "keepers": null,
            "length": 12,
            "lower": true,
            "min_lower": 0,
            "min_numeric": 0,
            "min_special": 0,
            "min_upper": 0,
            "number": true,
            "numeric": true,
            "override_special": null,
            "result": "t2stgk0dvnzo",
            "special": false,
            "upper": false
          },
          "sensitive_attributes": []
        }
      ]
    },
    {
      "module": "module.main-eks.module.aws_cloudwatch_observability_pod_identity",
      "mode": "data",
      "type": "aws_iam_policy_document",
      "name": "assume",
      "provider": "provider[\"registry.terraform.io/hashicorp/aws\"]",
      "instances": [
        {
          "index_key": 0,
          "schema_version": 0,
          "attributes": {
            "id": "819195744",
            "json": "{\n  \"Version\": \"2012-10-17\",\n  \"Statement\": [\n    {\n      \"Effect\": \"Allow\",\n      \"Action\": [\n        \"sts:TagSession\",\n        \"sts:AssumeRole\"\n      ],\n      \"Principal\": {\n        \"Service\": \"pods.eks.amazonaws.com\"\n      }\n    }\n  ]\n}",
            "minified_json": "{\"Version\":\"2012-10-17\",\"Statement\":[{\"Effect\":\"Allow\",\"Action\":[\"sts:TagSession\",\"sts:AssumeRole\"],\"Principal\":{\"Service\":\"pods.eks.amazonaws.com\"}}]}",
            "override_json": null,
            "override_policy_documents": null,
            "policy_id": null,
            "source_json": null,
            "source_policy_documents": null,
            "statement": [
              {
                "actions": [
                  "sts:AssumeRole",
                  "sts:TagSession"
                ],
                "condition": [],
                "effect": "Allow",
                "not_actions": [],
                "not_principals": [],
                "not_resources": [],
                "principals": [
                  {
                    "identifiers": [
                      "pods.eks.amazonaws.com"
                    ],
                    "type": "Service"
                  }
                ],
                "resources": [],
                "sid": ""
              }
            ],
            "version": "2012-10-17"
          },
          "sensitive_attributes": []
        }
      ]
    },
    {
      "module": "module.main-eks.module.aws_cloudwatch_observability_pod_identity",
      "mode": "data",
      "type": "aws_iam_policy_document",
      "name": "base",
      "provider": "provider[\"registry.terraform.io/hashicorp/aws\"]",
      "instances": [
        {
          "index_key": 0,
          "schema_version": 0,
          "attributes": {
            "id": "1132004489",
            "json": "{\n  \"Version\": \"2012-10-17\"\n}",
            "minified_json": "{\"Version\":\"2012-10-17\"}",
            "override_json": null,
            "override_policy_documents": null,
            "policy_id": null,
            "source_json": null,
            "source_policy_documents": null,
            "statement": null,
            "version": "2012-10-17"
          },
          "sensitive_attributes": []
        }
      ]
    },
    {
      "module": "module.main-eks.module.aws_cloudwatch_observability_pod_identity",
      "mode": "data",
      "type": "aws_partition",
      "name": "current",
      "provider": "provider[\"registry.terraform.io/hashicorp/aws\"]",
      "instances": [
        {
          "schema_version": 0,
          "attributes": {
            "dns_suffix": "amazonaws.com",
            "id": "aws",
            "partition": "aws",
            "reverse_dns_prefix": "com.amazonaws"
          },
          "sensitive_attributes": []
        }
      ]
    },
    {
      "module": "module.main-eks.module.aws_cloudwatch_observability_pod_identity",
      "mode": "managed",
      "type": "aws_eks_pod_identity_association",
      "name": "this",
      "provider": "provider[\"registry.terraform.io/hashicorp/aws\"]",
      "instances": [
        {
          "index_key": "amazon-cloudwatch-observability-controller-manager",
          "schema_version": 0,
          "attributes": {
            "association_arn": "arn:aws:eks:us-east-1:111594127594:podidentityassociation/hema-test/a-vzf4eya4pggkuepsk",
            "association_id": "a-vzf4eya4pggkuepsk",
            "cluster_name": "hema-test",
            "id": "a-vzf4eya4pggkuepsk",
            "namespace": "amazon-cloudwatch",
            "role_arn": "arn:aws:iam::111594127594:role/delegatedadmin/developer/aws-cloudwatch-observability-hema-test",
            "service_account": "amazon-cloudwatch-observability-controller-manager",
            "tags": {},
            "tags_all": {
              "Creator": "Terraform"
            }
          },
          "sensitive_attributes": [],
          "dependencies": [
            "module.main-eks.data.aws_caller_identity.current",
            "module.main-eks.data.aws_partition.current",
            "module.main-eks.data.aws_subnets.private",
            "module.main-eks.data.aws_vpc.vpc",
            "module.main-eks.module.aws_cloudwatch_observability_pod_identity.aws_iam_role.this",
            "module.main-eks.module.aws_cloudwatch_observability_pod_identity.data.aws_iam_policy_document.assume",
            "module.main-eks.module.cloudwatch_kms.aws_kms_external_key.this",
            "module.main-eks.module.cloudwatch_kms.aws_kms_key.this",
            "module.main-eks.module.cloudwatch_kms.aws_kms_replica_external_key.this",
            "module.main-eks.module.cloudwatch_kms.aws_kms_replica_key.this",
            "module.main-eks.module.cloudwatch_kms.data.aws_iam_policy_document.this",
            "module.main-eks.module.eks.aws_cloudwatch_log_group.this",
            "module.main-eks.module.eks.aws_eks_access_entry.this",
            "module.main-eks.module.eks.aws_eks_access_policy_association.this",
            "module.main-eks.module.eks.aws_eks_cluster.this",
            "module.main-eks.module.eks.aws_iam_policy.cni_ipv6_policy",
            "module.main-eks.module.eks.aws_iam_role.this",
            "module.main-eks.module.eks.aws_iam_role_policy_attachment.this",
            "module.main-eks.module.eks.aws_security_group.cluster",
            "module.main-eks.module.eks.aws_security_group.node",
            "module.main-eks.module.eks.aws_security_group_rule.cluster",
            "module.main-eks.module.eks.aws_security_group_rule.node",
            "module.main-eks.module.eks.data.aws_iam_policy_document.assume_role_policy",
            "module.main-eks.module.eks.data.aws_iam_session_context.current",
            "module.main-eks.module.eks.data.aws_partition.current",
            "module.main-eks.module.eks.module.kms.aws_kms_external_key.this",
            "module.main-eks.module.eks.module.kms.aws_kms_key.this",
            "module.main-eks.module.eks.module.kms.aws_kms_replica_external_key.this",
            "module.main-eks.module.eks.module.kms.aws_kms_replica_key.this",
            "module.main-eks.module.eks.module.kms.data.aws_caller_identity.current",
            "module.main-eks.module.eks.module.kms.data.aws_iam_policy_document.this",
            "module.main-eks.module.eks.module.kms.data.aws_partition.current"
          ]
        },
        {
          "index_key": "cloudwatch-agent",
          "schema_version": 0,
          "attributes": {
            "association_arn": "arn:aws:eks:us-east-1:111594127594:podidentityassociation/hema-test/a-0z7hfhvwxb9hfvdcq",
            "association_id": "a-0z7hfhvwxb9hfvdcq",
            "cluster_name": "hema-test",
            "id": "a-0z7hfhvwxb9hfvdcq",
            "namespace": "amazon-cloudwatch",
            "role_arn": "arn:aws:iam::111594127594:role/delegatedadmin/developer/aws-cloudwatch-observability-hema-test",
            "service_account": "cloudwatch-agent",
            "tags": {},
            "tags_all": {
              "Creator": "Terraform"
            }
          },
          "sensitive_attributes": [],
          "dependencies": [
            "module.main-eks.data.aws_caller_identity.current",
            "module.main-eks.data.aws_partition.current",
            "module.main-eks.data.aws_subnets.private",
            "module.main-eks.data.aws_vpc.vpc",
            "module.main-eks.module.aws_cloudwatch_observability_pod_identity.aws_iam_role.this",
            "module.main-eks.module.aws_cloudwatch_observability_pod_identity.data.aws_iam_policy_document.assume",
            "module.main-eks.module.cloudwatch_kms.aws_kms_external_key.this",
            "module.main-eks.module.cloudwatch_kms.aws_kms_key.this",
            "module.main-eks.module.cloudwatch_kms.aws_kms_replica_external_key.this",
            "module.main-eks.module.cloudwatch_kms.aws_kms_replica_key.this",
            "module.main-eks.module.cloudwatch_kms.data.aws_iam_policy_document.this",
            "module.main-eks.module.eks.aws_cloudwatch_log_group.this",
            "module.main-eks.module.eks.aws_eks_access_entry.this",
            "module.main-eks.module.eks.aws_eks_access_policy_association.this",
            "module.main-eks.module.eks.aws_eks_cluster.this",
            "module.main-eks.module.eks.aws_iam_policy.cni_ipv6_policy",
            "module.main-eks.module.eks.aws_iam_role.this",
            "module.main-eks.module.eks.aws_iam_role_policy_attachment.this",
            "module.main-eks.module.eks.aws_security_group.cluster",
            "module.main-eks.module.eks.aws_security_group.node",
            "module.main-eks.module.eks.aws_security_group_rule.cluster",
            "module.main-eks.module.eks.aws_security_group_rule.node",
            "module.main-eks.module.eks.data.aws_iam_policy_document.assume_role_policy",
            "module.main-eks.module.eks.data.aws_iam_session_context.current",
            "module.main-eks.module.eks.data.aws_partition.current",
            "module.main-eks.module.eks.module.kms.aws_kms_external_key.this",
            "module.main-eks.module.eks.module.kms.aws_kms_key.this",
            "module.main-eks.module.eks.module.kms.aws_kms_replica_external_key.this",
            "module.main-eks.module.eks.module.kms.aws_kms_replica_key.this",
            "module.main-eks.module.eks.module.kms.data.aws_caller_identity.current",
            "module.main-eks.module.eks.module.kms.data.aws_iam_policy_document.this",
            "module.main-eks.module.eks.module.kms.data.aws_partition.current"
          ]
        },
        {
          "index_key": "dcgm-exporter-service-acct",
          "schema_version": 0,
          "attributes": {
            "association_arn": "arn:aws:eks:us-east-1:111594127594:podidentityassociation/hema-test/a-kpcgsicw05vy2elps",
            "association_id": "a-kpcgsicw05vy2elps",
            "cluster_name": "hema-test",
            "id": "a-kpcgsicw05vy2elps",
            "namespace": "amazon-cloudwatch",
            "role_arn": "arn:aws:iam::111594127594:role/delegatedadmin/developer/aws-cloudwatch-observability-hema-test",
            "service_account": "dcgm-exporter-service-acct",
            "tags": {},
            "tags_all": {
              "Creator": "Terraform"
            }
          },
          "sensitive_attributes": [],
          "dependencies": [
            "module.main-eks.data.aws_caller_identity.current",
            "module.main-eks.data.aws_partition.current",
            "module.main-eks.data.aws_subnets.private",
            "module.main-eks.data.aws_vpc.vpc",
            "module.main-eks.module.aws_cloudwatch_observability_pod_identity.aws_iam_role.this",
            "module.main-eks.module.aws_cloudwatch_observability_pod_identity.data.aws_iam_policy_document.assume",
            "module.main-eks.module.cloudwatch_kms.aws_kms_external_key.this",
            "module.main-eks.module.cloudwatch_kms.aws_kms_key.this",
            "module.main-eks.module.cloudwatch_kms.aws_kms_replica_external_key.this",
            "module.main-eks.module.cloudwatch_kms.aws_kms_replica_key.this",
            "module.main-eks.module.cloudwatch_kms.data.aws_iam_policy_document.this",
            "module.main-eks.module.eks.aws_cloudwatch_log_group.this",
            "module.main-eks.module.eks.aws_eks_access_entry.this",
            "module.main-eks.module.eks.aws_eks_access_policy_association.this",
            "module.main-eks.module.eks.aws_eks_cluster.this",
            "module.main-eks.module.eks.aws_iam_policy.cni_ipv6_policy",
            "module.main-eks.module.eks.aws_iam_role.this",
            "module.main-eks.module.eks.aws_iam_role_policy_attachment.this",
            "module.main-eks.module.eks.aws_security_group.cluster",
            "module.main-eks.module.eks.aws_security_group.node",
            "module.main-eks.module.eks.aws_security_group_rule.cluster",
            "module.main-eks.module.eks.aws_security_group_rule.node",
            "module.main-eks.module.eks.data.aws_iam_policy_document.assume_role_policy",
            "module.main-eks.module.eks.data.aws_iam_session_context.current",
            "module.main-eks.module.eks.data.aws_partition.current",
            "module.main-eks.module.eks.module.kms.aws_kms_external_key.this",
            "module.main-eks.module.eks.module.kms.aws_kms_key.this",
            "module.main-eks.module.eks.module.kms.aws_kms_replica_external_key.this",
            "module.main-eks.module.eks.module.kms.aws_kms_replica_key.this",
            "module.main-eks.module.eks.module.kms.data.aws_caller_identity.current",
            "module.main-eks.module.eks.module.kms.data.aws_iam_policy_document.this",
            "module.main-eks.module.eks.module.kms.data.aws_partition.current"
          ]
        },
        {
          "index_key": "default",
          "schema_version": 0,
          "attributes": {
            "association_arn": "arn:aws:eks:us-east-1:111594127594:podidentityassociation/hema-test/a-2kb0xphbsjcy4nq3b",
            "association_id": "a-2kb0xphbsjcy4nq3b",
            "cluster_name": "hema-test",
            "id": "a-2kb0xphbsjcy4nq3b",
            "namespace": "amazon-cloudwatch",
            "role_arn": "arn:aws:iam::111594127594:role/delegatedadmin/developer/aws-cloudwatch-observability-hema-test",
            "service_account": "default",
            "tags": {},
            "tags_all": {
              "Creator": "Terraform"
            }
          },
          "sensitive_attributes": [],
          "dependencies": [
            "module.main-eks.data.aws_caller_identity.current",
            "module.main-eks.data.aws_partition.current",
            "module.main-eks.data.aws_subnets.private",
            "module.main-eks.data.aws_vpc.vpc",
            "module.main-eks.module.aws_cloudwatch_observability_pod_identity.aws_iam_role.this",
            "module.main-eks.module.aws_cloudwatch_observability_pod_identity.data.aws_iam_policy_document.assume",
            "module.main-eks.module.cloudwatch_kms.aws_kms_external_key.this",
            "module.main-eks.module.cloudwatch_kms.aws_kms_key.this",
            "module.main-eks.module.cloudwatch_kms.aws_kms_replica_external_key.this",
            "module.main-eks.module.cloudwatch_kms.aws_kms_replica_key.this",
            "module.main-eks.module.cloudwatch_kms.data.aws_iam_policy_document.this",
            "module.main-eks.module.eks.aws_cloudwatch_log_group.this",
            "module.main-eks.module.eks.aws_eks_access_entry.this",
            "module.main-eks.module.eks.aws_eks_access_policy_association.this",
            "module.main-eks.module.eks.aws_eks_cluster.this",
            "module.main-eks.module.eks.aws_iam_policy.cni_ipv6_policy",
            "module.main-eks.module.eks.aws_iam_role.this",
            "module.main-eks.module.eks.aws_iam_role_policy_attachment.this",
            "module.main-eks.module.eks.aws_security_group.cluster",
            "module.main-eks.module.eks.aws_security_group.node",
            "module.main-eks.module.eks.aws_security_group_rule.cluster",
            "module.main-eks.module.eks.aws_security_group_rule.node",
            "module.main-eks.module.eks.data.aws_iam_policy_document.assume_role_policy",
            "module.main-eks.module.eks.data.aws_iam_session_context.current",
            "module.main-eks.module.eks.data.aws_partition.current",
            "module.main-eks.module.eks.module.kms.aws_kms_external_key.this",
            "module.main-eks.module.eks.module.kms.aws_kms_key.this",
            "module.main-eks.module.eks.module.kms.aws_kms_replica_external_key.this",
            "module.main-eks.module.eks.module.kms.aws_kms_replica_key.this",
            "module.main-eks.module.eks.module.kms.data.aws_caller_identity.current",
            "module.main-eks.module.eks.module.kms.data.aws_iam_policy_document.this",
            "module.main-eks.module.eks.module.kms.data.aws_partition.current"
          ]
        },
        {
          "index_key": "neuron-monitor-service-acct",
          "schema_version": 0,
          "attributes": {
            "association_arn": "arn:aws:eks:us-east-1:111594127594:podidentityassociation/hema-test/a-bzqee8flwfizaxivs",
            "association_id": "a-bzqee8flwfizaxivs",
            "cluster_name": "hema-test",
            "id": "a-bzqee8flwfizaxivs",
            "namespace": "amazon-cloudwatch",
            "role_arn": "arn:aws:iam::111594127594:role/delegatedadmin/developer/aws-cloudwatch-observability-hema-test",
            "service_account": "neuron-monitor-service-acct",
            "tags": {},
            "tags_all": {
              "Creator": "Terraform"
            }
          },
          "sensitive_attributes": [],
          "dependencies": [
            "module.main-eks.data.aws_caller_identity.current",
            "module.main-eks.data.aws_partition.current",
            "module.main-eks.data.aws_subnets.private",
            "module.main-eks.data.aws_vpc.vpc",
            "module.main-eks.module.aws_cloudwatch_observability_pod_identity.aws_iam_role.this",
            "module.main-eks.module.aws_cloudwatch_observability_pod_identity.data.aws_iam_policy_document.assume",
            "module.main-eks.module.cloudwatch_kms.aws_kms_external_key.this",
            "module.main-eks.module.cloudwatch_kms.aws_kms_key.this",
            "module.main-eks.module.cloudwatch_kms.aws_kms_replica_external_key.this",
            "module.main-eks.module.cloudwatch_kms.aws_kms_replica_key.this",
            "module.main-eks.module.cloudwatch_kms.data.aws_iam_policy_document.this",
            "module.main-eks.module.eks.aws_cloudwatch_log_group.this",
            "module.main-eks.module.eks.aws_eks_access_entry.this",
            "module.main-eks.module.eks.aws_eks_access_policy_association.this",
            "module.main-eks.module.eks.aws_eks_cluster.this",
            "module.main-eks.module.eks.aws_iam_policy.cni_ipv6_policy",
            "module.main-eks.module.eks.aws_iam_role.this",
            "module.main-eks.module.eks.aws_iam_role_policy_attachment.this",
            "module.main-eks.module.eks.aws_security_group.cluster",
            "module.main-eks.module.eks.aws_security_group.node",
            "module.main-eks.module.eks.aws_security_group_rule.cluster",
            "module.main-eks.module.eks.aws_security_group_rule.node",
            "module.main-eks.module.eks.data.aws_iam_policy_document.assume_role_policy",
            "module.main-eks.module.eks.data.aws_iam_session_context.current",
            "module.main-eks.module.eks.data.aws_partition.current",
            "module.main-eks.module.eks.module.kms.aws_kms_external_key.this",
            "module.main-eks.module.eks.module.kms.aws_kms_key.this",
            "module.main-eks.module.eks.module.kms.aws_kms_replica_external_key.this",
            "module.main-eks.module.eks.module.kms.aws_kms_replica_key.this",
            "module.main-eks.module.eks.module.kms.data.aws_caller_identity.current",
            "module.main-eks.module.eks.module.kms.data.aws_iam_policy_document.this",
            "module.main-eks.module.eks.module.kms.data.aws_partition.current"
          ]
        }
      ]
    },
    {
      "module": "module.main-eks.module.aws_cloudwatch_observability_pod_identity",
      "mode": "managed",
      "type": "aws_iam_role",
      "name": "this",
      "provider": "provider[\"registry.terraform.io/hashicorp/aws\"]",
      "instances": [
        {
          "index_key": 0,
          "schema_version": 0,
          "attributes": {
            "arn": "arn:aws:iam::111594127594:role/delegatedadmin/developer/aws-cloudwatch-observability-hema-test",
            "assume_role_policy": "{\"Statement\":[{\"Action\":[\"sts:TagSession\",\"sts:AssumeRole\"],\"Effect\":\"Allow\",\"Principal\":{\"Service\":\"pods.eks.amazonaws.com\"}}],\"Version\":\"2012-10-17\"}",
            "create_date": "2024-06-14T18:58:21Z",
            "description": "AWS Cloudwatch Observability role",
            "force_detach_policies": true,
            "id": "aws-cloudwatch-observability-hema-test",
            "inline_policy": [],
            "managed_policy_arns": [],
            "max_session_duration": 3600,
            "name": "aws-cloudwatch-observability-hema-test",
            "name_prefix": "",
            "path": "/delegatedadmin/developer/",
            "permissions_boundary": "arn:aws:iam::111594127594:policy/cms-cloud-admin/ct-ado-poweruser-permissions-boundary-policy",
            "tags": null,
            "tags_all": {
              "Creator": "Terraform"
            },
            "unique_id": "AROART64HIDVGITUGCBKR"
          },
          "sensitive_attributes": [],
          "private": "bnVsbA==",
          "dependencies": [
            "module.main-eks.data.aws_caller_identity.current",
            "module.main-eks.data.aws_partition.current",
            "module.main-eks.data.aws_subnets.private",
            "module.main-eks.data.aws_vpc.vpc",
            "module.main-eks.module.aws_cloudwatch_observability_pod_identity.data.aws_iam_policy_document.assume",
            "module.main-eks.module.cloudwatch_kms.aws_kms_external_key.this",
            "module.main-eks.module.cloudwatch_kms.aws_kms_key.this",
            "module.main-eks.module.cloudwatch_kms.aws_kms_replica_external_key.this",
            "module.main-eks.module.cloudwatch_kms.aws_kms_replica_key.this",
            "module.main-eks.module.cloudwatch_kms.data.aws_iam_policy_document.this",
            "module.main-eks.module.eks.aws_cloudwatch_log_group.this",
            "module.main-eks.module.eks.aws_eks_access_entry.this",
            "module.main-eks.module.eks.aws_eks_access_policy_association.this",
            "module.main-eks.module.eks.aws_eks_cluster.this",
            "module.main-eks.module.eks.aws_iam_policy.cni_ipv6_policy",
            "module.main-eks.module.eks.aws_iam_role.this",
            "module.main-eks.module.eks.aws_iam_role_policy_attachment.this",
            "module.main-eks.module.eks.aws_security_group.cluster",
            "module.main-eks.module.eks.aws_security_group.node",
            "module.main-eks.module.eks.aws_security_group_rule.cluster",
            "module.main-eks.module.eks.aws_security_group_rule.node",
            "module.main-eks.module.eks.data.aws_iam_policy_document.assume_role_policy",
            "module.main-eks.module.eks.data.aws_iam_session_context.current",
            "module.main-eks.module.eks.data.aws_partition.current",
            "module.main-eks.module.eks.module.kms.aws_kms_external_key.this",
            "module.main-eks.module.eks.module.kms.aws_kms_key.this",
            "module.main-eks.module.eks.module.kms.aws_kms_replica_external_key.this",
            "module.main-eks.module.eks.module.kms.aws_kms_replica_key.this",
            "module.main-eks.module.eks.module.kms.data.aws_caller_identity.current",
            "module.main-eks.module.eks.module.kms.data.aws_iam_policy_document.this",
            "module.main-eks.module.eks.module.kms.data.aws_partition.current"
          ]
        }
      ]
    },
    {
      "module": "module.main-eks.module.aws_cloudwatch_observability_pod_identity",
      "mode": "managed",
      "type": "aws_iam_role_policy_attachment",
      "name": "aws_cloudwatch_observability",
      "provider": "provider[\"registry.terraform.io/hashicorp/aws\"]",
      "instances": [
        {
          "index_key": "AWSXrayWriteOnlyAccess",
          "schema_version": 0,
          "attributes": {
            "id": "aws-cloudwatch-observability-hema-test-20240614185821510100000016",
            "policy_arn": "arn:aws:iam::aws:policy/AWSXrayWriteOnlyAccess",
            "role": "aws-cloudwatch-observability-hema-test"
          },
          "sensitive_attributes": [],
          "private": "bnVsbA==",
          "dependencies": [
            "module.main-eks.data.aws_caller_identity.current",
            "module.main-eks.data.aws_partition.current",
            "module.main-eks.data.aws_subnets.private",
            "module.main-eks.data.aws_vpc.vpc",
            "module.main-eks.module.aws_cloudwatch_observability_pod_identity.aws_iam_role.this",
            "module.main-eks.module.aws_cloudwatch_observability_pod_identity.data.aws_iam_policy_document.assume",
            "module.main-eks.module.aws_cloudwatch_observability_pod_identity.data.aws_partition.current",
            "module.main-eks.module.cloudwatch_kms.aws_kms_external_key.this",
            "module.main-eks.module.cloudwatch_kms.aws_kms_key.this",
            "module.main-eks.module.cloudwatch_kms.aws_kms_replica_external_key.this",
            "module.main-eks.module.cloudwatch_kms.aws_kms_replica_key.this",
            "module.main-eks.module.cloudwatch_kms.data.aws_iam_policy_document.this",
            "module.main-eks.module.eks.aws_cloudwatch_log_group.this",
            "module.main-eks.module.eks.aws_eks_access_entry.this",
            "module.main-eks.module.eks.aws_eks_access_policy_association.this",
            "module.main-eks.module.eks.aws_eks_cluster.this",
            "module.main-eks.module.eks.aws_iam_policy.cni_ipv6_policy",
            "module.main-eks.module.eks.aws_iam_role.this",
            "module.main-eks.module.eks.aws_iam_role_policy_attachment.this",
            "module.main-eks.module.eks.aws_security_group.cluster",
            "module.main-eks.module.eks.aws_security_group.node",
            "module.main-eks.module.eks.aws_security_group_rule.cluster",
            "module.main-eks.module.eks.aws_security_group_rule.node",
            "module.main-eks.module.eks.data.aws_iam_policy_document.assume_role_policy",
            "module.main-eks.module.eks.data.aws_iam_session_context.current",
            "module.main-eks.module.eks.data.aws_partition.current",
            "module.main-eks.module.eks.module.kms.aws_kms_external_key.this",
            "module.main-eks.module.eks.module.kms.aws_kms_key.this",
            "module.main-eks.module.eks.module.kms.aws_kms_replica_external_key.this",
            "module.main-eks.module.eks.module.kms.aws_kms_replica_key.this",
            "module.main-eks.module.eks.module.kms.data.aws_caller_identity.current",
            "module.main-eks.module.eks.module.kms.data.aws_iam_policy_document.this",
            "module.main-eks.module.eks.module.kms.data.aws_partition.current"
          ]
        },
        {
          "index_key": "CloudWatchAgentServerPolicy",
          "schema_version": 0,
          "attributes": {
            "id": "aws-cloudwatch-observability-hema-test-20240614185821420000000015",
            "policy_arn": "arn:aws:iam::aws:policy/CloudWatchAgentServerPolicy",
            "role": "aws-cloudwatch-observability-hema-test"
          },
          "sensitive_attributes": [],
          "private": "bnVsbA==",
          "dependencies": [
            "module.main-eks.data.aws_caller_identity.current",
            "module.main-eks.data.aws_partition.current",
            "module.main-eks.data.aws_subnets.private",
            "module.main-eks.data.aws_vpc.vpc",
            "module.main-eks.module.aws_cloudwatch_observability_pod_identity.aws_iam_role.this",
            "module.main-eks.module.aws_cloudwatch_observability_pod_identity.data.aws_iam_policy_document.assume",
            "module.main-eks.module.aws_cloudwatch_observability_pod_identity.data.aws_partition.current",
            "module.main-eks.module.cloudwatch_kms.aws_kms_external_key.this",
            "module.main-eks.module.cloudwatch_kms.aws_kms_key.this",
            "module.main-eks.module.cloudwatch_kms.aws_kms_replica_external_key.this",
            "module.main-eks.module.cloudwatch_kms.aws_kms_replica_key.this",
            "module.main-eks.module.cloudwatch_kms.data.aws_iam_policy_document.this",
            "module.main-eks.module.eks.aws_cloudwatch_log_group.this",
            "module.main-eks.module.eks.aws_eks_access_entry.this",
            "module.main-eks.module.eks.aws_eks_access_policy_association.this",
            "module.main-eks.module.eks.aws_eks_cluster.this",
            "module.main-eks.module.eks.aws_iam_policy.cni_ipv6_policy",
            "module.main-eks.module.eks.aws_iam_role.this",
            "module.main-eks.module.eks.aws_iam_role_policy_attachment.this",
            "module.main-eks.module.eks.aws_security_group.cluster",
            "module.main-eks.module.eks.aws_security_group.node",
            "module.main-eks.module.eks.aws_security_group_rule.cluster",
            "module.main-eks.module.eks.aws_security_group_rule.node",
            "module.main-eks.module.eks.data.aws_iam_policy_document.assume_role_policy",
            "module.main-eks.module.eks.data.aws_iam_session_context.current",
            "module.main-eks.module.eks.data.aws_partition.current",
            "module.main-eks.module.eks.module.kms.aws_kms_external_key.this",
            "module.main-eks.module.eks.module.kms.aws_kms_key.this",
            "module.main-eks.module.eks.module.kms.aws_kms_replica_external_key.this",
            "module.main-eks.module.eks.module.kms.aws_kms_replica_key.this",
            "module.main-eks.module.eks.module.kms.data.aws_caller_identity.current",
            "module.main-eks.module.eks.module.kms.data.aws_iam_policy_document.this",
            "module.main-eks.module.eks.module.kms.data.aws_partition.current"
          ]
        }
      ]
    },
    {
      "module": "module.main-eks.module.aws_ebs_csi_pod_identity[0]",
      "mode": "data",
      "type": "aws_iam_policy_document",
      "name": "assume",
      "provider": "provider[\"registry.terraform.io/hashicorp/aws\"]",
      "instances": [
        {
          "index_key": 0,
          "schema_version": 0,
          "attributes": {
            "id": "819195744",
            "json": "{\n  \"Version\": \"2012-10-17\",\n  \"Statement\": [\n    {\n      \"Effect\": \"Allow\",\n      \"Action\": [\n        \"sts:TagSession\",\n        \"sts:AssumeRole\"\n      ],\n      \"Principal\": {\n        \"Service\": \"pods.eks.amazonaws.com\"\n      }\n    }\n  ]\n}",
            "minified_json": "{\"Version\":\"2012-10-17\",\"Statement\":[{\"Effect\":\"Allow\",\"Action\":[\"sts:TagSession\",\"sts:AssumeRole\"],\"Principal\":{\"Service\":\"pods.eks.amazonaws.com\"}}]}",
            "override_json": null,
            "override_policy_documents": null,
            "policy_id": null,
            "source_json": null,
            "source_policy_documents": null,
            "statement": [
              {
                "actions": [
                  "sts:AssumeRole",
                  "sts:TagSession"
                ],
                "condition": [],
                "effect": "Allow",
                "not_actions": [],
                "not_principals": [],
                "not_resources": [],
                "principals": [
                  {
                    "identifiers": [
                      "pods.eks.amazonaws.com"
                    ],
                    "type": "Service"
                  }
                ],
                "resources": [],
                "sid": ""
              }
            ],
            "version": "2012-10-17"
          },
          "sensitive_attributes": []
        }
      ]
    },
    {
      "module": "module.main-eks.module.aws_ebs_csi_pod_identity[0]",
      "mode": "data",
      "type": "aws_iam_policy_document",
      "name": "base",
      "provider": "provider[\"registry.terraform.io/hashicorp/aws\"]",
      "instances": [
        {
          "index_key": 0,
          "schema_version": 0,
          "attributes": {
            "id": "1132004489",
            "json": "{\n  \"Version\": \"2012-10-17\"\n}",
            "minified_json": "{\"Version\":\"2012-10-17\"}",
            "override_json": null,
            "override_policy_documents": null,
            "policy_id": null,
            "source_json": null,
            "source_policy_documents": null,
            "statement": null,
            "version": "2012-10-17"
          },
          "sensitive_attributes": []
        }
      ]
    },
    {
      "module": "module.main-eks.module.aws_ebs_csi_pod_identity[0]",
      "mode": "data",
      "type": "aws_iam_policy_document",
      "name": "ebs_csi",
      "provider": "provider[\"registry.terraform.io/hashicorp/aws\"]",
      "instances": [
        {
          "index_key": 0,
          "schema_version": 0,
          "attributes": {
            "id": "1693960122",
            "json": "{\n  \"Version\": \"2012-10-17\",\n  \"Statement\": [\n    {\n      \"Effect\": \"Allow\",\n      \"Action\": [\n        \"ec2:ModifyVolume\",\n        \"ec2:EnableFastSnapshotRestores\",\n        \"ec2:DetachVolume\",\n        \"ec2:DescribeVolumesModifications\",\n        \"ec2:DescribeVolumes\",\n        \"ec2:DescribeTags\",\n        \"ec2:DescribeSnapshots\",\n        \"ec2:DescribeInstances\",\n        \"ec2:DescribeAvailabilityZones\",\n        \"ec2:CreateSnapshot\",\n        \"ec2:AttachVolume\"\n      ],\n      \"Resource\": \"*\"\n    },\n    {\n      \"Effect\": \"Allow\",\n      \"Action\": \"ec2:CreateTags\",\n      \"Resource\": [\n        \"arn:aws:ec2:*:*:volume/*\",\n        \"arn:aws:ec2:*:*:snapshot/*\"\n      ],\n      \"Condition\": {\n        \"StringEquals\": {\n          \"ec2:CreateAction\": [\n            \"CreateVolume\",\n            \"CreateSnapshot\"\n          ]\n        }\n      }\n    },\n    {\n      \"Effect\": \"Allow\",\n      \"Action\": \"ec2:DeleteTags\",\n      \"Resource\": [\n        \"arn:aws:ec2:*:*:volume/*\",\n        \"arn:aws:ec2:*:*:snapshot/*\"\n      ]\n    },\n    {\n      \"Effect\": \"Allow\",\n      \"Action\": \"ec2:CreateVolume\",\n      \"Resource\": \"*\",\n      \"Condition\": {\n        \"StringLike\": {\n          \"aws:RequestTag/ebs.csi.aws.com/cluster\": \"true\"\n        }\n      }\n    },\n    {\n      \"Effect\": \"Allow\",\n      \"Action\": \"ec2:CreateVolume\",\n      \"Resource\": \"*\",\n      \"Condition\": {\n        \"StringLike\": {\n          \"aws:RequestTag/CSIVolumeName\": \"*\"\n        }\n      }\n    },\n    {\n      \"Effect\": \"Allow\",\n      \"Action\": \"ec2:DeleteVolume\",\n      \"Resource\": \"*\",\n      \"Condition\": {\n        \"StringLike\": {\n          \"ec2:ResourceTag/ebs.csi.aws.com/cluster\": \"true\"\n        }\n      }\n    },\n    {\n      \"Effect\": \"Allow\",\n      \"Action\": \"ec2:DeleteVolume\",\n      \"Resource\": \"*\",\n      \"Condition\": {\n        \"StringLike\": {\n          \"ec2:ResourceTag/CSIVolumeName\": \"*\"\n        }\n      }\n    },\n    {\n      \"Effect\": \"Allow\",\n      \"Action\": \"ec2:DeleteVolume\",\n      \"Resource\": \"*\",\n      \"Condition\": {\n        \"StringLike\": {\n          \"ec2:ResourceTag/kubernetes.io/created-for/pvc/name\": \"*\"\n        }\n      }\n    },\n    {\n      \"Effect\": \"Allow\",\n      \"Action\": \"ec2:DeleteSnapshot\",\n      \"Resource\": \"*\",\n      \"Condition\": {\n        \"StringLike\": {\n          \"ec2:ResourceTag/CSIVolumeSnapshotName\": \"*\"\n        }\n      }\n    },\n    {\n      \"Effect\": \"Allow\",\n      \"Action\": \"ec2:DeleteSnapshot\",\n      \"Resource\": \"*\",\n      \"Condition\": {\n        \"StringLike\": {\n          \"ec2:ResourceTag/ebs.csi.aws.com/cluster\": \"true\"\n        }\n      }\n    },\n    {\n      \"Effect\": \"Allow\",\n      \"Action\": [\n        \"kms:RevokeGrant\",\n        \"kms:ListGrants\",\n        \"kms:CreateGrant\"\n      ],\n      \"Resource\": \"arn:aws:kms:us-east-1:111594127594:key/767ceb44-d6c4-4d06-a719-4ccd0dfb8253\",\n      \"Condition\": {\n        \"Bool\": {\n          \"kms:GrantIsForAWSResource\": \"true\"\n        }\n      }\n    },\n    {\n      \"Effect\": \"Allow\",\n      \"Action\": [\n        \"kms:ReEncrypt*\",\n        \"kms:GenerateDataKey*\",\n        \"kms:Encrypt\",\n        \"kms:DescribeKey\",\n        \"kms:Decrypt\"\n      ],\n      \"Resource\": \"arn:aws:kms:us-east-1:111594127594:key/767ceb44-d6c4-4d06-a719-4ccd0dfb8253\"\n    }\n  ]\n}",
            "minified_json": "{\"Version\":\"2012-10-17\",\"Statement\":[{\"Effect\":\"Allow\",\"Action\":[\"ec2:ModifyVolume\",\"ec2:EnableFastSnapshotRestores\",\"ec2:DetachVolume\",\"ec2:DescribeVolumesModifications\",\"ec2:DescribeVolumes\",\"ec2:DescribeTags\",\"ec2:DescribeSnapshots\",\"ec2:DescribeInstances\",\"ec2:DescribeAvailabilityZones\",\"ec2:CreateSnapshot\",\"ec2:AttachVolume\"],\"Resource\":\"*\"},{\"Effect\":\"Allow\",\"Action\":\"ec2:CreateTags\",\"Resource\":[\"arn:aws:ec2:*:*:volume/*\",\"arn:aws:ec2:*:*:snapshot/*\"],\"Condition\":{\"StringEquals\":{\"ec2:CreateAction\":[\"CreateVolume\",\"CreateSnapshot\"]}}},{\"Effect\":\"Allow\",\"Action\":\"ec2:DeleteTags\",\"Resource\":[\"arn:aws:ec2:*:*:volume/*\",\"arn:aws:ec2:*:*:snapshot/*\"]},{\"Effect\":\"Allow\",\"Action\":\"ec2:CreateVolume\",\"Resource\":\"*\",\"Condition\":{\"StringLike\":{\"aws:RequestTag/ebs.csi.aws.com/cluster\":\"true\"}}},{\"Effect\":\"Allow\",\"Action\":\"ec2:CreateVolume\",\"Resource\":\"*\",\"Condition\":{\"StringLike\":{\"aws:RequestTag/CSIVolumeName\":\"*\"}}},{\"Effect\":\"Allow\",\"Action\":\"ec2:DeleteVolume\",\"Resource\":\"*\",\"Condition\":{\"StringLike\":{\"ec2:ResourceTag/ebs.csi.aws.com/cluster\":\"true\"}}},{\"Effect\":\"Allow\",\"Action\":\"ec2:DeleteVolume\",\"Resource\":\"*\",\"Condition\":{\"StringLike\":{\"ec2:ResourceTag/CSIVolumeName\":\"*\"}}},{\"Effect\":\"Allow\",\"Action\":\"ec2:DeleteVolume\",\"Resource\":\"*\",\"Condition\":{\"StringLike\":{\"ec2:ResourceTag/kubernetes.io/created-for/pvc/name\":\"*\"}}},{\"Effect\":\"Allow\",\"Action\":\"ec2:DeleteSnapshot\",\"Resource\":\"*\",\"Condition\":{\"StringLike\":{\"ec2:ResourceTag/CSIVolumeSnapshotName\":\"*\"}}},{\"Effect\":\"Allow\",\"Action\":\"ec2:DeleteSnapshot\",\"Resource\":\"*\",\"Condition\":{\"StringLike\":{\"ec2:ResourceTag/ebs.csi.aws.com/cluster\":\"true\"}}},{\"Effect\":\"Allow\",\"Action\":[\"kms:RevokeGrant\",\"kms:ListGrants\",\"kms:CreateGrant\"],\"Resource\":\"arn:aws:kms:us-east-1:111594127594:key/767ceb44-d6c4-4d06-a719-4ccd0dfb8253\",\"Condition\":{\"Bool\":{\"kms:GrantIsForAWSResource\":\"true\"}}},{\"Effect\":\"Allow\",\"Action\":[\"kms:ReEncrypt*\",\"kms:GenerateDataKey*\",\"kms:Encrypt\",\"kms:DescribeKey\",\"kms:Decrypt\"],\"Resource\":\"arn:aws:kms:us-east-1:111594127594:key/767ceb44-d6c4-4d06-a719-4ccd0dfb8253\"}]}",
            "override_json": null,
            "override_policy_documents": null,
            "policy_id": null,
            "source_json": null,
            "source_policy_documents": [
              "{\n  \"Version\": \"2012-10-17\"\n}"
            ],
            "statement": [
              {
                "actions": [
                  "ec2:AttachVolume",
                  "ec2:CreateSnapshot",
                  "ec2:DescribeAvailabilityZones",
                  "ec2:DescribeInstances",
                  "ec2:DescribeSnapshots",
                  "ec2:DescribeTags",
                  "ec2:DescribeVolumes",
                  "ec2:DescribeVolumesModifications",
                  "ec2:DetachVolume",
                  "ec2:EnableFastSnapshotRestores",
                  "ec2:ModifyVolume"
                ],
                "condition": [],
                "effect": "Allow",
                "not_actions": [],
                "not_principals": [],
                "not_resources": [],
                "principals": [],
                "resources": [
                  "*"
                ],
                "sid": ""
              },
              {
                "actions": [
                  "ec2:CreateTags"
                ],
                "condition": [
                  {
                    "test": "StringEquals",
                    "values": [
                      "CreateVolume",
                      "CreateSnapshot"
                    ],
                    "variable": "ec2:CreateAction"
                  }
                ],
                "effect": "Allow",
                "not_actions": [],
                "not_principals": [],
                "not_resources": [],
                "principals": [],
                "resources": [
                  "arn:aws:ec2:*:*:snapshot/*",
                  "arn:aws:ec2:*:*:volume/*"
                ],
                "sid": ""
              },
              {
                "actions": [
                  "ec2:DeleteTags"
                ],
                "condition": [],
                "effect": "Allow",
                "not_actions": [],
                "not_principals": [],
                "not_resources": [],
                "principals": [],
                "resources": [
                  "arn:aws:ec2:*:*:snapshot/*",
                  "arn:aws:ec2:*:*:volume/*"
                ],
                "sid": ""
              },
              {
                "actions": [
                  "ec2:CreateVolume"
                ],
                "condition": [
                  {
                    "test": "StringLike",
                    "values": [
                      "true"
                    ],
                    "variable": "aws:RequestTag/ebs.csi.aws.com/cluster"
                  }
                ],
                "effect": "Allow",
                "not_actions": [],
                "not_principals": [],
                "not_resources": [],
                "principals": [],
                "resources": [
                  "*"
                ],
                "sid": ""
              },
              {
                "actions": [
                  "ec2:CreateVolume"
                ],
                "condition": [
                  {
                    "test": "StringLike",
                    "values": [
                      "*"
                    ],
                    "variable": "aws:RequestTag/CSIVolumeName"
                  }
                ],
                "effect": "Allow",
                "not_actions": [],
                "not_principals": [],
                "not_resources": [],
                "principals": [],
                "resources": [
                  "*"
                ],
                "sid": ""
              },
              {
                "actions": [
                  "ec2:DeleteVolume"
                ],
                "condition": [
                  {
                    "test": "StringLike",
                    "values": [
                      "true"
                    ],
                    "variable": "ec2:ResourceTag/ebs.csi.aws.com/cluster"
                  }
                ],
                "effect": "Allow",
                "not_actions": [],
                "not_principals": [],
                "not_resources": [],
                "principals": [],
                "resources": [
                  "*"
                ],
                "sid": ""
              },
              {
                "actions": [
                  "ec2:DeleteVolume"
                ],
                "condition": [
                  {
                    "test": "StringLike",
                    "values": [
                      "*"
                    ],
                    "variable": "ec2:ResourceTag/CSIVolumeName"
                  }
                ],
                "effect": "Allow",
                "not_actions": [],
                "not_principals": [],
                "not_resources": [],
                "principals": [],
                "resources": [
                  "*"
                ],
                "sid": ""
              },
              {
                "actions": [
                  "ec2:DeleteVolume"
                ],
                "condition": [
                  {
                    "test": "StringLike",
                    "values": [
                      "*"
                    ],
                    "variable": "ec2:ResourceTag/kubernetes.io/created-for/pvc/name"
                  }
                ],
                "effect": "Allow",
                "not_actions": [],
                "not_principals": [],
                "not_resources": [],
                "principals": [],
                "resources": [
                  "*"
                ],
                "sid": ""
              },
              {
                "actions": [
                  "ec2:DeleteSnapshot"
                ],
                "condition": [
                  {
                    "test": "StringLike",
                    "values": [
                      "*"
                    ],
                    "variable": "ec2:ResourceTag/CSIVolumeSnapshotName"
                  }
                ],
                "effect": "Allow",
                "not_actions": [],
                "not_principals": [],
                "not_resources": [],
                "principals": [],
                "resources": [
                  "*"
                ],
                "sid": ""
              },
              {
                "actions": [
                  "ec2:DeleteSnapshot"
                ],
                "condition": [
                  {
                    "test": "StringLike",
                    "values": [
                      "true"
                    ],
                    "variable": "ec2:ResourceTag/ebs.csi.aws.com/cluster"
                  }
                ],
                "effect": "Allow",
                "not_actions": [],
                "not_principals": [],
                "not_resources": [],
                "principals": [],
                "resources": [
                  "*"
                ],
                "sid": ""
              },
              {
                "actions": [
                  "kms:CreateGrant",
                  "kms:ListGrants",
                  "kms:RevokeGrant"
                ],
                "condition": [
                  {
                    "test": "Bool",
                    "values": [
                      "true"
                    ],
                    "variable": "kms:GrantIsForAWSResource"
                  }
                ],
                "effect": "Allow",
                "not_actions": [],
                "not_principals": [],
                "not_resources": [],
                "principals": [],
                "resources": [
                  "arn:aws:kms:us-east-1:111594127594:key/767ceb44-d6c4-4d06-a719-4ccd0dfb8253"
                ],
                "sid": ""
              },
              {
                "actions": [
                  "kms:Decrypt",
                  "kms:DescribeKey",
                  "kms:Encrypt",
                  "kms:GenerateDataKey*",
                  "kms:ReEncrypt*"
                ],
                "condition": [],
                "effect": "Allow",
                "not_actions": [],
                "not_principals": [],
                "not_resources": [],
                "principals": [],
                "resources": [
                  "arn:aws:kms:us-east-1:111594127594:key/767ceb44-d6c4-4d06-a719-4ccd0dfb8253"
                ],
                "sid": ""
              }
            ],
            "version": "2012-10-17"
          },
          "sensitive_attributes": []
        }
      ]
    },
    {
      "module": "module.main-eks.module.aws_ebs_csi_pod_identity[0]",
      "mode": "data",
      "type": "aws_partition",
      "name": "current",
      "provider": "provider[\"registry.terraform.io/hashicorp/aws\"]",
      "instances": [
        {
          "schema_version": 0,
          "attributes": {
            "dns_suffix": "amazonaws.com",
            "id": "aws",
            "partition": "aws",
            "reverse_dns_prefix": "com.amazonaws"
          },
          "sensitive_attributes": []
        }
      ]
    },
    {
      "module": "module.main-eks.module.aws_ebs_csi_pod_identity[0]",
      "mode": "managed",
      "type": "aws_iam_policy",
      "name": "ebs_csi",
      "provider": "provider[\"registry.terraform.io/hashicorp/aws\"]",
      "instances": [
        {
          "index_key": 0,
          "schema_version": 0,
          "attributes": {
            "arn": "arn:aws:iam::111594127594:policy/delegatedadmin/developer/hema-test-ebs-csi-driver",
            "attachment_count": 0,
            "description": "Permissions to manage EBS volumes via the container storage interface (CSI) driver",
            "id": "arn:aws:iam::111594127594:policy/delegatedadmin/developer/hema-test-ebs-csi-driver",
            "name": "hema-test-ebs-csi-driver",
            "name_prefix": "",
            "path": "/delegatedadmin/developer/",
            "policy": "{\"Statement\":[{\"Action\":[\"ec2:ModifyVolume\",\"ec2:EnableFastSnapshotRestores\",\"ec2:DetachVolume\",\"ec2:DescribeVolumesModifications\",\"ec2:DescribeVolumes\",\"ec2:DescribeTags\",\"ec2:DescribeSnapshots\",\"ec2:DescribeInstances\",\"ec2:DescribeAvailabilityZones\",\"ec2:CreateSnapshot\",\"ec2:AttachVolume\"],\"Effect\":\"Allow\",\"Resource\":\"*\"},{\"Action\":\"ec2:CreateTags\",\"Condition\":{\"StringEquals\":{\"ec2:CreateAction\":[\"CreateVolume\",\"CreateSnapshot\"]}},\"Effect\":\"Allow\",\"Resource\":[\"arn:aws:ec2:*:*:volume/*\",\"arn:aws:ec2:*:*:snapshot/*\"]},{\"Action\":\"ec2:DeleteTags\",\"Effect\":\"Allow\",\"Resource\":[\"arn:aws:ec2:*:*:volume/*\",\"arn:aws:ec2:*:*:snapshot/*\"]},{\"Action\":\"ec2:CreateVolume\",\"Condition\":{\"StringLike\":{\"aws:RequestTag/ebs.csi.aws.com/cluster\":\"true\"}},\"Effect\":\"Allow\",\"Resource\":\"*\"},{\"Action\":\"ec2:CreateVolume\",\"Condition\":{\"StringLike\":{\"aws:RequestTag/CSIVolumeName\":\"*\"}},\"Effect\":\"Allow\",\"Resource\":\"*\"},{\"Action\":\"ec2:DeleteVolume\",\"Condition\":{\"StringLike\":{\"ec2:ResourceTag/ebs.csi.aws.com/cluster\":\"true\"}},\"Effect\":\"Allow\",\"Resource\":\"*\"},{\"Action\":\"ec2:DeleteVolume\",\"Condition\":{\"StringLike\":{\"ec2:ResourceTag/CSIVolumeName\":\"*\"}},\"Effect\":\"Allow\",\"Resource\":\"*\"},{\"Action\":\"ec2:DeleteVolume\",\"Condition\":{\"StringLike\":{\"ec2:ResourceTag/kubernetes.io/created-for/pvc/name\":\"*\"}},\"Effect\":\"Allow\",\"Resource\":\"*\"},{\"Action\":\"ec2:DeleteSnapshot\",\"Condition\":{\"StringLike\":{\"ec2:ResourceTag/CSIVolumeSnapshotName\":\"*\"}},\"Effect\":\"Allow\",\"Resource\":\"*\"},{\"Action\":\"ec2:DeleteSnapshot\",\"Condition\":{\"StringLike\":{\"ec2:ResourceTag/ebs.csi.aws.com/cluster\":\"true\"}},\"Effect\":\"Allow\",\"Resource\":\"*\"},{\"Action\":[\"kms:RevokeGrant\",\"kms:ListGrants\",\"kms:CreateGrant\"],\"Condition\":{\"Bool\":{\"kms:GrantIsForAWSResource\":\"true\"}},\"Effect\":\"Allow\",\"Resource\":\"arn:aws:kms:us-east-1:111594127594:key/767ceb44-d6c4-4d06-a719-4ccd0dfb8253\"},{\"Action\":[\"kms:ReEncrypt*\",\"kms:GenerateDataKey*\",\"kms:Encrypt\",\"kms:DescribeKey\",\"kms:Decrypt\"],\"Effect\":\"Allow\",\"Resource\":\"arn:aws:kms:us-east-1:111594127594:key/767ceb44-d6c4-4d06-a719-4ccd0dfb8253\"}],\"Version\":\"2012-10-17\"}",
            "policy_id": "ANPART64HIDVDQJVJBQFW",
            "tags": null,
            "tags_all": {
              "Creator": "Terraform"
            }
          },
          "sensitive_attributes": [],
          "private": "bnVsbA==",
          "dependencies": [
            "module.main-eks.aws_eks_addon.eks-pod-identity-agent",
            "module.main-eks.data.aws_caller_identity.current",
            "module.main-eks.data.aws_eks_addon_version.eks-pod-identity-agent",
            "module.main-eks.data.aws_partition.current",
            "module.main-eks.data.aws_subnets.private",
            "module.main-eks.data.aws_vpc.vpc",
            "module.main-eks.module.aws_ebs_csi_pod_identity.data.aws_iam_policy_document.base",
            "module.main-eks.module.aws_ebs_csi_pod_identity.data.aws_iam_policy_document.ebs_csi",
            "module.main-eks.module.aws_ebs_csi_pod_identity.data.aws_partition.current",
            "module.main-eks.module.cloudwatch_kms.aws_kms_external_key.this",
            "module.main-eks.module.cloudwatch_kms.aws_kms_key.this",
            "module.main-eks.module.cloudwatch_kms.aws_kms_replica_external_key.this",
            "module.main-eks.module.cloudwatch_kms.aws_kms_replica_key.this",
            "module.main-eks.module.cloudwatch_kms.data.aws_iam_policy_document.this",
            "module.main-eks.module.ebs_kms.aws_kms_external_key.this",
            "module.main-eks.module.ebs_kms.aws_kms_key.this",
            "module.main-eks.module.ebs_kms.aws_kms_replica_external_key.this",
            "module.main-eks.module.ebs_kms.aws_kms_replica_key.this",
            "module.main-eks.module.ebs_kms.data.aws_iam_policy_document.this",
            "module.main-eks.module.eks.aws_cloudwatch_log_group.this",
            "module.main-eks.module.eks.aws_eks_access_entry.this",
            "module.main-eks.module.eks.aws_eks_access_policy_association.this",
            "module.main-eks.module.eks.aws_eks_cluster.this",
            "module.main-eks.module.eks.aws_iam_policy.cni_ipv6_policy",
            "module.main-eks.module.eks.aws_iam_role.this",
            "module.main-eks.module.eks.aws_iam_role_policy_attachment.this",
            "module.main-eks.module.eks.aws_security_group.cluster",
            "module.main-eks.module.eks.aws_security_group.node",
            "module.main-eks.module.eks.aws_security_group_rule.cluster",
            "module.main-eks.module.eks.aws_security_group_rule.node",
            "module.main-eks.module.eks.data.aws_iam_policy_document.assume_role_policy",
            "module.main-eks.module.eks.data.aws_iam_session_context.current",
            "module.main-eks.module.eks.data.aws_partition.current",
            "module.main-eks.module.eks.module.kms.aws_kms_external_key.this",
            "module.main-eks.module.eks.module.kms.aws_kms_key.this",
            "module.main-eks.module.eks.module.kms.aws_kms_replica_external_key.this",
            "module.main-eks.module.eks.module.kms.aws_kms_replica_key.this",
            "module.main-eks.module.eks.module.kms.data.aws_caller_identity.current",
            "module.main-eks.module.eks.module.kms.data.aws_iam_policy_document.this",
            "module.main-eks.module.eks.module.kms.data.aws_partition.current"
          ]
        }
      ]
    },
    {
      "module": "module.main-eks.module.aws_ebs_csi_pod_identity[0]",
      "mode": "managed",
      "type": "aws_iam_role",
      "name": "this",
      "provider": "provider[\"registry.terraform.io/hashicorp/aws\"]",
      "instances": [
        {
          "index_key": 0,
          "schema_version": 0,
          "attributes": {
            "arn": "arn:aws:iam::111594127594:role/delegatedadmin/developer/aws-ebs-csi-hema-test",
            "assume_role_policy": "{\"Statement\":[{\"Action\":[\"sts:TagSession\",\"sts:AssumeRole\"],\"Effect\":\"Allow\",\"Principal\":{\"Service\":\"pods.eks.amazonaws.com\"}}],\"Version\":\"2012-10-17\"}",
            "create_date": "2024-06-14T19:01:48Z",
            "description": "AWS EKS EBS CSI Driver role",
            "force_detach_policies": true,
            "id": "aws-ebs-csi-hema-test",
            "inline_policy": [],
            "managed_policy_arns": [],
            "max_session_duration": 3600,
            "name": "aws-ebs-csi-hema-test",
            "name_prefix": "",
            "path": "/delegatedadmin/developer/",
            "permissions_boundary": "arn:aws:iam::111594127594:policy/cms-cloud-admin/ct-ado-poweruser-permissions-boundary-policy",
            "tags": null,
            "tags_all": {
              "Creator": "Terraform"
            },
            "unique_id": "AROART64HIDVH4FDI2FU4"
          },
          "sensitive_attributes": [],
          "private": "bnVsbA==",
          "dependencies": [
            "module.main-eks.aws_eks_addon.eks-pod-identity-agent",
            "module.main-eks.data.aws_caller_identity.current",
            "module.main-eks.data.aws_eks_addon_version.eks-pod-identity-agent",
            "module.main-eks.data.aws_partition.current",
            "module.main-eks.data.aws_subnets.private",
            "module.main-eks.data.aws_vpc.vpc",
            "module.main-eks.module.aws_ebs_csi_pod_identity.data.aws_iam_policy_document.assume",
            "module.main-eks.module.cloudwatch_kms.aws_kms_external_key.this",
            "module.main-eks.module.cloudwatch_kms.aws_kms_key.this",
            "module.main-eks.module.cloudwatch_kms.aws_kms_replica_external_key.this",
            "module.main-eks.module.cloudwatch_kms.aws_kms_replica_key.this",
            "module.main-eks.module.cloudwatch_kms.data.aws_iam_policy_document.this",
            "module.main-eks.module.eks.aws_cloudwatch_log_group.this",
            "module.main-eks.module.eks.aws_eks_access_entry.this",
            "module.main-eks.module.eks.aws_eks_access_policy_association.this",
            "module.main-eks.module.eks.aws_eks_cluster.this",
            "module.main-eks.module.eks.aws_iam_policy.cni_ipv6_policy",
            "module.main-eks.module.eks.aws_iam_role.this",
            "module.main-eks.module.eks.aws_iam_role_policy_attachment.this",
            "module.main-eks.module.eks.aws_security_group.cluster",
            "module.main-eks.module.eks.aws_security_group.node",
            "module.main-eks.module.eks.aws_security_group_rule.cluster",
            "module.main-eks.module.eks.aws_security_group_rule.node",
            "module.main-eks.module.eks.data.aws_iam_policy_document.assume_role_policy",
            "module.main-eks.module.eks.data.aws_iam_session_context.current",
            "module.main-eks.module.eks.data.aws_partition.current",
            "module.main-eks.module.eks.module.kms.aws_kms_external_key.this",
            "module.main-eks.module.eks.module.kms.aws_kms_key.this",
            "module.main-eks.module.eks.module.kms.aws_kms_replica_external_key.this",
            "module.main-eks.module.eks.module.kms.aws_kms_replica_key.this",
            "module.main-eks.module.eks.module.kms.data.aws_caller_identity.current",
            "module.main-eks.module.eks.module.kms.data.aws_iam_policy_document.this",
            "module.main-eks.module.eks.module.kms.data.aws_partition.current"
          ]
        }
      ]
    },
    {
      "module": "module.main-eks.module.aws_ebs_csi_pod_identity[0]",
      "mode": "managed",
      "type": "aws_iam_role_policy_attachment",
      "name": "ebs_csi",
      "provider": "provider[\"registry.terraform.io/hashicorp/aws\"]",
      "instances": [
        {
          "index_key": 0,
          "schema_version": 0,
          "attributes": {
            "id": "aws-ebs-csi-hema-test-2024061419014928730000001c",
            "policy_arn": "arn:aws:iam::111594127594:policy/delegatedadmin/developer/hema-test-ebs-csi-driver",
            "role": "aws-ebs-csi-hema-test"
          },
          "sensitive_attributes": [],
          "private": "bnVsbA==",
          "dependencies": [
            "module.main-eks.aws_eks_addon.eks-pod-identity-agent",
            "module.main-eks.data.aws_caller_identity.current",
            "module.main-eks.data.aws_eks_addon_version.eks-pod-identity-agent",
            "module.main-eks.data.aws_partition.current",
            "module.main-eks.data.aws_subnets.private",
            "module.main-eks.data.aws_vpc.vpc",
            "module.main-eks.module.aws_ebs_csi_pod_identity.aws_iam_policy.ebs_csi",
            "module.main-eks.module.aws_ebs_csi_pod_identity.aws_iam_role.this",
            "module.main-eks.module.aws_ebs_csi_pod_identity.data.aws_iam_policy_document.assume",
            "module.main-eks.module.aws_ebs_csi_pod_identity.data.aws_iam_policy_document.base",
            "module.main-eks.module.aws_ebs_csi_pod_identity.data.aws_iam_policy_document.ebs_csi",
            "module.main-eks.module.aws_ebs_csi_pod_identity.data.aws_partition.current",
            "module.main-eks.module.cloudwatch_kms.aws_kms_external_key.this",
            "module.main-eks.module.cloudwatch_kms.aws_kms_key.this",
            "module.main-eks.module.cloudwatch_kms.aws_kms_replica_external_key.this",
            "module.main-eks.module.cloudwatch_kms.aws_kms_replica_key.this",
            "module.main-eks.module.cloudwatch_kms.data.aws_iam_policy_document.this",
            "module.main-eks.module.ebs_kms.aws_kms_external_key.this",
            "module.main-eks.module.ebs_kms.aws_kms_key.this",
            "module.main-eks.module.ebs_kms.aws_kms_replica_external_key.this",
            "module.main-eks.module.ebs_kms.aws_kms_replica_key.this",
            "module.main-eks.module.ebs_kms.data.aws_iam_policy_document.this",
            "module.main-eks.module.eks.aws_cloudwatch_log_group.this",
            "module.main-eks.module.eks.aws_eks_access_entry.this",
            "module.main-eks.module.eks.aws_eks_access_policy_association.this",
            "module.main-eks.module.eks.aws_eks_cluster.this",
            "module.main-eks.module.eks.aws_iam_policy.cni_ipv6_policy",
            "module.main-eks.module.eks.aws_iam_role.this",
            "module.main-eks.module.eks.aws_iam_role_policy_attachment.this",
            "module.main-eks.module.eks.aws_security_group.cluster",
            "module.main-eks.module.eks.aws_security_group.node",
            "module.main-eks.module.eks.aws_security_group_rule.cluster",
            "module.main-eks.module.eks.aws_security_group_rule.node",
            "module.main-eks.module.eks.data.aws_iam_policy_document.assume_role_policy",
            "module.main-eks.module.eks.data.aws_iam_session_context.current",
            "module.main-eks.module.eks.data.aws_partition.current",
            "module.main-eks.module.eks.module.kms.aws_kms_external_key.this",
            "module.main-eks.module.eks.module.kms.aws_kms_key.this",
            "module.main-eks.module.eks.module.kms.aws_kms_replica_external_key.this",
            "module.main-eks.module.eks.module.kms.aws_kms_replica_key.this",
            "module.main-eks.module.eks.module.kms.data.aws_caller_identity.current",
            "module.main-eks.module.eks.module.kms.data.aws_iam_policy_document.this",
            "module.main-eks.module.eks.module.kms.data.aws_partition.current"
          ]
        }
      ]
    },
    {
      "module": "module.main-eks.module.aws_efs_csi_pod_identity[0]",
      "mode": "data",
      "type": "aws_iam_policy_document",
      "name": "assume",
      "provider": "provider[\"registry.terraform.io/hashicorp/aws\"]",
      "instances": [
        {
          "index_key": 0,
          "schema_version": 0,
          "attributes": {
            "id": "819195744",
            "json": "{\n  \"Version\": \"2012-10-17\",\n  \"Statement\": [\n    {\n      \"Effect\": \"Allow\",\n      \"Action\": [\n        \"sts:TagSession\",\n        \"sts:AssumeRole\"\n      ],\n      \"Principal\": {\n        \"Service\": \"pods.eks.amazonaws.com\"\n      }\n    }\n  ]\n}",
            "minified_json": "{\"Version\":\"2012-10-17\",\"Statement\":[{\"Effect\":\"Allow\",\"Action\":[\"sts:TagSession\",\"sts:AssumeRole\"],\"Principal\":{\"Service\":\"pods.eks.amazonaws.com\"}}]}",
            "override_json": null,
            "override_policy_documents": null,
            "policy_id": null,
            "source_json": null,
            "source_policy_documents": null,
            "statement": [
              {
                "actions": [
                  "sts:AssumeRole",
                  "sts:TagSession"
                ],
                "condition": [],
                "effect": "Allow",
                "not_actions": [],
                "not_principals": [],
                "not_resources": [],
                "principals": [
                  {
                    "identifiers": [
                      "pods.eks.amazonaws.com"
                    ],
                    "type": "Service"
                  }
                ],
                "resources": [],
                "sid": ""
              }
            ],
            "version": "2012-10-17"
          },
          "sensitive_attributes": []
        }
      ]
    },
    {
      "module": "module.main-eks.module.aws_efs_csi_pod_identity[0]",
      "mode": "data",
      "type": "aws_iam_policy_document",
      "name": "base",
      "provider": "provider[\"registry.terraform.io/hashicorp/aws\"]",
      "instances": [
        {
          "index_key": 0,
          "schema_version": 0,
          "attributes": {
            "id": "1132004489",
            "json": "{\n  \"Version\": \"2012-10-17\"\n}",
            "minified_json": "{\"Version\":\"2012-10-17\"}",
            "override_json": null,
            "override_policy_documents": null,
            "policy_id": null,
            "source_json": null,
            "source_policy_documents": null,
            "statement": null,
            "version": "2012-10-17"
          },
          "sensitive_attributes": []
        }
      ]
    },
    {
      "module": "module.main-eks.module.aws_efs_csi_pod_identity[0]",
      "mode": "data",
      "type": "aws_iam_policy_document",
      "name": "efs_csi",
      "provider": "provider[\"registry.terraform.io/hashicorp/aws\"]",
      "instances": [
        {
          "index_key": 0,
          "schema_version": 0,
          "attributes": {
            "id": "952542837",
            "json": "{\n  \"Version\": \"2012-10-17\",\n  \"Statement\": [\n    {\n      \"Effect\": \"Allow\",\n      \"Action\": [\n        \"elasticfilesystem:DescribeMountTargets\",\n        \"elasticfilesystem:DescribeFileSystems\",\n        \"elasticfilesystem:DescribeAccessPoints\",\n        \"ec2:DescribeAvailabilityZones\"\n      ],\n      \"Resource\": \"*\"\n    },\n    {\n      \"Effect\": \"Allow\",\n      \"Action\": \"elasticfilesystem:CreateAccessPoint\",\n      \"Resource\": \"*\",\n      \"Condition\": {\n        \"StringLike\": {\n          \"aws:RequestTag/efs.csi.aws.com/cluster\": \"true\"\n        }\n      }\n    },\n    {\n      \"Effect\": \"Allow\",\n      \"Action\": \"elasticfilesystem:TagResource\",\n      \"Resource\": \"*\",\n      \"Condition\": {\n        \"StringLike\": {\n          \"aws:ResourceTag/efs.csi.aws.com/cluster\": \"true\"\n        }\n      }\n    },\n    {\n      \"Effect\": \"Allow\",\n      \"Action\": \"elasticfilesystem:DeleteAccessPoint\",\n      \"Resource\": \"*\",\n      \"Condition\": {\n        \"StringEquals\": {\n          \"aws:ResourceTag/efs.csi.aws.com/cluster\": \"true\"\n        }\n      }\n    }\n  ]\n}",
            "minified_json": "{\"Version\":\"2012-10-17\",\"Statement\":[{\"Effect\":\"Allow\",\"Action\":[\"elasticfilesystem:DescribeMountTargets\",\"elasticfilesystem:DescribeFileSystems\",\"elasticfilesystem:DescribeAccessPoints\",\"ec2:DescribeAvailabilityZones\"],\"Resource\":\"*\"},{\"Effect\":\"Allow\",\"Action\":\"elasticfilesystem:CreateAccessPoint\",\"Resource\":\"*\",\"Condition\":{\"StringLike\":{\"aws:RequestTag/efs.csi.aws.com/cluster\":\"true\"}}},{\"Effect\":\"Allow\",\"Action\":\"elasticfilesystem:TagResource\",\"Resource\":\"*\",\"Condition\":{\"StringLike\":{\"aws:ResourceTag/efs.csi.aws.com/cluster\":\"true\"}}},{\"Effect\":\"Allow\",\"Action\":\"elasticfilesystem:DeleteAccessPoint\",\"Resource\":\"*\",\"Condition\":{\"StringEquals\":{\"aws:ResourceTag/efs.csi.aws.com/cluster\":\"true\"}}}]}",
            "override_json": null,
            "override_policy_documents": null,
            "policy_id": null,
            "source_json": null,
            "source_policy_documents": [
              "{\n  \"Version\": \"2012-10-17\"\n}"
            ],
            "statement": [
              {
                "actions": [
                  "ec2:DescribeAvailabilityZones",
                  "elasticfilesystem:DescribeAccessPoints",
                  "elasticfilesystem:DescribeFileSystems",
                  "elasticfilesystem:DescribeMountTargets"
                ],
                "condition": [],
                "effect": "Allow",
                "not_actions": [],
                "not_principals": [],
                "not_resources": [],
                "principals": [],
                "resources": [
                  "*"
                ],
                "sid": ""
              },
              {
                "actions": [
                  "elasticfilesystem:CreateAccessPoint"
                ],
                "condition": [
                  {
                    "test": "StringLike",
                    "values": [
                      "true"
                    ],
                    "variable": "aws:RequestTag/efs.csi.aws.com/cluster"
                  }
                ],
                "effect": "Allow",
                "not_actions": [],
                "not_principals": [],
                "not_resources": [],
                "principals": [],
                "resources": [
                  "*"
                ],
                "sid": ""
              },
              {
                "actions": [
                  "elasticfilesystem:TagResource"
                ],
                "condition": [
                  {
                    "test": "StringLike",
                    "values": [
                      "true"
                    ],
                    "variable": "aws:ResourceTag/efs.csi.aws.com/cluster"
                  }
                ],
                "effect": "Allow",
                "not_actions": [],
                "not_principals": [],
                "not_resources": [],
                "principals": [],
                "resources": [
                  "*"
                ],
                "sid": ""
              },
              {
                "actions": [
                  "elasticfilesystem:DeleteAccessPoint"
                ],
                "condition": [
                  {
                    "test": "StringEquals",
                    "values": [
                      "true"
                    ],
                    "variable": "aws:ResourceTag/efs.csi.aws.com/cluster"
                  }
                ],
                "effect": "Allow",
                "not_actions": [],
                "not_principals": [],
                "not_resources": [],
                "principals": [],
                "resources": [
                  "*"
                ],
                "sid": ""
              }
            ],
            "version": "2012-10-17"
          },
          "sensitive_attributes": []
        }
      ]
    },
    {
      "module": "module.main-eks.module.aws_efs_csi_pod_identity[0]",
      "mode": "data",
      "type": "aws_partition",
      "name": "current",
      "provider": "provider[\"registry.terraform.io/hashicorp/aws\"]",
      "instances": [
        {
          "schema_version": 0,
          "attributes": {
            "dns_suffix": "amazonaws.com",
            "id": "aws",
            "partition": "aws",
            "reverse_dns_prefix": "com.amazonaws"
          },
          "sensitive_attributes": []
        }
      ]
    },
    {
      "module": "module.main-eks.module.aws_efs_csi_pod_identity[0]",
      "mode": "managed",
      "type": "aws_iam_policy",
      "name": "efs_csi",
      "provider": "provider[\"registry.terraform.io/hashicorp/aws\"]",
      "instances": [
        {
          "index_key": 0,
          "schema_version": 0,
          "attributes": {
            "arn": "arn:aws:iam::111594127594:policy/delegatedadmin/developer/hema-test-efs-csi-driver",
            "attachment_count": 0,
            "description": "Permissions to manage EFS volumes via the container storage interface (CSI) driver",
            "id": "arn:aws:iam::111594127594:policy/delegatedadmin/developer/hema-test-efs-csi-driver",
            "name": "hema-test-efs-csi-driver",
            "name_prefix": "",
            "path": "/delegatedadmin/developer/",
            "policy": "{\"Statement\":[{\"Action\":[\"elasticfilesystem:DescribeMountTargets\",\"elasticfilesystem:DescribeFileSystems\",\"elasticfilesystem:DescribeAccessPoints\",\"ec2:DescribeAvailabilityZones\"],\"Effect\":\"Allow\",\"Resource\":\"*\"},{\"Action\":\"elasticfilesystem:CreateAccessPoint\",\"Condition\":{\"StringLike\":{\"aws:RequestTag/efs.csi.aws.com/cluster\":\"true\"}},\"Effect\":\"Allow\",\"Resource\":\"*\"},{\"Action\":\"elasticfilesystem:TagResource\",\"Condition\":{\"StringLike\":{\"aws:ResourceTag/efs.csi.aws.com/cluster\":\"true\"}},\"Effect\":\"Allow\",\"Resource\":\"*\"},{\"Action\":\"elasticfilesystem:DeleteAccessPoint\",\"Condition\":{\"StringEquals\":{\"aws:ResourceTag/efs.csi.aws.com/cluster\":\"true\"}},\"Effect\":\"Allow\",\"Resource\":\"*\"}],\"Version\":\"2012-10-17\"}",
            "policy_id": "ANPART64HIDVEMN6KBQCH",
            "tags": null,
            "tags_all": {
              "Creator": "Terraform"
            }
          },
          "sensitive_attributes": [],
          "private": "bnVsbA==",
          "dependencies": [
            "module.main-eks.aws_eks_addon.eks-pod-identity-agent",
            "module.main-eks.data.aws_caller_identity.current",
            "module.main-eks.data.aws_eks_addon_version.eks-pod-identity-agent",
            "module.main-eks.data.aws_partition.current",
            "module.main-eks.data.aws_subnets.private",
            "module.main-eks.data.aws_vpc.vpc",
            "module.main-eks.module.aws_efs_csi_pod_identity.data.aws_iam_policy_document.base",
            "module.main-eks.module.aws_efs_csi_pod_identity.data.aws_iam_policy_document.efs_csi",
            "module.main-eks.module.cloudwatch_kms.aws_kms_external_key.this",
            "module.main-eks.module.cloudwatch_kms.aws_kms_key.this",
            "module.main-eks.module.cloudwatch_kms.aws_kms_replica_external_key.this",
            "module.main-eks.module.cloudwatch_kms.aws_kms_replica_key.this",
            "module.main-eks.module.cloudwatch_kms.data.aws_iam_policy_document.this",
            "module.main-eks.module.eks.aws_cloudwatch_log_group.this",
            "module.main-eks.module.eks.aws_eks_access_entry.this",
            "module.main-eks.module.eks.aws_eks_access_policy_association.this",
            "module.main-eks.module.eks.aws_eks_cluster.this",
            "module.main-eks.module.eks.aws_iam_policy.cni_ipv6_policy",
            "module.main-eks.module.eks.aws_iam_role.this",
            "module.main-eks.module.eks.aws_iam_role_policy_attachment.this",
            "module.main-eks.module.eks.aws_security_group.cluster",
            "module.main-eks.module.eks.aws_security_group.node",
            "module.main-eks.module.eks.aws_security_group_rule.cluster",
            "module.main-eks.module.eks.aws_security_group_rule.node",
            "module.main-eks.module.eks.data.aws_iam_policy_document.assume_role_policy",
            "module.main-eks.module.eks.data.aws_iam_session_context.current",
            "module.main-eks.module.eks.data.aws_partition.current",
            "module.main-eks.module.eks.module.kms.aws_kms_external_key.this",
            "module.main-eks.module.eks.module.kms.aws_kms_key.this",
            "module.main-eks.module.eks.module.kms.aws_kms_replica_external_key.this",
            "module.main-eks.module.eks.module.kms.aws_kms_replica_key.this",
            "module.main-eks.module.eks.module.kms.data.aws_caller_identity.current",
            "module.main-eks.module.eks.module.kms.data.aws_iam_policy_document.this",
            "module.main-eks.module.eks.module.kms.data.aws_partition.current"
          ]
        }
      ]
    },
    {
      "module": "module.main-eks.module.aws_efs_csi_pod_identity[0]",
      "mode": "managed",
      "type": "aws_iam_role",
      "name": "this",
      "provider": "provider[\"registry.terraform.io/hashicorp/aws\"]",
      "instances": [
        {
          "index_key": 0,
          "schema_version": 0,
          "attributes": {
            "arn": "arn:aws:iam::111594127594:role/delegatedadmin/developer/aws-efs-csi-hema-test",
            "assume_role_policy": "{\"Statement\":[{\"Action\":[\"sts:TagSession\",\"sts:AssumeRole\"],\"Effect\":\"Allow\",\"Principal\":{\"Service\":\"pods.eks.amazonaws.com\"}}],\"Version\":\"2012-10-17\"}",
            "create_date": "2024-06-14T19:01:48Z",
            "description": "AWS EKS EFS CSI Driver role",
            "force_detach_policies": true,
            "id": "aws-efs-csi-hema-test",
            "inline_policy": [],
            "managed_policy_arns": [],
            "max_session_duration": 3600,
            "name": "aws-efs-csi-hema-test",
            "name_prefix": "",
            "path": "/delegatedadmin/developer/",
            "permissions_boundary": "arn:aws:iam::111594127594:policy/cms-cloud-admin/ct-ado-poweruser-permissions-boundary-policy",
            "tags": null,
            "tags_all": {
              "Creator": "Terraform"
            },
            "unique_id": "AROART64HIDVN3FFO7ILL"
          },
          "sensitive_attributes": [],
          "private": "bnVsbA==",
          "dependencies": [
            "module.main-eks.aws_eks_addon.eks-pod-identity-agent",
            "module.main-eks.data.aws_caller_identity.current",
            "module.main-eks.data.aws_eks_addon_version.eks-pod-identity-agent",
            "module.main-eks.data.aws_partition.current",
            "module.main-eks.data.aws_subnets.private",
            "module.main-eks.data.aws_vpc.vpc",
            "module.main-eks.module.aws_efs_csi_pod_identity.data.aws_iam_policy_document.assume",
            "module.main-eks.module.cloudwatch_kms.aws_kms_external_key.this",
            "module.main-eks.module.cloudwatch_kms.aws_kms_key.this",
            "module.main-eks.module.cloudwatch_kms.aws_kms_replica_external_key.this",
            "module.main-eks.module.cloudwatch_kms.aws_kms_replica_key.this",
            "module.main-eks.module.cloudwatch_kms.data.aws_iam_policy_document.this",
            "module.main-eks.module.eks.aws_cloudwatch_log_group.this",
            "module.main-eks.module.eks.aws_eks_access_entry.this",
            "module.main-eks.module.eks.aws_eks_access_policy_association.this",
            "module.main-eks.module.eks.aws_eks_cluster.this",
            "module.main-eks.module.eks.aws_iam_policy.cni_ipv6_policy",
            "module.main-eks.module.eks.aws_iam_role.this",
            "module.main-eks.module.eks.aws_iam_role_policy_attachment.this",
            "module.main-eks.module.eks.aws_security_group.cluster",
            "module.main-eks.module.eks.aws_security_group.node",
            "module.main-eks.module.eks.aws_security_group_rule.cluster",
            "module.main-eks.module.eks.aws_security_group_rule.node",
            "module.main-eks.module.eks.data.aws_iam_policy_document.assume_role_policy",
            "module.main-eks.module.eks.data.aws_iam_session_context.current",
            "module.main-eks.module.eks.data.aws_partition.current",
            "module.main-eks.module.eks.module.kms.aws_kms_external_key.this",
            "module.main-eks.module.eks.module.kms.aws_kms_key.this",
            "module.main-eks.module.eks.module.kms.aws_kms_replica_external_key.this",
            "module.main-eks.module.eks.module.kms.aws_kms_replica_key.this",
            "module.main-eks.module.eks.module.kms.data.aws_caller_identity.current",
            "module.main-eks.module.eks.module.kms.data.aws_iam_policy_document.this",
            "module.main-eks.module.eks.module.kms.data.aws_partition.current"
          ]
        }
      ]
    },
    {
      "module": "module.main-eks.module.aws_efs_csi_pod_identity[0]",
      "mode": "managed",
      "type": "aws_iam_role_policy_attachment",
      "name": "efs_csi",
      "provider": "provider[\"registry.terraform.io/hashicorp/aws\"]",
      "instances": [
        {
          "index_key": 0,
          "schema_version": 0,
          "attributes": {
            "id": "aws-efs-csi-hema-test-2024061419014931050000001d",
            "policy_arn": "arn:aws:iam::111594127594:policy/delegatedadmin/developer/hema-test-efs-csi-driver",
            "role": "aws-efs-csi-hema-test"
          },
          "sensitive_attributes": [],
          "private": "bnVsbA==",
          "dependencies": [
            "module.main-eks.aws_eks_addon.eks-pod-identity-agent",
            "module.main-eks.data.aws_caller_identity.current",
            "module.main-eks.data.aws_eks_addon_version.eks-pod-identity-agent",
            "module.main-eks.data.aws_partition.current",
            "module.main-eks.data.aws_subnets.private",
            "module.main-eks.data.aws_vpc.vpc",
            "module.main-eks.module.aws_efs_csi_pod_identity.aws_iam_policy.efs_csi",
            "module.main-eks.module.aws_efs_csi_pod_identity.aws_iam_role.this",
            "module.main-eks.module.aws_efs_csi_pod_identity.data.aws_iam_policy_document.assume",
            "module.main-eks.module.aws_efs_csi_pod_identity.data.aws_iam_policy_document.base",
            "module.main-eks.module.aws_efs_csi_pod_identity.data.aws_iam_policy_document.efs_csi",
            "module.main-eks.module.cloudwatch_kms.aws_kms_external_key.this",
            "module.main-eks.module.cloudwatch_kms.aws_kms_key.this",
            "module.main-eks.module.cloudwatch_kms.aws_kms_replica_external_key.this",
            "module.main-eks.module.cloudwatch_kms.aws_kms_replica_key.this",
            "module.main-eks.module.cloudwatch_kms.data.aws_iam_policy_document.this",
            "module.main-eks.module.eks.aws_cloudwatch_log_group.this",
            "module.main-eks.module.eks.aws_eks_access_entry.this",
            "module.main-eks.module.eks.aws_eks_access_policy_association.this",
            "module.main-eks.module.eks.aws_eks_cluster.this",
            "module.main-eks.module.eks.aws_iam_policy.cni_ipv6_policy",
            "module.main-eks.module.eks.aws_iam_role.this",
            "module.main-eks.module.eks.aws_iam_role_policy_attachment.this",
            "module.main-eks.module.eks.aws_security_group.cluster",
            "module.main-eks.module.eks.aws_security_group.node",
            "module.main-eks.module.eks.aws_security_group_rule.cluster",
            "module.main-eks.module.eks.aws_security_group_rule.node",
            "module.main-eks.module.eks.data.aws_iam_policy_document.assume_role_policy",
            "module.main-eks.module.eks.data.aws_iam_session_context.current",
            "module.main-eks.module.eks.data.aws_partition.current",
            "module.main-eks.module.eks.module.kms.aws_kms_external_key.this",
            "module.main-eks.module.eks.module.kms.aws_kms_key.this",
            "module.main-eks.module.eks.module.kms.aws_kms_replica_external_key.this",
            "module.main-eks.module.eks.module.kms.aws_kms_replica_key.this",
            "module.main-eks.module.eks.module.kms.data.aws_caller_identity.current",
            "module.main-eks.module.eks.module.kms.data.aws_iam_policy_document.this",
            "module.main-eks.module.eks.module.kms.data.aws_partition.current"
          ]
        }
      ]
    },
    {
      "module": "module.main-eks.module.aws_lb_controller_pod_identity[0]",
      "mode": "data",
      "type": "aws_iam_policy_document",
      "name": "assume",
      "provider": "provider[\"registry.terraform.io/hashicorp/aws\"]",
      "instances": [
        {
          "index_key": 0,
          "schema_version": 0,
          "attributes": {
            "id": "819195744",
            "json": "{\n  \"Version\": \"2012-10-17\",\n  \"Statement\": [\n    {\n      \"Effect\": \"Allow\",\n      \"Action\": [\n        \"sts:TagSession\",\n        \"sts:AssumeRole\"\n      ],\n      \"Principal\": {\n        \"Service\": \"pods.eks.amazonaws.com\"\n      }\n    }\n  ]\n}",
            "minified_json": "{\"Version\":\"2012-10-17\",\"Statement\":[{\"Effect\":\"Allow\",\"Action\":[\"sts:TagSession\",\"sts:AssumeRole\"],\"Principal\":{\"Service\":\"pods.eks.amazonaws.com\"}}]}",
            "override_json": null,
            "override_policy_documents": null,
            "policy_id": null,
            "source_json": null,
            "source_policy_documents": null,
            "statement": [
              {
                "actions": [
                  "sts:AssumeRole",
                  "sts:TagSession"
                ],
                "condition": [],
                "effect": "Allow",
                "not_actions": [],
                "not_principals": [],
                "not_resources": [],
                "principals": [
                  {
                    "identifiers": [
                      "pods.eks.amazonaws.com"
                    ],
                    "type": "Service"
                  }
                ],
                "resources": [],
                "sid": ""
              }
            ],
            "version": "2012-10-17"
          },
          "sensitive_attributes": []
        }
      ]
    },
    {
      "module": "module.main-eks.module.aws_lb_controller_pod_identity[0]",
      "mode": "data",
      "type": "aws_iam_policy_document",
      "name": "base",
      "provider": "provider[\"registry.terraform.io/hashicorp/aws\"]",
      "instances": [
        {
          "index_key": 0,
          "schema_version": 0,
          "attributes": {
            "id": "1132004489",
            "json": "{\n  \"Version\": \"2012-10-17\"\n}",
            "minified_json": "{\"Version\":\"2012-10-17\"}",
            "override_json": null,
            "override_policy_documents": null,
            "policy_id": null,
            "source_json": null,
            "source_policy_documents": null,
            "statement": null,
            "version": "2012-10-17"
          },
          "sensitive_attributes": []
        }
      ]
    },
    {
      "module": "module.main-eks.module.aws_lb_controller_pod_identity[0]",
      "mode": "data",
      "type": "aws_iam_policy_document",
      "name": "lb_controller",
      "provider": "provider[\"registry.terraform.io/hashicorp/aws\"]",
      "instances": [
        {
          "index_key": 0,
          "schema_version": 0,
          "attributes": {
            "id": "1012135051",
            "json": "{\n  \"Version\": \"2012-10-17\",\n  \"Statement\": [\n    {\n      \"Effect\": \"Allow\",\n      \"Action\": \"iam:CreateServiceLinkedRole\",\n      \"Resource\": \"*\",\n      \"Condition\": {\n        \"StringEquals\": {\n          \"iam:AWSServiceName\": \"elasticloadbalancing.amazonaws.com\"\n        }\n      }\n    },\n    {\n      \"Effect\": \"Allow\",\n      \"Action\": [\n        \"elasticloadbalancing:DescribeTrustStores\",\n        \"elasticloadbalancing:DescribeTargetHealth\",\n        \"elasticloadbalancing:DescribeTargetGroups\",\n        \"elasticloadbalancing:DescribeTargetGroupAttributes\",\n        \"elasticloadbalancing:DescribeTags\",\n        \"elasticloadbalancing:DescribeSSLPolicies\",\n        \"elasticloadbalancing:DescribeRules\",\n        \"elasticloadbalancing:DescribeLoadBalancers\",\n        \"elasticloadbalancing:DescribeLoadBalancerAttributes\",\n        \"elasticloadbalancing:DescribeListeners\",\n        \"elasticloadbalancing:DescribeListenerCertificates\",\n        \"ec2:GetCoipPoolUsage\",\n        \"ec2:DescribeVpcs\",\n        \"ec2:DescribeVpcPeeringConnections\",\n        \"ec2:DescribeTags\",\n        \"ec2:DescribeSubnets\",\n        \"ec2:DescribeSecurityGroups\",\n        \"ec2:DescribeNetworkInterfaces\",\n        \"ec2:DescribeInternetGateways\",\n        \"ec2:DescribeInstances\",\n        \"ec2:DescribeCoipPools\",\n        \"ec2:DescribeAvailabilityZones\",\n        \"ec2:DescribeAddresses\",\n        \"ec2:DescribeAccountAttributes\"\n      ],\n      \"Resource\": \"*\"\n    },\n    {\n      \"Effect\": \"Allow\",\n      \"Action\": [\n        \"wafv2:GetWebACLForResource\",\n        \"wafv2:GetWebACL\",\n        \"wafv2:DisassociateWebACL\",\n        \"wafv2:AssociateWebACL\",\n        \"waf-regional:GetWebACLForResource\",\n        \"waf-regional:GetWebACL\",\n        \"waf-regional:DisassociateWebACL\",\n        \"waf-regional:AssociateWebACL\",\n        \"shield:GetSubscriptionState\",\n        \"shield:DescribeProtection\",\n        \"shield:DeleteProtection\",\n        \"shield:CreateProtection\",\n        \"iam:ListServerCertificates\",\n        \"iam:GetServerCertificate\",\n        \"cognito-idp:DescribeUserPoolClient\",\n        \"acm:ListCertificates\",\n        \"acm:DescribeCertificate\"\n      ],\n      \"Resource\": \"*\"\n    },\n    {\n      \"Effect\": \"Allow\",\n      \"Action\": [\n        \"ec2:RevokeSecurityGroupIngress\",\n        \"ec2:CreateSecurityGroup\",\n        \"ec2:AuthorizeSecurityGroupIngress\"\n      ],\n      \"Resource\": \"*\"\n    },\n    {\n      \"Effect\": \"Allow\",\n      \"Action\": \"ec2:CreateTags\",\n      \"Resource\": \"arn:aws:ec2:*:*:security-group/*\",\n      \"Condition\": {\n        \"Null\": {\n          \"aws:RequestTag/elbv2.k8s.aws/cluster\": \"false\"\n        },\n        \"StringEquals\": {\n          \"ec2:CreateAction\": \"CreateSecurityGroup\"\n        }\n      }\n    },\n    {\n      \"Effect\": \"Allow\",\n      \"Action\": [\n        \"ec2:DeleteTags\",\n        \"ec2:CreateTags\"\n      ],\n      \"Resource\": \"arn:aws:ec2:*:*:security-group/*\",\n      \"Condition\": {\n        \"Null\": {\n          \"aws:RequestTag/elbv2.k8s.aws/cluster\": \"true\",\n          \"aws:ResourceTag/elbv2.k8s.aws/cluster\": \"false\"\n        }\n      }\n    },\n    {\n      \"Effect\": \"Allow\",\n      \"Action\": [\n        \"ec2:RevokeSecurityGroupIngress\",\n        \"ec2:DeleteSecurityGroup\",\n        \"ec2:AuthorizeSecurityGroupIngress\"\n      ],\n      \"Resource\": \"*\",\n      \"Condition\": {\n        \"Null\": {\n          \"aws:ResourceTag/elbv2.k8s.aws/cluster\": \"false\"\n        }\n      }\n    },\n    {\n      \"Effect\": \"Allow\",\n      \"Action\": [\n        \"elasticloadbalancing:CreateTargetGroup\",\n        \"elasticloadbalancing:CreateLoadBalancer\"\n      ],\n      \"Resource\": \"*\",\n      \"Condition\": {\n        \"Null\": {\n          \"aws:RequestTag/elbv2.k8s.aws/cluster\": \"false\"\n        }\n      }\n    },\n    {\n      \"Effect\": \"Allow\",\n      \"Action\": [\n        \"elasticloadbalancing:DeleteRule\",\n        \"elasticloadbalancing:DeleteListener\",\n        \"elasticloadbalancing:CreateRule\",\n        \"elasticloadbalancing:CreateListener\"\n      ],\n      \"Resource\": \"*\"\n    },\n    {\n      \"Effect\": \"Allow\",\n      \"Action\": [\n        \"elasticloadbalancing:RemoveTags\",\n        \"elasticloadbalancing:AddTags\"\n      ],\n      \"Resource\": [\n        \"arn:aws:elasticloadbalancing:*:*:targetgroup/*/*\",\n        \"arn:aws:elasticloadbalancing:*:*:loadbalancer/net/*/*\",\n        \"arn:aws:elasticloadbalancing:*:*:loadbalancer/app/*/*\"\n      ],\n      \"Condition\": {\n        \"Null\": {\n          \"aws:RequestTag/elbv2.k8s.aws/cluster\": \"true\",\n          \"aws:ResourceTag/elbv2.k8s.aws/cluster\": \"false\"\n        }\n      }\n    },\n    {\n      \"Effect\": \"Allow\",\n      \"Action\": [\n        \"elasticloadbalancing:RemoveTags\",\n        \"elasticloadbalancing:AddTags\"\n      ],\n      \"Resource\": [\n        \"arn:aws:elasticloadbalancing:*:*:listener/net/*/*/*\",\n        \"arn:aws:elasticloadbalancing:*:*:listener/app/*/*/*\",\n        \"arn:aws:elasticloadbalancing:*:*:listener-rule/net/*/*/*\",\n        \"arn:aws:elasticloadbalancing:*:*:listener-rule/app/*/*/*\"\n      ]\n    },\n    {\n      \"Effect\": \"Allow\",\n      \"Action\": [\n        \"elasticloadbalancing:SetSubnets\",\n        \"elasticloadbalancing:SetSecurityGroups\",\n        \"elasticloadbalancing:SetIpAddressType\",\n        \"elasticloadbalancing:ModifyTargetGroupAttributes\",\n        \"elasticloadbalancing:ModifyTargetGroup\",\n        \"elasticloadbalancing:ModifyLoadBalancerAttributes\",\n        \"elasticloadbalancing:DeleteTargetGroup\",\n        \"elasticloadbalancing:DeleteLoadBalancer\"\n      ],\n      \"Resource\": \"*\",\n      \"Condition\": {\n        \"Null\": {\n          \"aws:ResourceTag/elbv2.k8s.aws/cluster\": \"false\"\n        }\n      }\n    },\n    {\n      \"Effect\": \"Allow\",\n      \"Action\": \"elasticloadbalancing:AddTags\",\n      \"Resource\": [\n        \"arn:aws:elasticloadbalancing:*:*:targetgroup/*/*\",\n        \"arn:aws:elasticloadbalancing:*:*:loadbalancer/net/*/*\",\n        \"arn:aws:elasticloadbalancing:*:*:loadbalancer/app/*/*\"\n      ],\n      \"Condition\": {\n        \"Null\": {\n          \"aws:RequestTag/elbv2.k8s.aws/cluster\": \"false\"\n        },\n        \"StringEquals\": {\n          \"elasticloadbalancing:CreateAction\": [\n            \"CreateTargetGroup\",\n            \"CreateLoadBalancer\"\n          ]\n        }\n      }\n    },\n    {\n      \"Effect\": \"Allow\",\n      \"Action\": [\n        \"elasticloadbalancing:RegisterTargets\",\n        \"elasticloadbalancing:DeregisterTargets\"\n      ],\n      \"Resource\": \"arn:aws:elasticloadbalancing:*:*:targetgroup/*/*\"\n    },\n    {\n      \"Effect\": \"Allow\",\n      \"Action\": [\n        \"elasticloadbalancing:SetWebAcl\",\n        \"elasticloadbalancing:RemoveListenerCertificates\",\n        \"elasticloadbalancing:ModifyRule\",\n        \"elasticloadbalancing:ModifyListener\",\n        \"elasticloadbalancing:AddListenerCertificates\"\n      ],\n      \"Resource\": \"*\"\n    }\n  ]\n}",
            "minified_json": "{\"Version\":\"2012-10-17\",\"Statement\":[{\"Effect\":\"Allow\",\"Action\":\"iam:CreateServiceLinkedRole\",\"Resource\":\"*\",\"Condition\":{\"StringEquals\":{\"iam:AWSServiceName\":\"elasticloadbalancing.amazonaws.com\"}}},{\"Effect\":\"Allow\",\"Action\":[\"elasticloadbalancing:DescribeTrustStores\",\"elasticloadbalancing:DescribeTargetHealth\",\"elasticloadbalancing:DescribeTargetGroups\",\"elasticloadbalancing:DescribeTargetGroupAttributes\",\"elasticloadbalancing:DescribeTags\",\"elasticloadbalancing:DescribeSSLPolicies\",\"elasticloadbalancing:DescribeRules\",\"elasticloadbalancing:DescribeLoadBalancers\",\"elasticloadbalancing:DescribeLoadBalancerAttributes\",\"elasticloadbalancing:DescribeListeners\",\"elasticloadbalancing:DescribeListenerCertificates\",\"ec2:GetCoipPoolUsage\",\"ec2:DescribeVpcs\",\"ec2:DescribeVpcPeeringConnections\",\"ec2:DescribeTags\",\"ec2:DescribeSubnets\",\"ec2:DescribeSecurityGroups\",\"ec2:DescribeNetworkInterfaces\",\"ec2:DescribeInternetGateways\",\"ec2:DescribeInstances\",\"ec2:DescribeCoipPools\",\"ec2:DescribeAvailabilityZones\",\"ec2:DescribeAddresses\",\"ec2:DescribeAccountAttributes\"],\"Resource\":\"*\"},{\"Effect\":\"Allow\",\"Action\":[\"wafv2:GetWebACLForResource\",\"wafv2:GetWebACL\",\"wafv2:DisassociateWebACL\",\"wafv2:AssociateWebACL\",\"waf-regional:GetWebACLForResource\",\"waf-regional:GetWebACL\",\"waf-regional:DisassociateWebACL\",\"waf-regional:AssociateWebACL\",\"shield:GetSubscriptionState\",\"shield:DescribeProtection\",\"shield:DeleteProtection\",\"shield:CreateProtection\",\"iam:ListServerCertificates\",\"iam:GetServerCertificate\",\"cognito-idp:DescribeUserPoolClient\",\"acm:ListCertificates\",\"acm:DescribeCertificate\"],\"Resource\":\"*\"},{\"Effect\":\"Allow\",\"Action\":[\"ec2:RevokeSecurityGroupIngress\",\"ec2:CreateSecurityGroup\",\"ec2:AuthorizeSecurityGroupIngress\"],\"Resource\":\"*\"},{\"Effect\":\"Allow\",\"Action\":\"ec2:CreateTags\",\"Resource\":\"arn:aws:ec2:*:*:security-group/*\",\"Condition\":{\"Null\":{\"aws:RequestTag/elbv2.k8s.aws/cluster\":\"false\"},\"StringEquals\":{\"ec2:CreateAction\":\"CreateSecurityGroup\"}}},{\"Effect\":\"Allow\",\"Action\":[\"ec2:DeleteTags\",\"ec2:CreateTags\"],\"Resource\":\"arn:aws:ec2:*:*:security-group/*\",\"Condition\":{\"Null\":{\"aws:RequestTag/elbv2.k8s.aws/cluster\":\"true\",\"aws:ResourceTag/elbv2.k8s.aws/cluster\":\"false\"}}},{\"Effect\":\"Allow\",\"Action\":[\"ec2:RevokeSecurityGroupIngress\",\"ec2:DeleteSecurityGroup\",\"ec2:AuthorizeSecurityGroupIngress\"],\"Resource\":\"*\",\"Condition\":{\"Null\":{\"aws:ResourceTag/elbv2.k8s.aws/cluster\":\"false\"}}},{\"Effect\":\"Allow\",\"Action\":[\"elasticloadbalancing:CreateTargetGroup\",\"elasticloadbalancing:CreateLoadBalancer\"],\"Resource\":\"*\",\"Condition\":{\"Null\":{\"aws:RequestTag/elbv2.k8s.aws/cluster\":\"false\"}}},{\"Effect\":\"Allow\",\"Action\":[\"elasticloadbalancing:DeleteRule\",\"elasticloadbalancing:DeleteListener\",\"elasticloadbalancing:CreateRule\",\"elasticloadbalancing:CreateListener\"],\"Resource\":\"*\"},{\"Effect\":\"Allow\",\"Action\":[\"elasticloadbalancing:RemoveTags\",\"elasticloadbalancing:AddTags\"],\"Resource\":[\"arn:aws:elasticloadbalancing:*:*:targetgroup/*/*\",\"arn:aws:elasticloadbalancing:*:*:loadbalancer/net/*/*\",\"arn:aws:elasticloadbalancing:*:*:loadbalancer/app/*/*\"],\"Condition\":{\"Null\":{\"aws:RequestTag/elbv2.k8s.aws/cluster\":\"true\",\"aws:ResourceTag/elbv2.k8s.aws/cluster\":\"false\"}}},{\"Effect\":\"Allow\",\"Action\":[\"elasticloadbalancing:RemoveTags\",\"elasticloadbalancing:AddTags\"],\"Resource\":[\"arn:aws:elasticloadbalancing:*:*:listener/net/*/*/*\",\"arn:aws:elasticloadbalancing:*:*:listener/app/*/*/*\",\"arn:aws:elasticloadbalancing:*:*:listener-rule/net/*/*/*\",\"arn:aws:elasticloadbalancing:*:*:listener-rule/app/*/*/*\"]},{\"Effect\":\"Allow\",\"Action\":[\"elasticloadbalancing:SetSubnets\",\"elasticloadbalancing:SetSecurityGroups\",\"elasticloadbalancing:SetIpAddressType\",\"elasticloadbalancing:ModifyTargetGroupAttributes\",\"elasticloadbalancing:ModifyTargetGroup\",\"elasticloadbalancing:ModifyLoadBalancerAttributes\",\"elasticloadbalancing:DeleteTargetGroup\",\"elasticloadbalancing:DeleteLoadBalancer\"],\"Resource\":\"*\",\"Condition\":{\"Null\":{\"aws:ResourceTag/elbv2.k8s.aws/cluster\":\"false\"}}},{\"Effect\":\"Allow\",\"Action\":\"elasticloadbalancing:AddTags\",\"Resource\":[\"arn:aws:elasticloadbalancing:*:*:targetgroup/*/*\",\"arn:aws:elasticloadbalancing:*:*:loadbalancer/net/*/*\",\"arn:aws:elasticloadbalancing:*:*:loadbalancer/app/*/*\"],\"Condition\":{\"Null\":{\"aws:RequestTag/elbv2.k8s.aws/cluster\":\"false\"},\"StringEquals\":{\"elasticloadbalancing:CreateAction\":[\"CreateTargetGroup\",\"CreateLoadBalancer\"]}}},{\"Effect\":\"Allow\",\"Action\":[\"elasticloadbalancing:RegisterTargets\",\"elasticloadbalancing:DeregisterTargets\"],\"Resource\":\"arn:aws:elasticloadbalancing:*:*:targetgroup/*/*\"},{\"Effect\":\"Allow\",\"Action\":[\"elasticloadbalancing:SetWebAcl\",\"elasticloadbalancing:RemoveListenerCertificates\",\"elasticloadbalancing:ModifyRule\",\"elasticloadbalancing:ModifyListener\",\"elasticloadbalancing:AddListenerCertificates\"],\"Resource\":\"*\"}]}",
            "override_json": null,
            "override_policy_documents": null,
            "policy_id": null,
            "source_json": null,
            "source_policy_documents": [
              "{\n  \"Version\": \"2012-10-17\"\n}"
            ],
            "statement": [
              {
                "actions": [
                  "iam:CreateServiceLinkedRole"
                ],
                "condition": [
                  {
                    "test": "StringEquals",
                    "values": [
                      "elasticloadbalancing.amazonaws.com"
                    ],
                    "variable": "iam:AWSServiceName"
                  }
                ],
                "effect": "Allow",
                "not_actions": [],
                "not_principals": [],
                "not_resources": [],
                "principals": [],
                "resources": [
                  "*"
                ],
                "sid": ""
              },
              {
                "actions": [
                  "ec2:DescribeAccountAttributes",
                  "ec2:DescribeAddresses",
                  "ec2:DescribeAvailabilityZones",
                  "ec2:DescribeCoipPools",
                  "ec2:DescribeInstances",
                  "ec2:DescribeInternetGateways",
                  "ec2:DescribeNetworkInterfaces",
                  "ec2:DescribeSecurityGroups",
                  "ec2:DescribeSubnets",
                  "ec2:DescribeTags",
                  "ec2:DescribeVpcPeeringConnections",
                  "ec2:DescribeVpcs",
                  "ec2:GetCoipPoolUsage",
                  "elasticloadbalancing:DescribeListenerCertificates",
                  "elasticloadbalancing:DescribeListeners",
                  "elasticloadbalancing:DescribeLoadBalancerAttributes",
                  "elasticloadbalancing:DescribeLoadBalancers",
                  "elasticloadbalancing:DescribeRules",
                  "elasticloadbalancing:DescribeSSLPolicies",
                  "elasticloadbalancing:DescribeTags",
                  "elasticloadbalancing:DescribeTargetGroupAttributes",
                  "elasticloadbalancing:DescribeTargetGroups",
                  "elasticloadbalancing:DescribeTargetHealth",
                  "elasticloadbalancing:DescribeTrustStores"
                ],
                "condition": [],
                "effect": "Allow",
                "not_actions": [],
                "not_principals": [],
                "not_resources": [],
                "principals": [],
                "resources": [
                  "*"
                ],
                "sid": ""
              },
              {
                "actions": [
                  "acm:DescribeCertificate",
                  "acm:ListCertificates",
                  "cognito-idp:DescribeUserPoolClient",
                  "iam:GetServerCertificate",
                  "iam:ListServerCertificates",
                  "shield:CreateProtection",
                  "shield:DeleteProtection",
                  "shield:DescribeProtection",
                  "shield:GetSubscriptionState",
                  "waf-regional:AssociateWebACL",
                  "waf-regional:DisassociateWebACL",
                  "waf-regional:GetWebACL",
                  "waf-regional:GetWebACLForResource",
                  "wafv2:AssociateWebACL",
                  "wafv2:DisassociateWebACL",
                  "wafv2:GetWebACL",
                  "wafv2:GetWebACLForResource"
                ],
                "condition": [],
                "effect": "Allow",
                "not_actions": [],
                "not_principals": [],
                "not_resources": [],
                "principals": [],
                "resources": [
                  "*"
                ],
                "sid": ""
              },
              {
                "actions": [
                  "ec2:AuthorizeSecurityGroupIngress",
                  "ec2:CreateSecurityGroup",
                  "ec2:RevokeSecurityGroupIngress"
                ],
                "condition": [],
                "effect": "Allow",
                "not_actions": [],
                "not_principals": [],
                "not_resources": [],
                "principals": [],
                "resources": [
                  "*"
                ],
                "sid": ""
              },
              {
                "actions": [
                  "ec2:CreateTags"
                ],
                "condition": [
                  {
                    "test": "Null",
                    "values": [
                      "false"
                    ],
                    "variable": "aws:RequestTag/elbv2.k8s.aws/cluster"
                  },
                  {
                    "test": "StringEquals",
                    "values": [
                      "CreateSecurityGroup"
                    ],
                    "variable": "ec2:CreateAction"
                  }
                ],
                "effect": "Allow",
                "not_actions": [],
                "not_principals": [],
                "not_resources": [],
                "principals": [],
                "resources": [
                  "arn:aws:ec2:*:*:security-group/*"
                ],
                "sid": ""
              },
              {
                "actions": [
                  "ec2:CreateTags",
                  "ec2:DeleteTags"
                ],
                "condition": [
                  {
                    "test": "Null",
                    "values": [
                      "false"
                    ],
                    "variable": "aws:ResourceTag/elbv2.k8s.aws/cluster"
                  },
                  {
                    "test": "Null",
                    "values": [
                      "true"
                    ],
                    "variable": "aws:RequestTag/elbv2.k8s.aws/cluster"
                  }
                ],
                "effect": "Allow",
                "not_actions": [],
                "not_principals": [],
                "not_resources": [],
                "principals": [],
                "resources": [
                  "arn:aws:ec2:*:*:security-group/*"
                ],
                "sid": ""
              },
              {
                "actions": [
                  "ec2:AuthorizeSecurityGroupIngress",
                  "ec2:DeleteSecurityGroup",
                  "ec2:RevokeSecurityGroupIngress"
                ],
                "condition": [
                  {
                    "test": "Null",
                    "values": [
                      "false"
                    ],
                    "variable": "aws:ResourceTag/elbv2.k8s.aws/cluster"
                  }
                ],
                "effect": "Allow",
                "not_actions": [],
                "not_principals": [],
                "not_resources": [],
                "principals": [],
                "resources": [
                  "*"
                ],
                "sid": ""
              },
              {
                "actions": [
                  "elasticloadbalancing:CreateLoadBalancer",
                  "elasticloadbalancing:CreateTargetGroup"
                ],
                "condition": [
                  {
                    "test": "Null",
                    "values": [
                      "false"
                    ],
                    "variable": "aws:RequestTag/elbv2.k8s.aws/cluster"
                  }
                ],
                "effect": "Allow",
                "not_actions": [],
                "not_principals": [],
                "not_resources": [],
                "principals": [],
                "resources": [
                  "*"
                ],
                "sid": ""
              },
              {
                "actions": [
                  "elasticloadbalancing:CreateListener",
                  "elasticloadbalancing:CreateRule",
                  "elasticloadbalancing:DeleteListener",
                  "elasticloadbalancing:DeleteRule"
                ],
                "condition": [],
                "effect": "Allow",
                "not_actions": [],
                "not_principals": [],
                "not_resources": [],
                "principals": [],
                "resources": [
                  "*"
                ],
                "sid": ""
              },
              {
                "actions": [
                  "elasticloadbalancing:AddTags",
                  "elasticloadbalancing:RemoveTags"
                ],
                "condition": [
                  {
                    "test": "Null",
                    "values": [
                      "false"
                    ],
                    "variable": "aws:ResourceTag/elbv2.k8s.aws/cluster"
                  },
                  {
                    "test": "Null",
                    "values": [
                      "true"
                    ],
                    "variable": "aws:RequestTag/elbv2.k8s.aws/cluster"
                  }
                ],
                "effect": "Allow",
                "not_actions": [],
                "not_principals": [],
                "not_resources": [],
                "principals": [],
                "resources": [
                  "arn:aws:elasticloadbalancing:*:*:loadbalancer/app/*/*",
                  "arn:aws:elasticloadbalancing:*:*:loadbalancer/net/*/*",
                  "arn:aws:elasticloadbalancing:*:*:targetgroup/*/*"
                ],
                "sid": ""
              },
              {
                "actions": [
                  "elasticloadbalancing:AddTags",
                  "elasticloadbalancing:RemoveTags"
                ],
                "condition": [],
                "effect": "Allow",
                "not_actions": [],
                "not_principals": [],
                "not_resources": [],
                "principals": [],
                "resources": [
                  "arn:aws:elasticloadbalancing:*:*:listener-rule/app/*/*/*",
                  "arn:aws:elasticloadbalancing:*:*:listener-rule/net/*/*/*",
                  "arn:aws:elasticloadbalancing:*:*:listener/app/*/*/*",
                  "arn:aws:elasticloadbalancing:*:*:listener/net/*/*/*"
                ],
                "sid": ""
              },
              {
                "actions": [
                  "elasticloadbalancing:DeleteLoadBalancer",
                  "elasticloadbalancing:DeleteTargetGroup",
                  "elasticloadbalancing:ModifyLoadBalancerAttributes",
                  "elasticloadbalancing:ModifyTargetGroup",
                  "elasticloadbalancing:ModifyTargetGroupAttributes",
                  "elasticloadbalancing:SetIpAddressType",
                  "elasticloadbalancing:SetSecurityGroups",
                  "elasticloadbalancing:SetSubnets"
                ],
                "condition": [
                  {
                    "test": "Null",
                    "values": [
                      "false"
                    ],
                    "variable": "aws:ResourceTag/elbv2.k8s.aws/cluster"
                  }
                ],
                "effect": "Allow",
                "not_actions": [],
                "not_principals": [],
                "not_resources": [],
                "principals": [],
                "resources": [
                  "*"
                ],
                "sid": ""
              },
              {
                "actions": [
                  "elasticloadbalancing:AddTags"
                ],
                "condition": [
                  {
                    "test": "Null",
                    "values": [
                      "false"
                    ],
                    "variable": "aws:RequestTag/elbv2.k8s.aws/cluster"
                  },
                  {
                    "test": "StringEquals",
                    "values": [
                      "CreateTargetGroup",
                      "CreateLoadBalancer"
                    ],
                    "variable": "elasticloadbalancing:CreateAction"
                  }
                ],
                "effect": "Allow",
                "not_actions": [],
                "not_principals": [],
                "not_resources": [],
                "principals": [],
                "resources": [
                  "arn:aws:elasticloadbalancing:*:*:loadbalancer/app/*/*",
                  "arn:aws:elasticloadbalancing:*:*:loadbalancer/net/*/*",
                  "arn:aws:elasticloadbalancing:*:*:targetgroup/*/*"
                ],
                "sid": ""
              },
              {
                "actions": [
                  "elasticloadbalancing:DeregisterTargets",
                  "elasticloadbalancing:RegisterTargets"
                ],
                "condition": [],
                "effect": "Allow",
                "not_actions": [],
                "not_principals": [],
                "not_resources": [],
                "principals": [],
                "resources": [
                  "arn:aws:elasticloadbalancing:*:*:targetgroup/*/*"
                ],
                "sid": ""
              },
              {
                "actions": [
                  "elasticloadbalancing:AddListenerCertificates",
                  "elasticloadbalancing:ModifyListener",
                  "elasticloadbalancing:ModifyRule",
                  "elasticloadbalancing:RemoveListenerCertificates",
                  "elasticloadbalancing:SetWebAcl"
                ],
                "condition": [],
                "effect": "Allow",
                "not_actions": [],
                "not_principals": [],
                "not_resources": [],
                "principals": [],
                "resources": [
                  "*"
                ],
                "sid": ""
              }
            ],
            "version": "2012-10-17"
          },
          "sensitive_attributes": []
        }
      ]
    },
    {
      "module": "module.main-eks.module.aws_lb_controller_pod_identity[0]",
      "mode": "data",
      "type": "aws_partition",
      "name": "current",
      "provider": "provider[\"registry.terraform.io/hashicorp/aws\"]",
      "instances": [
        {
          "schema_version": 0,
          "attributes": {
            "dns_suffix": "amazonaws.com",
            "id": "aws",
            "partition": "aws",
            "reverse_dns_prefix": "com.amazonaws"
          },
          "sensitive_attributes": []
        }
      ]
    },
    {
      "module": "module.main-eks.module.aws_lb_controller_pod_identity[0]",
      "mode": "managed",
      "type": "aws_iam_policy",
      "name": "lb_controller",
      "provider": "provider[\"registry.terraform.io/hashicorp/aws\"]",
      "instances": [
        {
          "index_key": 0,
          "schema_version": 0,
          "attributes": {
            "arn": "arn:aws:iam::111594127594:policy/delegatedadmin/developer/hema-test-lb-controller",
            "attachment_count": 0,
            "description": "Permissions for AWS Load Balancer Controller",
            "id": "arn:aws:iam::111594127594:policy/delegatedadmin/developer/hema-test-lb-controller",
            "name": "hema-test-lb-controller",
            "name_prefix": "",
            "path": "/delegatedadmin/developer/",
            "policy": "{\"Statement\":[{\"Action\":\"iam:CreateServiceLinkedRole\",\"Condition\":{\"StringEquals\":{\"iam:AWSServiceName\":\"elasticloadbalancing.amazonaws.com\"}},\"Effect\":\"Allow\",\"Resource\":\"*\"},{\"Action\":[\"elasticloadbalancing:DescribeTrustStores\",\"elasticloadbalancing:DescribeTargetHealth\",\"elasticloadbalancing:DescribeTargetGroups\",\"elasticloadbalancing:DescribeTargetGroupAttributes\",\"elasticloadbalancing:DescribeTags\",\"elasticloadbalancing:DescribeSSLPolicies\",\"elasticloadbalancing:DescribeRules\",\"elasticloadbalancing:DescribeLoadBalancers\",\"elasticloadbalancing:DescribeLoadBalancerAttributes\",\"elasticloadbalancing:DescribeListeners\",\"elasticloadbalancing:DescribeListenerCertificates\",\"ec2:GetCoipPoolUsage\",\"ec2:DescribeVpcs\",\"ec2:DescribeVpcPeeringConnections\",\"ec2:DescribeTags\",\"ec2:DescribeSubnets\",\"ec2:DescribeSecurityGroups\",\"ec2:DescribeNetworkInterfaces\",\"ec2:DescribeInternetGateways\",\"ec2:DescribeInstances\",\"ec2:DescribeCoipPools\",\"ec2:DescribeAvailabilityZones\",\"ec2:DescribeAddresses\",\"ec2:DescribeAccountAttributes\"],\"Effect\":\"Allow\",\"Resource\":\"*\"},{\"Action\":[\"wafv2:GetWebACLForResource\",\"wafv2:GetWebACL\",\"wafv2:DisassociateWebACL\",\"wafv2:AssociateWebACL\",\"waf-regional:GetWebACLForResource\",\"waf-regional:GetWebACL\",\"waf-regional:DisassociateWebACL\",\"waf-regional:AssociateWebACL\",\"shield:GetSubscriptionState\",\"shield:DescribeProtection\",\"shield:DeleteProtection\",\"shield:CreateProtection\",\"iam:ListServerCertificates\",\"iam:GetServerCertificate\",\"cognito-idp:DescribeUserPoolClient\",\"acm:ListCertificates\",\"acm:DescribeCertificate\"],\"Effect\":\"Allow\",\"Resource\":\"*\"},{\"Action\":[\"ec2:RevokeSecurityGroupIngress\",\"ec2:CreateSecurityGroup\",\"ec2:AuthorizeSecurityGroupIngress\"],\"Effect\":\"Allow\",\"Resource\":\"*\"},{\"Action\":\"ec2:CreateTags\",\"Condition\":{\"Null\":{\"aws:RequestTag/elbv2.k8s.aws/cluster\":\"false\"},\"StringEquals\":{\"ec2:CreateAction\":\"CreateSecurityGroup\"}},\"Effect\":\"Allow\",\"Resource\":\"arn:aws:ec2:*:*:security-group/*\"},{\"Action\":[\"ec2:DeleteTags\",\"ec2:CreateTags\"],\"Condition\":{\"Null\":{\"aws:RequestTag/elbv2.k8s.aws/cluster\":\"true\",\"aws:ResourceTag/elbv2.k8s.aws/cluster\":\"false\"}},\"Effect\":\"Allow\",\"Resource\":\"arn:aws:ec2:*:*:security-group/*\"},{\"Action\":[\"ec2:RevokeSecurityGroupIngress\",\"ec2:DeleteSecurityGroup\",\"ec2:AuthorizeSecurityGroupIngress\"],\"Condition\":{\"Null\":{\"aws:ResourceTag/elbv2.k8s.aws/cluster\":\"false\"}},\"Effect\":\"Allow\",\"Resource\":\"*\"},{\"Action\":[\"elasticloadbalancing:CreateTargetGroup\",\"elasticloadbalancing:CreateLoadBalancer\"],\"Condition\":{\"Null\":{\"aws:RequestTag/elbv2.k8s.aws/cluster\":\"false\"}},\"Effect\":\"Allow\",\"Resource\":\"*\"},{\"Action\":[\"elasticloadbalancing:DeleteRule\",\"elasticloadbalancing:DeleteListener\",\"elasticloadbalancing:CreateRule\",\"elasticloadbalancing:CreateListener\"],\"Effect\":\"Allow\",\"Resource\":\"*\"},{\"Action\":[\"elasticloadbalancing:RemoveTags\",\"elasticloadbalancing:AddTags\"],\"Condition\":{\"Null\":{\"aws:RequestTag/elbv2.k8s.aws/cluster\":\"true\",\"aws:ResourceTag/elbv2.k8s.aws/cluster\":\"false\"}},\"Effect\":\"Allow\",\"Resource\":[\"arn:aws:elasticloadbalancing:*:*:targetgroup/*/*\",\"arn:aws:elasticloadbalancing:*:*:loadbalancer/net/*/*\",\"arn:aws:elasticloadbalancing:*:*:loadbalancer/app/*/*\"]},{\"Action\":[\"elasticloadbalancing:RemoveTags\",\"elasticloadbalancing:AddTags\"],\"Effect\":\"Allow\",\"Resource\":[\"arn:aws:elasticloadbalancing:*:*:listener/net/*/*/*\",\"arn:aws:elasticloadbalancing:*:*:listener/app/*/*/*\",\"arn:aws:elasticloadbalancing:*:*:listener-rule/net/*/*/*\",\"arn:aws:elasticloadbalancing:*:*:listener-rule/app/*/*/*\"]},{\"Action\":[\"elasticloadbalancing:SetSubnets\",\"elasticloadbalancing:SetSecurityGroups\",\"elasticloadbalancing:SetIpAddressType\",\"elasticloadbalancing:ModifyTargetGroupAttributes\",\"elasticloadbalancing:ModifyTargetGroup\",\"elasticloadbalancing:ModifyLoadBalancerAttributes\",\"elasticloadbalancing:DeleteTargetGroup\",\"elasticloadbalancing:DeleteLoadBalancer\"],\"Condition\":{\"Null\":{\"aws:ResourceTag/elbv2.k8s.aws/cluster\":\"false\"}},\"Effect\":\"Allow\",\"Resource\":\"*\"},{\"Action\":\"elasticloadbalancing:AddTags\",\"Condition\":{\"Null\":{\"aws:RequestTag/elbv2.k8s.aws/cluster\":\"false\"},\"StringEquals\":{\"elasticloadbalancing:CreateAction\":[\"CreateTargetGroup\",\"CreateLoadBalancer\"]}},\"Effect\":\"Allow\",\"Resource\":[\"arn:aws:elasticloadbalancing:*:*:targetgroup/*/*\",\"arn:aws:elasticloadbalancing:*:*:loadbalancer/net/*/*\",\"arn:aws:elasticloadbalancing:*:*:loadbalancer/app/*/*\"]},{\"Action\":[\"elasticloadbalancing:RegisterTargets\",\"elasticloadbalancing:DeregisterTargets\"],\"Effect\":\"Allow\",\"Resource\":\"arn:aws:elasticloadbalancing:*:*:targetgroup/*/*\"},{\"Action\":[\"elasticloadbalancing:SetWebAcl\",\"elasticloadbalancing:RemoveListenerCertificates\",\"elasticloadbalancing:ModifyRule\",\"elasticloadbalancing:ModifyListener\",\"elasticloadbalancing:AddListenerCertificates\"],\"Effect\":\"Allow\",\"Resource\":\"*\"}],\"Version\":\"2012-10-17\"}",
            "policy_id": "ANPART64HIDVAWR4A3WHF",
            "tags": null,
            "tags_all": {
              "Creator": "Terraform"
            }
          },
          "sensitive_attributes": [],
          "private": "bnVsbA==",
          "dependencies": [
            "module.main-eks.aws_eks_addon.eks-pod-identity-agent",
            "module.main-eks.data.aws_caller_identity.current",
            "module.main-eks.data.aws_eks_addon_version.eks-pod-identity-agent",
            "module.main-eks.data.aws_partition.current",
            "module.main-eks.data.aws_subnets.private",
            "module.main-eks.data.aws_vpc.vpc",
            "module.main-eks.module.aws_lb_controller_pod_identity.data.aws_iam_policy_document.base",
            "module.main-eks.module.aws_lb_controller_pod_identity.data.aws_iam_policy_document.lb_controller",
            "module.main-eks.module.aws_lb_controller_pod_identity.data.aws_partition.current",
            "module.main-eks.module.cloudwatch_kms.aws_kms_external_key.this",
            "module.main-eks.module.cloudwatch_kms.aws_kms_key.this",
            "module.main-eks.module.cloudwatch_kms.aws_kms_replica_external_key.this",
            "module.main-eks.module.cloudwatch_kms.aws_kms_replica_key.this",
            "module.main-eks.module.cloudwatch_kms.data.aws_iam_policy_document.this",
            "module.main-eks.module.eks.aws_cloudwatch_log_group.this",
            "module.main-eks.module.eks.aws_eks_access_entry.this",
            "module.main-eks.module.eks.aws_eks_access_policy_association.this",
            "module.main-eks.module.eks.aws_eks_cluster.this",
            "module.main-eks.module.eks.aws_iam_policy.cni_ipv6_policy",
            "module.main-eks.module.eks.aws_iam_role.this",
            "module.main-eks.module.eks.aws_iam_role_policy_attachment.this",
            "module.main-eks.module.eks.aws_security_group.cluster",
            "module.main-eks.module.eks.aws_security_group.node",
            "module.main-eks.module.eks.aws_security_group_rule.cluster",
            "module.main-eks.module.eks.aws_security_group_rule.node",
            "module.main-eks.module.eks.data.aws_iam_policy_document.assume_role_policy",
            "module.main-eks.module.eks.data.aws_iam_session_context.current",
            "module.main-eks.module.eks.data.aws_partition.current",
            "module.main-eks.module.eks.module.kms.aws_kms_external_key.this",
            "module.main-eks.module.eks.module.kms.aws_kms_key.this",
            "module.main-eks.module.eks.module.kms.aws_kms_replica_external_key.this",
            "module.main-eks.module.eks.module.kms.aws_kms_replica_key.this",
            "module.main-eks.module.eks.module.kms.data.aws_caller_identity.current",
            "module.main-eks.module.eks.module.kms.data.aws_iam_policy_document.this",
            "module.main-eks.module.eks.module.kms.data.aws_partition.current"
          ]
        }
      ]
    },
    {
      "module": "module.main-eks.module.aws_lb_controller_pod_identity[0]",
      "mode": "managed",
      "type": "aws_iam_role",
      "name": "this",
      "provider": "provider[\"registry.terraform.io/hashicorp/aws\"]",
      "instances": [
        {
          "index_key": 0,
          "schema_version": 0,
          "attributes": {
            "arn": "arn:aws:iam::111594127594:role/delegatedadmin/developer/aws-lbc-hema-test",
            "assume_role_policy": "{\"Statement\":[{\"Action\":[\"sts:TagSession\",\"sts:AssumeRole\"],\"Effect\":\"Allow\",\"Principal\":{\"Service\":\"pods.eks.amazonaws.com\"}}],\"Version\":\"2012-10-17\"}",
            "create_date": "2024-06-14T19:01:48Z",
            "description": "AWS EKS ALB Controller Driver role",
            "force_detach_policies": true,
            "id": "aws-lbc-hema-test",
            "inline_policy": [],
            "managed_policy_arns": [],
            "max_session_duration": 3600,
            "name": "aws-lbc-hema-test",
            "name_prefix": "",
            "path": "/delegatedadmin/developer/",
            "permissions_boundary": "arn:aws:iam::111594127594:policy/cms-cloud-admin/ct-ado-poweruser-permissions-boundary-policy",
            "tags": null,
            "tags_all": {
              "Creator": "Terraform"
            },
            "unique_id": "AROART64HIDVMEP5XA6O6"
          },
          "sensitive_attributes": [],
          "private": "bnVsbA==",
          "dependencies": [
            "module.main-eks.aws_eks_addon.eks-pod-identity-agent",
            "module.main-eks.data.aws_caller_identity.current",
            "module.main-eks.data.aws_eks_addon_version.eks-pod-identity-agent",
            "module.main-eks.data.aws_partition.current",
            "module.main-eks.data.aws_subnets.private",
            "module.main-eks.data.aws_vpc.vpc",
            "module.main-eks.module.aws_lb_controller_pod_identity.data.aws_iam_policy_document.assume",
            "module.main-eks.module.cloudwatch_kms.aws_kms_external_key.this",
            "module.main-eks.module.cloudwatch_kms.aws_kms_key.this",
            "module.main-eks.module.cloudwatch_kms.aws_kms_replica_external_key.this",
            "module.main-eks.module.cloudwatch_kms.aws_kms_replica_key.this",
            "module.main-eks.module.cloudwatch_kms.data.aws_iam_policy_document.this",
            "module.main-eks.module.eks.aws_cloudwatch_log_group.this",
            "module.main-eks.module.eks.aws_eks_access_entry.this",
            "module.main-eks.module.eks.aws_eks_access_policy_association.this",
            "module.main-eks.module.eks.aws_eks_cluster.this",
            "module.main-eks.module.eks.aws_iam_policy.cni_ipv6_policy",
            "module.main-eks.module.eks.aws_iam_role.this",
            "module.main-eks.module.eks.aws_iam_role_policy_attachment.this",
            "module.main-eks.module.eks.aws_security_group.cluster",
            "module.main-eks.module.eks.aws_security_group.node",
            "module.main-eks.module.eks.aws_security_group_rule.cluster",
            "module.main-eks.module.eks.aws_security_group_rule.node",
            "module.main-eks.module.eks.data.aws_iam_policy_document.assume_role_policy",
            "module.main-eks.module.eks.data.aws_iam_session_context.current",
            "module.main-eks.module.eks.data.aws_partition.current",
            "module.main-eks.module.eks.module.kms.aws_kms_external_key.this",
            "module.main-eks.module.eks.module.kms.aws_kms_key.this",
            "module.main-eks.module.eks.module.kms.aws_kms_replica_external_key.this",
            "module.main-eks.module.eks.module.kms.aws_kms_replica_key.this",
            "module.main-eks.module.eks.module.kms.data.aws_caller_identity.current",
            "module.main-eks.module.eks.module.kms.data.aws_iam_policy_document.this",
            "module.main-eks.module.eks.module.kms.data.aws_partition.current"
          ]
        }
      ]
    },
    {
      "module": "module.main-eks.module.aws_lb_controller_pod_identity[0]",
      "mode": "managed",
      "type": "aws_iam_role_policy_attachment",
      "name": "lb_controller",
      "provider": "provider[\"registry.terraform.io/hashicorp/aws\"]",
      "instances": [
        {
          "index_key": 0,
          "schema_version": 0,
          "attributes": {
            "id": "aws-lbc-hema-test-2024061419014922630000001b",
            "policy_arn": "arn:aws:iam::111594127594:policy/delegatedadmin/developer/hema-test-lb-controller",
            "role": "aws-lbc-hema-test"
          },
          "sensitive_attributes": [],
          "private": "bnVsbA==",
          "dependencies": [
            "module.main-eks.aws_eks_addon.eks-pod-identity-agent",
            "module.main-eks.data.aws_caller_identity.current",
            "module.main-eks.data.aws_eks_addon_version.eks-pod-identity-agent",
            "module.main-eks.data.aws_partition.current",
            "module.main-eks.data.aws_subnets.private",
            "module.main-eks.data.aws_vpc.vpc",
            "module.main-eks.module.aws_lb_controller_pod_identity.aws_iam_policy.lb_controller",
            "module.main-eks.module.aws_lb_controller_pod_identity.aws_iam_role.this",
            "module.main-eks.module.aws_lb_controller_pod_identity.data.aws_iam_policy_document.assume",
            "module.main-eks.module.aws_lb_controller_pod_identity.data.aws_iam_policy_document.base",
            "module.main-eks.module.aws_lb_controller_pod_identity.data.aws_iam_policy_document.lb_controller",
            "module.main-eks.module.aws_lb_controller_pod_identity.data.aws_partition.current",
            "module.main-eks.module.cloudwatch_kms.aws_kms_external_key.this",
            "module.main-eks.module.cloudwatch_kms.aws_kms_key.this",
            "module.main-eks.module.cloudwatch_kms.aws_kms_replica_external_key.this",
            "module.main-eks.module.cloudwatch_kms.aws_kms_replica_key.this",
            "module.main-eks.module.cloudwatch_kms.data.aws_iam_policy_document.this",
            "module.main-eks.module.eks.aws_cloudwatch_log_group.this",
            "module.main-eks.module.eks.aws_eks_access_entry.this",
            "module.main-eks.module.eks.aws_eks_access_policy_association.this",
            "module.main-eks.module.eks.aws_eks_cluster.this",
            "module.main-eks.module.eks.aws_iam_policy.cni_ipv6_policy",
            "module.main-eks.module.eks.aws_iam_role.this",
            "module.main-eks.module.eks.aws_iam_role_policy_attachment.this",
            "module.main-eks.module.eks.aws_security_group.cluster",
            "module.main-eks.module.eks.aws_security_group.node",
            "module.main-eks.module.eks.aws_security_group_rule.cluster",
            "module.main-eks.module.eks.aws_security_group_rule.node",
            "module.main-eks.module.eks.data.aws_iam_policy_document.assume_role_policy",
            "module.main-eks.module.eks.data.aws_iam_session_context.current",
            "module.main-eks.module.eks.data.aws_partition.current",
            "module.main-eks.module.eks.module.kms.aws_kms_external_key.this",
            "module.main-eks.module.eks.module.kms.aws_kms_key.this",
            "module.main-eks.module.eks.module.kms.aws_kms_replica_external_key.this",
            "module.main-eks.module.eks.module.kms.aws_kms_replica_key.this",
            "module.main-eks.module.eks.module.kms.data.aws_caller_identity.current",
            "module.main-eks.module.eks.module.kms.data.aws_iam_policy_document.this",
            "module.main-eks.module.eks.module.kms.data.aws_partition.current"
          ]
        }
      ]
    },
    {
      "module": "module.main-eks.module.cloudtrail_kms",
      "mode": "data",
      "type": "aws_caller_identity",
      "name": "current",
      "provider": "provider[\"registry.terraform.io/hashicorp/aws\"]",
      "instances": [
        {
          "index_key": 0,
          "schema_version": 0,
          "attributes": {
            "account_id": "111594127594",
            "arn": "arn:aws:sts::111594127594:assumed-role/ct-ado-batcave-techadmin/PDYW",
            "id": "111594127594",
            "user_id": "AROART64HIDVDKJZ7XSD4:PDYW"
          },
          "sensitive_attributes": []
        }
      ]
    },
    {
      "module": "module.main-eks.module.cloudtrail_kms",
      "mode": "data",
      "type": "aws_iam_policy_document",
      "name": "this",
      "provider": "provider[\"registry.terraform.io/hashicorp/aws\"]",
      "instances": [
        {
          "index_key": 0,
          "schema_version": 0,
          "attributes": {
            "id": "700184086",
            "json": "{\n  \"Version\": \"2012-10-17\",\n  \"Statement\": [\n    {\n      \"Sid\": \"Default\",\n      \"Effect\": \"Allow\",\n      \"Action\": \"kms:*\",\n      \"Resource\": \"*\",\n      \"Principal\": {\n        \"AWS\": \"arn:aws:iam::111594127594:root\"\n      }\n    },\n    {\n      \"Sid\": \"KeyOwner\",\n      \"Effect\": \"Allow\",\n      \"Action\": \"kms:*\",\n      \"Resource\": \"*\",\n      \"Principal\": {\n        \"AWS\": \"arn:aws:sts::111594127594:assumed-role/ct-ado-batcave-techadmin/PDYW\"\n      }\n    },\n    {\n      \"Sid\": \"KeyAdministration\",\n      \"Effect\": \"Allow\",\n      \"Action\": [\n        \"kms:Update*\",\n        \"kms:UntagResource\",\n        \"kms:TagResource\",\n        \"kms:ScheduleKeyDeletion\",\n        \"kms:Revoke*\",\n        \"kms:ReplicateKey\",\n        \"kms:Put*\",\n        \"kms:List*\",\n        \"kms:ImportKeyMaterial\",\n        \"kms:Get*\",\n        \"kms:Enable*\",\n        \"kms:Disable*\",\n        \"kms:Describe*\",\n        \"kms:Delete*\",\n        \"kms:Create*\",\n        \"kms:CancelKeyDeletion\"\n      ],\n      \"Resource\": \"*\",\n      \"Principal\": {\n        \"AWS\": \"arn:aws:sts::111594127594:assumed-role/ct-ado-batcave-techadmin/PDYW\"\n      }\n    },\n    {\n      \"Sid\": \"Enable CloudTrail Permissions\",\n      \"Effect\": \"Allow\",\n      \"Action\": [\n        \"kms:GenerateDataKey*\",\n        \"kms:DescribeKey\"\n      ],\n      \"Resource\": \"*\",\n      \"Principal\": {\n        \"Service\": \"cloudtrail.amazonaws.com\"\n      }\n    },\n    {\n      \"Sid\": \"Enable users to decrypt\",\n      \"Effect\": \"Allow\",\n      \"Action\": \"kms:Decrypt\",\n      \"Resource\": \"arn:aws:s3:::hema-test-logs-t2stgk0dvnzo\",\n      \"Principal\": {\n        \"AWS\": \"*\"\n      }\n    }\n  ]\n}",
            "minified_json": "{\"Version\":\"2012-10-17\",\"Statement\":[{\"Sid\":\"Default\",\"Effect\":\"Allow\",\"Action\":\"kms:*\",\"Resource\":\"*\",\"Principal\":{\"AWS\":\"arn:aws:iam::111594127594:root\"}},{\"Sid\":\"KeyOwner\",\"Effect\":\"Allow\",\"Action\":\"kms:*\",\"Resource\":\"*\",\"Principal\":{\"AWS\":\"arn:aws:sts::111594127594:assumed-role/ct-ado-batcave-techadmin/PDYW\"}},{\"Sid\":\"KeyAdministration\",\"Effect\":\"Allow\",\"Action\":[\"kms:Update*\",\"kms:UntagResource\",\"kms:TagResource\",\"kms:ScheduleKeyDeletion\",\"kms:Revoke*\",\"kms:ReplicateKey\",\"kms:Put*\",\"kms:List*\",\"kms:ImportKeyMaterial\",\"kms:Get*\",\"kms:Enable*\",\"kms:Disable*\",\"kms:Describe*\",\"kms:Delete*\",\"kms:Create*\",\"kms:CancelKeyDeletion\"],\"Resource\":\"*\",\"Principal\":{\"AWS\":\"arn:aws:sts::111594127594:assumed-role/ct-ado-batcave-techadmin/PDYW\"}},{\"Sid\":\"Enable CloudTrail Permissions\",\"Effect\":\"Allow\",\"Action\":[\"kms:GenerateDataKey*\",\"kms:DescribeKey\"],\"Resource\":\"*\",\"Principal\":{\"Service\":\"cloudtrail.amazonaws.com\"}},{\"Sid\":\"Enable users to decrypt\",\"Effect\":\"Allow\",\"Action\":\"kms:Decrypt\",\"Resource\":\"arn:aws:s3:::hema-test-logs-t2stgk0dvnzo\",\"Principal\":{\"AWS\":\"*\"}}]}",
            "override_json": null,
            "override_policy_documents": null,
            "policy_id": null,
            "source_json": null,
            "source_policy_documents": null,
            "statement": [
              {
                "actions": [
                  "kms:*"
                ],
                "condition": [],
                "effect": "Allow",
                "not_actions": [],
                "not_principals": [],
                "not_resources": [],
                "principals": [
                  {
                    "identifiers": [
                      "arn:aws:iam::111594127594:root"
                    ],
                    "type": "AWS"
                  }
                ],
                "resources": [
                  "*"
                ],
                "sid": "Default"
              },
              {
                "actions": [
                  "kms:*"
                ],
                "condition": [],
                "effect": "Allow",
                "not_actions": [],
                "not_principals": [],
                "not_resources": [],
                "principals": [
                  {
                    "identifiers": [
                      "arn:aws:sts::111594127594:assumed-role/ct-ado-batcave-techadmin/PDYW"
                    ],
                    "type": "AWS"
                  }
                ],
                "resources": [
                  "*"
                ],
                "sid": "KeyOwner"
              },
              {
                "actions": [
                  "kms:CancelKeyDeletion",
                  "kms:Create*",
                  "kms:Delete*",
                  "kms:Describe*",
                  "kms:Disable*",
                  "kms:Enable*",
                  "kms:Get*",
                  "kms:ImportKeyMaterial",
                  "kms:List*",
                  "kms:Put*",
                  "kms:ReplicateKey",
                  "kms:Revoke*",
                  "kms:ScheduleKeyDeletion",
                  "kms:TagResource",
                  "kms:UntagResource",
                  "kms:Update*"
                ],
                "condition": [],
                "effect": "Allow",
                "not_actions": [],
                "not_principals": [],
                "not_resources": [],
                "principals": [
                  {
                    "identifiers": [
                      "arn:aws:sts::111594127594:assumed-role/ct-ado-batcave-techadmin/PDYW"
                    ],
                    "type": "AWS"
                  }
                ],
                "resources": [
                  "*"
                ],
                "sid": "KeyAdministration"
              },
              {
                "actions": [
                  "kms:DescribeKey",
                  "kms:GenerateDataKey*"
                ],
                "condition": [],
                "effect": "Allow",
                "not_actions": [],
                "not_principals": [],
                "not_resources": [],
                "principals": [
                  {
                    "identifiers": [
                      "cloudtrail.amazonaws.com"
                    ],
                    "type": "Service"
                  }
                ],
                "resources": [
                  "*"
                ],
                "sid": "Enable CloudTrail Permissions"
              },
              {
                "actions": [
                  "kms:Decrypt"
                ],
                "condition": [],
                "effect": "Allow",
                "not_actions": [],
                "not_principals": [],
                "not_resources": [],
                "principals": [
                  {
                    "identifiers": [
                      "*"
                    ],
                    "type": "AWS"
                  }
                ],
                "resources": [
                  "arn:aws:s3:::hema-test-logs-t2stgk0dvnzo"
                ],
                "sid": "Enable users to decrypt"
              }
            ],
            "version": "2012-10-17"
          },
          "sensitive_attributes": []
        }
      ]
    },
    {
      "module": "module.main-eks.module.cloudtrail_kms",
      "mode": "data",
      "type": "aws_partition",
      "name": "current",
      "provider": "provider[\"registry.terraform.io/hashicorp/aws\"]",
      "instances": [
        {
          "index_key": 0,
          "schema_version": 0,
          "attributes": {
            "dns_suffix": "amazonaws.com",
            "id": "aws",
            "partition": "aws",
            "reverse_dns_prefix": "com.amazonaws"
          },
          "sensitive_attributes": []
        }
      ]
    },
    {
      "module": "module.main-eks.module.cloudtrail_kms",
      "mode": "managed",
      "type": "aws_kms_alias",
      "name": "this",
      "provider": "provider[\"registry.terraform.io/hashicorp/aws\"]",
      "instances": [
        {
          "index_key": "hema-test-cloudtrail",
          "schema_version": 0,
          "attributes": {
            "arn": "arn:aws:kms:us-east-1:111594127594:alias/hema-test-cloudtrail",
            "id": "alias/hema-test-cloudtrail",
            "name": "alias/hema-test-cloudtrail",
            "name_prefix": "",
            "target_key_arn": "arn:aws:kms:us-east-1:111594127594:key/0b8c00c3-3de0-48c3-9e63-6889b2314f56",
            "target_key_id": "0b8c00c3-3de0-48c3-9e63-6889b2314f56"
          },
          "sensitive_attributes": [],
          "private": "bnVsbA==",
          "dependencies": [
            "module.main-eks.data.aws_caller_identity.current",
            "module.main-eks.data.aws_partition.current",
            "module.main-eks.data.aws_region.current",
            "module.main-eks.module.cloudtrail_kms.aws_kms_external_key.this",
            "module.main-eks.module.cloudtrail_kms.aws_kms_key.this",
            "module.main-eks.module.cloudtrail_kms.aws_kms_replica_external_key.this",
            "module.main-eks.module.cloudtrail_kms.aws_kms_replica_key.this",
            "module.main-eks.module.cloudtrail_kms.data.aws_caller_identity.current",
            "module.main-eks.module.cloudtrail_kms.data.aws_iam_policy_document.this",
            "module.main-eks.module.cloudtrail_kms.data.aws_partition.current",
            "module.main-eks.module.s3_logs.aws_s3_bucket.this",
            "module.main-eks.random_string.s3"
          ]
        }
      ]
    },
    {
      "module": "module.main-eks.module.cloudtrail_kms",
      "mode": "managed",
      "type": "aws_kms_external_key",
      "name": "this",
      "provider": "provider[\"registry.terraform.io/hashicorp/aws\"]",
      "instances": []
    },
    {
      "module": "module.main-eks.module.cloudtrail_kms",
      "mode": "managed",
      "type": "aws_kms_key",
      "name": "this",
      "provider": "provider[\"registry.terraform.io/hashicorp/aws\"]",
      "instances": [
        {
          "index_key": 0,
          "schema_version": 0,
          "attributes": {
            "arn": "arn:aws:kms:us-east-1:111594127594:key/0b8c00c3-3de0-48c3-9e63-6889b2314f56",
            "bypass_policy_lockout_safety_check": false,
            "custom_key_store_id": "",
            "customer_master_key_spec": "SYMMETRIC_DEFAULT",
            "deletion_window_in_days": 7,
            "description": "Encrypt and decrypt data for cloudtrail",
            "enable_key_rotation": true,
            "id": "0b8c00c3-3de0-48c3-9e63-6889b2314f56",
            "is_enabled": true,
            "key_id": "0b8c00c3-3de0-48c3-9e63-6889b2314f56",
            "key_usage": "ENCRYPT_DECRYPT",
            "multi_region": false,
            "policy": "{\"Statement\":[{\"Action\":\"kms:*\",\"Effect\":\"Allow\",\"Principal\":{\"AWS\":\"arn:aws:iam::111594127594:root\"},\"Resource\":\"*\",\"Sid\":\"Default\"},{\"Action\":\"kms:*\",\"Effect\":\"Allow\",\"Principal\":{\"AWS\":\"arn:aws:sts::111594127594:assumed-role/ct-ado-batcave-techadmin/PDYW\"},\"Resource\":\"*\",\"Sid\":\"KeyOwner\"},{\"Action\":[\"kms:Update*\",\"kms:UntagResource\",\"kms:TagResource\",\"kms:ScheduleKeyDeletion\",\"kms:Revoke*\",\"kms:ReplicateKey\",\"kms:Put*\",\"kms:List*\",\"kms:ImportKeyMaterial\",\"kms:Get*\",\"kms:Enable*\",\"kms:Disable*\",\"kms:Describe*\",\"kms:Delete*\",\"kms:Create*\",\"kms:CancelKeyDeletion\"],\"Effect\":\"Allow\",\"Principal\":{\"AWS\":\"arn:aws:sts::111594127594:assumed-role/ct-ado-batcave-techadmin/PDYW\"},\"Resource\":\"*\",\"Sid\":\"KeyAdministration\"},{\"Action\":[\"kms:GenerateDataKey*\",\"kms:DescribeKey\"],\"Effect\":\"Allow\",\"Principal\":{\"Service\":\"cloudtrail.amazonaws.com\"},\"Resource\":\"*\",\"Sid\":\"Enable CloudTrail Permissions\"},{\"Action\":\"kms:Decrypt\",\"Effect\":\"Allow\",\"Principal\":{\"AWS\":\"*\"},\"Resource\":\"arn:aws:s3:::hema-test-logs-t2stgk0dvnzo\",\"Sid\":\"Enable users to decrypt\"}],\"Version\":\"2012-10-17\"}",
            "rotation_period_in_days": 90,
            "tags": {
              "Name": "CloudTrail"
            },
            "tags_all": {
              "Creator": "Terraform",
              "Name": "CloudTrail"
            },
            "timeouts": null,
            "xks_key_id": ""
          },
          "sensitive_attributes": [],
          "private": "eyJlMmJmYjczMC1lY2FhLTExZTYtOGY4OC0zNDM2M2JjN2M0YzAiOnsiY3JlYXRlIjoxMjAwMDAwMDAwMDB9fQ==",
          "dependencies": [
            "module.main-eks.data.aws_caller_identity.current",
            "module.main-eks.data.aws_partition.current",
            "module.main-eks.data.aws_region.current",
            "module.main-eks.module.cloudtrail_kms.data.aws_caller_identity.current",
            "module.main-eks.module.cloudtrail_kms.data.aws_iam_policy_document.this",
            "module.main-eks.module.cloudtrail_kms.data.aws_partition.current",
            "module.main-eks.module.s3_logs.aws_s3_bucket.this",
            "module.main-eks.random_string.s3"
          ]
        }
      ]
    },
    {
      "module": "module.main-eks.module.cloudtrail_kms",
      "mode": "managed",
      "type": "aws_kms_replica_external_key",
      "name": "this",
      "provider": "provider[\"registry.terraform.io/hashicorp/aws\"]",
      "instances": []
    },
    {
      "module": "module.main-eks.module.cloudtrail_kms",
      "mode": "managed",
      "type": "aws_kms_replica_key",
      "name": "this",
      "provider": "provider[\"registry.terraform.io/hashicorp/aws\"]",
      "instances": []
    },
    {
      "module": "module.main-eks.module.cloudwatch_kms",
      "mode": "data",
      "type": "aws_caller_identity",
      "name": "current",
      "provider": "provider[\"registry.terraform.io/hashicorp/aws\"]",
      "instances": [
        {
          "index_key": 0,
          "schema_version": 0,
          "attributes": {
            "account_id": "111594127594",
            "arn": "arn:aws:sts::111594127594:assumed-role/ct-ado-batcave-techadmin/PDYW",
            "id": "111594127594",
            "user_id": "AROART64HIDVDKJZ7XSD4:PDYW"
          },
          "sensitive_attributes": []
        }
      ]
    },
    {
      "module": "module.main-eks.module.cloudwatch_kms",
      "mode": "data",
      "type": "aws_iam_policy_document",
      "name": "this",
      "provider": "provider[\"registry.terraform.io/hashicorp/aws\"]",
      "instances": [
        {
          "index_key": 0,
          "schema_version": 0,
          "attributes": {
            "id": "1047667980",
            "json": "{\n  \"Version\": \"2012-10-17\",\n  \"Statement\": [\n    {\n      \"Sid\": \"Default\",\n      \"Effect\": \"Allow\",\n      \"Action\": \"kms:*\",\n      \"Resource\": \"*\",\n      \"Principal\": {\n        \"AWS\": \"arn:aws:iam::111594127594:root\"\n      }\n    },\n    {\n      \"Sid\": \"KeyOwner\",\n      \"Effect\": \"Allow\",\n      \"Action\": \"kms:*\",\n      \"Resource\": \"*\",\n      \"Principal\": {\n        \"AWS\": \"arn:aws:sts::111594127594:assumed-role/ct-ado-batcave-techadmin/PDYW\"\n      }\n    },\n    {\n      \"Sid\": \"KeyAdministration\",\n      \"Effect\": \"Allow\",\n      \"Action\": [\n        \"kms:Update*\",\n        \"kms:UntagResource\",\n        \"kms:TagResource\",\n        \"kms:ScheduleKeyDeletion\",\n        \"kms:Revoke*\",\n        \"kms:ReplicateKey\",\n        \"kms:Put*\",\n        \"kms:List*\",\n        \"kms:ImportKeyMaterial\",\n        \"kms:Get*\",\n        \"kms:Enable*\",\n        \"kms:Disable*\",\n        \"kms:Describe*\",\n        \"kms:Delete*\",\n        \"kms:Create*\",\n        \"kms:CancelKeyDeletion\"\n      ],\n      \"Resource\": \"*\",\n      \"Principal\": {\n        \"AWS\": \"arn:aws:sts::111594127594:assumed-role/ct-ado-batcave-techadmin/PDYW\"\n      }\n    },\n    {\n      \"Sid\": \"AllowCloudwatchLogging\",\n      \"Effect\": \"Allow\",\n      \"Action\": [\n        \"kms:ReEncrypt*\",\n        \"kms:GenerateDataKey*\",\n        \"kms:Encrypt*\",\n        \"kms:Describe*\",\n        \"kms:Decrypt*\"\n      ],\n      \"Resource\": \"*\",\n      \"Principal\": {\n        \"Service\": \"logs.us-east-1.amazonaws.com\"\n      }\n    }\n  ]\n}",
            "minified_json": "{\"Version\":\"2012-10-17\",\"Statement\":[{\"Sid\":\"Default\",\"Effect\":\"Allow\",\"Action\":\"kms:*\",\"Resource\":\"*\",\"Principal\":{\"AWS\":\"arn:aws:iam::111594127594:root\"}},{\"Sid\":\"KeyOwner\",\"Effect\":\"Allow\",\"Action\":\"kms:*\",\"Resource\":\"*\",\"Principal\":{\"AWS\":\"arn:aws:sts::111594127594:assumed-role/ct-ado-batcave-techadmin/PDYW\"}},{\"Sid\":\"KeyAdministration\",\"Effect\":\"Allow\",\"Action\":[\"kms:Update*\",\"kms:UntagResource\",\"kms:TagResource\",\"kms:ScheduleKeyDeletion\",\"kms:Revoke*\",\"kms:ReplicateKey\",\"kms:Put*\",\"kms:List*\",\"kms:ImportKeyMaterial\",\"kms:Get*\",\"kms:Enable*\",\"kms:Disable*\",\"kms:Describe*\",\"kms:Delete*\",\"kms:Create*\",\"kms:CancelKeyDeletion\"],\"Resource\":\"*\",\"Principal\":{\"AWS\":\"arn:aws:sts::111594127594:assumed-role/ct-ado-batcave-techadmin/PDYW\"}},{\"Sid\":\"AllowCloudwatchLogging\",\"Effect\":\"Allow\",\"Action\":[\"kms:ReEncrypt*\",\"kms:GenerateDataKey*\",\"kms:Encrypt*\",\"kms:Describe*\",\"kms:Decrypt*\"],\"Resource\":\"*\",\"Principal\":{\"Service\":\"logs.us-east-1.amazonaws.com\"}}]}",
            "override_json": null,
            "override_policy_documents": null,
            "policy_id": null,
            "source_json": null,
            "source_policy_documents": null,
            "statement": [
              {
                "actions": [
                  "kms:*"
                ],
                "condition": [],
                "effect": "Allow",
                "not_actions": [],
                "not_principals": [],
                "not_resources": [],
                "principals": [
                  {
                    "identifiers": [
                      "arn:aws:iam::111594127594:root"
                    ],
                    "type": "AWS"
                  }
                ],
                "resources": [
                  "*"
                ],
                "sid": "Default"
              },
              {
                "actions": [
                  "kms:*"
                ],
                "condition": [],
                "effect": "Allow",
                "not_actions": [],
                "not_principals": [],
                "not_resources": [],
                "principals": [
                  {
                    "identifiers": [
                      "arn:aws:sts::111594127594:assumed-role/ct-ado-batcave-techadmin/PDYW"
                    ],
                    "type": "AWS"
                  }
                ],
                "resources": [
                  "*"
                ],
                "sid": "KeyOwner"
              },
              {
                "actions": [
                  "kms:CancelKeyDeletion",
                  "kms:Create*",
                  "kms:Delete*",
                  "kms:Describe*",
                  "kms:Disable*",
                  "kms:Enable*",
                  "kms:Get*",
                  "kms:ImportKeyMaterial",
                  "kms:List*",
                  "kms:Put*",
                  "kms:ReplicateKey",
                  "kms:Revoke*",
                  "kms:ScheduleKeyDeletion",
                  "kms:TagResource",
                  "kms:UntagResource",
                  "kms:Update*"
                ],
                "condition": [],
                "effect": "Allow",
                "not_actions": [],
                "not_principals": [],
                "not_resources": [],
                "principals": [
                  {
                    "identifiers": [
                      "arn:aws:sts::111594127594:assumed-role/ct-ado-batcave-techadmin/PDYW"
                    ],
                    "type": "AWS"
                  }
                ],
                "resources": [
                  "*"
                ],
                "sid": "KeyAdministration"
              },
              {
                "actions": [
                  "kms:Decrypt*",
                  "kms:Describe*",
                  "kms:Encrypt*",
                  "kms:GenerateDataKey*",
                  "kms:ReEncrypt*"
                ],
                "condition": [],
                "effect": "Allow",
                "not_actions": [],
                "not_principals": [],
                "not_resources": [],
                "principals": [
                  {
                    "identifiers": [
                      "logs.us-east-1.amazonaws.com"
                    ],
                    "type": "Service"
                  }
                ],
                "resources": [
                  "*"
                ],
                "sid": "AllowCloudwatchLogging"
              }
            ],
            "version": "2012-10-17"
          },
          "sensitive_attributes": []
        }
      ]
    },
    {
      "module": "module.main-eks.module.cloudwatch_kms",
      "mode": "data",
      "type": "aws_partition",
      "name": "current",
      "provider": "provider[\"registry.terraform.io/hashicorp/aws\"]",
      "instances": [
        {
          "index_key": 0,
          "schema_version": 0,
          "attributes": {
            "dns_suffix": "amazonaws.com",
            "id": "aws",
            "partition": "aws",
            "reverse_dns_prefix": "com.amazonaws"
          },
          "sensitive_attributes": []
        }
      ]
    },
    {
      "module": "module.main-eks.module.cloudwatch_kms",
      "mode": "managed",
      "type": "aws_kms_alias",
      "name": "this",
      "provider": "provider[\"registry.terraform.io/hashicorp/aws\"]",
      "instances": [
        {
          "index_key": "hema-test-cloudwatch",
          "schema_version": 0,
          "attributes": {
            "arn": "arn:aws:kms:us-east-1:111594127594:alias/hema-test-cloudwatch",
            "id": "alias/hema-test-cloudwatch",
            "name": "alias/hema-test-cloudwatch",
            "name_prefix": "",
            "target_key_arn": "arn:aws:kms:us-east-1:111594127594:key/63038765-e697-4aeb-b642-96e8de645e1b",
            "target_key_id": "63038765-e697-4aeb-b642-96e8de645e1b"
          },
          "sensitive_attributes": [],
          "private": "bnVsbA==",
          "dependencies": [
            "module.main-eks.module.cloudwatch_kms.aws_kms_external_key.this",
            "module.main-eks.module.cloudwatch_kms.aws_kms_key.this",
            "module.main-eks.module.cloudwatch_kms.aws_kms_replica_external_key.this",
            "module.main-eks.module.cloudwatch_kms.aws_kms_replica_key.this",
            "module.main-eks.module.cloudwatch_kms.data.aws_iam_policy_document.this"
          ]
        }
      ]
    },
    {
      "module": "module.main-eks.module.cloudwatch_kms",
      "mode": "managed",
      "type": "aws_kms_external_key",
      "name": "this",
      "provider": "provider[\"registry.terraform.io/hashicorp/aws\"]",
      "instances": []
    },
    {
      "module": "module.main-eks.module.cloudwatch_kms",
      "mode": "managed",
      "type": "aws_kms_key",
      "name": "this",
      "provider": "provider[\"registry.terraform.io/hashicorp/aws\"]",
      "instances": [
        {
          "index_key": 0,
          "schema_version": 0,
          "attributes": {
            "arn": "arn:aws:kms:us-east-1:111594127594:key/63038765-e697-4aeb-b642-96e8de645e1b",
            "bypass_policy_lockout_safety_check": false,
            "custom_key_store_id": "",
            "customer_master_key_spec": "SYMMETRIC_DEFAULT",
            "deletion_window_in_days": 7,
            "description": "Encrypt and decrypt data for cloudwatch",
            "enable_key_rotation": true,
            "id": "63038765-e697-4aeb-b642-96e8de645e1b",
            "is_enabled": true,
            "key_id": "63038765-e697-4aeb-b642-96e8de645e1b",
            "key_usage": "ENCRYPT_DECRYPT",
            "multi_region": false,
            "policy": "{\"Statement\":[{\"Action\":\"kms:*\",\"Effect\":\"Allow\",\"Principal\":{\"AWS\":\"arn:aws:iam::111594127594:root\"},\"Resource\":\"*\",\"Sid\":\"Default\"},{\"Action\":\"kms:*\",\"Effect\":\"Allow\",\"Principal\":{\"AWS\":\"arn:aws:sts::111594127594:assumed-role/ct-ado-batcave-techadmin/PDYW\"},\"Resource\":\"*\",\"Sid\":\"KeyOwner\"},{\"Action\":[\"kms:Update*\",\"kms:UntagResource\",\"kms:TagResource\",\"kms:ScheduleKeyDeletion\",\"kms:Revoke*\",\"kms:ReplicateKey\",\"kms:Put*\",\"kms:List*\",\"kms:ImportKeyMaterial\",\"kms:Get*\",\"kms:Enable*\",\"kms:Disable*\",\"kms:Describe*\",\"kms:Delete*\",\"kms:Create*\",\"kms:CancelKeyDeletion\"],\"Effect\":\"Allow\",\"Principal\":{\"AWS\":\"arn:aws:sts::111594127594:assumed-role/ct-ado-batcave-techadmin/PDYW\"},\"Resource\":\"*\",\"Sid\":\"KeyAdministration\"},{\"Action\":[\"kms:ReEncrypt*\",\"kms:GenerateDataKey*\",\"kms:Encrypt*\",\"kms:Describe*\",\"kms:Decrypt*\"],\"Effect\":\"Allow\",\"Principal\":{\"Service\":\"logs.us-east-1.amazonaws.com\"},\"Resource\":\"*\",\"Sid\":\"AllowCloudwatchLogging\"}],\"Version\":\"2012-10-17\"}",
            "rotation_period_in_days": 90,
            "tags": {
              "Name": "CloudWatch"
            },
            "tags_all": {
              "Creator": "Terraform",
              "Name": "CloudWatch"
            },
            "timeouts": null,
            "xks_key_id": ""
          },
          "sensitive_attributes": [],
          "private": "eyJlMmJmYjczMC1lY2FhLTExZTYtOGY4OC0zNDM2M2JjN2M0YzAiOnsiY3JlYXRlIjoxMjAwMDAwMDAwMDB9fQ==",
          "dependencies": [
            "module.main-eks.module.cloudwatch_kms.data.aws_iam_policy_document.this"
          ],
          "create_before_destroy": true
        }
      ]
    },
    {
      "module": "module.main-eks.module.cloudwatch_kms",
      "mode": "managed",
      "type": "aws_kms_replica_external_key",
      "name": "this",
      "provider": "provider[\"registry.terraform.io/hashicorp/aws\"]",
      "instances": []
    },
    {
      "module": "module.main-eks.module.cloudwatch_kms",
      "mode": "managed",
      "type": "aws_kms_replica_key",
      "name": "this",
      "provider": "provider[\"registry.terraform.io/hashicorp/aws\"]",
      "instances": []
    },
    {
      "module": "module.main-eks.module.ebs_kms",
      "mode": "data",
      "type": "aws_caller_identity",
      "name": "current",
      "provider": "provider[\"registry.terraform.io/hashicorp/aws\"]",
      "instances": [
        {
          "index_key": 0,
          "schema_version": 0,
          "attributes": {
            "account_id": "111594127594",
            "arn": "arn:aws:sts::111594127594:assumed-role/ct-ado-batcave-techadmin/PDYW",
            "id": "111594127594",
            "user_id": "AROART64HIDVDKJZ7XSD4:PDYW"
          },
          "sensitive_attributes": []
        }
      ]
    },
    {
      "module": "module.main-eks.module.ebs_kms",
      "mode": "data",
      "type": "aws_iam_policy_document",
      "name": "this",
      "provider": "provider[\"registry.terraform.io/hashicorp/aws\"]",
      "instances": [
        {
          "index_key": 0,
          "schema_version": 0,
          "attributes": {
            "id": "2301173995",
            "json": "{\n  \"Version\": \"2012-10-17\",\n  \"Statement\": [\n    {\n      \"Sid\": \"Default\",\n      \"Effect\": \"Allow\",\n      \"Action\": \"kms:*\",\n      \"Resource\": \"*\",\n      \"Principal\": {\n        \"AWS\": \"arn:aws:iam::111594127594:root\"\n      }\n    },\n    {\n      \"Sid\": \"KeyOwner\",\n      \"Effect\": \"Allow\",\n      \"Action\": \"kms:*\",\n      \"Resource\": \"*\",\n      \"Principal\": {\n        \"AWS\": \"arn:aws:sts::111594127594:assumed-role/ct-ado-batcave-techadmin/PDYW\"\n      }\n    },\n    {\n      \"Sid\": \"KeyAdministration\",\n      \"Effect\": \"Allow\",\n      \"Action\": [\n        \"kms:Update*\",\n        \"kms:UntagResource\",\n        \"kms:TagResource\",\n        \"kms:ScheduleKeyDeletion\",\n        \"kms:Revoke*\",\n        \"kms:ReplicateKey\",\n        \"kms:Put*\",\n        \"kms:List*\",\n        \"kms:ImportKeyMaterial\",\n        \"kms:Get*\",\n        \"kms:Enable*\",\n        \"kms:Disable*\",\n        \"kms:Describe*\",\n        \"kms:Delete*\",\n        \"kms:Create*\",\n        \"kms:CancelKeyDeletion\"\n      ],\n      \"Resource\": \"*\",\n      \"Principal\": {\n        \"AWS\": \"arn:aws:sts::111594127594:assumed-role/ct-ado-batcave-techadmin/PDYW\"\n      }\n    },\n    {\n      \"Sid\": \"KeyUsage\",\n      \"Effect\": \"Allow\",\n      \"Action\": [\n        \"kms:ReEncrypt*\",\n        \"kms:GenerateDataKey*\",\n        \"kms:Encrypt\",\n        \"kms:DescribeKey\",\n        \"kms:Decrypt\"\n      ],\n      \"Resource\": \"*\",\n      \"Principal\": {\n        \"AWS\": \"*\"\n      }\n    }\n  ]\n}",
            "minified_json": "{\"Version\":\"2012-10-17\",\"Statement\":[{\"Sid\":\"Default\",\"Effect\":\"Allow\",\"Action\":\"kms:*\",\"Resource\":\"*\",\"Principal\":{\"AWS\":\"arn:aws:iam::111594127594:root\"}},{\"Sid\":\"KeyOwner\",\"Effect\":\"Allow\",\"Action\":\"kms:*\",\"Resource\":\"*\",\"Principal\":{\"AWS\":\"arn:aws:sts::111594127594:assumed-role/ct-ado-batcave-techadmin/PDYW\"}},{\"Sid\":\"KeyAdministration\",\"Effect\":\"Allow\",\"Action\":[\"kms:Update*\",\"kms:UntagResource\",\"kms:TagResource\",\"kms:ScheduleKeyDeletion\",\"kms:Revoke*\",\"kms:ReplicateKey\",\"kms:Put*\",\"kms:List*\",\"kms:ImportKeyMaterial\",\"kms:Get*\",\"kms:Enable*\",\"kms:Disable*\",\"kms:Describe*\",\"kms:Delete*\",\"kms:Create*\",\"kms:CancelKeyDeletion\"],\"Resource\":\"*\",\"Principal\":{\"AWS\":\"arn:aws:sts::111594127594:assumed-role/ct-ado-batcave-techadmin/PDYW\"}},{\"Sid\":\"KeyUsage\",\"Effect\":\"Allow\",\"Action\":[\"kms:ReEncrypt*\",\"kms:GenerateDataKey*\",\"kms:Encrypt\",\"kms:DescribeKey\",\"kms:Decrypt\"],\"Resource\":\"*\",\"Principal\":{\"AWS\":\"*\"}}]}",
            "override_json": null,
            "override_policy_documents": null,
            "policy_id": null,
            "source_json": null,
            "source_policy_documents": null,
            "statement": [
              {
                "actions": [
                  "kms:*"
                ],
                "condition": [],
                "effect": "Allow",
                "not_actions": [],
                "not_principals": [],
                "not_resources": [],
                "principals": [
                  {
                    "identifiers": [
                      "arn:aws:iam::111594127594:root"
                    ],
                    "type": "AWS"
                  }
                ],
                "resources": [
                  "*"
                ],
                "sid": "Default"
              },
              {
                "actions": [
                  "kms:*"
                ],
                "condition": [],
                "effect": "Allow",
                "not_actions": [],
                "not_principals": [],
                "not_resources": [],
                "principals": [
                  {
                    "identifiers": [
                      "arn:aws:sts::111594127594:assumed-role/ct-ado-batcave-techadmin/PDYW"
                    ],
                    "type": "AWS"
                  }
                ],
                "resources": [
                  "*"
                ],
                "sid": "KeyOwner"
              },
              {
                "actions": [
                  "kms:CancelKeyDeletion",
                  "kms:Create*",
                  "kms:Delete*",
                  "kms:Describe*",
                  "kms:Disable*",
                  "kms:Enable*",
                  "kms:Get*",
                  "kms:ImportKeyMaterial",
                  "kms:List*",
                  "kms:Put*",
                  "kms:ReplicateKey",
                  "kms:Revoke*",
                  "kms:ScheduleKeyDeletion",
                  "kms:TagResource",
                  "kms:UntagResource",
                  "kms:Update*"
                ],
                "condition": [],
                "effect": "Allow",
                "not_actions": [],
                "not_principals": [],
                "not_resources": [],
                "principals": [
                  {
                    "identifiers": [
                      "arn:aws:sts::111594127594:assumed-role/ct-ado-batcave-techadmin/PDYW"
                    ],
                    "type": "AWS"
                  }
                ],
                "resources": [
                  "*"
                ],
                "sid": "KeyAdministration"
              },
              {
                "actions": [
                  "kms:Decrypt",
                  "kms:DescribeKey",
                  "kms:Encrypt",
                  "kms:GenerateDataKey*",
                  "kms:ReEncrypt*"
                ],
                "condition": [],
                "effect": "Allow",
                "not_actions": [],
                "not_principals": [],
                "not_resources": [],
                "principals": [
                  {
                    "identifiers": [
                      "*"
                    ],
                    "type": "AWS"
                  }
                ],
                "resources": [
                  "*"
                ],
                "sid": "KeyUsage"
              }
            ],
            "version": "2012-10-17"
          },
          "sensitive_attributes": []
        }
      ]
    },
    {
      "module": "module.main-eks.module.ebs_kms",
      "mode": "data",
      "type": "aws_partition",
      "name": "current",
      "provider": "provider[\"registry.terraform.io/hashicorp/aws\"]",
      "instances": [
        {
          "index_key": 0,
          "schema_version": 0,
          "attributes": {
            "dns_suffix": "amazonaws.com",
            "id": "aws",
            "partition": "aws",
            "reverse_dns_prefix": "com.amazonaws"
          },
          "sensitive_attributes": []
        }
      ]
    },
    {
      "module": "module.main-eks.module.ebs_kms",
      "mode": "managed",
      "type": "aws_kms_alias",
      "name": "this",
      "provider": "provider[\"registry.terraform.io/hashicorp/aws\"]",
      "instances": [
        {
          "index_key": "hema-test-ebs",
          "schema_version": 0,
          "attributes": {
            "arn": "arn:aws:kms:us-east-1:111594127594:alias/hema-test-ebs",
            "id": "alias/hema-test-ebs",
            "name": "alias/hema-test-ebs",
            "name_prefix": "",
            "target_key_arn": "arn:aws:kms:us-east-1:111594127594:key/767ceb44-d6c4-4d06-a719-4ccd0dfb8253",
            "target_key_id": "767ceb44-d6c4-4d06-a719-4ccd0dfb8253"
          },
          "sensitive_attributes": [],
          "private": "bnVsbA==",
          "dependencies": [
            "module.main-eks.module.ebs_kms.aws_kms_external_key.this",
            "module.main-eks.module.ebs_kms.aws_kms_key.this",
            "module.main-eks.module.ebs_kms.aws_kms_replica_external_key.this",
            "module.main-eks.module.ebs_kms.aws_kms_replica_key.this",
            "module.main-eks.module.ebs_kms.data.aws_iam_policy_document.this"
          ]
        }
      ]
    },
    {
      "module": "module.main-eks.module.ebs_kms",
      "mode": "managed",
      "type": "aws_kms_external_key",
      "name": "this",
      "provider": "provider[\"registry.terraform.io/hashicorp/aws\"]",
      "instances": []
    },
    {
      "module": "module.main-eks.module.ebs_kms",
      "mode": "managed",
      "type": "aws_kms_key",
      "name": "this",
      "provider": "provider[\"registry.terraform.io/hashicorp/aws\"]",
      "instances": [
        {
          "index_key": 0,
          "schema_version": 0,
          "attributes": {
            "arn": "arn:aws:kms:us-east-1:111594127594:key/767ceb44-d6c4-4d06-a719-4ccd0dfb8253",
            "bypass_policy_lockout_safety_check": false,
            "custom_key_store_id": "",
            "customer_master_key_spec": "SYMMETRIC_DEFAULT",
            "deletion_window_in_days": 7,
            "description": "Encrypt and decrypt data for EBS",
            "enable_key_rotation": true,
            "id": "767ceb44-d6c4-4d06-a719-4ccd0dfb8253",
            "is_enabled": true,
            "key_id": "767ceb44-d6c4-4d06-a719-4ccd0dfb8253",
            "key_usage": "ENCRYPT_DECRYPT",
            "multi_region": false,
            "policy": "{\"Statement\":[{\"Action\":\"kms:*\",\"Effect\":\"Allow\",\"Principal\":{\"AWS\":\"arn:aws:iam::111594127594:root\"},\"Resource\":\"*\",\"Sid\":\"Default\"},{\"Action\":\"kms:*\",\"Effect\":\"Allow\",\"Principal\":{\"AWS\":\"arn:aws:sts::111594127594:assumed-role/ct-ado-batcave-techadmin/PDYW\"},\"Resource\":\"*\",\"Sid\":\"KeyOwner\"},{\"Action\":[\"kms:Update*\",\"kms:UntagResource\",\"kms:TagResource\",\"kms:ScheduleKeyDeletion\",\"kms:Revoke*\",\"kms:ReplicateKey\",\"kms:Put*\",\"kms:List*\",\"kms:ImportKeyMaterial\",\"kms:Get*\",\"kms:Enable*\",\"kms:Disable*\",\"kms:Describe*\",\"kms:Delete*\",\"kms:Create*\",\"kms:CancelKeyDeletion\"],\"Effect\":\"Allow\",\"Principal\":{\"AWS\":\"arn:aws:sts::111594127594:assumed-role/ct-ado-batcave-techadmin/PDYW\"},\"Resource\":\"*\",\"Sid\":\"KeyAdministration\"},{\"Action\":[\"kms:ReEncrypt*\",\"kms:GenerateDataKey*\",\"kms:Encrypt\",\"kms:DescribeKey\",\"kms:Decrypt\"],\"Effect\":\"Allow\",\"Principal\":{\"AWS\":\"*\"},\"Resource\":\"*\",\"Sid\":\"KeyUsage\"}],\"Version\":\"2012-10-17\"}",
            "rotation_period_in_days": 90,
            "tags": {
              "Name": "EBS"
            },
            "tags_all": {
              "Creator": "Terraform",
              "Name": "EBS"
            },
            "timeouts": null,
            "xks_key_id": ""
          },
          "sensitive_attributes": [],
          "private": "eyJlMmJmYjczMC1lY2FhLTExZTYtOGY4OC0zNDM2M2JjN2M0YzAiOnsiY3JlYXRlIjoxMjAwMDAwMDAwMDB9fQ==",
          "dependencies": [
            "module.main-eks.module.ebs_kms.data.aws_iam_policy_document.this"
          ]
        }
      ]
    },
    {
      "module": "module.main-eks.module.ebs_kms",
      "mode": "managed",
      "type": "aws_kms_replica_external_key",
      "name": "this",
      "provider": "provider[\"registry.terraform.io/hashicorp/aws\"]",
      "instances": []
    },
    {
      "module": "module.main-eks.module.ebs_kms",
      "mode": "managed",
      "type": "aws_kms_replica_key",
      "name": "this",
      "provider": "provider[\"registry.terraform.io/hashicorp/aws\"]",
      "instances": []
    },
    {
      "module": "module.main-eks.module.eks",
      "mode": "data",
      "type": "aws_caller_identity",
      "name": "current",
      "provider": "provider[\"registry.terraform.io/hashicorp/aws\"]",
      "instances": [
        {
          "schema_version": 0,
          "attributes": {
            "account_id": "111594127594",
            "arn": "arn:aws:sts::111594127594:assumed-role/ct-ado-batcave-techadmin/PDYW",
            "id": "111594127594",
            "user_id": "AROART64HIDVDKJZ7XSD4:PDYW"
          },
          "sensitive_attributes": []
        }
      ]
    },
    {
      "module": "module.main-eks.module.eks",
      "mode": "data",
      "type": "aws_iam_policy_document",
      "name": "assume_role_policy",
      "provider": "provider[\"registry.terraform.io/hashicorp/aws\"]",
      "instances": [
        {
          "index_key": 0,
          "schema_version": 0,
          "attributes": {
            "id": "2764486067",
            "json": "{\n  \"Version\": \"2012-10-17\",\n  \"Statement\": [\n    {\n      \"Sid\": \"EKSClusterAssumeRole\",\n      \"Effect\": \"Allow\",\n      \"Action\": \"sts:AssumeRole\",\n      \"Principal\": {\n        \"Service\": \"eks.amazonaws.com\"\n      }\n    }\n  ]\n}",
            "minified_json": "{\"Version\":\"2012-10-17\",\"Statement\":[{\"Sid\":\"EKSClusterAssumeRole\",\"Effect\":\"Allow\",\"Action\":\"sts:AssumeRole\",\"Principal\":{\"Service\":\"eks.amazonaws.com\"}}]}",
            "override_json": null,
            "override_policy_documents": null,
            "policy_id": null,
            "source_json": null,
            "source_policy_documents": null,
            "statement": [
              {
                "actions": [
                  "sts:AssumeRole"
                ],
                "condition": [],
                "effect": "Allow",
                "not_actions": [],
                "not_principals": [],
                "not_resources": [],
                "principals": [
                  {
                    "identifiers": [
                      "eks.amazonaws.com"
                    ],
                    "type": "Service"
                  }
                ],
                "resources": [],
                "sid": "EKSClusterAssumeRole"
              }
            ],
            "version": "2012-10-17"
          },
          "sensitive_attributes": []
        }
      ]
    },
    {
      "module": "module.main-eks.module.eks",
      "mode": "data",
      "type": "aws_iam_session_context",
      "name": "current",
      "provider": "provider[\"registry.terraform.io/hashicorp/aws\"]",
      "instances": [
        {
          "schema_version": 0,
          "attributes": {
            "arn": "arn:aws:sts::111594127594:assumed-role/ct-ado-batcave-techadmin/PDYW",
            "id": "arn:aws:sts::111594127594:assumed-role/ct-ado-batcave-techadmin/PDYW",
            "issuer_arn": "arn:aws:iam::111594127594:role/ct-ado-batcave-techadmin",
            "issuer_id": "AROART64HIDVDKJZ7XSD4",
            "issuer_name": "ct-ado-batcave-techadmin",
            "session_name": "PDYW"
          },
          "sensitive_attributes": []
        }
      ]
    },
    {
      "module": "module.main-eks.module.eks",
      "mode": "data",
      "type": "aws_partition",
      "name": "current",
      "provider": "provider[\"registry.terraform.io/hashicorp/aws\"]",
      "instances": [
        {
          "schema_version": 0,
          "attributes": {
            "dns_suffix": "amazonaws.com",
            "id": "aws",
            "partition": "aws",
            "reverse_dns_prefix": "com.amazonaws"
          },
          "sensitive_attributes": []
        }
      ]
    },
    {
      "module": "module.main-eks.module.eks",
      "mode": "data",
      "type": "tls_certificate",
      "name": "this",
      "provider": "provider[\"registry.terraform.io/hashicorp/tls\"]",
      "instances": [
        {
          "index_key": 0,
          "schema_version": 0,
          "attributes": {
            "certificates": [
              {
                "cert_pem": "-----BEGIN CERTIFICATE-----\nMIIEdTCCA12gAwIBAgIJAKcOSkw0grd/MA0GCSqGSIb3DQEBCwUAMGgxCzAJBgNV\nBAYTAlVTMSUwIwYDVQQKExxTdGFyZmllbGQgVGVjaG5vbG9naWVzLCBJbmMuMTIw\nMAYDVQQLEylTdGFyZmllbGQgQ2xhc3MgMiBDZXJ0aWZpY2F0aW9uIEF1dGhvcml0\neTAeFw0wOTA5MDIwMDAwMDBaFw0zNDA2MjgxNzM5MTZaMIGYMQswCQYDVQQGEwJV\nUzEQMA4GA1UECBMHQXJpem9uYTETMBEGA1UEBxMKU2NvdHRzZGFsZTElMCMGA1UE\nChMcU3RhcmZpZWxkIFRlY2hub2xvZ2llcywgSW5jLjE7MDkGA1UEAxMyU3RhcmZp\nZWxkIFNlcnZpY2VzIFJvb3QgQ2VydGlmaWNhdGUgQXV0aG9yaXR5IC0gRzIwggEi\nMA0GCSqGSIb3DQEBAQUAA4IBDwAwggEKAoIBAQDVDDrEKvlO4vW+GZdfjohTsR8/\ny8+fIBNtKTrID30892t2OGPZNmCom15cAICyL1l/9of5JUOG52kbUpqQ4XHj2C0N\nTm/2yEnZtvMaVq4rtnQU68/7JuMauh2WLmo7WJSJR1b/JaCTcFOD2oR0FMNnngRo\nOt+OQFodSk7PQ5E751bWAHDLUu57fa4657wx+UX2wmDPE1kCK4DMNEffud6QZW0C\nzyyRpqbn3oUYSXxmTqM6bam17jQuug0DuDPfR+uxa40l2ZvOgdFFRjKWcIfeAg5J\nQ4W2bHO7ZOphQazJ1FTfhy/HIrImzJ9ZVGif/L4qL8RVHHVAYBeFAlU5i38FAgMB\nAAGjgfAwge0wDwYDVR0TAQH/BAUwAwEB/zAOBgNVHQ8BAf8EBAMCAYYwHQYDVR0O\nBBYEFJxfAN+qAdcwKziIorhtSpzyEZGDMB8GA1UdIwQYMBaAFL9ft9HO3R+G9FtV\nrNzXEMIOqYjnME8GCCsGAQUFBwEBBEMwQTAcBggrBgEFBQcwAYYQaHR0cDovL28u\nc3MyLnVzLzAhBggrBgEFBQcwAoYVaHR0cDovL3guc3MyLnVzL3guY2VyMCYGA1Ud\nHwQfMB0wG6AZoBeGFWh0dHA6Ly9zLnNzMi51cy9yLmNybDARBgNVHSAECjAIMAYG\nBFUdIAAwDQYJKoZIhvcNAQELBQADggEBACMd44pXyn3pF3lM8R5V/cxTbj5HD9/G\nVfKyBDbtgB9TxF00KGu+x1X8Z+rLP3+QsjPNG1gQggL4+C/1E2DUBc7xgQjB3ad1\nl08YuW3e95ORCLp+QCztweq7dp4zBncdDQh/U90bZKuCJ/Fp1U1ervShw3WnWEQt\n8jxwmKy6abaVd38PMV4s/KCHOkdp8Hlf9BRUpJVeEXgSYCfOn8J3/yNTd126/+pZ\n59vPr5KW7ySaNRB6nJHGDn2Z9j8Z3/VyVOEVqQdZe4O/Ui5GjLIAZHYcSNPYeehu\nVsyuLAOQ1xk4meTKCRlb/weWsKh/NEnfVqn3sF/tM+2MR7cwA130A4w=\n-----END CERTIFICATE-----\n",
                "is_ca": true,
                "issuer": "OU=Starfield Class 2 Certification Authority,O=Starfield Technologies\\, Inc.,C=US",
                "not_after": "2034-06-28T17:39:16Z",
                "not_before": "2009-09-02T00:00:00Z",
                "public_key_algorithm": "RSA",
                "serial_number": "12037640545166866303",
                "sha1_fingerprint": "9e99a48a9960b14926bb7f3b02e22da2b0ab7280",
                "signature_algorithm": "SHA256-RSA",
                "subject": "CN=Starfield Services Root Certificate Authority - G2,O=Starfield Technologies\\, Inc.,L=Scottsdale,ST=Arizona,C=US",
                "version": 3
              },
              {
                "cert_pem": "-----BEGIN CERTIFICATE-----\nMIIEkjCCA3qgAwIBAgITBn+USionzfP6wq4rAfkI7rnExjANBgkqhkiG9w0BAQsF\nADCBmDELMAkGA1UEBhMCVVMxEDAOBgNVBAgTB0FyaXpvbmExEzARBgNVBAcTClNj\nb3R0c2RhbGUxJTAjBgNVBAoTHFN0YXJmaWVsZCBUZWNobm9sb2dpZXMsIEluYy4x\nOzA5BgNVBAMTMlN0YXJmaWVsZCBTZXJ2aWNlcyBSb290IENlcnRpZmljYXRlIEF1\ndGhvcml0eSAtIEcyMB4XDTE1MDUyNTEyMDAwMFoXDTM3MTIzMTAxMDAwMFowOTEL\nMAkGA1UEBhMCVVMxDzANBgNVBAoTBkFtYXpvbjEZMBcGA1UEAxMQQW1hem9uIFJv\nb3QgQ0EgMTCCASIwDQYJKoZIhvcNAQEBBQADggEPADCCAQoCggEBALJ4gHHKeNXj\nca9HgFB0fW7Y14h29Jlo91ghYPl0hAEvrAIthtOgQ3pOsqTQNroBvo3bSMgHFzZM\n9O6II8c+6zf1tRn4SWiw3te5djgdYZ6k/oI2peVKVuRF4fn9tBb6dNqcmzU5L/qw\nIFAGbHrQgLKm+a/sRxmPUDgH3KKHOVj4utWp+UhnMJbulHheb4mjUcAwhmahRWa6\nVOujw5H5SNz/0egwLX0tdHA114gk957EWW67c4cX8jJGKLhD+rcdqsq08p8kDi1L\n93FcXmn/6pUCyziKrlA4b9v7LWIbxcceVOF34GfID5yHI9Y/QCB/IIDEgEw+OyQm\njgSubJrIqg0CAwEAAaOCATEwggEtMA8GA1UdEwEB/wQFMAMBAf8wDgYDVR0PAQH/\nBAQDAgGGMB0GA1UdDgQWBBSEGMyFNOy8DJSULghZnMeyEE4KCDAfBgNVHSMEGDAW\ngBScXwDfqgHXMCs4iKK4bUqc8hGRgzB4BggrBgEFBQcBAQRsMGowLgYIKwYBBQUH\nMAGGImh0dHA6Ly9vY3NwLnJvb3RnMi5hbWF6b250cnVzdC5jb20wOAYIKwYBBQUH\nMAKGLGh0dHA6Ly9jcnQucm9vdGcyLmFtYXpvbnRydXN0LmNvbS9yb290ZzIuY2Vy\nMD0GA1UdHwQ2MDQwMqAwoC6GLGh0dHA6Ly9jcmwucm9vdGcyLmFtYXpvbnRydXN0\nLmNvbS9yb290ZzIuY3JsMBEGA1UdIAQKMAgwBgYEVR0gADANBgkqhkiG9w0BAQsF\nAAOCAQEAYjdCXLwQtT6LLOkMm2xF4gcAevnFWAu5CIw+7bMlPLVvUOTNNWqnkzSW\nMiGpSESrnO09tKpzbeR/FoCJbM8oAxiDR3mjEH4wW6w7sGDgd9QIpuEdfF7Au/ma\neyKdpwAJfqxGF4PcnCZXmTA5YpaP7dreqsXMGz7KQ2hsVxa81Q4gLv7/wmpdLqBK\nbRRYh5TmOTFffHPLkIhqhBGWJ6bt2YFGpn6jcgAKUj6DiAdjd4lpFw85hdKrCEVN\n0FE6/V1dN2RMfjCyVSRCnTawXZwXgWHxyvkQAiSr6w10kY17RSlQOYiypok1JR4U\nakcjMS9cmvqtmg5iUaQqqcT5NJ0hGA==\n-----END CERTIFICATE-----\n",
                "is_ca": true,
                "issuer": "CN=Starfield Services Root Certificate Authority - G2,O=Starfield Technologies\\, Inc.,L=Scottsdale,ST=Arizona,C=US",
                "not_after": "2037-12-31T01:00:00Z",
                "not_before": "2015-05-25T12:00:00Z",
                "public_key_algorithm": "RSA",
                "serial_number": "144918191876577076464031512351042010504348870",
                "sha1_fingerprint": "06b25927c42a721631c1efd9431e648fa62e1e39",
                "signature_algorithm": "SHA256-RSA",
                "subject": "CN=Amazon Root CA 1,O=Amazon,C=US",
                "version": 3
              },
              {
                "cert_pem": "-----BEGIN CERTIFICATE-----\nMIIEXjCCA0agAwIBAgITB3MSSkvL1E7HtTvq8ZSELToPoTANBgkqhkiG9w0BAQsF\nADA5MQswCQYDVQQGEwJVUzEPMA0GA1UEChMGQW1hem9uMRkwFwYDVQQDExBBbWF6\nb24gUm9vdCBDQSAxMB4XDTIyMDgyMzIyMjUzMFoXDTMwMDgyMzIyMjUzMFowPDEL\nMAkGA1UEBhMCVVMxDzANBgNVBAoTBkFtYXpvbjEcMBoGA1UEAxMTQW1hem9uIFJT\nQSAyMDQ4IE0wMjCCASIwDQYJKoZIhvcNAQEBBQADggEPADCCAQoCggEBALtDGMZa\nqHneKei1by6+pUPPLljTB143Si6VpEWPc6mSkFhZb/6qrkZyoHlQLbDYnI2D7hD0\nsdzEqfnuAjIsuXQLG3A8TvX6V3oFNBFVe8NlLJHvBseKY88saLwufxkZVwk74g4n\nWlNMXzla9Y5F3wwRHwMVH443xGz6UtGSZSqQ94eFx5X7Tlqt8whi8qCaKdZ5rNak\n+r9nUThOeClqFd4oXych//Rc7Y0eX1KNWHYSI1Nk31mYgiK3JvH063g+K9tHA63Z\neTgKgndlh+WI+zv7i44HepRZjA1FYwYZ9Vv/9UkC5Yz8/yU65fgjaE+wVHM4e/Yy\nC2osrPWE7gJ+dXMCAwEAAaOCAVowggFWMBIGA1UdEwEB/wQIMAYBAf8CAQAwDgYD\nVR0PAQH/BAQDAgGGMB0GA1UdJQQWMBQGCCsGAQUFBwMBBggrBgEFBQcDAjAdBgNV\nHQ4EFgQUwDFSzVpQw4J8dHHOy+mc+XrrguIwHwYDVR0jBBgwFoAUhBjMhTTsvAyU\nlC4IWZzHshBOCggwewYIKwYBBQUHAQEEbzBtMC8GCCsGAQUFBzABhiNodHRwOi8v\nb2NzcC5yb290Y2ExLmFtYXpvbnRydXN0LmNvbTA6BggrBgEFBQcwAoYuaHR0cDov\nL2NydC5yb290Y2ExLmFtYXpvbnRydXN0LmNvbS9yb290Y2ExLmNlcjA/BgNVHR8E\nODA2MDSgMqAwhi5odHRwOi8vY3JsLnJvb3RjYTEuYW1hem9udHJ1c3QuY29tL3Jv\nb3RjYTEuY3JsMBMGA1UdIAQMMAowCAYGZ4EMAQIBMA0GCSqGSIb3DQEBCwUAA4IB\nAQAtTi6Fs0Azfi+iwm7jrz+CSxHH+uHl7Law3MQSXVtR8RV53PtR6r/6gNpqlzdo\nZq4FKbADi1v9Bun8RY8D51uedRfjsbeodizeBB8nXmeyD33Ep7VATj4ozcd31YFV\nfgRhvTSxNrrTlNpWkUk0m3BMPv8sg381HhA6uEYokE5q9uws/3YkKqRiEz3TsaWm\nJqIRZhMbgAfp7O7FUwFIb7UIspogZSKxPIWJpxiPo3TcBambbVtQOcNRWz5qCQdD\nslI2yayq0n2TXoHyNCLEH8rpsJRVILFsg0jc7BaFrMnF462+ajSehgj12IidNeRN\n4zl+EoNaWdpnWndvSpAEkq2P\n-----END CERTIFICATE-----\n",
                "is_ca": true,
                "issuer": "CN=Amazon Root CA 1,O=Amazon,C=US",
                "not_after": "2030-08-23T22:25:30Z",
                "not_before": "2022-08-23T22:25:30Z",
                "public_key_algorithm": "RSA",
                "serial_number": "166129353110899469622597955040406457904926625",
                "sha1_fingerprint": "414a2060b738c635cc7fc243e052615592830c53",
                "signature_algorithm": "SHA256-RSA",
                "subject": "CN=Amazon RSA 2048 M02,O=Amazon,C=US",
                "version": 3
              },
              {
                "cert_pem": "-----BEGIN CERTIFICATE-----\nMIIF5TCCBM2gAwIBAgIQCJL9XGbawpZ6IsGGvDqdyDANBgkqhkiG9w0BAQsFADA8\nMQswCQYDVQQGEwJVUzEPMA0GA1UEChMGQW1hem9uMRwwGgYDVQQDExNBbWF6b24g\nUlNBIDIwNDggTTAyMB4XDTI0MDMyODAwMDAwMFoXDTI1MDQyNjIzNTk1OVowKDEm\nMCQGA1UEAwwdKi5la3MudXMtZWFzdC0xLmFtYXpvbmF3cy5jb20wggEiMA0GCSqG\nSIb3DQEBAQUAA4IBDwAwggEKAoIBAQC4iVpgxjgOmMKdC2tYTHa9yzuuLdYCjpC6\nxN1VgI71uTiSxUGf6R3N/Rdk5vjz2COu3fsVgMh6cCpqrPlxU/5uP0/DFfQGdVxB\nbZ4vYRC9jIbgyKmwqOEJMD/9B3iGHz3KpBpnXDcuulqWsCtuuqxjnMLL4h1UdOeA\nPNwhOyQxKMHl+LfrCZeCuehKch+XM/8lhdKgYyLp8o1Nm7IsNG1aN6iNoZ6rxEyU\nVw6fV+pZDaIrxkYf7unQrAfUWR122pXGzWRtv5VGZLjrci8ev4ZpgGViIzb2LOqT\nFm8gde6aURlAm4uMDFzmZ/iOqEV+52vO9Z0E6Yo5M3dJZqQo7uUpAgMBAAGjggL1\nMIIC8TAfBgNVHSMEGDAWgBTAMVLNWlDDgnx0cc7L6Zz5euuC4jAdBgNVHQ4EFgQU\nhG1ZDKa76htLZVXP+E3P3GnYHjEwKAYDVR0RBCEwH4IdKi5la3MudXMtZWFzdC0x\nLmFtYXpvbmF3cy5jb20wEwYDVR0gBAwwCjAIBgZngQwBAgEwDgYDVR0PAQH/BAQD\nAgWgMB0GA1UdJQQWMBQGCCsGAQUFBwMBBggrBgEFBQcDAjA7BgNVHR8ENDAyMDCg\nLqAshipodHRwOi8vY3JsLnIybTAyLmFtYXpvbnRydXN0LmNvbS9yMm0wMi5jcmww\ndQYIKwYBBQUHAQEEaTBnMC0GCCsGAQUFBzABhiFodHRwOi8vb2NzcC5yMm0wMi5h\nbWF6b250cnVzdC5jb20wNgYIKwYBBQUHMAKGKmh0dHA6Ly9jcnQucjJtMDIuYW1h\nem9udHJ1c3QuY29tL3IybTAyLmNlcjAMBgNVHRMBAf8EAjAAMIIBfQYKKwYBBAHW\neQIEAgSCAW0EggFpAWcAdgDPEVbu1S58r/OHW9lpLpvpGnFnSrAX7KwB0lt3zsw7\nCAAAAY6HAoTcAAAEAwBHMEUCIHI392+k5Ds777nM4CwNr+xjjCr49CQ/vHIJDZJX\nokM7AiEA++VPDyyMLijPy0GR8ZBIvAcrYbjfJXTF3GkizeJLVJIAdgB9WR4S4Xgq\nexxhZ3xe/fjQh1wUoE6VnrkDL9kOjC55uAAAAY6HAoTeAAAEAwBHMEUCICBkhMaf\n9gdR3bCbLxXFbHNEXUh7t3P/SxaUKDcE6UmIAiEA25zZ9aBt/mrhDcMc155V8qnw\nadTEqttLdP4XMEmMsPAAdQDm0jFjQHeMwRBBBtdxuc7B0kD2loSG+7qHMh39HjeO\nUAAAAY6HAoTxAAAEAwBGMEQCIFFF4kpqcNgHFzRi2cnL4HbNApZlnlc+Re9IyYXi\nCldqAiBkZUgs12iu2uWGU97VUAICt2+zZkhjUV3i+O3kYh1yrTANBgkqhkiG9w0B\nAQsFAAOCAQEAWY5OxR7rWtYFS09xAYYIHlBF7wdUxQH60zi/IqAHZIRCFI1xHdsJ\n0BUv30lLyiGtVr4DheBo81/IErBRpXmSkdoDJA+5d/Jz3EFtbrVogjESALAgBfSG\nuJX0QLshjyTl9O2r00qkxIhbKmSPSl9JQVxqt2jTaB6pD3SjWX6U+l397Ns1L6pI\nb1418oVo7LeHwEeEx6APMIyjzlfcXdCHA6lVKeiNF8SH+QW+h6ZOpGXJIU6llBjg\nWAhscqrGRj1APpuKWGVkVCweAjIOcEuWV8Fqmfp1h9jmeUkG6SoBifrl41PvhK0o\nqQ3LlAF6Op6n7JLa2rlXkf6LienZDVlSuQ==\n-----END CERTIFICATE-----\n",
                "is_ca": false,
                "issuer": "CN=Amazon RSA 2048 M02,O=Amazon,C=US",
                "not_after": "2025-04-26T23:59:59Z",
                "not_before": "2024-03-28T00:00:00Z",
                "public_key_algorithm": "RSA",
                "serial_number": "11397038078078022747295509550808604104",
                "sha1_fingerprint": "9451ad2b53c7f41fab22886cc07d482085336561",
                "signature_algorithm": "SHA256-RSA",
                "subject": "CN=*.eks.us-east-1.amazonaws.com",
                "version": 3
              }
            ],
            "content": null,
            "id": "99d41e43229a4cdaf4141f3e8310e6d95c31dab9",
            "url": "https://oidc.eks.us-east-1.amazonaws.com/id/9D3B7F481A1A33B6AC3F86D8F7B0364C",
            "verify_chain": true
          },
          "sensitive_attributes": []
        }
      ]
    },
    {
      "module": "module.main-eks.module.eks",
      "mode": "managed",
      "type": "aws_cloudwatch_log_group",
      "name": "this",
      "provider": "provider[\"registry.terraform.io/hashicorp/aws\"]",
      "instances": [
        {
          "index_key": 0,
          "schema_version": 0,
          "attributes": {
            "arn": "arn:aws:logs:us-east-1:111594127594:log-group:/aws/eks/hema-test/cluster",
            "id": "/aws/eks/hema-test/cluster",
            "kms_key_id": "arn:aws:kms:us-east-1:111594127594:key/63038765-e697-4aeb-b642-96e8de645e1b",
            "log_group_class": "STANDARD",
            "name": "/aws/eks/hema-test/cluster",
            "name_prefix": "",
            "retention_in_days": 365,
            "skip_destroy": false,
            "tags": {
              "Name": "/aws/eks/hema-test/cluster"
            },
            "tags_all": {
              "Creator": "Terraform",
              "Name": "/aws/eks/hema-test/cluster"
            }
          },
          "sensitive_attributes": [],
          "private": "bnVsbA==",
          "dependencies": [
            "module.main-eks.module.cloudwatch_kms.aws_kms_external_key.this",
            "module.main-eks.module.cloudwatch_kms.aws_kms_key.this",
            "module.main-eks.module.cloudwatch_kms.aws_kms_replica_external_key.this",
            "module.main-eks.module.cloudwatch_kms.aws_kms_replica_key.this",
            "module.main-eks.module.cloudwatch_kms.data.aws_iam_policy_document.this"
          ],
          "create_before_destroy": true
        }
      ]
    },
    {
      "module": "module.main-eks.module.eks",
      "mode": "managed",
      "type": "aws_eks_access_entry",
      "name": "this",
      "provider": "provider[\"registry.terraform.io/hashicorp/aws\"]",
      "instances": [
        {
          "index_key": "cluster_creator",
          "schema_version": 0,
          "attributes": {
            "access_entry_arn": "arn:aws:eks:us-east-1:111594127594:access-entry/hema-test/role/111594127594/ct-ado-batcave-techadmin/b0c80c0e-b517-afb4-8d45-9039c63abf7e",
            "cluster_name": "hema-test",
            "created_at": "2024-06-14T18:58:19Z",
            "id": "hema-test:arn:aws:iam::111594127594:role/ct-ado-batcave-techadmin",
            "kubernetes_groups": [],
            "modified_at": "2024-06-14T18:58:19Z",
            "principal_arn": "arn:aws:iam::111594127594:role/ct-ado-batcave-techadmin",
            "tags": {
              "Name": "hema-test"
            },
            "tags_all": {
              "Creator": "Terraform",
              "Name": "hema-test"
            },
            "timeouts": null,
            "type": "STANDARD",
            "user_name": "arn:aws:sts::111594127594:assumed-role/ct-ado-batcave-techadmin/{{SessionName}}"
          },
          "sensitive_attributes": [],
          "private": "eyJlMmJmYjczMC1lY2FhLTExZTYtOGY4OC0zNDM2M2JjN2M0YzAiOnsiY3JlYXRlIjo2MDAwMDAwMDAwMDAsImRlbGV0ZSI6NjAwMDAwMDAwMDAwfX0=",
          "dependencies": [
            "module.main-eks.data.aws_caller_identity.current",
            "module.main-eks.data.aws_partition.current",
            "module.main-eks.data.aws_subnets.private",
            "module.main-eks.data.aws_vpc.vpc",
            "module.main-eks.module.cloudwatch_kms.aws_kms_external_key.this",
            "module.main-eks.module.cloudwatch_kms.aws_kms_key.this",
            "module.main-eks.module.cloudwatch_kms.aws_kms_replica_external_key.this",
            "module.main-eks.module.cloudwatch_kms.aws_kms_replica_key.this",
            "module.main-eks.module.cloudwatch_kms.data.aws_iam_policy_document.this",
            "module.main-eks.module.eks.aws_cloudwatch_log_group.this",
            "module.main-eks.module.eks.aws_eks_cluster.this",
            "module.main-eks.module.eks.aws_iam_policy.cni_ipv6_policy",
            "module.main-eks.module.eks.aws_iam_role.this",
            "module.main-eks.module.eks.aws_iam_role_policy_attachment.this",
            "module.main-eks.module.eks.aws_security_group.cluster",
            "module.main-eks.module.eks.aws_security_group.node",
            "module.main-eks.module.eks.aws_security_group_rule.cluster",
            "module.main-eks.module.eks.aws_security_group_rule.node",
            "module.main-eks.module.eks.data.aws_iam_policy_document.assume_role_policy",
            "module.main-eks.module.eks.data.aws_iam_session_context.current",
            "module.main-eks.module.eks.data.aws_partition.current",
            "module.main-eks.module.eks.module.kms.aws_kms_external_key.this",
            "module.main-eks.module.eks.module.kms.aws_kms_key.this",
            "module.main-eks.module.eks.module.kms.aws_kms_replica_external_key.this",
            "module.main-eks.module.eks.module.kms.aws_kms_replica_key.this",
            "module.main-eks.module.eks.module.kms.data.aws_caller_identity.current",
            "module.main-eks.module.eks.module.kms.data.aws_iam_policy_document.this",
            "module.main-eks.module.eks.module.kms.data.aws_partition.current"
          ],
          "create_before_destroy": true
        }
      ]
    },
    {
      "module": "module.main-eks.module.eks",
      "mode": "managed",
      "type": "aws_eks_access_policy_association",
      "name": "this",
      "provider": "provider[\"registry.terraform.io/hashicorp/aws\"]",
      "instances": [
        {
          "index_key": "cluster_creator_admin",
          "schema_version": 0,
          "attributes": {
            "access_scope": [
              {
                "namespaces": null,
                "type": "cluster"
              }
            ],
            "associated_at": "2024-06-14 18:58:20.444 +0000 UTC",
            "cluster_name": "hema-test",
            "id": "hema-test#arn:aws:iam::111594127594:role/ct-ado-batcave-techadmin#arn:aws:eks::aws:cluster-access-policy/AmazonEKSClusterAdminPolicy",
            "modified_at": "2024-06-14 18:58:20.444 +0000 UTC",
            "policy_arn": "arn:aws:eks::aws:cluster-access-policy/AmazonEKSClusterAdminPolicy",
            "principal_arn": "arn:aws:iam::111594127594:role/ct-ado-batcave-techadmin",
            "timeouts": null
          },
          "sensitive_attributes": [],
          "private": "eyJlMmJmYjczMC1lY2FhLTExZTYtOGY4OC0zNDM2M2JjN2M0YzAiOnsiY3JlYXRlIjo2MDAwMDAwMDAwMDAsImRlbGV0ZSI6NjAwMDAwMDAwMDAwfX0=",
          "dependencies": [
            "module.main-eks.data.aws_caller_identity.current",
            "module.main-eks.data.aws_partition.current",
            "module.main-eks.data.aws_subnets.private",
            "module.main-eks.data.aws_vpc.vpc",
            "module.main-eks.module.cloudwatch_kms.aws_kms_external_key.this",
            "module.main-eks.module.cloudwatch_kms.aws_kms_key.this",
            "module.main-eks.module.cloudwatch_kms.aws_kms_replica_external_key.this",
            "module.main-eks.module.cloudwatch_kms.aws_kms_replica_key.this",
            "module.main-eks.module.cloudwatch_kms.data.aws_iam_policy_document.this",
            "module.main-eks.module.eks.aws_cloudwatch_log_group.this",
            "module.main-eks.module.eks.aws_eks_access_entry.this",
            "module.main-eks.module.eks.aws_eks_cluster.this",
            "module.main-eks.module.eks.aws_iam_policy.cni_ipv6_policy",
            "module.main-eks.module.eks.aws_iam_role.this",
            "module.main-eks.module.eks.aws_iam_role_policy_attachment.this",
            "module.main-eks.module.eks.aws_security_group.cluster",
            "module.main-eks.module.eks.aws_security_group.node",
            "module.main-eks.module.eks.aws_security_group_rule.cluster",
            "module.main-eks.module.eks.aws_security_group_rule.node",
            "module.main-eks.module.eks.data.aws_iam_policy_document.assume_role_policy",
            "module.main-eks.module.eks.data.aws_iam_session_context.current",
            "module.main-eks.module.eks.data.aws_partition.current",
            "module.main-eks.module.eks.module.kms.aws_kms_external_key.this",
            "module.main-eks.module.eks.module.kms.aws_kms_key.this",
            "module.main-eks.module.eks.module.kms.aws_kms_replica_external_key.this",
            "module.main-eks.module.eks.module.kms.aws_kms_replica_key.this",
            "module.main-eks.module.eks.module.kms.data.aws_caller_identity.current",
            "module.main-eks.module.eks.module.kms.data.aws_iam_policy_document.this",
            "module.main-eks.module.eks.module.kms.data.aws_partition.current"
          ],
          "create_before_destroy": true
        }
      ]
    },
    {
      "module": "module.main-eks.module.eks",
      "mode": "managed",
      "type": "aws_eks_addon",
      "name": "before_compute",
      "provider": "provider[\"registry.terraform.io/hashicorp/aws\"]",
      "instances": []
    },
    {
      "module": "module.main-eks.module.eks",
      "mode": "managed",
      "type": "aws_eks_addon",
      "name": "this",
      "provider": "provider[\"registry.terraform.io/hashicorp/aws\"]",
      "instances": []
    },
    {
      "module": "module.main-eks.module.eks",
      "mode": "managed",
      "type": "aws_eks_cluster",
      "name": "this",
      "provider": "provider[\"registry.terraform.io/hashicorp/aws\"]",
      "instances": [
        {
          "index_key": 0,
          "schema_version": 0,
          "attributes": {
            "access_config": [
              {
                "authentication_mode": "API_AND_CONFIG_MAP",
                "bootstrap_cluster_creator_admin_permissions": false
              }
            ],
            "arn": "arn:aws:eks:us-east-1:111594127594:cluster/hema-test",
            "certificate_authority": [
              {
                "data": "LS0tLS1CRUdJTiBDRVJUSUZJQ0FURS0tLS0tCk1JSURCVENDQWUyZ0F3SUJBZ0lJYWxlWkJvWXo1Y2t3RFFZSktvWklodmNOQVFFTEJRQXdGVEVUTUJFR0ExVUUKQXhNS2EzVmlaWEp1WlhSbGN6QWVGdzB5TkRBMk1UUXhPRFE0TWpSYUZ3MHpOREEyTVRJeE9EVXpNalJhTUJVeApFekFSQmdOVkJBTVRDbXQxWW1WeWJtVjBaWE13Z2dFaU1BMEdDU3FHU0liM0RRRUJBUVVBQTRJQkR3QXdnZ0VLCkFvSUJBUURxTzdCZXhweUxHTWpOVGVFYmNnbGhFdEJBWk1Vdm5LcGhPNjhNSS9JK01uZzlHblVoRWR3UUVCTnMKWSt6V3h2WGxSYmhibWVaMHphYUl0dXJpa2dnS092ZlBZL2o2REN6L3dCS1ZOdXFSbzNYcEMrYWZCRjBDOXlZeQphQ2htUEhKQVVqNkJiWjJkYWhGNEFsUHRLTlV5ZXFMVVRaQTIxZEc3clhmczN4R0ZTNFlXaE1wMmNjdjMzYU9BCkFHSkFnbUpVdStCYkZQT0FCdlFyYzNKbXNDVlRzSzdDQVQyNFZjc0NxalNGQUFhMG14NmJwSTUwWDBDZnRmV3kKMkl2dGRYRnIzb2JzdDNlRFNIcTBtMFRpakxKdVZsNnZFcDQvYzVUUkF6TXZXc1VTTDNna2FYaTNCeFBpeS9GYgpDS1JFRG5ORTU5R0p2VlBLVlJHdHlYM3RQVXkxQWdNQkFBR2pXVEJYTUE0R0ExVWREd0VCL3dRRUF3SUNwREFQCkJnTlZIUk1CQWY4RUJUQURBUUgvTUIwR0ExVWREZ1FXQkJSR0JWbGFaancydzMraEpKVVROdTMwY0tDak5EQVYKQmdOVkhSRUVEakFNZ2dwcmRXSmxjbTVsZEdWek1BMEdDU3FHU0liM0RRRUJDd1VBQTRJQkFRQXRhZzQxN0ZEMQppS3BmYkwrQzR0WjgxWXpySnU3UXJieFYvTlhleE0wdzIzTWZvai9qRHhpR1FqY3hHNWVDYkVvaE5wc2xmUHh6CkhpY0llSk43c1QvWWZ0LzVTTCszdFMwU2hmU29kcWtzeXNSQWZ1SktFMDEyVFdMamd5QkNEUFlWc3prQnlXTkwKMHNqQlFrZS9pbTBTcmdIY3BjWUVNRHU5ODhzdDhiQ0JGL3NDUklXRUhXellicUxQMmN4MjhKZDhSZVdTLzREagpYV0VTbU5nVmdtamR2QlFpVEkyNmc3ZVZ3Z3pQTDk1dnQ4ZDE0dXowM2VsMHBDY05TTi9XTlR1TWJ0c21RVTJiCmxHTExPalBrS2oycm4yWmpCNS9HZ3B3WmtmK2ZqVkhaNTZDR3ZWN241TGN1V3ZzRzl5TDhGZk55QS9nOUlGb1kKN0dISzYxMVVPRTJMCi0tLS0tRU5EIENFUlRJRklDQVRFLS0tLS0K"
              }
            ],
            "cluster_id": null,
            "created_at": "2024-06-14 18:48:24.309 +0000 UTC",
            "enabled_cluster_log_types": [
              "api",
              "audit",
              "authenticator",
              "controllerManager",
              "scheduler"
            ],
            "encryption_config": [
              {
                "provider": [
                  {
                    "key_arn": "arn:aws:kms:us-east-1:111594127594:key/7c59f81f-0d4b-4fec-afe0-2991b319b89b"
                  }
                ],
                "resources": [
                  "secrets"
                ]
              }
            ],
            "endpoint": "https://9D3B7F481A1A33B6AC3F86D8F7B0364C.yl4.us-east-1.eks.amazonaws.com",
            "id": "hema-test",
            "identity": [
              {
                "oidc": [
                  {
                    "issuer": "https://oidc.eks.us-east-1.amazonaws.com/id/9D3B7F481A1A33B6AC3F86D8F7B0364C"
                  }
                ]
              }
            ],
            "kubernetes_network_config": [
              {
                "ip_family": "ipv4",
                "service_ipv4_cidr": "172.20.0.0/16",
                "service_ipv6_cidr": ""
              }
            ],
            "name": "hema-test",
            "outpost_config": [],
            "platform_version": "eks.7",
            "role_arn": "arn:aws:iam::111594127594:role/delegatedadmin/developer/eks-hema-test",
            "status": "ACTIVE",
            "tags": {
              "Name": "hema-test",
              "terraform-aws-modules": "eks"
            },
            "tags_all": {
              "Creator": "Terraform",
              "Name": "hema-test",
              "terraform-aws-modules": "eks"
            },
            "timeouts": {
              "create": null,
              "delete": null,
              "update": null
            },
            "version": "1.29",
            "vpc_config": [
              {
                "cluster_security_group_id": "sg-0c9daf0e7276ab90d",
                "endpoint_private_access": true,
                "endpoint_public_access": false,
                "public_access_cidrs": [
                  "0.0.0.0/0"
                ],
                "security_group_ids": [
                  "sg-0d33a5338beac132e"
                ],
                "subnet_ids": [
                  "subnet-035ad9d12298c4d9d",
                  "subnet-0a9ffecd6d6b5f938",
                  "subnet-0fc274cdc0d0c62d9"
                ],
                "vpc_id": "vpc-09e9130e3c54083f1"
              }
            ]
          },
          "sensitive_attributes": [],
          "private": "eyJlMmJmYjczMC1lY2FhLTExZTYtOGY4OC0zNDM2M2JjN2M0YzAiOnsiY3JlYXRlIjoxODAwMDAwMDAwMDAwLCJkZWxldGUiOjkwMDAwMDAwMDAwMCwidXBkYXRlIjozNjAwMDAwMDAwMDAwfX0=",
          "dependencies": [
            "module.main-eks.data.aws_caller_identity.current",
            "module.main-eks.data.aws_partition.current",
            "module.main-eks.data.aws_subnets.private",
            "module.main-eks.data.aws_vpc.vpc",
            "module.main-eks.module.cloudwatch_kms.aws_kms_external_key.this",
            "module.main-eks.module.cloudwatch_kms.aws_kms_key.this",
            "module.main-eks.module.cloudwatch_kms.aws_kms_replica_external_key.this",
            "module.main-eks.module.cloudwatch_kms.aws_kms_replica_key.this",
            "module.main-eks.module.cloudwatch_kms.data.aws_iam_policy_document.this",
            "module.main-eks.module.eks.aws_cloudwatch_log_group.this",
            "module.main-eks.module.eks.aws_iam_policy.cni_ipv6_policy",
            "module.main-eks.module.eks.aws_iam_role.this",
            "module.main-eks.module.eks.aws_iam_role_policy_attachment.this",
            "module.main-eks.module.eks.aws_security_group.cluster",
            "module.main-eks.module.eks.aws_security_group.node",
            "module.main-eks.module.eks.aws_security_group_rule.cluster",
            "module.main-eks.module.eks.aws_security_group_rule.node",
            "module.main-eks.module.eks.data.aws_iam_policy_document.assume_role_policy",
            "module.main-eks.module.eks.data.aws_iam_session_context.current",
            "module.main-eks.module.eks.data.aws_partition.current",
            "module.main-eks.module.eks.module.kms.aws_kms_external_key.this",
            "module.main-eks.module.eks.module.kms.aws_kms_key.this",
            "module.main-eks.module.eks.module.kms.aws_kms_replica_external_key.this",
            "module.main-eks.module.eks.module.kms.aws_kms_replica_key.this",
            "module.main-eks.module.eks.module.kms.data.aws_caller_identity.current",
            "module.main-eks.module.eks.module.kms.data.aws_iam_policy_document.this",
            "module.main-eks.module.eks.module.kms.data.aws_partition.current"
          ],
          "create_before_destroy": true
        }
      ]
    },
    {
      "module": "module.main-eks.module.eks",
      "mode": "managed",
      "type": "aws_eks_identity_provider_config",
      "name": "this",
      "provider": "provider[\"registry.terraform.io/hashicorp/aws\"]",
      "instances": []
    },
    {
      "module": "module.main-eks.module.eks",
      "mode": "managed",
      "type": "aws_iam_openid_connect_provider",
      "name": "oidc_provider",
      "provider": "provider[\"registry.terraform.io/hashicorp/aws\"]",
      "instances": [
        {
          "index_key": 0,
          "schema_version": 0,
          "attributes": {
            "arn": "arn:aws:iam::111594127594:oidc-provider/oidc.eks.us-east-1.amazonaws.com/id/9D3B7F481A1A33B6AC3F86D8F7B0364C",
            "client_id_list": [
              "sts.amazonaws.com"
            ],
            "id": "arn:aws:iam::111594127594:oidc-provider/oidc.eks.us-east-1.amazonaws.com/id/9D3B7F481A1A33B6AC3F86D8F7B0364C",
            "tags": {
              "Name": "hema-test"
            },
            "tags_all": {
              "Creator": "Terraform",
              "Name": "hema-test"
            },
            "thumbprint_list": [
              "9e99a48a9960b14926bb7f3b02e22da2b0ab7280"
            ],
            "url": "oidc.eks.us-east-1.amazonaws.com/id/9D3B7F481A1A33B6AC3F86D8F7B0364C"
          },
          "sensitive_attributes": [],
          "private": "bnVsbA==",
          "dependencies": [
            "module.main-eks.data.aws_caller_identity.current",
            "module.main-eks.data.aws_partition.current",
            "module.main-eks.data.aws_subnets.private",
            "module.main-eks.data.aws_vpc.vpc",
            "module.main-eks.module.cloudwatch_kms.aws_kms_external_key.this",
            "module.main-eks.module.cloudwatch_kms.aws_kms_key.this",
            "module.main-eks.module.cloudwatch_kms.aws_kms_replica_external_key.this",
            "module.main-eks.module.cloudwatch_kms.aws_kms_replica_key.this",
            "module.main-eks.module.cloudwatch_kms.data.aws_iam_policy_document.this",
            "module.main-eks.module.eks.aws_cloudwatch_log_group.this",
            "module.main-eks.module.eks.aws_eks_cluster.this",
            "module.main-eks.module.eks.aws_iam_policy.cni_ipv6_policy",
            "module.main-eks.module.eks.aws_iam_role.this",
            "module.main-eks.module.eks.aws_iam_role_policy_attachment.this",
            "module.main-eks.module.eks.aws_security_group.cluster",
            "module.main-eks.module.eks.aws_security_group.node",
            "module.main-eks.module.eks.aws_security_group_rule.cluster",
            "module.main-eks.module.eks.aws_security_group_rule.node",
            "module.main-eks.module.eks.data.aws_iam_policy_document.assume_role_policy",
            "module.main-eks.module.eks.data.aws_iam_session_context.current",
            "module.main-eks.module.eks.data.aws_partition.current",
            "module.main-eks.module.eks.data.tls_certificate.this",
            "module.main-eks.module.eks.module.kms.aws_kms_external_key.this",
            "module.main-eks.module.eks.module.kms.aws_kms_key.this",
            "module.main-eks.module.eks.module.kms.aws_kms_replica_external_key.this",
            "module.main-eks.module.eks.module.kms.aws_kms_replica_key.this",
            "module.main-eks.module.eks.module.kms.data.aws_caller_identity.current",
            "module.main-eks.module.eks.module.kms.data.aws_iam_policy_document.this",
            "module.main-eks.module.eks.module.kms.data.aws_partition.current"
          ]
        }
      ]
    },
    {
      "module": "module.main-eks.module.eks",
      "mode": "managed",
      "type": "aws_iam_policy",
      "name": "cluster_encryption",
      "provider": "provider[\"registry.terraform.io/hashicorp/aws\"]",
      "instances": [
        {
          "index_key": 0,
          "schema_version": 0,
          "attributes": {
            "arn": "arn:aws:iam::111594127594:policy/delegatedadmin/developer/eks-hema-test-ClusterEncryption2024061418482225770000000a",
            "attachment_count": 0,
            "description": "Cluster encryption policy to allow cluster role to utilize CMK provided",
            "id": "arn:aws:iam::111594127594:policy/delegatedadmin/developer/eks-hema-test-ClusterEncryption2024061418482225770000000a",
            "name": "eks-hema-test-ClusterEncryption2024061418482225770000000a",
            "name_prefix": "eks-hema-test-ClusterEncryption",
            "path": "/delegatedadmin/developer/",
            "policy": "{\"Statement\":[{\"Action\":[\"kms:Encrypt\",\"kms:Decrypt\",\"kms:ListGrants\",\"kms:DescribeKey\"],\"Effect\":\"Allow\",\"Resource\":\"arn:aws:kms:us-east-1:111594127594:key/7c59f81f-0d4b-4fec-afe0-2991b319b89b\"}],\"Version\":\"2012-10-17\"}",
            "policy_id": "ANPART64HIDVETZSJKQRM",
            "tags": {
              "Name": "hema-test"
            },
            "tags_all": {
              "Creator": "Terraform",
              "Name": "hema-test"
            }
          },
          "sensitive_attributes": [],
          "private": "bnVsbA==",
          "dependencies": [
            "module.main-eks.data.aws_caller_identity.current",
            "module.main-eks.data.aws_partition.current",
            "module.main-eks.module.eks.aws_iam_role.this",
            "module.main-eks.module.eks.data.aws_iam_policy_document.assume_role_policy",
            "module.main-eks.module.eks.data.aws_iam_session_context.current",
            "module.main-eks.module.eks.module.kms.aws_kms_external_key.this",
            "module.main-eks.module.eks.module.kms.aws_kms_key.this",
            "module.main-eks.module.eks.module.kms.aws_kms_replica_external_key.this",
            "module.main-eks.module.eks.module.kms.aws_kms_replica_key.this",
            "module.main-eks.module.eks.module.kms.data.aws_caller_identity.current",
            "module.main-eks.module.eks.module.kms.data.aws_iam_policy_document.this",
            "module.main-eks.module.eks.module.kms.data.aws_partition.current"
          ]
        }
      ]
    },
    {
      "module": "module.main-eks.module.eks",
      "mode": "managed",
      "type": "aws_iam_policy",
      "name": "cni_ipv6_policy",
      "provider": "provider[\"registry.terraform.io/hashicorp/aws\"]",
      "instances": []
    },
    {
      "module": "module.main-eks.module.eks",
      "mode": "managed",
      "type": "aws_iam_role",
      "name": "this",
      "provider": "provider[\"registry.terraform.io/hashicorp/aws\"]",
      "instances": [
        {
          "index_key": 0,
          "schema_version": 0,
          "attributes": {
            "arn": "arn:aws:iam::111594127594:role/delegatedadmin/developer/eks-hema-test",
            "assume_role_policy": "{\"Statement\":[{\"Action\":\"sts:AssumeRole\",\"Effect\":\"Allow\",\"Principal\":{\"Service\":\"eks.amazonaws.com\"},\"Sid\":\"EKSClusterAssumeRole\"}],\"Version\":\"2012-10-17\"}",
            "create_date": "2024-06-14T18:47:51Z",
            "description": "IAM role for EKS cluster",
            "force_detach_policies": true,
            "id": "eks-hema-test",
            "inline_policy": [
              {
                "name": "eks-hema-test",
                "policy": "{\"Version\":\"2012-10-17\",\"Statement\":[{\"Action\":[\"logs:CreateLogGroup\"],\"Effect\":\"Deny\",\"Resource\":\"*\"}]}"
              }
            ],
            "managed_policy_arns": [],
            "max_session_duration": 3600,
            "name": "eks-hema-test",
            "name_prefix": "",
            "path": "/delegatedadmin/developer/",
            "permissions_boundary": "arn:aws:iam::111594127594:policy/cms-cloud-admin/ct-ado-poweruser-permissions-boundary-policy",
            "tags": {
              "Name": "hema-test"
            },
            "tags_all": {
              "Creator": "Terraform",
              "Name": "hema-test"
            },
            "unique_id": "AROART64HIDVPYZGAVROJ"
          },
          "sensitive_attributes": [],
          "private": "bnVsbA==",
          "dependencies": [
            "module.main-eks.data.aws_caller_identity.current",
            "module.main-eks.data.aws_partition.current",
            "module.main-eks.module.eks.data.aws_iam_policy_document.assume_role_policy"
          ],
          "create_before_destroy": true
        }
      ]
    },
    {
      "module": "module.main-eks.module.eks",
      "mode": "managed",
      "type": "aws_iam_role_policy_attachment",
      "name": "cluster_encryption",
      "provider": "provider[\"registry.terraform.io/hashicorp/aws\"]",
      "instances": [
        {
          "index_key": 0,
          "schema_version": 0,
          "attributes": {
            "id": "eks-hema-test-2024061418482272460000000b",
            "policy_arn": "arn:aws:iam::111594127594:policy/delegatedadmin/developer/eks-hema-test-ClusterEncryption2024061418482225770000000a",
            "role": "eks-hema-test"
          },
          "sensitive_attributes": [],
          "private": "bnVsbA==",
          "dependencies": [
            "module.main-eks.data.aws_caller_identity.current",
            "module.main-eks.data.aws_partition.current",
            "module.main-eks.module.eks.aws_iam_policy.cluster_encryption",
            "module.main-eks.module.eks.aws_iam_role.this",
            "module.main-eks.module.eks.data.aws_iam_policy_document.assume_role_policy",
            "module.main-eks.module.eks.data.aws_iam_session_context.current",
            "module.main-eks.module.eks.module.kms.aws_kms_external_key.this",
            "module.main-eks.module.eks.module.kms.aws_kms_key.this",
            "module.main-eks.module.eks.module.kms.aws_kms_replica_external_key.this",
            "module.main-eks.module.eks.module.kms.aws_kms_replica_key.this",
            "module.main-eks.module.eks.module.kms.data.aws_caller_identity.current",
            "module.main-eks.module.eks.module.kms.data.aws_iam_policy_document.this",
            "module.main-eks.module.eks.module.kms.data.aws_partition.current"
          ]
        }
      ]
    },
    {
      "module": "module.main-eks.module.eks",
      "mode": "managed",
      "type": "aws_iam_role_policy_attachment",
      "name": "this",
      "provider": "provider[\"registry.terraform.io/hashicorp/aws\"]",
      "instances": [
        {
          "index_key": "AmazonEKSClusterPolicy",
          "schema_version": 0,
          "attributes": {
            "id": "eks-hema-test-20240614184752349400000008",
            "policy_arn": "arn:aws:iam::aws:policy/AmazonEKSClusterPolicy",
            "role": "eks-hema-test"
          },
          "sensitive_attributes": [],
          "private": "bnVsbA==",
          "dependencies": [
            "module.main-eks.data.aws_caller_identity.current",
            "module.main-eks.data.aws_partition.current",
            "module.main-eks.module.eks.aws_iam_role.this",
            "module.main-eks.module.eks.data.aws_iam_policy_document.assume_role_policy",
            "module.main-eks.module.eks.data.aws_partition.current"
          ],
          "create_before_destroy": true
        },
        {
          "index_key": "AmazonEKSVPCResourceController",
          "schema_version": 0,
          "attributes": {
            "id": "eks-hema-test-20240614184752272900000007",
            "policy_arn": "arn:aws:iam::aws:policy/AmazonEKSVPCResourceController",
            "role": "eks-hema-test"
          },
          "sensitive_attributes": [],
          "private": "bnVsbA==",
          "dependencies": [
            "module.main-eks.data.aws_caller_identity.current",
            "module.main-eks.data.aws_partition.current",
            "module.main-eks.module.eks.aws_iam_role.this",
            "module.main-eks.module.eks.data.aws_iam_policy_document.assume_role_policy",
            "module.main-eks.module.eks.data.aws_partition.current"
          ],
          "create_before_destroy": true
        }
      ]
    },
    {
      "module": "module.main-eks.module.eks",
      "mode": "managed",
      "type": "aws_security_group",
      "name": "cluster",
      "provider": "provider[\"registry.terraform.io/hashicorp/aws\"]",
      "instances": [
        {
          "index_key": 0,
          "schema_version": 1,
          "attributes": {
            "arn": "arn:aws:ec2:us-east-1:111594127594:security-group/sg-0d33a5338beac132e",
            "description": "EKS cluster security group",
            "egress": [],
            "id": "sg-0d33a5338beac132e",
            "ingress": [],
            "name": "eks-hema-test-cluster-sg-20240614184751120400000001",
            "name_prefix": "eks-hema-test-cluster-sg-",
            "owner_id": "111594127594",
            "revoke_rules_on_delete": false,
            "tags": {
              "Name": "eks-hema-test-cluster-sg"
            },
            "tags_all": {
              "Creator": "Terraform",
              "Name": "eks-hema-test-cluster-sg"
            },
            "timeouts": null,
            "vpc_id": "vpc-09e9130e3c54083f1"
          },
          "sensitive_attributes": [],
          "private": "eyJlMmJmYjczMC1lY2FhLTExZTYtOGY4OC0zNDM2M2JjN2M0YzAiOnsiY3JlYXRlIjo2MDAwMDAwMDAwMDAsImRlbGV0ZSI6OTAwMDAwMDAwMDAwfSwic2NoZW1hX3ZlcnNpb24iOiIxIn0=",
          "dependencies": [
            "module.main-eks.data.aws_vpc.vpc"
          ],
          "create_before_destroy": true
        }
      ]
    },
    {
      "module": "module.main-eks.module.eks",
      "mode": "managed",
      "type": "aws_security_group",
      "name": "node",
      "provider": "provider[\"registry.terraform.io/hashicorp/aws\"]",
      "instances": [
        {
          "index_key": 0,
          "schema_version": 1,
          "attributes": {
            "arn": "arn:aws:ec2:us-east-1:111594127594:security-group/sg-00e5524775dcc9d44",
            "description": "Security group for EKS nodes",
            "egress": [],
            "id": "sg-00e5524775dcc9d44",
            "ingress": [],
            "name": "eks-hema-test-node-sg",
            "name_prefix": "",
            "owner_id": "111594127594",
            "revoke_rules_on_delete": false,
            "tags": {
              "Name": "eks-hema-test-node-sg",
              "kubernetes.io/cluster/hema-test": "owned"
            },
            "tags_all": {
              "Creator": "Terraform",
              "Name": "eks-hema-test-node-sg",
              "kubernetes.io/cluster/hema-test": "owned"
            },
            "timeouts": null,
            "vpc_id": "vpc-09e9130e3c54083f1"
          },
          "sensitive_attributes": [],
          "private": "eyJlMmJmYjczMC1lY2FhLTExZTYtOGY4OC0zNDM2M2JjN2M0YzAiOnsiY3JlYXRlIjo2MDAwMDAwMDAwMDAsImRlbGV0ZSI6OTAwMDAwMDAwMDAwfSwic2NoZW1hX3ZlcnNpb24iOiIxIn0=",
          "dependencies": [
            "module.main-eks.data.aws_vpc.vpc"
          ],
          "create_before_destroy": true
        }
      ]
    },
    {
      "module": "module.main-eks.module.eks",
      "mode": "managed",
      "type": "aws_security_group_rule",
      "name": "cluster",
      "provider": "provider[\"registry.terraform.io/hashicorp/aws\"]",
      "instances": [
        {
          "index_key": "ingress_nodes_443",
          "schema_version": 2,
          "attributes": {
            "cidr_blocks": null,
            "description": "Node groups to cluster API",
            "from_port": 443,
            "id": "sgrule-92344493",
            "ipv6_cidr_blocks": null,
            "prefix_list_ids": null,
            "protocol": "tcp",
            "security_group_id": "sg-0d33a5338beac132e",
            "security_group_rule_id": "sgr-054b45802ab2450ce",
            "self": false,
            "source_security_group_id": "sg-00e5524775dcc9d44",
            "timeouts": null,
            "to_port": 443,
            "type": "ingress"
          },
          "sensitive_attributes": [],
          "private": "eyJlMmJmYjczMC1lY2FhLTExZTYtOGY4OC0zNDM2M2JjN2M0YzAiOnsiY3JlYXRlIjozMDAwMDAwMDAwMDB9LCJzY2hlbWFfdmVyc2lvbiI6IjIifQ==",
          "dependencies": [
            "module.main-eks.data.aws_vpc.vpc",
            "module.main-eks.module.eks.aws_security_group.cluster",
            "module.main-eks.module.eks.aws_security_group.node"
          ],
          "create_before_destroy": true
        }
      ]
    },
    {
      "module": "module.main-eks.module.eks",
      "mode": "managed",
      "type": "aws_security_group_rule",
      "name": "node",
      "provider": "provider[\"registry.terraform.io/hashicorp/aws\"]",
      "instances": [
        {
          "index_key": "egress_all",
          "schema_version": 2,
          "attributes": {
            "cidr_blocks": [
              "0.0.0.0/0"
            ],
            "description": "Allow all egress",
            "from_port": 0,
            "id": "sgrule-294299937",
            "ipv6_cidr_blocks": null,
            "prefix_list_ids": [],
            "protocol": "-1",
            "security_group_id": "sg-00e5524775dcc9d44",
            "security_group_rule_id": "sgr-0b48c4b1a0b9f80ae",
            "self": false,
            "source_security_group_id": null,
            "timeouts": null,
            "to_port": 0,
            "type": "egress"
          },
          "sensitive_attributes": [],
          "private": "eyJlMmJmYjczMC1lY2FhLTExZTYtOGY4OC0zNDM2M2JjN2M0YzAiOnsiY3JlYXRlIjozMDAwMDAwMDAwMDB9LCJzY2hlbWFfdmVyc2lvbiI6IjIifQ==",
          "dependencies": [
            "module.main-eks.data.aws_vpc.vpc",
            "module.main-eks.module.eks.aws_security_group.cluster",
            "module.main-eks.module.eks.aws_security_group.node"
          ],
          "create_before_destroy": true
        },
        {
          "index_key": "ingress_cluster_443",
          "schema_version": 2,
          "attributes": {
            "cidr_blocks": null,
            "description": "Cluster API to node groups",
            "from_port": 443,
            "id": "sgrule-2048569793",
            "ipv6_cidr_blocks": null,
            "prefix_list_ids": [],
            "protocol": "tcp",
            "security_group_id": "sg-00e5524775dcc9d44",
            "security_group_rule_id": "sgr-08b5adc6886f9537e",
            "self": false,
            "source_security_group_id": "sg-0d33a5338beac132e",
            "timeouts": null,
            "to_port": 443,
            "type": "ingress"
          },
          "sensitive_attributes": [],
          "private": "eyJlMmJmYjczMC1lY2FhLTExZTYtOGY4OC0zNDM2M2JjN2M0YzAiOnsiY3JlYXRlIjozMDAwMDAwMDAwMDB9LCJzY2hlbWFfdmVyc2lvbiI6IjIifQ==",
          "dependencies": [
            "module.main-eks.data.aws_vpc.vpc",
            "module.main-eks.module.eks.aws_security_group.cluster",
            "module.main-eks.module.eks.aws_security_group.node"
          ],
          "create_before_destroy": true
        },
        {
          "index_key": "ingress_cluster_4443_webhook",
          "schema_version": 2,
          "attributes": {
            "cidr_blocks": null,
            "description": "Cluster API to node 4443/tcp webhook",
            "from_port": 4443,
            "id": "sgrule-2851739082",
            "ipv6_cidr_blocks": null,
            "prefix_list_ids": [],
            "protocol": "tcp",
            "security_group_id": "sg-00e5524775dcc9d44",
            "security_group_rule_id": "sgr-089f520292a1c8ca0",
            "self": false,
            "source_security_group_id": "sg-0d33a5338beac132e",
            "timeouts": null,
            "to_port": 4443,
            "type": "ingress"
          },
          "sensitive_attributes": [],
          "private": "eyJlMmJmYjczMC1lY2FhLTExZTYtOGY4OC0zNDM2M2JjN2M0YzAiOnsiY3JlYXRlIjozMDAwMDAwMDAwMDB9LCJzY2hlbWFfdmVyc2lvbiI6IjIifQ==",
          "dependencies": [
            "module.main-eks.data.aws_vpc.vpc",
            "module.main-eks.module.eks.aws_security_group.cluster",
            "module.main-eks.module.eks.aws_security_group.node"
          ],
          "create_before_destroy": true
        },
        {
          "index_key": "ingress_cluster_6443_webhook",
          "schema_version": 2,
          "attributes": {
            "cidr_blocks": null,
            "description": "Cluster API to node 6443/tcp webhook",
            "from_port": 6443,
            "id": "sgrule-1622700636",
            "ipv6_cidr_blocks": null,
            "prefix_list_ids": [],
            "protocol": "tcp",
            "security_group_id": "sg-00e5524775dcc9d44",
            "security_group_rule_id": "sgr-0fc7fe45d2c6b56da",
            "self": false,
            "source_security_group_id": "sg-0d33a5338beac132e",
            "timeouts": null,
            "to_port": 6443,
            "type": "ingress"
          },
          "sensitive_attributes": [],
          "private": "eyJlMmJmYjczMC1lY2FhLTExZTYtOGY4OC0zNDM2M2JjN2M0YzAiOnsiY3JlYXRlIjozMDAwMDAwMDAwMDB9LCJzY2hlbWFfdmVyc2lvbiI6IjIifQ==",
          "dependencies": [
            "module.main-eks.data.aws_vpc.vpc",
            "module.main-eks.module.eks.aws_security_group.cluster",
            "module.main-eks.module.eks.aws_security_group.node"
          ],
          "create_before_destroy": true
        },
        {
          "index_key": "ingress_cluster_8443_webhook",
          "schema_version": 2,
          "attributes": {
            "cidr_blocks": null,
            "description": "Cluster API to node 8443/tcp webhook",
            "from_port": 8443,
            "id": "sgrule-1944342141",
            "ipv6_cidr_blocks": null,
            "prefix_list_ids": [],
            "protocol": "tcp",
            "security_group_id": "sg-00e5524775dcc9d44",
            "security_group_rule_id": "sgr-09d3589cb61099251",
            "self": false,
            "source_security_group_id": "sg-0d33a5338beac132e",
            "timeouts": null,
            "to_port": 8443,
            "type": "ingress"
          },
          "sensitive_attributes": [],
          "private": "eyJlMmJmYjczMC1lY2FhLTExZTYtOGY4OC0zNDM2M2JjN2M0YzAiOnsiY3JlYXRlIjozMDAwMDAwMDAwMDB9LCJzY2hlbWFfdmVyc2lvbiI6IjIifQ==",
          "dependencies": [
            "module.main-eks.data.aws_vpc.vpc",
            "module.main-eks.module.eks.aws_security_group.cluster",
            "module.main-eks.module.eks.aws_security_group.node"
          ],
          "create_before_destroy": true
        },
        {
          "index_key": "ingress_cluster_9443_webhook",
          "schema_version": 2,
          "attributes": {
            "cidr_blocks": null,
            "description": "Cluster API to node 9443/tcp webhook",
            "from_port": 9443,
            "id": "sgrule-390430134",
            "ipv6_cidr_blocks": null,
            "prefix_list_ids": [],
            "protocol": "tcp",
            "security_group_id": "sg-00e5524775dcc9d44",
            "security_group_rule_id": "sgr-0760f2bb5e8459fb1",
            "self": false,
            "source_security_group_id": "sg-0d33a5338beac132e",
            "timeouts": null,
            "to_port": 9443,
            "type": "ingress"
          },
          "sensitive_attributes": [],
          "private": "eyJlMmJmYjczMC1lY2FhLTExZTYtOGY4OC0zNDM2M2JjN2M0YzAiOnsiY3JlYXRlIjozMDAwMDAwMDAwMDB9LCJzY2hlbWFfdmVyc2lvbiI6IjIifQ==",
          "dependencies": [
            "module.main-eks.data.aws_vpc.vpc",
            "module.main-eks.module.eks.aws_security_group.cluster",
            "module.main-eks.module.eks.aws_security_group.node"
          ],
          "create_before_destroy": true
        },
        {
          "index_key": "ingress_cluster_kubelet",
          "schema_version": 2,
          "attributes": {
            "cidr_blocks": null,
            "description": "Cluster API to node kubelets",
            "from_port": 10250,
            "id": "sgrule-550743966",
            "ipv6_cidr_blocks": null,
            "prefix_list_ids": [],
            "protocol": "tcp",
            "security_group_id": "sg-00e5524775dcc9d44",
            "security_group_rule_id": "sgr-04fbeddb400ed210c",
            "self": false,
            "source_security_group_id": "sg-0d33a5338beac132e",
            "timeouts": null,
            "to_port": 10250,
            "type": "ingress"
          },
          "sensitive_attributes": [],
          "private": "eyJlMmJmYjczMC1lY2FhLTExZTYtOGY4OC0zNDM2M2JjN2M0YzAiOnsiY3JlYXRlIjozMDAwMDAwMDAwMDB9LCJzY2hlbWFfdmVyc2lvbiI6IjIifQ==",
          "dependencies": [
            "module.main-eks.data.aws_vpc.vpc",
            "module.main-eks.module.eks.aws_security_group.cluster",
            "module.main-eks.module.eks.aws_security_group.node"
          ],
          "create_before_destroy": true
        },
        {
          "index_key": "ingress_nodes_ephemeral",
          "schema_version": 2,
          "attributes": {
            "cidr_blocks": null,
            "description": "Node to node ingress on ephemeral ports",
            "from_port": 1025,
            "id": "sgrule-486005872",
            "ipv6_cidr_blocks": null,
            "prefix_list_ids": [],
            "protocol": "tcp",
            "security_group_id": "sg-00e5524775dcc9d44",
            "security_group_rule_id": "sgr-0cbe60ce741dde1e1",
            "self": true,
            "source_security_group_id": null,
            "timeouts": null,
            "to_port": 65535,
            "type": "ingress"
          },
          "sensitive_attributes": [],
          "private": "eyJlMmJmYjczMC1lY2FhLTExZTYtOGY4OC0zNDM2M2JjN2M0YzAiOnsiY3JlYXRlIjozMDAwMDAwMDAwMDB9LCJzY2hlbWFfdmVyc2lvbiI6IjIifQ==",
          "dependencies": [
            "module.main-eks.data.aws_vpc.vpc",
            "module.main-eks.module.eks.aws_security_group.cluster",
            "module.main-eks.module.eks.aws_security_group.node"
          ],
          "create_before_destroy": true
        },
        {
          "index_key": "ingress_self_coredns_tcp",
          "schema_version": 2,
          "attributes": {
            "cidr_blocks": null,
            "description": "Node to node CoreDNS",
            "from_port": 53,
            "id": "sgrule-1032683817",
            "ipv6_cidr_blocks": null,
            "prefix_list_ids": [],
            "protocol": "tcp",
            "security_group_id": "sg-00e5524775dcc9d44",
            "security_group_rule_id": "sgr-09a27843b32d3fecf",
            "self": true,
            "source_security_group_id": null,
            "timeouts": null,
            "to_port": 53,
            "type": "ingress"
          },
          "sensitive_attributes": [],
          "private": "eyJlMmJmYjczMC1lY2FhLTExZTYtOGY4OC0zNDM2M2JjN2M0YzAiOnsiY3JlYXRlIjozMDAwMDAwMDAwMDB9LCJzY2hlbWFfdmVyc2lvbiI6IjIifQ==",
          "dependencies": [
            "module.main-eks.data.aws_vpc.vpc",
            "module.main-eks.module.eks.aws_security_group.cluster",
            "module.main-eks.module.eks.aws_security_group.node"
          ],
          "create_before_destroy": true
        },
        {
          "index_key": "ingress_self_coredns_udp",
          "schema_version": 2,
          "attributes": {
            "cidr_blocks": null,
            "description": "Node to node CoreDNS UDP",
            "from_port": 53,
            "id": "sgrule-2580685510",
            "ipv6_cidr_blocks": null,
            "prefix_list_ids": [],
            "protocol": "udp",
            "security_group_id": "sg-00e5524775dcc9d44",
            "security_group_rule_id": "sgr-03cebf3a925c24f4a",
            "self": true,
            "source_security_group_id": null,
            "timeouts": null,
            "to_port": 53,
            "type": "ingress"
          },
          "sensitive_attributes": [],
          "private": "eyJlMmJmYjczMC1lY2FhLTExZTYtOGY4OC0zNDM2M2JjN2M0YzAiOnsiY3JlYXRlIjozMDAwMDAwMDAwMDB9LCJzY2hlbWFfdmVyc2lvbiI6IjIifQ==",
          "dependencies": [
            "module.main-eks.data.aws_vpc.vpc",
            "module.main-eks.module.eks.aws_security_group.cluster",
            "module.main-eks.module.eks.aws_security_group.node"
          ],
          "create_before_destroy": true
        }
      ]
    },
    {
      "module": "module.main-eks.module.eks",
      "mode": "managed",
      "type": "time_sleep",
      "name": "this",
      "provider": "provider[\"registry.terraform.io/hashicorp/time\"]",
      "instances": [
        {
          "index_key": 0,
          "schema_version": 0,
          "attributes": {
            "create_duration": "30s",
            "destroy_duration": null,
            "id": "2024-06-14T18:58:49Z",
            "triggers": {
              "cluster_certificate_authority_data": "LS0tLS1CRUdJTiBDRVJUSUZJQ0FURS0tLS0tCk1JSURCVENDQWUyZ0F3SUJBZ0lJYWxlWkJvWXo1Y2t3RFFZSktvWklodmNOQVFFTEJRQXdGVEVUTUJFR0ExVUUKQXhNS2EzVmlaWEp1WlhSbGN6QWVGdzB5TkRBMk1UUXhPRFE0TWpSYUZ3MHpOREEyTVRJeE9EVXpNalJhTUJVeApFekFSQmdOVkJBTVRDbXQxWW1WeWJtVjBaWE13Z2dFaU1BMEdDU3FHU0liM0RRRUJBUVVBQTRJQkR3QXdnZ0VLCkFvSUJBUURxTzdCZXhweUxHTWpOVGVFYmNnbGhFdEJBWk1Vdm5LcGhPNjhNSS9JK01uZzlHblVoRWR3UUVCTnMKWSt6V3h2WGxSYmhibWVaMHphYUl0dXJpa2dnS092ZlBZL2o2REN6L3dCS1ZOdXFSbzNYcEMrYWZCRjBDOXlZeQphQ2htUEhKQVVqNkJiWjJkYWhGNEFsUHRLTlV5ZXFMVVRaQTIxZEc3clhmczN4R0ZTNFlXaE1wMmNjdjMzYU9BCkFHSkFnbUpVdStCYkZQT0FCdlFyYzNKbXNDVlRzSzdDQVQyNFZjc0NxalNGQUFhMG14NmJwSTUwWDBDZnRmV3kKMkl2dGRYRnIzb2JzdDNlRFNIcTBtMFRpakxKdVZsNnZFcDQvYzVUUkF6TXZXc1VTTDNna2FYaTNCeFBpeS9GYgpDS1JFRG5ORTU5R0p2VlBLVlJHdHlYM3RQVXkxQWdNQkFBR2pXVEJYTUE0R0ExVWREd0VCL3dRRUF3SUNwREFQCkJnTlZIUk1CQWY4RUJUQURBUUgvTUIwR0ExVWREZ1FXQkJSR0JWbGFaancydzMraEpKVVROdTMwY0tDak5EQVYKQmdOVkhSRUVEakFNZ2dwcmRXSmxjbTVsZEdWek1BMEdDU3FHU0liM0RRRUJDd1VBQTRJQkFRQXRhZzQxN0ZEMQppS3BmYkwrQzR0WjgxWXpySnU3UXJieFYvTlhleE0wdzIzTWZvai9qRHhpR1FqY3hHNWVDYkVvaE5wc2xmUHh6CkhpY0llSk43c1QvWWZ0LzVTTCszdFMwU2hmU29kcWtzeXNSQWZ1SktFMDEyVFdMamd5QkNEUFlWc3prQnlXTkwKMHNqQlFrZS9pbTBTcmdIY3BjWUVNRHU5ODhzdDhiQ0JGL3NDUklXRUhXellicUxQMmN4MjhKZDhSZVdTLzREagpYV0VTbU5nVmdtamR2QlFpVEkyNmc3ZVZ3Z3pQTDk1dnQ4ZDE0dXowM2VsMHBDY05TTi9XTlR1TWJ0c21RVTJiCmxHTExPalBrS2oycm4yWmpCNS9HZ3B3WmtmK2ZqVkhaNTZDR3ZWN241TGN1V3ZzRzl5TDhGZk55QS9nOUlGb1kKN0dISzYxMVVPRTJMCi0tLS0tRU5EIENFUlRJRklDQVRFLS0tLS0K",
              "cluster_endpoint": "https://9D3B7F481A1A33B6AC3F86D8F7B0364C.yl4.us-east-1.eks.amazonaws.com",
              "cluster_name": "hema-test",
              "cluster_service_cidr": "172.20.0.0/16",
              "cluster_version": "1.29"
            }
          },
          "sensitive_attributes": [],
          "dependencies": [
            "module.main-eks.data.aws_caller_identity.current",
            "module.main-eks.data.aws_partition.current",
            "module.main-eks.data.aws_subnets.private",
            "module.main-eks.data.aws_vpc.vpc",
            "module.main-eks.module.cloudwatch_kms.aws_kms_external_key.this",
            "module.main-eks.module.cloudwatch_kms.aws_kms_key.this",
            "module.main-eks.module.cloudwatch_kms.aws_kms_replica_external_key.this",
            "module.main-eks.module.cloudwatch_kms.aws_kms_replica_key.this",
            "module.main-eks.module.cloudwatch_kms.data.aws_iam_policy_document.this",
            "module.main-eks.module.eks.aws_cloudwatch_log_group.this",
            "module.main-eks.module.eks.aws_eks_cluster.this",
            "module.main-eks.module.eks.aws_iam_policy.cni_ipv6_policy",
            "module.main-eks.module.eks.aws_iam_role.this",
            "module.main-eks.module.eks.aws_iam_role_policy_attachment.this",
            "module.main-eks.module.eks.aws_security_group.cluster",
            "module.main-eks.module.eks.aws_security_group.node",
            "module.main-eks.module.eks.aws_security_group_rule.cluster",
            "module.main-eks.module.eks.aws_security_group_rule.node",
            "module.main-eks.module.eks.data.aws_iam_policy_document.assume_role_policy",
            "module.main-eks.module.eks.data.aws_iam_session_context.current",
            "module.main-eks.module.eks.data.aws_partition.current",
            "module.main-eks.module.eks.module.kms.aws_kms_external_key.this",
            "module.main-eks.module.eks.module.kms.aws_kms_key.this",
            "module.main-eks.module.eks.module.kms.aws_kms_replica_external_key.this",
            "module.main-eks.module.eks.module.kms.aws_kms_replica_key.this",
            "module.main-eks.module.eks.module.kms.data.aws_caller_identity.current",
            "module.main-eks.module.eks.module.kms.data.aws_iam_policy_document.this",
            "module.main-eks.module.eks.module.kms.data.aws_partition.current"
          ]
        }
      ]
    },
    {
      "module": "module.main-eks.module.eks.module.kms",
      "mode": "data",
      "type": "aws_caller_identity",
      "name": "current",
      "provider": "provider[\"registry.terraform.io/hashicorp/aws\"]",
      "instances": [
        {
          "index_key": 0,
          "schema_version": 0,
          "attributes": {
            "account_id": "111594127594",
            "arn": "arn:aws:sts::111594127594:assumed-role/ct-ado-batcave-techadmin/PDYW",
            "id": "111594127594",
            "user_id": "AROART64HIDVDKJZ7XSD4:PDYW"
          },
          "sensitive_attributes": []
        }
      ]
    },
    {
      "module": "module.main-eks.module.eks.module.kms",
      "mode": "data",
      "type": "aws_iam_policy_document",
      "name": "this",
      "provider": "provider[\"registry.terraform.io/hashicorp/aws\"]",
      "instances": [
        {
          "index_key": 0,
          "schema_version": 0,
          "attributes": {
            "id": "1671496936",
            "json": "{\n  \"Version\": \"2012-10-17\",\n  \"Statement\": [\n    {\n      \"Sid\": \"Default\",\n      \"Effect\": \"Allow\",\n      \"Action\": \"kms:*\",\n      \"Resource\": \"*\",\n      \"Principal\": {\n        \"AWS\": \"arn:aws:iam::111594127594:root\"\n      }\n    },\n    {\n      \"Sid\": \"KeyAdministration\",\n      \"Effect\": \"Allow\",\n      \"Action\": [\n        \"kms:Update*\",\n        \"kms:UntagResource\",\n        \"kms:TagResource\",\n        \"kms:ScheduleKeyDeletion\",\n        \"kms:Revoke*\",\n        \"kms:ReplicateKey\",\n        \"kms:Put*\",\n        \"kms:List*\",\n        \"kms:ImportKeyMaterial\",\n        \"kms:Get*\",\n        \"kms:Enable*\",\n        \"kms:Disable*\",\n        \"kms:Describe*\",\n        \"kms:Delete*\",\n        \"kms:Create*\",\n        \"kms:CancelKeyDeletion\"\n      ],\n      \"Resource\": \"*\",\n      \"Principal\": {\n        \"AWS\": \"arn:aws:iam::111594127594:role/ct-ado-batcave-techadmin\"\n      }\n    },\n    {\n      \"Sid\": \"KeyUsage\",\n      \"Effect\": \"Allow\",\n      \"Action\": [\n        \"kms:ReEncrypt*\",\n        \"kms:GenerateDataKey*\",\n        \"kms:Encrypt\",\n        \"kms:DescribeKey\",\n        \"kms:Decrypt\"\n      ],\n      \"Resource\": \"*\",\n      \"Principal\": {\n        \"AWS\": \"arn:aws:iam::111594127594:role/delegatedadmin/developer/eks-hema-test\"\n      }\n    }\n  ]\n}",
            "minified_json": "{\"Version\":\"2012-10-17\",\"Statement\":[{\"Sid\":\"Default\",\"Effect\":\"Allow\",\"Action\":\"kms:*\",\"Resource\":\"*\",\"Principal\":{\"AWS\":\"arn:aws:iam::111594127594:root\"}},{\"Sid\":\"KeyAdministration\",\"Effect\":\"Allow\",\"Action\":[\"kms:Update*\",\"kms:UntagResource\",\"kms:TagResource\",\"kms:ScheduleKeyDeletion\",\"kms:Revoke*\",\"kms:ReplicateKey\",\"kms:Put*\",\"kms:List*\",\"kms:ImportKeyMaterial\",\"kms:Get*\",\"kms:Enable*\",\"kms:Disable*\",\"kms:Describe*\",\"kms:Delete*\",\"kms:Create*\",\"kms:CancelKeyDeletion\"],\"Resource\":\"*\",\"Principal\":{\"AWS\":\"arn:aws:iam::111594127594:role/ct-ado-batcave-techadmin\"}},{\"Sid\":\"KeyUsage\",\"Effect\":\"Allow\",\"Action\":[\"kms:ReEncrypt*\",\"kms:GenerateDataKey*\",\"kms:Encrypt\",\"kms:DescribeKey\",\"kms:Decrypt\"],\"Resource\":\"*\",\"Principal\":{\"AWS\":\"arn:aws:iam::111594127594:role/delegatedadmin/developer/eks-hema-test\"}}]}",
            "override_json": null,
            "override_policy_documents": null,
            "policy_id": null,
            "source_json": null,
            "source_policy_documents": null,
            "statement": [
              {
                "actions": [
                  "kms:*"
                ],
                "condition": [],
                "effect": "Allow",
                "not_actions": [],
                "not_principals": [],
                "not_resources": [],
                "principals": [
                  {
                    "identifiers": [
                      "arn:aws:iam::111594127594:root"
                    ],
                    "type": "AWS"
                  }
                ],
                "resources": [
                  "*"
                ],
                "sid": "Default"
              },
              {
                "actions": [
                  "kms:CancelKeyDeletion",
                  "kms:Create*",
                  "kms:Delete*",
                  "kms:Describe*",
                  "kms:Disable*",
                  "kms:Enable*",
                  "kms:Get*",
                  "kms:ImportKeyMaterial",
                  "kms:List*",
                  "kms:Put*",
                  "kms:ReplicateKey",
                  "kms:Revoke*",
                  "kms:ScheduleKeyDeletion",
                  "kms:TagResource",
                  "kms:UntagResource",
                  "kms:Update*"
                ],
                "condition": [],
                "effect": "Allow",
                "not_actions": [],
                "not_principals": [],
                "not_resources": [],
                "principals": [
                  {
                    "identifiers": [
                      "arn:aws:iam::111594127594:role/ct-ado-batcave-techadmin"
                    ],
                    "type": "AWS"
                  }
                ],
                "resources": [
                  "*"
                ],
                "sid": "KeyAdministration"
              },
              {
                "actions": [
                  "kms:Decrypt",
                  "kms:DescribeKey",
                  "kms:Encrypt",
                  "kms:GenerateDataKey*",
                  "kms:ReEncrypt*"
                ],
                "condition": [],
                "effect": "Allow",
                "not_actions": [],
                "not_principals": [],
                "not_resources": [],
                "principals": [
                  {
                    "identifiers": [
                      "arn:aws:iam::111594127594:role/delegatedadmin/developer/eks-hema-test"
                    ],
                    "type": "AWS"
                  }
                ],
                "resources": [
                  "*"
                ],
                "sid": "KeyUsage"
              }
            ],
            "version": "2012-10-17"
          },
          "sensitive_attributes": []
        }
      ]
    },
    {
      "module": "module.main-eks.module.eks.module.kms",
      "mode": "data",
      "type": "aws_partition",
      "name": "current",
      "provider": "provider[\"registry.terraform.io/hashicorp/aws\"]",
      "instances": [
        {
          "index_key": 0,
          "schema_version": 0,
          "attributes": {
            "dns_suffix": "amazonaws.com",
            "id": "aws",
            "partition": "aws",
            "reverse_dns_prefix": "com.amazonaws"
          },
          "sensitive_attributes": []
        }
      ]
    },
    {
      "module": "module.main-eks.module.eks.module.kms",
      "mode": "managed",
      "type": "aws_kms_alias",
      "name": "this",
      "provider": "provider[\"registry.terraform.io/hashicorp/aws\"]",
      "instances": [
        {
          "index_key": "cluster",
          "schema_version": 0,
          "attributes": {
            "arn": "arn:aws:kms:us-east-1:111594127594:alias/eks/hema-test",
            "id": "alias/eks/hema-test",
            "name": "alias/eks/hema-test",
            "name_prefix": "",
            "target_key_arn": "arn:aws:kms:us-east-1:111594127594:key/7c59f81f-0d4b-4fec-afe0-2991b319b89b",
            "target_key_id": "7c59f81f-0d4b-4fec-afe0-2991b319b89b"
          },
          "sensitive_attributes": [],
          "private": "bnVsbA==",
          "dependencies": [
            "module.main-eks.data.aws_caller_identity.current",
            "module.main-eks.data.aws_partition.current",
            "module.main-eks.module.eks.aws_iam_role.this",
            "module.main-eks.module.eks.data.aws_iam_policy_document.assume_role_policy",
            "module.main-eks.module.eks.data.aws_iam_session_context.current",
            "module.main-eks.module.eks.module.kms.aws_kms_external_key.this",
            "module.main-eks.module.eks.module.kms.aws_kms_key.this",
            "module.main-eks.module.eks.module.kms.aws_kms_replica_external_key.this",
            "module.main-eks.module.eks.module.kms.aws_kms_replica_key.this",
            "module.main-eks.module.eks.module.kms.data.aws_caller_identity.current",
            "module.main-eks.module.eks.module.kms.data.aws_iam_policy_document.this",
            "module.main-eks.module.eks.module.kms.data.aws_partition.current"
          ]
        },
        {
          "index_key": "eks-hema-test",
          "schema_version": 0,
          "attributes": {
            "arn": "arn:aws:kms:us-east-1:111594127594:alias/eks-hema-test",
            "id": "alias/eks-hema-test",
            "name": "alias/eks-hema-test",
            "name_prefix": "",
            "target_key_arn": "arn:aws:kms:us-east-1:111594127594:key/7c59f81f-0d4b-4fec-afe0-2991b319b89b",
            "target_key_id": "7c59f81f-0d4b-4fec-afe0-2991b319b89b"
          },
          "sensitive_attributes": [],
          "private": "bnVsbA==",
          "dependencies": [
            "module.main-eks.data.aws_caller_identity.current",
            "module.main-eks.data.aws_partition.current",
            "module.main-eks.module.eks.aws_iam_role.this",
            "module.main-eks.module.eks.data.aws_iam_policy_document.assume_role_policy",
            "module.main-eks.module.eks.data.aws_iam_session_context.current",
            "module.main-eks.module.eks.module.kms.aws_kms_external_key.this",
            "module.main-eks.module.eks.module.kms.aws_kms_key.this",
            "module.main-eks.module.eks.module.kms.aws_kms_replica_external_key.this",
            "module.main-eks.module.eks.module.kms.aws_kms_replica_key.this",
            "module.main-eks.module.eks.module.kms.data.aws_caller_identity.current",
            "module.main-eks.module.eks.module.kms.data.aws_iam_policy_document.this",
            "module.main-eks.module.eks.module.kms.data.aws_partition.current"
          ]
        }
      ]
    },
    {
      "module": "module.main-eks.module.eks.module.kms",
      "mode": "managed",
      "type": "aws_kms_external_key",
      "name": "this",
      "provider": "provider[\"registry.terraform.io/hashicorp/aws\"]",
      "instances": []
    },
    {
      "module": "module.main-eks.module.eks.module.kms",
      "mode": "managed",
      "type": "aws_kms_key",
      "name": "this",
      "provider": "provider[\"registry.terraform.io/hashicorp/aws\"]",
      "instances": [
        {
          "index_key": 0,
          "schema_version": 0,
          "attributes": {
            "arn": "arn:aws:kms:us-east-1:111594127594:key/7c59f81f-0d4b-4fec-afe0-2991b319b89b",
            "bypass_policy_lockout_safety_check": false,
            "custom_key_store_id": "",
            "customer_master_key_spec": "SYMMETRIC_DEFAULT",
            "deletion_window_in_days": 7,
            "description": "KMS key for EKS hema-test cluster",
            "enable_key_rotation": true,
            "id": "7c59f81f-0d4b-4fec-afe0-2991b319b89b",
            "is_enabled": true,
            "key_id": "7c59f81f-0d4b-4fec-afe0-2991b319b89b",
            "key_usage": "ENCRYPT_DECRYPT",
            "multi_region": false,
            "policy": "{\"Statement\":[{\"Action\":\"kms:*\",\"Effect\":\"Allow\",\"Principal\":{\"AWS\":\"arn:aws:iam::111594127594:root\"},\"Resource\":\"*\",\"Sid\":\"Default\"},{\"Action\":[\"kms:Update*\",\"kms:UntagResource\",\"kms:TagResource\",\"kms:ScheduleKeyDeletion\",\"kms:Revoke*\",\"kms:ReplicateKey\",\"kms:Put*\",\"kms:List*\",\"kms:ImportKeyMaterial\",\"kms:Get*\",\"kms:Enable*\",\"kms:Disable*\",\"kms:Describe*\",\"kms:Delete*\",\"kms:Create*\",\"kms:CancelKeyDeletion\"],\"Effect\":\"Allow\",\"Principal\":{\"AWS\":\"arn:aws:iam::111594127594:role/ct-ado-batcave-techadmin\"},\"Resource\":\"*\",\"Sid\":\"KeyAdministration\"},{\"Action\":[\"kms:ReEncrypt*\",\"kms:GenerateDataKey*\",\"kms:Encrypt\",\"kms:DescribeKey\",\"kms:Decrypt\"],\"Effect\":\"Allow\",\"Principal\":{\"AWS\":\"arn:aws:iam::111594127594:role/delegatedadmin/developer/eks-hema-test\"},\"Resource\":\"*\",\"Sid\":\"KeyUsage\"}],\"Version\":\"2012-10-17\"}",
            "rotation_period_in_days": 365,
            "tags": {
              "Name": "hema-test",
              "terraform-aws-modules": "eks"
            },
            "tags_all": {
              "Creator": "Terraform",
              "Name": "hema-test",
              "terraform-aws-modules": "eks"
            },
            "timeouts": null,
            "xks_key_id": ""
          },
          "sensitive_attributes": [],
          "private": "eyJlMmJmYjczMC1lY2FhLTExZTYtOGY4OC0zNDM2M2JjN2M0YzAiOnsiY3JlYXRlIjoxMjAwMDAwMDAwMDB9fQ==",
          "dependencies": [
            "module.main-eks.data.aws_caller_identity.current",
            "module.main-eks.data.aws_partition.current",
            "module.main-eks.module.eks.aws_iam_role.this",
            "module.main-eks.module.eks.data.aws_iam_policy_document.assume_role_policy",
            "module.main-eks.module.eks.data.aws_iam_session_context.current",
            "module.main-eks.module.eks.module.kms.data.aws_caller_identity.current",
            "module.main-eks.module.eks.module.kms.data.aws_iam_policy_document.this",
            "module.main-eks.module.eks.module.kms.data.aws_partition.current"
          ],
          "create_before_destroy": true
        }
      ]
    },
    {
      "module": "module.main-eks.module.eks.module.kms",
      "mode": "managed",
      "type": "aws_kms_replica_external_key",
      "name": "this",
      "provider": "provider[\"registry.terraform.io/hashicorp/aws\"]",
      "instances": []
    },
    {
      "module": "module.main-eks.module.eks.module.kms",
      "mode": "managed",
      "type": "aws_kms_replica_key",
      "name": "this",
      "provider": "provider[\"registry.terraform.io/hashicorp/aws\"]",
      "instances": []
    },
    {
      "module": "module.main-eks.module.eks_addons",
      "mode": "data",
      "type": "aws_iam_policy_document",
      "name": "fluentbit_trust",
      "provider": "provider[\"registry.terraform.io/hashicorp/aws\"]",
      "instances": [
        {
          "schema_version": 0,
          "attributes": {
            "id": "3772626761",
            "json": "{\n  \"Version\": \"2012-10-17\",\n  \"Statement\": [\n    {\n      \"Sid\": \"AllowEKSForFluentbit\",\n      \"Effect\": \"Allow\",\n      \"Action\": \"sts:AssumeRoleWithWebIdentity\",\n      \"Principal\": {\n        \"Federated\": \"arn:aws:iam::111594127594:oidc-provider/oidc.eks.us-east-1.amazonaws.com/id/9D3B7F481A1A33B6AC3F86D8F7B0364C\"\n      },\n      \"Condition\": {\n        \"StringEquals\": {\n          \"oidc.eks.us-east-1.amazonaws.com/id/9D3B7F481A1A33B6AC3F86D8F7B0364C:aud\": \"sts.amazonaws.com\",\n          \"oidc.eks.us-east-1.amazonaws.com/id/9D3B7F481A1A33B6AC3F86D8F7B0364C:sub\": \"system:serviceaccount:fluentbit:fluent-bit\"\n        }\n      }\n    }\n  ]\n}",
            "minified_json": "{\"Version\":\"2012-10-17\",\"Statement\":[{\"Sid\":\"AllowEKSForFluentbit\",\"Effect\":\"Allow\",\"Action\":\"sts:AssumeRoleWithWebIdentity\",\"Principal\":{\"Federated\":\"arn:aws:iam::111594127594:oidc-provider/oidc.eks.us-east-1.amazonaws.com/id/9D3B7F481A1A33B6AC3F86D8F7B0364C\"},\"Condition\":{\"StringEquals\":{\"oidc.eks.us-east-1.amazonaws.com/id/9D3B7F481A1A33B6AC3F86D8F7B0364C:aud\":\"sts.amazonaws.com\",\"oidc.eks.us-east-1.amazonaws.com/id/9D3B7F481A1A33B6AC3F86D8F7B0364C:sub\":\"system:serviceaccount:fluentbit:fluent-bit\"}}}]}",
            "override_json": null,
            "override_policy_documents": null,
            "policy_id": null,
            "source_json": null,
            "source_policy_documents": null,
            "statement": [
              {
                "actions": [
                  "sts:AssumeRoleWithWebIdentity"
                ],
                "condition": [
                  {
                    "test": "StringEquals",
                    "values": [
                      "sts.amazonaws.com"
                    ],
                    "variable": "oidc.eks.us-east-1.amazonaws.com/id/9D3B7F481A1A33B6AC3F86D8F7B0364C:aud"
                  },
                  {
                    "test": "StringEquals",
                    "values": [
                      "system:serviceaccount:fluentbit:fluent-bit"
                    ],
                    "variable": "oidc.eks.us-east-1.amazonaws.com/id/9D3B7F481A1A33B6AC3F86D8F7B0364C:sub"
                  }
                ],
                "effect": "Allow",
                "not_actions": [],
                "not_principals": [],
                "not_resources": [],
                "principals": [
                  {
                    "identifiers": [
                      "arn:aws:iam::111594127594:oidc-provider/oidc.eks.us-east-1.amazonaws.com/id/9D3B7F481A1A33B6AC3F86D8F7B0364C"
                    ],
                    "type": "Federated"
                  }
                ],
                "resources": [],
                "sid": "AllowEKSForFluentbit"
              }
            ],
            "version": "2012-10-17"
          },
          "sensitive_attributes": []
        }
      ]
    },
    {
      "module": "module.main-eks.module.eks_addons",
      "mode": "managed",
      "type": "aws_cloudwatch_log_group",
      "name": "fluent-bit",
      "provider": "provider[\"registry.terraform.io/hashicorp/aws\"]",
      "instances": [
        {
          "schema_version": 0,
          "attributes": {
            "arn": "arn:aws:logs:us-east-1:111594127594:log-group:hema-test-fluent-bit",
            "id": "hema-test-fluent-bit",
            "kms_key_id": "arn:aws:kms:us-east-1:111594127594:key/63038765-e697-4aeb-b642-96e8de645e1b",
            "log_group_class": "STANDARD",
            "name": "hema-test-fluent-bit",
            "name_prefix": "",
            "retention_in_days": 7,
            "skip_destroy": false,
            "tags": null,
            "tags_all": {
              "Creator": "Terraform"
            }
          },
          "sensitive_attributes": [],
          "private": "bnVsbA==",
          "dependencies": [
            "module.main-eks.data.aws_ami.gold_image",
            "module.main-eks.data.aws_caller_identity.current",
            "module.main-eks.data.aws_partition.current",
            "module.main-eks.data.aws_subnets.private",
            "module.main-eks.data.aws_vpc.vpc",
            "module.main-eks.module.cloudwatch_kms.aws_kms_external_key.this",
            "module.main-eks.module.cloudwatch_kms.aws_kms_key.this",
            "module.main-eks.module.cloudwatch_kms.aws_kms_replica_external_key.this",
            "module.main-eks.module.cloudwatch_kms.aws_kms_replica_key.this",
            "module.main-eks.module.cloudwatch_kms.data.aws_iam_policy_document.this",
            "module.main-eks.module.eks.aws_cloudwatch_log_group.this",
            "module.main-eks.module.eks.aws_eks_access_entry.this",
            "module.main-eks.module.eks.aws_eks_access_policy_association.this",
            "module.main-eks.module.eks.aws_eks_cluster.this",
            "module.main-eks.module.eks.aws_iam_policy.cni_ipv6_policy",
            "module.main-eks.module.eks.aws_iam_role.this",
            "module.main-eks.module.eks.aws_iam_role_policy_attachment.this",
            "module.main-eks.module.eks.aws_security_group.cluster",
            "module.main-eks.module.eks.aws_security_group.node",
            "module.main-eks.module.eks.aws_security_group_rule.cluster",
            "module.main-eks.module.eks.aws_security_group_rule.node",
            "module.main-eks.module.eks.data.aws_iam_policy_document.assume_role_policy",
            "module.main-eks.module.eks.data.aws_iam_session_context.current",
            "module.main-eks.module.eks.data.aws_partition.current",
            "module.main-eks.module.eks.module.kms.aws_kms_external_key.this",
            "module.main-eks.module.eks.module.kms.aws_kms_key.this",
            "module.main-eks.module.eks.module.kms.aws_kms_replica_external_key.this",
            "module.main-eks.module.eks.module.kms.aws_kms_replica_key.this",
            "module.main-eks.module.eks.module.kms.data.aws_caller_identity.current",
            "module.main-eks.module.eks.module.kms.data.aws_iam_policy_document.this",
            "module.main-eks.module.eks.module.kms.data.aws_partition.current",
            "module.main-eks.module.main_nodes.aws_autoscaling_schedule.this",
            "module.main-eks.module.main_nodes.aws_eks_node_group.this",
            "module.main-eks.module.main_nodes.aws_iam_role.this",
            "module.main-eks.module.main_nodes.aws_iam_role_policy_attachment.additional",
            "module.main-eks.module.main_nodes.aws_iam_role_policy_attachment.this",
            "module.main-eks.module.main_nodes.aws_launch_template.this",
            "module.main-eks.module.main_nodes.data.aws_caller_identity.current",
            "module.main-eks.module.main_nodes.data.aws_iam_policy_document.assume_role_policy",
            "module.main-eks.module.main_nodes.data.aws_partition.current",
            "module.main-eks.module.main_nodes.module.user_data.data.cloudinit_config.linux_eks_managed_node_group"
          ]
        }
      ]
    },
    {
      "module": "module.main-eks.module.eks_addons",
      "mode": "managed",
      "type": "aws_cloudwatch_log_group",
      "name": "fluent-bit-system",
      "provider": "provider[\"registry.terraform.io/hashicorp/aws\"]",
      "instances": [
        {
          "index_key": 0,
          "schema_version": 0,
          "attributes": {
            "arn": "arn:aws:logs:us-east-1:111594127594:log-group:hema-test-fluent-bit-systemd",
            "id": "hema-test-fluent-bit-systemd",
            "kms_key_id": "arn:aws:kms:us-east-1:111594127594:key/63038765-e697-4aeb-b642-96e8de645e1b",
            "log_group_class": "STANDARD",
            "name": "hema-test-fluent-bit-systemd",
            "name_prefix": "",
            "retention_in_days": 7,
            "skip_destroy": false,
            "tags": null,
            "tags_all": {
              "Creator": "Terraform"
            }
          },
          "sensitive_attributes": [],
          "private": "bnVsbA==",
          "dependencies": [
            "module.main-eks.data.aws_ami.gold_image",
            "module.main-eks.data.aws_caller_identity.current",
            "module.main-eks.data.aws_partition.current",
            "module.main-eks.data.aws_subnets.private",
            "module.main-eks.data.aws_vpc.vpc",
            "module.main-eks.module.cloudwatch_kms.aws_kms_external_key.this",
            "module.main-eks.module.cloudwatch_kms.aws_kms_key.this",
            "module.main-eks.module.cloudwatch_kms.aws_kms_replica_external_key.this",
            "module.main-eks.module.cloudwatch_kms.aws_kms_replica_key.this",
            "module.main-eks.module.cloudwatch_kms.data.aws_iam_policy_document.this",
            "module.main-eks.module.eks.aws_cloudwatch_log_group.this",
            "module.main-eks.module.eks.aws_eks_access_entry.this",
            "module.main-eks.module.eks.aws_eks_access_policy_association.this",
            "module.main-eks.module.eks.aws_eks_cluster.this",
            "module.main-eks.module.eks.aws_iam_policy.cni_ipv6_policy",
            "module.main-eks.module.eks.aws_iam_role.this",
            "module.main-eks.module.eks.aws_iam_role_policy_attachment.this",
            "module.main-eks.module.eks.aws_security_group.cluster",
            "module.main-eks.module.eks.aws_security_group.node",
            "module.main-eks.module.eks.aws_security_group_rule.cluster",
            "module.main-eks.module.eks.aws_security_group_rule.node",
            "module.main-eks.module.eks.data.aws_iam_policy_document.assume_role_policy",
            "module.main-eks.module.eks.data.aws_iam_session_context.current",
            "module.main-eks.module.eks.data.aws_partition.current",
            "module.main-eks.module.eks.module.kms.aws_kms_external_key.this",
            "module.main-eks.module.eks.module.kms.aws_kms_key.this",
            "module.main-eks.module.eks.module.kms.aws_kms_replica_external_key.this",
            "module.main-eks.module.eks.module.kms.aws_kms_replica_key.this",
            "module.main-eks.module.eks.module.kms.data.aws_caller_identity.current",
            "module.main-eks.module.eks.module.kms.data.aws_iam_policy_document.this",
            "module.main-eks.module.eks.module.kms.data.aws_partition.current",
            "module.main-eks.module.main_nodes.aws_autoscaling_schedule.this",
            "module.main-eks.module.main_nodes.aws_eks_node_group.this",
            "module.main-eks.module.main_nodes.aws_iam_role.this",
            "module.main-eks.module.main_nodes.aws_iam_role_policy_attachment.additional",
            "module.main-eks.module.main_nodes.aws_iam_role_policy_attachment.this",
            "module.main-eks.module.main_nodes.aws_launch_template.this",
            "module.main-eks.module.main_nodes.data.aws_caller_identity.current",
            "module.main-eks.module.main_nodes.data.aws_iam_policy_document.assume_role_policy",
            "module.main-eks.module.main_nodes.data.aws_partition.current",
            "module.main-eks.module.main_nodes.module.user_data.data.cloudinit_config.linux_eks_managed_node_group"
          ]
        }
      ]
    },
    {
      "module": "module.main-eks.module.eks_addons",
      "mode": "managed",
      "type": "aws_iam_role",
      "name": "fluentbit",
      "provider": "provider[\"registry.terraform.io/hashicorp/aws\"]",
      "instances": [
        {
          "schema_version": 0,
          "attributes": {
            "arn": "arn:aws:iam::111594127594:role/delegatedadmin/developer/hema-test-fluentbit",
            "assume_role_policy": "{\"Statement\":[{\"Action\":\"sts:AssumeRoleWithWebIdentity\",\"Condition\":{\"StringEquals\":{\"oidc.eks.us-east-1.amazonaws.com/id/9D3B7F481A1A33B6AC3F86D8F7B0364C:aud\":\"sts.amazonaws.com\",\"oidc.eks.us-east-1.amazonaws.com/id/9D3B7F481A1A33B6AC3F86D8F7B0364C:sub\":\"system:serviceaccount:fluentbit:fluent-bit\"}},\"Effect\":\"Allow\",\"Principal\":{\"Federated\":\"arn:aws:iam::111594127594:oidc-provider/oidc.eks.us-east-1.amazonaws.com/id/9D3B7F481A1A33B6AC3F86D8F7B0364C\"},\"Sid\":\"AllowEKSForFluentbit\"}],\"Version\":\"2012-10-17\"}",
            "create_date": "2024-06-14T19:03:02Z",
            "description": "",
            "force_detach_policies": false,
            "id": "hema-test-fluentbit",
            "inline_policy": [],
            "managed_policy_arns": [],
            "max_session_duration": 3600,
            "name": "hema-test-fluentbit",
            "name_prefix": "",
            "path": "/delegatedadmin/developer/",
            "permissions_boundary": "arn:aws:iam::111594127594:policy/cms-cloud-admin/ct-ado-poweruser-permissions-boundary-policy",
            "tags": null,
            "tags_all": {
              "Creator": "Terraform"
            },
            "unique_id": "AROART64HIDVJPY7ZZEGG"
          },
          "sensitive_attributes": [],
          "private": "bnVsbA==",
          "dependencies": [
            "module.main-eks.data.aws_ami.gold_image",
            "module.main-eks.data.aws_caller_identity.current",
            "module.main-eks.data.aws_partition.current",
            "module.main-eks.data.aws_subnets.private",
            "module.main-eks.data.aws_vpc.vpc",
            "module.main-eks.module.cloudwatch_kms.aws_kms_external_key.this",
            "module.main-eks.module.cloudwatch_kms.aws_kms_key.this",
            "module.main-eks.module.cloudwatch_kms.aws_kms_replica_external_key.this",
            "module.main-eks.module.cloudwatch_kms.aws_kms_replica_key.this",
            "module.main-eks.module.cloudwatch_kms.data.aws_iam_policy_document.this",
            "module.main-eks.module.eks.aws_cloudwatch_log_group.this",
            "module.main-eks.module.eks.aws_eks_access_entry.this",
            "module.main-eks.module.eks.aws_eks_access_policy_association.this",
            "module.main-eks.module.eks.aws_eks_cluster.this",
            "module.main-eks.module.eks.aws_iam_openid_connect_provider.oidc_provider",
            "module.main-eks.module.eks.aws_iam_policy.cni_ipv6_policy",
            "module.main-eks.module.eks.aws_iam_role.this",
            "module.main-eks.module.eks.aws_iam_role_policy_attachment.this",
            "module.main-eks.module.eks.aws_security_group.cluster",
            "module.main-eks.module.eks.aws_security_group.node",
            "module.main-eks.module.eks.aws_security_group_rule.cluster",
            "module.main-eks.module.eks.aws_security_group_rule.node",
            "module.main-eks.module.eks.data.aws_iam_policy_document.assume_role_policy",
            "module.main-eks.module.eks.data.aws_iam_session_context.current",
            "module.main-eks.module.eks.data.aws_partition.current",
            "module.main-eks.module.eks.data.tls_certificate.this",
            "module.main-eks.module.eks.module.kms.aws_kms_external_key.this",
            "module.main-eks.module.eks.module.kms.aws_kms_key.this",
            "module.main-eks.module.eks.module.kms.aws_kms_replica_external_key.this",
            "module.main-eks.module.eks.module.kms.aws_kms_replica_key.this",
            "module.main-eks.module.eks.module.kms.data.aws_caller_identity.current",
            "module.main-eks.module.eks.module.kms.data.aws_iam_policy_document.this",
            "module.main-eks.module.eks.module.kms.data.aws_partition.current",
            "module.main-eks.module.eks_addons.data.aws_iam_policy_document.fluentbit_trust",
            "module.main-eks.module.main_nodes.aws_autoscaling_schedule.this",
            "module.main-eks.module.main_nodes.aws_eks_node_group.this",
            "module.main-eks.module.main_nodes.aws_iam_role.this",
            "module.main-eks.module.main_nodes.aws_iam_role_policy_attachment.additional",
            "module.main-eks.module.main_nodes.aws_iam_role_policy_attachment.this",
            "module.main-eks.module.main_nodes.aws_launch_template.this",
            "module.main-eks.module.main_nodes.data.aws_caller_identity.current",
            "module.main-eks.module.main_nodes.data.aws_iam_policy_document.assume_role_policy",
            "module.main-eks.module.main_nodes.data.aws_partition.current",
            "module.main-eks.module.main_nodes.module.user_data.data.cloudinit_config.linux_eks_managed_node_group"
          ]
        }
      ]
    },
    {
      "module": "module.main-eks.module.eks_addons",
      "mode": "managed",
      "type": "aws_iam_role_policy_attachment",
      "name": "fluentbit",
      "provider": "provider[\"registry.terraform.io/hashicorp/aws\"]",
      "instances": [
        {
          "schema_version": 0,
          "attributes": {
            "id": "hema-test-fluentbit-20240614190302738400000026",
            "policy_arn": "arn:aws:iam::aws:policy/CloudWatchAgentServerPolicy",
            "role": "hema-test-fluentbit"
          },
          "sensitive_attributes": [],
          "private": "bnVsbA==",
          "dependencies": [
            "module.main-eks.data.aws_ami.gold_image",
            "module.main-eks.data.aws_caller_identity.current",
            "module.main-eks.data.aws_partition.current",
            "module.main-eks.data.aws_subnets.private",
            "module.main-eks.data.aws_vpc.vpc",
            "module.main-eks.module.cloudwatch_kms.aws_kms_external_key.this",
            "module.main-eks.module.cloudwatch_kms.aws_kms_key.this",
            "module.main-eks.module.cloudwatch_kms.aws_kms_replica_external_key.this",
            "module.main-eks.module.cloudwatch_kms.aws_kms_replica_key.this",
            "module.main-eks.module.cloudwatch_kms.data.aws_iam_policy_document.this",
            "module.main-eks.module.eks.aws_cloudwatch_log_group.this",
            "module.main-eks.module.eks.aws_eks_access_entry.this",
            "module.main-eks.module.eks.aws_eks_access_policy_association.this",
            "module.main-eks.module.eks.aws_eks_cluster.this",
            "module.main-eks.module.eks.aws_iam_openid_connect_provider.oidc_provider",
            "module.main-eks.module.eks.aws_iam_policy.cni_ipv6_policy",
            "module.main-eks.module.eks.aws_iam_role.this",
            "module.main-eks.module.eks.aws_iam_role_policy_attachment.this",
            "module.main-eks.module.eks.aws_security_group.cluster",
            "module.main-eks.module.eks.aws_security_group.node",
            "module.main-eks.module.eks.aws_security_group_rule.cluster",
            "module.main-eks.module.eks.aws_security_group_rule.node",
            "module.main-eks.module.eks.data.aws_iam_policy_document.assume_role_policy",
            "module.main-eks.module.eks.data.aws_iam_session_context.current",
            "module.main-eks.module.eks.data.aws_partition.current",
            "module.main-eks.module.eks.data.tls_certificate.this",
            "module.main-eks.module.eks.module.kms.aws_kms_external_key.this",
            "module.main-eks.module.eks.module.kms.aws_kms_key.this",
            "module.main-eks.module.eks.module.kms.aws_kms_replica_external_key.this",
            "module.main-eks.module.eks.module.kms.aws_kms_replica_key.this",
            "module.main-eks.module.eks.module.kms.data.aws_caller_identity.current",
            "module.main-eks.module.eks.module.kms.data.aws_iam_policy_document.this",
            "module.main-eks.module.eks.module.kms.data.aws_partition.current",
            "module.main-eks.module.eks_addons.aws_iam_role.fluentbit",
            "module.main-eks.module.eks_addons.data.aws_iam_policy_document.fluentbit_trust",
            "module.main-eks.module.main_nodes.aws_autoscaling_schedule.this",
            "module.main-eks.module.main_nodes.aws_eks_node_group.this",
            "module.main-eks.module.main_nodes.aws_iam_role.this",
            "module.main-eks.module.main_nodes.aws_iam_role_policy_attachment.additional",
            "module.main-eks.module.main_nodes.aws_iam_role_policy_attachment.this",
            "module.main-eks.module.main_nodes.aws_launch_template.this",
            "module.main-eks.module.main_nodes.data.aws_caller_identity.current",
            "module.main-eks.module.main_nodes.data.aws_iam_policy_document.assume_role_policy",
            "module.main-eks.module.main_nodes.data.aws_partition.current",
            "module.main-eks.module.main_nodes.module.user_data.data.cloudinit_config.linux_eks_managed_node_group"
          ]
        }
      ]
    },
    {
      "module": "module.main-eks.module.eks_addons",
      "mode": "managed",
      "type": "helm_release",
      "name": "fluent-bit",
      "provider": "module.main-eks.provider[\"registry.terraform.io/hashicorp/helm\"]",
      "instances": [
        {
          "schema_version": 1,
          "attributes": {
            "atomic": true,
            "chart": "aws-for-fluent-bit",
            "cleanup_on_fail": false,
            "create_namespace": true,
            "dependency_update": false,
            "description": null,
            "devel": null,
            "disable_crd_hooks": false,
            "disable_openapi_validation": false,
            "disable_webhooks": false,
            "force_update": false,
            "id": "fluentbit",
            "keyring": null,
            "lint": false,
            "manifest": null,
            "max_history": 0,
            "metadata": [
              {
                "app_version": "2.32.2.20240425",
                "chart": "aws-for-fluent-bit",
                "first_deployed": 1718391784,
                "last_deployed": 1718391784,
                "name": "fluentbit",
                "namespace": "fluentbit",
                "notes": "fluentbit has been installed or updated. To check the status of pods, run:\n\nkubectl get pods -n fluentbit\n",
                "revision": 1,
                "values": "{\"clusterName\":\"hema-test\",\"config\":{\"filters\":\"[FILTER]\\n    Name kubernetes\\n    Match kube.*\\n    Merge_Log On\\n    Keep_Log Off\\n    K8S-Logging.Parser On\\n    K8S-Logging.Exclude On\\n\\n[FILTER]\\n    Name          grep\\n    Match         kube.*\\n    Exclude       $log (kube-probe|health|prometheus|liveness)\\n\\n[FILTER]\\n    Name          grep\\n    Match         kube.*\\n    Exclude       $log (ELB-HealthChecker|Amazon-Route53-Health-Check-Service)\\n\\n\\n[FILTER]\\n    Name          rewrite_tag\\n    Match         kube.*\\n    Rule          $kubernetes['namespace_name'] ^kube.*$ system.$TAG false\\n\\n[FILTER]\\n    Name          rewrite_tag\\n    Match         kube.*\\n    Rule          $kubernetes['namespace_name'] ^cert-manager.*$ system.$TAG false\\n\\n[FILTER]\\n    Name          grep\\n    Match         *\\n    Exclude       $kubernetes['namespace_name'] (kube-system|cert-manager)\\n\",\"inputs\":\"[INPUT]\\n    Name               tail\\n    Tag                kube.*\\n    Path               /var/log/containers/*.log\\n    Read_from_head     true\\n    multiline.parser   docker, cri\\n    Docker_Mode        On\\n    Parser             docker\\n    Mem_Buf_Limit      50MB\\n\\n[INPUT]\\n    Name systemd\\n    Tag host.*\\n    Systemd_Filter _SYSTEMD_UNIT=kubelet.service\\n    Read_From_Tail On\\n\",\"outputs\":\"[OUTPUT]\\n    Name cloudwatch_logs\\n    Match  kube.*\\n    region us-east-1\\n    log_group_name hema-test-fluent-bit\\n    log_stream_prefix from-fluent-bit-\\n    log_retention_days 7\\n\\n[OUTPUT]\\n    Name cloudwatch_logs\\n    Match host.*\\n    region us-east-1\\n    log_group_name hema-test-fluent-bit-systemd\\n    log_stream_prefix eks-\\n    log_retention_days 7\\n\\n[OUTPUT]\\n    Name cloudwatch_logs\\n    Match  system.*\\n    region us-east-1\\n    log_group_name hema-test-fluent-bit-systemd\\n    log_stream_prefix from-fluent-bit-\\n    log_retention_days 7\"},\"serviceAccount\":{\"annotations\":{\"eks.amazonaws.com/role-arn\":\"arn:aws:iam::111594127594:role/delegatedadmin/developer/hema-test-fluentbit\"},\"name\":\"fluent-bit\"}}",
                "version": "0.1.33"
              }
            ],
            "name": "fluentbit",
            "namespace": "fluentbit",
            "pass_credentials": false,
            "postrender": [],
            "recreate_pods": false,
            "render_subchart_notes": true,
            "replace": false,
            "repository": "https://aws.github.io/eks-charts",
            "repository_ca_file": null,
            "repository_cert_file": null,
            "repository_key_file": null,
            "repository_password": null,
            "repository_username": null,
            "reset_values": false,
            "reuse_values": false,
            "set": [
              {
                "name": "clusterName",
                "type": "",
                "value": "hema-test"
              },
              {
                "name": "serviceAccount.annotations.eks\\.amazonaws\\.com/role-arn",
                "type": "",
                "value": "arn:aws:iam::111594127594:role/delegatedadmin/developer/hema-test-fluentbit"
              },
              {
                "name": "serviceAccount.name",
                "type": "",
                "value": "fluent-bit"
              }
            ],
            "set_list": [],
            "set_sensitive": [],
            "skip_crds": false,
            "status": "deployed",
            "timeout": 300,
            "values": [
              "config:\n  ## https://docs.fluentbit.io/manual/pipeline/inputs\n  inputs: |\n    [INPUT]\n        Name               tail\n        Tag                kube.*\n        Path               /var/log/containers/*.log\n        Read_from_head     true\n        multiline.parser   docker, cri\n        Docker_Mode        On\n        Parser             docker\n        Mem_Buf_Limit      50MB\n\n    [INPUT]\n        Name systemd\n        Tag host.*\n        Systemd_Filter _SYSTEMD_UNIT=kubelet.service\n        Read_From_Tail On\n\n  ## https://docs.fluentbit.io/manual/pipeline/filters\n  filters: |\n    [FILTER]\n        Name kubernetes\n        Match kube.*\n        Merge_Log On\n        Keep_Log Off\n        K8S-Logging.Parser On\n        K8S-Logging.Exclude On\n\n    [FILTER]\n        Name          grep\n        Match         kube.*\n        Exclude       $log (kube-probe|health|prometheus|liveness)\n\n    [FILTER]\n        Name          grep\n        Match         kube.*\n        Exclude       $log (ELB-HealthChecker|Amazon-Route53-Health-Check-Service)\n\n\n    [FILTER]\n        Name          rewrite_tag\n        Match         kube.*\n        Rule          $kubernetes['namespace_name'] ^kube.*$ system.$TAG false\n\n    [FILTER]\n        Name          rewrite_tag\n        Match         kube.*\n        Rule          $kubernetes['namespace_name'] ^cert-manager.*$ system.$TAG false\n\n    [FILTER]\n        Name          grep\n        Match         *\n        Exclude       $kubernetes['namespace_name'] (kube-system|cert-manager)\n\n  outputs: |\n    [OUTPUT]\n        Name cloudwatch_logs\n        Match  kube.*\n        region us-east-1\n        log_group_name hema-test-fluent-bit\n        log_stream_prefix from-fluent-bit-\n        log_retention_days 7\n\n    [OUTPUT]\n        Name cloudwatch_logs\n        Match host.*\n        region us-east-1\n        log_group_name hema-test-fluent-bit-systemd\n        log_stream_prefix eks-\n        log_retention_days 7\n\n    [OUTPUT]\n        Name cloudwatch_logs\n        Match  system.*\n        region us-east-1\n        log_group_name hema-test-fluent-bit-systemd\n        log_stream_prefix from-fluent-bit-\n        log_retention_days 7"
            ],
            "verify": false,
            "version": "0.1.33",
            "wait": true,
            "wait_for_jobs": false
          },
          "sensitive_attributes": [],
          "private": "eyJzY2hlbWFfdmVyc2lvbiI6IjEifQ==",
          "dependencies": [
            "module.main-eks.data.aws_ami.gold_image",
            "module.main-eks.data.aws_caller_identity.current",
            "module.main-eks.data.aws_partition.current",
            "module.main-eks.data.aws_region.current",
            "module.main-eks.data.aws_subnets.private",
            "module.main-eks.data.aws_vpc.vpc",
            "module.main-eks.module.cloudwatch_kms.aws_kms_external_key.this",
            "module.main-eks.module.cloudwatch_kms.aws_kms_key.this",
            "module.main-eks.module.cloudwatch_kms.aws_kms_replica_external_key.this",
            "module.main-eks.module.cloudwatch_kms.aws_kms_replica_key.this",
            "module.main-eks.module.cloudwatch_kms.data.aws_iam_policy_document.this",
            "module.main-eks.module.eks.aws_cloudwatch_log_group.this",
            "module.main-eks.module.eks.aws_eks_access_entry.this",
            "module.main-eks.module.eks.aws_eks_access_policy_association.this",
            "module.main-eks.module.eks.aws_eks_cluster.this",
            "module.main-eks.module.eks.aws_iam_openid_connect_provider.oidc_provider",
            "module.main-eks.module.eks.aws_iam_policy.cni_ipv6_policy",
            "module.main-eks.module.eks.aws_iam_role.this",
            "module.main-eks.module.eks.aws_iam_role_policy_attachment.this",
            "module.main-eks.module.eks.aws_security_group.cluster",
            "module.main-eks.module.eks.aws_security_group.node",
            "module.main-eks.module.eks.aws_security_group_rule.cluster",
            "module.main-eks.module.eks.aws_security_group_rule.node",
            "module.main-eks.module.eks.data.aws_iam_policy_document.assume_role_policy",
            "module.main-eks.module.eks.data.aws_iam_session_context.current",
            "module.main-eks.module.eks.data.aws_partition.current",
            "module.main-eks.module.eks.data.tls_certificate.this",
            "module.main-eks.module.eks.module.kms.aws_kms_external_key.this",
            "module.main-eks.module.eks.module.kms.aws_kms_key.this",
            "module.main-eks.module.eks.module.kms.aws_kms_replica_external_key.this",
            "module.main-eks.module.eks.module.kms.aws_kms_replica_key.this",
            "module.main-eks.module.eks.module.kms.data.aws_caller_identity.current",
            "module.main-eks.module.eks.module.kms.data.aws_iam_policy_document.this",
            "module.main-eks.module.eks.module.kms.data.aws_partition.current",
            "module.main-eks.module.eks_addons.aws_iam_role.fluentbit",
            "module.main-eks.module.eks_addons.data.aws_iam_policy_document.fluentbit_trust",
            "module.main-eks.module.main_nodes.aws_autoscaling_schedule.this",
            "module.main-eks.module.main_nodes.aws_eks_node_group.this",
            "module.main-eks.module.main_nodes.aws_iam_role.this",
            "module.main-eks.module.main_nodes.aws_iam_role_policy_attachment.additional",
            "module.main-eks.module.main_nodes.aws_iam_role_policy_attachment.this",
            "module.main-eks.module.main_nodes.aws_launch_template.this",
            "module.main-eks.module.main_nodes.data.aws_caller_identity.current",
            "module.main-eks.module.main_nodes.data.aws_iam_policy_document.assume_role_policy",
            "module.main-eks.module.main_nodes.data.aws_partition.current",
            "module.main-eks.module.main_nodes.module.user_data.data.cloudinit_config.linux_eks_managed_node_group"
          ]
        }
      ]
    },
    {
      "module": "module.main-eks.module.eks_addons",
      "mode": "managed",
      "type": "helm_release",
      "name": "karpenter-crd",
      "provider": "module.main-eks.provider[\"registry.terraform.io/hashicorp/helm\"]",
      "instances": [
        {
          "schema_version": 1,
          "attributes": {
            "atomic": true,
            "chart": "karpenter",
            "cleanup_on_fail": false,
            "create_namespace": true,
            "dependency_update": false,
            "description": null,
            "devel": null,
            "disable_crd_hooks": false,
            "disable_openapi_validation": false,
            "disable_webhooks": false,
            "force_update": false,
            "id": "karpenter",
            "keyring": null,
            "lint": false,
            "manifest": null,
            "max_history": 0,
            "metadata": [
              {
                "app_version": "0.37.0",
                "chart": "karpenter",
                "first_deployed": 1718391835,
                "last_deployed": 1718391835,
                "name": "karpenter",
                "namespace": "karpenter",
                "notes": "",
                "revision": 1,
                "values": "{\"affinity\":{\"podAntiAffinity\":{\"requiredDuringSchedulingIgnoredDuringExecution\":[{\"topologyKey\":\"kubernetes.io/hostname\"}]}},\"controller\":{\"tolerations\":[{\"effect\":\"NoSchedule\",\"key\":\"CriticalAddonsOnly\",\"operator\":\"Exists\"}]},\"serviceAccount\":{\"name\":\"karpenter\"},\"settings\":{\"clusterName\":\"hema-test\",\"interruptionQueue\":\"Karpenter-hema-test\",\"isolatedVPC\":true},\"webhook\":{\"tolerations\":[{\"effect\":\"NoSchedule\",\"key\":\"CriticalAddonsOnly\",\"operator\":\"Exists\"}]}}",
                "version": "0.37.0"
              }
            ],
            "name": "karpenter",
            "namespace": "karpenter",
            "pass_credentials": false,
            "postrender": [],
            "recreate_pods": false,
            "render_subchart_notes": true,
            "replace": false,
            "repository": "oci://public.ecr.aws/karpenter",
            "repository_ca_file": null,
            "repository_cert_file": null,
            "repository_key_file": null,
            "repository_password": null,
            "repository_username": null,
            "reset_values": false,
            "reuse_values": false,
            "set": [
              {
                "name": "serviceAccount.name",
                "type": "",
                "value": "karpenter"
              },
              {
                "name": "settings.isolatedVPC",
                "type": "",
                "value": "true"
              }
            ],
            "set_list": [],
            "set_sensitive": [],
            "skip_crds": false,
            "status": "deployed",
            "timeout": 300,
            "values": [
              "controller:\n  tolerations:\n    - key: \"CriticalAddonsOnly\"\n      operator: \"Exists\"\n      effect: \"NoSchedule\"\n\nwebhook:\n  tolerations:\n    - key: \"CriticalAddonsOnly\"\n      operator: \"Exists\"\n      effect: \"NoSchedule\"\n\naffinity:\n  podAntiAffinity:\n    requiredDuringSchedulingIgnoredDuringExecution:\n      - topologyKey: \"kubernetes.io/hostname\"\nsettings:\n  clusterName: \"hema-test\"\n  interruptionQueue: \"Karpenter-hema-test\""
            ],
            "verify": false,
            "version": "0.37.0",
            "wait": true,
            "wait_for_jobs": false
          },
          "sensitive_attributes": [],
          "private": "eyJzY2hlbWFfdmVyc2lvbiI6IjEifQ==",
          "dependencies": [
            "module.main-eks.data.aws_ami.gold_image",
            "module.main-eks.data.aws_caller_identity.current",
            "module.main-eks.data.aws_partition.current",
            "module.main-eks.data.aws_subnets.private",
            "module.main-eks.data.aws_vpc.vpc",
            "module.main-eks.module.cloudwatch_kms.aws_kms_external_key.this",
            "module.main-eks.module.cloudwatch_kms.aws_kms_key.this",
            "module.main-eks.module.cloudwatch_kms.aws_kms_replica_external_key.this",
            "module.main-eks.module.cloudwatch_kms.aws_kms_replica_key.this",
            "module.main-eks.module.cloudwatch_kms.data.aws_iam_policy_document.this",
            "module.main-eks.module.eks.aws_cloudwatch_log_group.this",
            "module.main-eks.module.eks.aws_eks_access_entry.this",
            "module.main-eks.module.eks.aws_eks_access_policy_association.this",
            "module.main-eks.module.eks.aws_eks_cluster.this",
            "module.main-eks.module.eks.aws_iam_policy.cni_ipv6_policy",
            "module.main-eks.module.eks.aws_iam_role.this",
            "module.main-eks.module.eks.aws_iam_role_policy_attachment.this",
            "module.main-eks.module.eks.aws_security_group.cluster",
            "module.main-eks.module.eks.aws_security_group.node",
            "module.main-eks.module.eks.aws_security_group_rule.cluster",
            "module.main-eks.module.eks.aws_security_group_rule.node",
            "module.main-eks.module.eks.data.aws_iam_policy_document.assume_role_policy",
            "module.main-eks.module.eks.data.aws_iam_session_context.current",
            "module.main-eks.module.eks.data.aws_partition.current",
            "module.main-eks.module.eks.module.kms.aws_kms_external_key.this",
            "module.main-eks.module.eks.module.kms.aws_kms_key.this",
            "module.main-eks.module.eks.module.kms.aws_kms_replica_external_key.this",
            "module.main-eks.module.eks.module.kms.aws_kms_replica_key.this",
            "module.main-eks.module.eks.module.kms.data.aws_caller_identity.current",
            "module.main-eks.module.eks.module.kms.data.aws_iam_policy_document.this",
            "module.main-eks.module.eks.module.kms.data.aws_partition.current",
            "module.main-eks.module.eks_addons.module.karpenter.aws_cloudwatch_event_rule.this",
            "module.main-eks.module.eks_addons.module.karpenter.aws_cloudwatch_event_target.this",
            "module.main-eks.module.eks_addons.module.karpenter.aws_eks_access_entry.node",
            "module.main-eks.module.eks_addons.module.karpenter.aws_eks_pod_identity_association.karpenter",
            "module.main-eks.module.eks_addons.module.karpenter.aws_iam_instance_profile.this",
            "module.main-eks.module.eks_addons.module.karpenter.aws_iam_policy.controller",
            "module.main-eks.module.eks_addons.module.karpenter.aws_iam_role.controller",
            "module.main-eks.module.eks_addons.module.karpenter.aws_iam_role.node",
            "module.main-eks.module.eks_addons.module.karpenter.aws_iam_role_policy_attachment.controller",
            "module.main-eks.module.eks_addons.module.karpenter.aws_iam_role_policy_attachment.controller_additional",
            "module.main-eks.module.eks_addons.module.karpenter.aws_iam_role_policy_attachment.node",
            "module.main-eks.module.eks_addons.module.karpenter.aws_iam_role_policy_attachment.node_additional",
            "module.main-eks.module.eks_addons.module.karpenter.aws_sqs_queue.this",
            "module.main-eks.module.eks_addons.module.karpenter.aws_sqs_queue_policy.this",
            "module.main-eks.module.eks_addons.module.karpenter.data.aws_caller_identity.current",
            "module.main-eks.module.eks_addons.module.karpenter.data.aws_iam_policy_document.controller",
            "module.main-eks.module.eks_addons.module.karpenter.data.aws_iam_policy_document.controller_assume_role",
            "module.main-eks.module.eks_addons.module.karpenter.data.aws_iam_policy_document.node_assume_role",
            "module.main-eks.module.eks_addons.module.karpenter.data.aws_iam_policy_document.queue",
            "module.main-eks.module.eks_addons.module.karpenter.data.aws_partition.current",
            "module.main-eks.module.eks_addons.module.karpenter.data.aws_region.current",
            "module.main-eks.module.main_nodes.aws_autoscaling_schedule.this",
            "module.main-eks.module.main_nodes.aws_eks_node_group.this",
            "module.main-eks.module.main_nodes.aws_iam_role.this",
            "module.main-eks.module.main_nodes.aws_iam_role_policy_attachment.additional",
            "module.main-eks.module.main_nodes.aws_iam_role_policy_attachment.this",
            "module.main-eks.module.main_nodes.aws_launch_template.this",
            "module.main-eks.module.main_nodes.data.aws_caller_identity.current",
            "module.main-eks.module.main_nodes.data.aws_iam_policy_document.assume_role_policy",
            "module.main-eks.module.main_nodes.data.aws_partition.current",
            "module.main-eks.module.main_nodes.module.user_data.data.cloudinit_config.linux_eks_managed_node_group"
          ]
        }
      ]
    },
    {
      "module": "module.main-eks.module.eks_addons",
      "mode": "managed",
      "type": "helm_release",
      "name": "karpenter-nodes",
      "provider": "module.main-eks.provider[\"registry.terraform.io/hashicorp/helm\"]",
      "instances": [
        {
          "schema_version": 1,
          "attributes": {
            "atomic": true,
            "chart": "karpenter-nodes",
            "cleanup_on_fail": false,
            "create_namespace": false,
            "dependency_update": false,
            "description": null,
            "devel": null,
            "disable_crd_hooks": false,
            "disable_openapi_validation": false,
            "disable_webhooks": false,
            "force_update": false,
            "id": "karpenter-nodes",
            "keyring": null,
            "lint": false,
            "manifest": null,
            "max_history": 0,
            "metadata": [
              {
                "app_version": "",
                "chart": "karpenter-nodes",
                "first_deployed": 1718391852,
                "last_deployed": 1718391852,
                "name": "karpenter-nodes",
                "namespace": "karpenter",
                "notes": "",
                "revision": 1,
                "values": "{\"nodeClass\":{\"metadata\":{\"annotations\":{\"description\":\"EC2NodeClass for running Amazon Linux 2 nodes with custom user data\"},\"name\":\"main\"},\"spec\":{\"amiFamily\":\"Custom\",\"amiID\":\"ami-021ff3ba98dc6d3a5\",\"bottlerocket\":false,\"role\":\"arn:aws:iam::111594127594:role/delegatedadmin/developer/eks-hema-test\",\"securityGroupID\":\"sg-00e5524775dcc9d44\",\"subnetTag\":\"batcave-*-impl-private-*\",\"tags\":{}}},\"nodePool\":{\"metadata\":{\"annotations\":{\"kubernetes.io/description\":\"General purpose NodePool for generic workloads\"},\"name\":\"default\"},\"spec\":{\"template\":{\"spec\":{\"nodeClassRef\":{\"apiVersion\":\"karpenter.k8s.aws/v1beta1\",\"kind\":\"EC2NodeClass\",\"name\":\"default\"},\"requirements\":[{\"key\":\"kubernetes.io/arch\",\"operator\":\"In\",\"values\":[\"amd64\"]},{\"key\":\"kubernetes.io/os\",\"operator\":\"In\",\"values\":[\"linux\"]},{\"key\":\"karpenter.sh/capacity-type\",\"operator\":\"In\",\"values\":[\"on-demand\"]},{\"key\":\"karpenter.k8s.aws/instance-category\",\"operator\":\"In\",\"values\":[\"c\",\"m\",\"r\"]},{\"key\":\"karpenter.k8s.aws/instance-generation\",\"operator\":\"Gt\",\"values\":[\"5\"]},{\"key\":\"usage\",\"operator\":\"In\",\"values\":[\"application\",\"system\"]}]}}}}}",
                "version": "1.0.0"
              }
            ],
            "name": "karpenter-nodes",
            "namespace": "karpenter",
            "pass_credentials": false,
            "postrender": [],
            "recreate_pods": false,
            "render_subchart_notes": true,
            "replace": false,
            "repository": "../addons/values",
            "repository_ca_file": null,
            "repository_cert_file": null,
            "repository_key_file": null,
            "repository_password": null,
            "repository_username": null,
            "reset_values": false,
            "reuse_values": false,
            "set": [],
            "set_list": [],
            "set_sensitive": [],
            "skip_crds": false,
            "status": "deployed",
            "timeout": 300,
            "values": [
              "nodeClass:\n  metadata:\n    name: \"main\"\n    annotations:\n      description: \"EC2NodeClass for running Amazon Linux 2 nodes with custom user data\"\n\n  spec:\n    amiFamily: Custom\n    amiID: ami-021ff3ba98dc6d3a5\n    bottlerocket: false\n    role: arn:aws:iam::111594127594:role/delegatedadmin/developer/eks-hema-test\n    subnetTag: batcave-*-impl-private-*\n    securityGroupID: sg-00e5524775dcc9d44   \n    tags:\n      {}\n\n\nnodePool:\n  metadata:\n    name: \"default\" \n    annotations:\n      kubernetes.io/description: \"General purpose NodePool for generic workloads\"\n  spec:\n    template:\n      spec:\n        requirements:\n          - key: \"kubernetes.io/arch\"\n            operator: \"In\"\n            values: [\"amd64\"]\n          - key: \"kubernetes.io/os\"\n            operator: \"In\"\n            values: [\"linux\"]\n          - key: \"karpenter.sh/capacity-type\"\n            operator: \"In\"\n            values: [\"on-demand\"]\n          - key: \"karpenter.k8s.aws/instance-category\"\n            operator: \"In\"\n            values: [\"c\", \"m\", \"r\"]\n          - key: \"karpenter.k8s.aws/instance-generation\"\n            operator: \"Gt\"\n            values: [\"5\"]\n          - key: \"usage\"\n            operator: \"In\"\n            values: [\"application\", \"system\"]\n        nodeClassRef:\n          apiVersion: \"karpenter.k8s.aws/v1beta1\"\n          kind: \"EC2NodeClass\"\n          name: \"default\""
            ],
            "verify": false,
            "version": "1.0.0",
            "wait": true,
            "wait_for_jobs": false
          },
          "sensitive_attributes": [],
          "private": "eyJzY2hlbWFfdmVyc2lvbiI6IjEifQ==",
          "dependencies": [
            "module.main-eks.data.aws_ami.gold_image",
            "module.main-eks.data.aws_caller_identity.current",
            "module.main-eks.data.aws_partition.current",
            "module.main-eks.data.aws_subnets.private",
            "module.main-eks.data.aws_vpc.vpc",
            "module.main-eks.module.cloudwatch_kms.aws_kms_external_key.this",
            "module.main-eks.module.cloudwatch_kms.aws_kms_key.this",
            "module.main-eks.module.cloudwatch_kms.aws_kms_replica_external_key.this",
            "module.main-eks.module.cloudwatch_kms.aws_kms_replica_key.this",
            "module.main-eks.module.cloudwatch_kms.data.aws_iam_policy_document.this",
            "module.main-eks.module.eks.aws_cloudwatch_log_group.this",
            "module.main-eks.module.eks.aws_eks_access_entry.this",
            "module.main-eks.module.eks.aws_eks_access_policy_association.this",
            "module.main-eks.module.eks.aws_eks_cluster.this",
            "module.main-eks.module.eks.aws_iam_policy.cni_ipv6_policy",
            "module.main-eks.module.eks.aws_iam_role.this",
            "module.main-eks.module.eks.aws_iam_role_policy_attachment.this",
            "module.main-eks.module.eks.aws_security_group.cluster",
            "module.main-eks.module.eks.aws_security_group.node",
            "module.main-eks.module.eks.aws_security_group_rule.cluster",
            "module.main-eks.module.eks.aws_security_group_rule.node",
            "module.main-eks.module.eks.data.aws_iam_policy_document.assume_role_policy",
            "module.main-eks.module.eks.data.aws_iam_session_context.current",
            "module.main-eks.module.eks.data.aws_partition.current",
            "module.main-eks.module.eks.module.kms.aws_kms_external_key.this",
            "module.main-eks.module.eks.module.kms.aws_kms_key.this",
            "module.main-eks.module.eks.module.kms.aws_kms_replica_external_key.this",
            "module.main-eks.module.eks.module.kms.aws_kms_replica_key.this",
            "module.main-eks.module.eks.module.kms.data.aws_caller_identity.current",
            "module.main-eks.module.eks.module.kms.data.aws_iam_policy_document.this",
            "module.main-eks.module.eks.module.kms.data.aws_partition.current",
            "module.main-eks.module.eks_addons.helm_release.karpenter-crd",
            "module.main-eks.module.eks_addons.module.karpenter.aws_cloudwatch_event_rule.this",
            "module.main-eks.module.eks_addons.module.karpenter.aws_cloudwatch_event_target.this",
            "module.main-eks.module.eks_addons.module.karpenter.aws_eks_access_entry.node",
            "module.main-eks.module.eks_addons.module.karpenter.aws_eks_pod_identity_association.karpenter",
            "module.main-eks.module.eks_addons.module.karpenter.aws_iam_instance_profile.this",
            "module.main-eks.module.eks_addons.module.karpenter.aws_iam_policy.controller",
            "module.main-eks.module.eks_addons.module.karpenter.aws_iam_role.controller",
            "module.main-eks.module.eks_addons.module.karpenter.aws_iam_role.node",
            "module.main-eks.module.eks_addons.module.karpenter.aws_iam_role_policy_attachment.controller",
            "module.main-eks.module.eks_addons.module.karpenter.aws_iam_role_policy_attachment.controller_additional",
            "module.main-eks.module.eks_addons.module.karpenter.aws_iam_role_policy_attachment.node",
            "module.main-eks.module.eks_addons.module.karpenter.aws_iam_role_policy_attachment.node_additional",
            "module.main-eks.module.eks_addons.module.karpenter.aws_sqs_queue.this",
            "module.main-eks.module.eks_addons.module.karpenter.aws_sqs_queue_policy.this",
            "module.main-eks.module.eks_addons.module.karpenter.data.aws_caller_identity.current",
            "module.main-eks.module.eks_addons.module.karpenter.data.aws_iam_policy_document.controller",
            "module.main-eks.module.eks_addons.module.karpenter.data.aws_iam_policy_document.controller_assume_role",
            "module.main-eks.module.eks_addons.module.karpenter.data.aws_iam_policy_document.node_assume_role",
            "module.main-eks.module.eks_addons.module.karpenter.data.aws_iam_policy_document.queue",
            "module.main-eks.module.eks_addons.module.karpenter.data.aws_partition.current",
            "module.main-eks.module.eks_addons.module.karpenter.data.aws_region.current",
            "module.main-eks.module.main_nodes.aws_autoscaling_schedule.this",
            "module.main-eks.module.main_nodes.aws_eks_node_group.this",
            "module.main-eks.module.main_nodes.aws_iam_role.this",
            "module.main-eks.module.main_nodes.aws_iam_role_policy_attachment.additional",
            "module.main-eks.module.main_nodes.aws_iam_role_policy_attachment.this",
            "module.main-eks.module.main_nodes.aws_launch_template.this",
            "module.main-eks.module.main_nodes.data.aws_caller_identity.current",
            "module.main-eks.module.main_nodes.data.aws_iam_policy_document.assume_role_policy",
            "module.main-eks.module.main_nodes.data.aws_partition.current",
            "module.main-eks.module.main_nodes.module.user_data.data.cloudinit_config.linux_eks_managed_node_group"
          ]
        }
      ]
    },
    {
      "module": "module.main-eks.module.eks_addons",
      "mode": "managed",
      "type": "local_file",
      "name": "eni_config_files",
      "provider": "provider[\"registry.terraform.io/hashicorp/local\"]",
      "instances": [
        {
          "index_key": 0,
          "schema_version": 0,
          "attributes": {
            "content": "apiVersion: crd.k8s.amazonaws.com/v1alpha1\nkind: ENIConfig\nmetadata:\n  name: subnet-00169d82aebf0798a\nspec:\n  securityGroups:\n    - sg-0d33a5338beac132e\n  subnet: subnet-00169d82aebf0798a\n",
            "content_base64": null,
            "content_base64sha256": "ksTCM2o2G8CAketVNnZgNowz07vhIu6tcXeSuJVkBXQ=",
            "content_base64sha512": "HUEIfe5L/k/o7yOO9Zj/kKbgjQw1cGjv135N40WBn+3mIlU6uOBEaiqxjPrwn842nfro/zIWL6Wfc30jqLdkWg==",
            "content_md5": "33010f0dc2ad226ef4647e7e96cb8485",
            "content_sha1": "0aa8a22cf631420204a9c8b9eb72e0e67cefbdc6",
            "content_sha256": "92c4c2336a361bc08091eb55367660368c33d3bbe122eead717792b895640574",
            "content_sha512": "1d41087dee4bfe4fe8ef238ef598ff90a6e08d0c357068efd77e4de345819fede622553ab8e0446a2ab18cfaf09fce369dfae8ff32162fa59f737d23a8b7645a",
            "directory_permission": "0777",
            "file_permission": "0777",
            "filename": "subnet-00169d82aebf0798a.yaml",
            "id": "0aa8a22cf631420204a9c8b9eb72e0e67cefbdc6",
            "sensitive_content": null,
            "source": null
          },
          "sensitive_attributes": [],
          "dependencies": [
            "module.main-eks.data.aws_ami.gold_image",
            "module.main-eks.data.aws_caller_identity.current",
            "module.main-eks.data.aws_partition.current",
            "module.main-eks.data.aws_subnets.container",
            "module.main-eks.data.aws_subnets.private",
            "module.main-eks.data.aws_vpc.vpc",
            "module.main-eks.module.cloudwatch_kms.aws_kms_external_key.this",
            "module.main-eks.module.cloudwatch_kms.aws_kms_key.this",
            "module.main-eks.module.cloudwatch_kms.aws_kms_replica_external_key.this",
            "module.main-eks.module.cloudwatch_kms.aws_kms_replica_key.this",
            "module.main-eks.module.cloudwatch_kms.data.aws_iam_policy_document.this",
            "module.main-eks.module.eks.aws_cloudwatch_log_group.this",
            "module.main-eks.module.eks.aws_eks_access_entry.this",
            "module.main-eks.module.eks.aws_eks_access_policy_association.this",
            "module.main-eks.module.eks.aws_eks_cluster.this",
            "module.main-eks.module.eks.aws_iam_policy.cni_ipv6_policy",
            "module.main-eks.module.eks.aws_iam_role.this",
            "module.main-eks.module.eks.aws_iam_role_policy_attachment.this",
            "module.main-eks.module.eks.aws_security_group.cluster",
            "module.main-eks.module.eks.aws_security_group.node",
            "module.main-eks.module.eks.aws_security_group_rule.cluster",
            "module.main-eks.module.eks.aws_security_group_rule.node",
            "module.main-eks.module.eks.data.aws_iam_policy_document.assume_role_policy",
            "module.main-eks.module.eks.data.aws_iam_session_context.current",
            "module.main-eks.module.eks.data.aws_partition.current",
            "module.main-eks.module.eks.module.kms.aws_kms_external_key.this",
            "module.main-eks.module.eks.module.kms.aws_kms_key.this",
            "module.main-eks.module.eks.module.kms.aws_kms_replica_external_key.this",
            "module.main-eks.module.eks.module.kms.aws_kms_replica_key.this",
            "module.main-eks.module.eks.module.kms.data.aws_caller_identity.current",
            "module.main-eks.module.eks.module.kms.data.aws_iam_policy_document.this",
            "module.main-eks.module.eks.module.kms.data.aws_partition.current",
            "module.main-eks.module.main_nodes.aws_autoscaling_schedule.this",
            "module.main-eks.module.main_nodes.aws_eks_node_group.this",
            "module.main-eks.module.main_nodes.aws_iam_role.this",
            "module.main-eks.module.main_nodes.aws_iam_role_policy_attachment.additional",
            "module.main-eks.module.main_nodes.aws_iam_role_policy_attachment.this",
            "module.main-eks.module.main_nodes.aws_launch_template.this",
            "module.main-eks.module.main_nodes.data.aws_caller_identity.current",
            "module.main-eks.module.main_nodes.data.aws_iam_policy_document.assume_role_policy",
            "module.main-eks.module.main_nodes.data.aws_partition.current",
            "module.main-eks.module.main_nodes.module.user_data.data.cloudinit_config.linux_eks_managed_node_group"
          ]
        },
        {
          "index_key": 1,
          "schema_version": 0,
          "attributes": {
            "content": "apiVersion: crd.k8s.amazonaws.com/v1alpha1\nkind: ENIConfig\nmetadata:\n  name: subnet-0a590187fa1b25fea\nspec:\n  securityGroups:\n    - sg-0d33a5338beac132e\n  subnet: subnet-0a590187fa1b25fea\n",
            "content_base64": null,
            "content_base64sha256": "IqDMRkt4HuBrTnQkWDtF2qy2N4/u94lGx2ECZsRjnvo=",
            "content_base64sha512": "ze6CMHq+bidly/LPsG6bOLNP81p0TEI5WO0Jvr7OKG64m5SZAeRLD4lM3RoqCPvwhfrCmgxkvYR5jWSxCwTUYg==",
            "content_md5": "678425372d4cae722c9c715f417c4952",
            "content_sha1": "97d930fad8a88e98dd11a267a9bfb94887a45c00",
            "content_sha256": "22a0cc464b781ee06b4e7424583b45daacb6378feef78946c7610266c4639efa",
            "content_sha512": "cdee82307abe6e2765cbf2cfb06e9b38b34ff35a744c423958ed09bebece286eb89b949901e44b0f894cdd1a2a08fbf085fac29a0c64bd84798d64b10b04d462",
            "directory_permission": "0777",
            "file_permission": "0777",
            "filename": "subnet-0a590187fa1b25fea.yaml",
            "id": "97d930fad8a88e98dd11a267a9bfb94887a45c00",
            "sensitive_content": null,
            "source": null
          },
          "sensitive_attributes": [],
          "dependencies": [
            "module.main-eks.data.aws_ami.gold_image",
            "module.main-eks.data.aws_caller_identity.current",
            "module.main-eks.data.aws_partition.current",
            "module.main-eks.data.aws_subnets.container",
            "module.main-eks.data.aws_subnets.private",
            "module.main-eks.data.aws_vpc.vpc",
            "module.main-eks.module.cloudwatch_kms.aws_kms_external_key.this",
            "module.main-eks.module.cloudwatch_kms.aws_kms_key.this",
            "module.main-eks.module.cloudwatch_kms.aws_kms_replica_external_key.this",
            "module.main-eks.module.cloudwatch_kms.aws_kms_replica_key.this",
            "module.main-eks.module.cloudwatch_kms.data.aws_iam_policy_document.this",
            "module.main-eks.module.eks.aws_cloudwatch_log_group.this",
            "module.main-eks.module.eks.aws_eks_access_entry.this",
            "module.main-eks.module.eks.aws_eks_access_policy_association.this",
            "module.main-eks.module.eks.aws_eks_cluster.this",
            "module.main-eks.module.eks.aws_iam_policy.cni_ipv6_policy",
            "module.main-eks.module.eks.aws_iam_role.this",
            "module.main-eks.module.eks.aws_iam_role_policy_attachment.this",
            "module.main-eks.module.eks.aws_security_group.cluster",
            "module.main-eks.module.eks.aws_security_group.node",
            "module.main-eks.module.eks.aws_security_group_rule.cluster",
            "module.main-eks.module.eks.aws_security_group_rule.node",
            "module.main-eks.module.eks.data.aws_iam_policy_document.assume_role_policy",
            "module.main-eks.module.eks.data.aws_iam_session_context.current",
            "module.main-eks.module.eks.data.aws_partition.current",
            "module.main-eks.module.eks.module.kms.aws_kms_external_key.this",
            "module.main-eks.module.eks.module.kms.aws_kms_key.this",
            "module.main-eks.module.eks.module.kms.aws_kms_replica_external_key.this",
            "module.main-eks.module.eks.module.kms.aws_kms_replica_key.this",
            "module.main-eks.module.eks.module.kms.data.aws_caller_identity.current",
            "module.main-eks.module.eks.module.kms.data.aws_iam_policy_document.this",
            "module.main-eks.module.eks.module.kms.data.aws_partition.current",
            "module.main-eks.module.main_nodes.aws_autoscaling_schedule.this",
            "module.main-eks.module.main_nodes.aws_eks_node_group.this",
            "module.main-eks.module.main_nodes.aws_iam_role.this",
            "module.main-eks.module.main_nodes.aws_iam_role_policy_attachment.additional",
            "module.main-eks.module.main_nodes.aws_iam_role_policy_attachment.this",
            "module.main-eks.module.main_nodes.aws_launch_template.this",
            "module.main-eks.module.main_nodes.data.aws_caller_identity.current",
            "module.main-eks.module.main_nodes.data.aws_iam_policy_document.assume_role_policy",
            "module.main-eks.module.main_nodes.data.aws_partition.current",
            "module.main-eks.module.main_nodes.module.user_data.data.cloudinit_config.linux_eks_managed_node_group"
          ]
        },
        {
          "index_key": 2,
          "schema_version": 0,
          "attributes": {
            "content": "apiVersion: crd.k8s.amazonaws.com/v1alpha1\nkind: ENIConfig\nmetadata:\n  name: subnet-06e0df39f40346626\nspec:\n  securityGroups:\n    - sg-0d33a5338beac132e\n  subnet: subnet-06e0df39f40346626\n",
            "content_base64": null,
            "content_base64sha256": "ZNLlEfVOkySIKFewEbU8t4NQ7bRqbCNG7IHPtDlfOvE=",
            "content_base64sha512": "N2WXrdp8Qd+qDPm9U7m/T+fyk+XnWxkB6pjGi7cM/ecnXkw7RKytmsAwL5MLROPa/jGy5vIwMVrxnEzs5w7lTw==",
            "content_md5": "27e71dfdfc525867e8f80f594ca26a0e",
            "content_sha1": "0a7f27def58a7e516c624ee0147fbdf2422af002",
            "content_sha256": "64d2e511f54e9324882857b011b53cb78350edb46a6c2346ec81cfb4395f3af1",
            "content_sha512": "376597adda7c41dfaa0cf9bd53b9bf4fe7f293e5e75b1901ea98c68bb70cfde7275e4c3b44acad9ac0302f930b44e3dafe31b2e6f230315af19c4cece70ee54f",
            "directory_permission": "0777",
            "file_permission": "0777",
            "filename": "subnet-06e0df39f40346626.yaml",
            "id": "0a7f27def58a7e516c624ee0147fbdf2422af002",
            "sensitive_content": null,
            "source": null
          },
          "sensitive_attributes": [],
          "dependencies": [
            "module.main-eks.data.aws_ami.gold_image",
            "module.main-eks.data.aws_caller_identity.current",
            "module.main-eks.data.aws_partition.current",
            "module.main-eks.data.aws_subnets.container",
            "module.main-eks.data.aws_subnets.private",
            "module.main-eks.data.aws_vpc.vpc",
            "module.main-eks.module.cloudwatch_kms.aws_kms_external_key.this",
            "module.main-eks.module.cloudwatch_kms.aws_kms_key.this",
            "module.main-eks.module.cloudwatch_kms.aws_kms_replica_external_key.this",
            "module.main-eks.module.cloudwatch_kms.aws_kms_replica_key.this",
            "module.main-eks.module.cloudwatch_kms.data.aws_iam_policy_document.this",
            "module.main-eks.module.eks.aws_cloudwatch_log_group.this",
            "module.main-eks.module.eks.aws_eks_access_entry.this",
            "module.main-eks.module.eks.aws_eks_access_policy_association.this",
            "module.main-eks.module.eks.aws_eks_cluster.this",
            "module.main-eks.module.eks.aws_iam_policy.cni_ipv6_policy",
            "module.main-eks.module.eks.aws_iam_role.this",
            "module.main-eks.module.eks.aws_iam_role_policy_attachment.this",
            "module.main-eks.module.eks.aws_security_group.cluster",
            "module.main-eks.module.eks.aws_security_group.node",
            "module.main-eks.module.eks.aws_security_group_rule.cluster",
            "module.main-eks.module.eks.aws_security_group_rule.node",
            "module.main-eks.module.eks.data.aws_iam_policy_document.assume_role_policy",
            "module.main-eks.module.eks.data.aws_iam_session_context.current",
            "module.main-eks.module.eks.data.aws_partition.current",
            "module.main-eks.module.eks.module.kms.aws_kms_external_key.this",
            "module.main-eks.module.eks.module.kms.aws_kms_key.this",
            "module.main-eks.module.eks.module.kms.aws_kms_replica_external_key.this",
            "module.main-eks.module.eks.module.kms.aws_kms_replica_key.this",
            "module.main-eks.module.eks.module.kms.data.aws_caller_identity.current",
            "module.main-eks.module.eks.module.kms.data.aws_iam_policy_document.this",
            "module.main-eks.module.eks.module.kms.data.aws_partition.current",
            "module.main-eks.module.main_nodes.aws_autoscaling_schedule.this",
            "module.main-eks.module.main_nodes.aws_eks_node_group.this",
            "module.main-eks.module.main_nodes.aws_iam_role.this",
            "module.main-eks.module.main_nodes.aws_iam_role_policy_attachment.additional",
            "module.main-eks.module.main_nodes.aws_iam_role_policy_attachment.this",
            "module.main-eks.module.main_nodes.aws_launch_template.this",
            "module.main-eks.module.main_nodes.data.aws_caller_identity.current",
            "module.main-eks.module.main_nodes.data.aws_iam_policy_document.assume_role_policy",
            "module.main-eks.module.main_nodes.data.aws_partition.current",
            "module.main-eks.module.main_nodes.module.user_data.data.cloudinit_config.linux_eks_managed_node_group"
          ]
        }
      ]
    },
    {
      "module": "module.main-eks.module.eks_addons",
      "mode": "managed",
      "type": "null_resource",
      "name": "apply_eni_configs",
      "provider": "provider[\"registry.terraform.io/hashicorp/null\"]",
      "instances": [
        {
          "status": "tainted",
          "schema_version": 0,
          "attributes": {
            "id": "1171186773501535489",
            "triggers": null
          },
          "sensitive_attributes": [],
          "dependencies": [
            "module.main-eks.data.aws_ami.gold_image",
            "module.main-eks.data.aws_caller_identity.current",
            "module.main-eks.data.aws_partition.current",
            "module.main-eks.data.aws_subnets.container",
            "module.main-eks.data.aws_subnets.private",
            "module.main-eks.data.aws_vpc.vpc",
            "module.main-eks.module.cloudwatch_kms.aws_kms_external_key.this",
            "module.main-eks.module.cloudwatch_kms.aws_kms_key.this",
            "module.main-eks.module.cloudwatch_kms.aws_kms_replica_external_key.this",
            "module.main-eks.module.cloudwatch_kms.aws_kms_replica_key.this",
            "module.main-eks.module.cloudwatch_kms.data.aws_iam_policy_document.this",
            "module.main-eks.module.eks.aws_cloudwatch_log_group.this",
            "module.main-eks.module.eks.aws_eks_access_entry.this",
            "module.main-eks.module.eks.aws_eks_access_policy_association.this",
            "module.main-eks.module.eks.aws_eks_cluster.this",
            "module.main-eks.module.eks.aws_iam_policy.cni_ipv6_policy",
            "module.main-eks.module.eks.aws_iam_role.this",
            "module.main-eks.module.eks.aws_iam_role_policy_attachment.this",
            "module.main-eks.module.eks.aws_security_group.cluster",
            "module.main-eks.module.eks.aws_security_group.node",
            "module.main-eks.module.eks.aws_security_group_rule.cluster",
            "module.main-eks.module.eks.aws_security_group_rule.node",
            "module.main-eks.module.eks.data.aws_iam_policy_document.assume_role_policy",
            "module.main-eks.module.eks.data.aws_iam_session_context.current",
            "module.main-eks.module.eks.data.aws_partition.current",
            "module.main-eks.module.eks.module.kms.aws_kms_external_key.this",
            "module.main-eks.module.eks.module.kms.aws_kms_key.this",
            "module.main-eks.module.eks.module.kms.aws_kms_replica_external_key.this",
            "module.main-eks.module.eks.module.kms.aws_kms_replica_key.this",
            "module.main-eks.module.eks.module.kms.data.aws_caller_identity.current",
            "module.main-eks.module.eks.module.kms.data.aws_iam_policy_document.this",
            "module.main-eks.module.eks.module.kms.data.aws_partition.current",
            "module.main-eks.module.eks_addons.local_file.eni_config_files",
            "module.main-eks.module.main_nodes.aws_autoscaling_schedule.this",
            "module.main-eks.module.main_nodes.aws_eks_node_group.this",
            "module.main-eks.module.main_nodes.aws_iam_role.this",
            "module.main-eks.module.main_nodes.aws_iam_role_policy_attachment.additional",
            "module.main-eks.module.main_nodes.aws_iam_role_policy_attachment.this",
            "module.main-eks.module.main_nodes.aws_launch_template.this",
            "module.main-eks.module.main_nodes.data.aws_caller_identity.current",
            "module.main-eks.module.main_nodes.data.aws_iam_policy_document.assume_role_policy",
            "module.main-eks.module.main_nodes.data.aws_partition.current",
            "module.main-eks.module.main_nodes.module.user_data.data.cloudinit_config.linux_eks_managed_node_group"
          ]
        }
      ]
    },
    {
      "module": "module.main-eks.module.eks_addons.module.karpenter",
      "mode": "data",
      "type": "aws_caller_identity",
      "name": "current",
      "provider": "provider[\"registry.terraform.io/hashicorp/aws\"]",
      "instances": [
        {
          "schema_version": 0,
          "attributes": {
            "account_id": "111594127594",
            "arn": "arn:aws:sts::111594127594:assumed-role/ct-ado-batcave-techadmin/PDYW",
            "id": "111594127594",
            "user_id": "AROART64HIDVDKJZ7XSD4:PDYW"
          },
          "sensitive_attributes": []
        }
      ]
    },
    {
      "module": "module.main-eks.module.eks_addons.module.karpenter",
      "mode": "data",
      "type": "aws_iam_policy_document",
      "name": "controller",
      "provider": "provider[\"registry.terraform.io/hashicorp/aws\"]",
      "instances": [
        {
          "index_key": 0,
          "schema_version": 0,
          "attributes": {
            "id": "2115487024",
            "json": "{\n  \"Version\": \"2012-10-17\",\n  \"Statement\": [\n    {\n      \"Sid\": \"AllowScopedEC2InstanceActions\",\n      \"Effect\": \"Allow\",\n      \"Action\": [\n        \"ec2:RunInstances\",\n        \"ec2:CreateFleet\"\n      ],\n      \"Resource\": [\n        \"arn:aws:ec2:*::snapshot/*\",\n        \"arn:aws:ec2:*::image/*\",\n        \"arn:aws:ec2:*:*:subnet/*\",\n        \"arn:aws:ec2:*:*:spot-instances-request/*\",\n        \"arn:aws:ec2:*:*:security-group/*\",\n        \"arn:aws:ec2:*:*:launch-template/*\"\n      ]\n    },\n    {\n      \"Sid\": \"AllowScopedEC2InstanceActionsWithTags\",\n      \"Effect\": \"Allow\",\n      \"Action\": [\n        \"ec2:RunInstances\",\n        \"ec2:CreateLaunchTemplate\",\n        \"ec2:CreateFleet\"\n      ],\n      \"Resource\": [\n        \"arn:aws:ec2:*:*:volume/*\",\n        \"arn:aws:ec2:*:*:spot-instances-request/*\",\n        \"arn:aws:ec2:*:*:network-interface/*\",\n        \"arn:aws:ec2:*:*:launch-template/*\",\n        \"arn:aws:ec2:*:*:instance/*\",\n        \"arn:aws:ec2:*:*:fleet/*\"\n      ],\n      \"Condition\": {\n        \"StringEquals\": {\n          \"aws:RequestTag/kubernetes.io/cluster/hema-test\": \"owned\"\n        },\n        \"StringLike\": {\n          \"aws:RequestTag/karpenter.sh/nodepool\": \"*\"\n        }\n      }\n    },\n    {\n      \"Sid\": \"AllowScopedResourceCreationTagging\",\n      \"Effect\": \"Allow\",\n      \"Action\": \"ec2:CreateTags\",\n      \"Resource\": [\n        \"arn:aws:ec2:*:*:volume/*\",\n        \"arn:aws:ec2:*:*:spot-instances-request/*\",\n        \"arn:aws:ec2:*:*:network-interface/*\",\n        \"arn:aws:ec2:*:*:launch-template/*\",\n        \"arn:aws:ec2:*:*:instance/*\",\n        \"arn:aws:ec2:*:*:fleet/*\"\n      ],\n      \"Condition\": {\n        \"StringEquals\": {\n          \"aws:RequestTag/kubernetes.io/cluster/hema-test\": \"owned\",\n          \"ec2:CreateAction\": [\n            \"RunInstances\",\n            \"CreateFleet\",\n            \"CreateLaunchTemplate\"\n          ]\n        },\n        \"StringLike\": {\n          \"aws:RequestTag/karpenter.sh/nodepool\": \"*\"\n        }\n      }\n    },\n    {\n      \"Sid\": \"AllowScopedResourceTagging\",\n      \"Effect\": \"Allow\",\n      \"Action\": \"ec2:CreateTags\",\n      \"Resource\": \"arn:aws:ec2:*:*:instance/*\",\n      \"Condition\": {\n        \"ForAllValues:StringEquals\": {\n          \"aws:TagKeys\": [\n            \"karpenter.sh/nodeclaim\",\n            \"Name\"\n          ]\n        },\n        \"StringEquals\": {\n          \"aws:ResourceTag/kubernetes.io/cluster/hema-test\": \"owned\"\n        },\n        \"StringLike\": {\n          \"aws:ResourceTag/karpenter.sh/nodepool\": \"*\"\n        }\n      }\n    },\n    {\n      \"Sid\": \"AllowScopedDeletion\",\n      \"Effect\": \"Allow\",\n      \"Action\": [\n        \"ec2:TerminateInstances\",\n        \"ec2:DeleteLaunchTemplate\"\n      ],\n      \"Resource\": [\n        \"arn:aws:ec2:*:*:launch-template/*\",\n        \"arn:aws:ec2:*:*:instance/*\"\n      ],\n      \"Condition\": {\n        \"StringEquals\": {\n          \"aws:ResourceTag/kubernetes.io/cluster/hema-test\": \"owned\"\n        },\n        \"StringLike\": {\n          \"aws:ResourceTag/karpenter.sh/nodepool\": \"*\"\n        }\n      }\n    },\n    {\n      \"Sid\": \"AllowRegionalReadActions\",\n      \"Effect\": \"Allow\",\n      \"Action\": [\n        \"ec2:DescribeSubnets\",\n        \"ec2:DescribeSpotPriceHistory\",\n        \"ec2:DescribeSecurityGroups\",\n        \"ec2:DescribeLaunchTemplates\",\n        \"ec2:DescribeInstances\",\n        \"ec2:DescribeInstanceTypes\",\n        \"ec2:DescribeInstanceTypeOfferings\",\n        \"ec2:DescribeImages\",\n        \"ec2:DescribeAvailabilityZones\"\n      ],\n      \"Resource\": \"*\",\n      \"Condition\": {\n        \"StringEquals\": {\n          \"aws:RequestedRegion\": \"us-east-1\"\n        }\n      }\n    },\n    {\n      \"Sid\": \"AllowSSMReadActions\",\n      \"Effect\": \"Allow\",\n      \"Action\": \"ssm:GetParameter\",\n      \"Resource\": \"arn:aws:ssm:us-east-1::parameter/aws/service/*\"\n    },\n    {\n      \"Sid\": \"AllowPricingReadActions\",\n      \"Effect\": \"Allow\",\n      \"Action\": \"pricing:GetProducts\",\n      \"Resource\": \"*\"\n    },\n    {\n      \"Sid\": \"AllowInterruptionQueueActions\",\n      \"Effect\": \"Allow\",\n      \"Action\": [\n        \"sqs:ReceiveMessage\",\n        \"sqs:GetQueueUrl\",\n        \"sqs:GetQueueAttributes\",\n        \"sqs:DeleteMessage\"\n      ],\n      \"Resource\": \"arn:aws:sqs:us-east-1:111594127594:Karpenter-hema-test\"\n    },\n    {\n      \"Sid\": \"AllowPassingInstanceRole\",\n      \"Effect\": \"Allow\",\n      \"Action\": \"iam:PassRole\",\n      \"Resource\": \"arn:aws:iam::111594127594:role/delegatedadmin/developer/eks-nodes-hema-test-20240614184751121400000002\",\n      \"Condition\": {\n        \"StringEquals\": {\n          \"iam:PassedToService\": \"ec2.amazonaws.com\"\n        }\n      }\n    },\n    {\n      \"Sid\": \"AllowScopedInstanceProfileCreationActions\",\n      \"Effect\": \"Allow\",\n      \"Action\": \"iam:CreateInstanceProfile\",\n      \"Resource\": \"*\",\n      \"Condition\": {\n        \"StringEquals\": {\n          \"aws:RequestTag/kubernetes.io/cluster/hema-test\": \"owned\",\n          \"aws:RequestTag/topology.kubernetes.io/region\": \"us-east-1\"\n        },\n        \"StringLike\": {\n          \"aws:RequestTag/karpenter.k8s.aws/ec2nodeclass\": \"*\"\n        }\n      }\n    },\n    {\n      \"Sid\": \"AllowScopedInstanceProfileTagActions\",\n      \"Effect\": \"Allow\",\n      \"Action\": \"iam:TagInstanceProfile\",\n      \"Resource\": \"*\",\n      \"Condition\": {\n        \"StringEquals\": {\n          \"aws:RequestTag/kubernetes.io/cluster/hema-test\": \"owned\",\n          \"aws:ResourceTag/kubernetes.io/cluster/hema-test\": \"owned\",\n          \"aws:ResourceTag/topology.kubernetes.io/region\": \"us-east-1\"\n        },\n        \"StringLike\": {\n          \"aws:RequestTag/karpenter.k8s.aws/ec2nodeclass\": \"*\",\n          \"aws:ResourceTag/karpenter.k8s.aws/ec2nodeclass\": \"*\"\n        }\n      }\n    },\n    {\n      \"Sid\": \"AllowScopedInstanceProfileActions\",\n      \"Effect\": \"Allow\",\n      \"Action\": [\n        \"iam:RemoveRoleFromInstanceProfile\",\n        \"iam:DeleteInstanceProfile\",\n        \"iam:AddRoleToInstanceProfile\"\n      ],\n      \"Resource\": \"*\",\n      \"Condition\": {\n        \"StringEquals\": {\n          \"aws:ResourceTag/kubernetes.io/cluster/hema-test\": \"owned\",\n          \"aws:ResourceTag/topology.kubernetes.io/region\": \"us-east-1\"\n        },\n        \"StringLike\": {\n          \"aws:ResourceTag/karpenter.k8s.aws/ec2nodeclass\": \"*\"\n        }\n      }\n    },\n    {\n      \"Sid\": \"AllowInstanceProfileReadActions\",\n      \"Effect\": \"Allow\",\n      \"Action\": \"iam:GetInstanceProfile\",\n      \"Resource\": \"*\"\n    },\n    {\n      \"Sid\": \"AllowAPIServerEndpointDiscovery\",\n      \"Effect\": \"Allow\",\n      \"Action\": \"eks:DescribeCluster\",\n      \"Resource\": \"arn:aws:eks:us-east-1:111594127594:cluster/hema-test\"\n    }\n  ]\n}",
            "minified_json": "{\"Version\":\"2012-10-17\",\"Statement\":[{\"Sid\":\"AllowScopedEC2InstanceActions\",\"Effect\":\"Allow\",\"Action\":[\"ec2:RunInstances\",\"ec2:CreateFleet\"],\"Resource\":[\"arn:aws:ec2:*::snapshot/*\",\"arn:aws:ec2:*::image/*\",\"arn:aws:ec2:*:*:subnet/*\",\"arn:aws:ec2:*:*:spot-instances-request/*\",\"arn:aws:ec2:*:*:security-group/*\",\"arn:aws:ec2:*:*:launch-template/*\"]},{\"Sid\":\"AllowScopedEC2InstanceActionsWithTags\",\"Effect\":\"Allow\",\"Action\":[\"ec2:RunInstances\",\"ec2:CreateLaunchTemplate\",\"ec2:CreateFleet\"],\"Resource\":[\"arn:aws:ec2:*:*:volume/*\",\"arn:aws:ec2:*:*:spot-instances-request/*\",\"arn:aws:ec2:*:*:network-interface/*\",\"arn:aws:ec2:*:*:launch-template/*\",\"arn:aws:ec2:*:*:instance/*\",\"arn:aws:ec2:*:*:fleet/*\"],\"Condition\":{\"StringEquals\":{\"aws:RequestTag/kubernetes.io/cluster/hema-test\":\"owned\"},\"StringLike\":{\"aws:RequestTag/karpenter.sh/nodepool\":\"*\"}}},{\"Sid\":\"AllowScopedResourceCreationTagging\",\"Effect\":\"Allow\",\"Action\":\"ec2:CreateTags\",\"Resource\":[\"arn:aws:ec2:*:*:volume/*\",\"arn:aws:ec2:*:*:spot-instances-request/*\",\"arn:aws:ec2:*:*:network-interface/*\",\"arn:aws:ec2:*:*:launch-template/*\",\"arn:aws:ec2:*:*:instance/*\",\"arn:aws:ec2:*:*:fleet/*\"],\"Condition\":{\"StringEquals\":{\"aws:RequestTag/kubernetes.io/cluster/hema-test\":\"owned\",\"ec2:CreateAction\":[\"RunInstances\",\"CreateFleet\",\"CreateLaunchTemplate\"]},\"StringLike\":{\"aws:RequestTag/karpenter.sh/nodepool\":\"*\"}}},{\"Sid\":\"AllowScopedResourceTagging\",\"Effect\":\"Allow\",\"Action\":\"ec2:CreateTags\",\"Resource\":\"arn:aws:ec2:*:*:instance/*\",\"Condition\":{\"ForAllValues:StringEquals\":{\"aws:TagKeys\":[\"karpenter.sh/nodeclaim\",\"Name\"]},\"StringEquals\":{\"aws:ResourceTag/kubernetes.io/cluster/hema-test\":\"owned\"},\"StringLike\":{\"aws:ResourceTag/karpenter.sh/nodepool\":\"*\"}}},{\"Sid\":\"AllowScopedDeletion\",\"Effect\":\"Allow\",\"Action\":[\"ec2:TerminateInstances\",\"ec2:DeleteLaunchTemplate\"],\"Resource\":[\"arn:aws:ec2:*:*:launch-template/*\",\"arn:aws:ec2:*:*:instance/*\"],\"Condition\":{\"StringEquals\":{\"aws:ResourceTag/kubernetes.io/cluster/hema-test\":\"owned\"},\"StringLike\":{\"aws:ResourceTag/karpenter.sh/nodepool\":\"*\"}}},{\"Sid\":\"AllowRegionalReadActions\",\"Effect\":\"Allow\",\"Action\":[\"ec2:DescribeSubnets\",\"ec2:DescribeSpotPriceHistory\",\"ec2:DescribeSecurityGroups\",\"ec2:DescribeLaunchTemplates\",\"ec2:DescribeInstances\",\"ec2:DescribeInstanceTypes\",\"ec2:DescribeInstanceTypeOfferings\",\"ec2:DescribeImages\",\"ec2:DescribeAvailabilityZones\"],\"Resource\":\"*\",\"Condition\":{\"StringEquals\":{\"aws:RequestedRegion\":\"us-east-1\"}}},{\"Sid\":\"AllowSSMReadActions\",\"Effect\":\"Allow\",\"Action\":\"ssm:GetParameter\",\"Resource\":\"arn:aws:ssm:us-east-1::parameter/aws/service/*\"},{\"Sid\":\"AllowPricingReadActions\",\"Effect\":\"Allow\",\"Action\":\"pricing:GetProducts\",\"Resource\":\"*\"},{\"Sid\":\"AllowInterruptionQueueActions\",\"Effect\":\"Allow\",\"Action\":[\"sqs:ReceiveMessage\",\"sqs:GetQueueUrl\",\"sqs:GetQueueAttributes\",\"sqs:DeleteMessage\"],\"Resource\":\"arn:aws:sqs:us-east-1:111594127594:Karpenter-hema-test\"},{\"Sid\":\"AllowPassingInstanceRole\",\"Effect\":\"Allow\",\"Action\":\"iam:PassRole\",\"Resource\":\"arn:aws:iam::111594127594:role/delegatedadmin/developer/eks-nodes-hema-test-20240614184751121400000002\",\"Condition\":{\"StringEquals\":{\"iam:PassedToService\":\"ec2.amazonaws.com\"}}},{\"Sid\":\"AllowScopedInstanceProfileCreationActions\",\"Effect\":\"Allow\",\"Action\":\"iam:CreateInstanceProfile\",\"Resource\":\"*\",\"Condition\":{\"StringEquals\":{\"aws:RequestTag/kubernetes.io/cluster/hema-test\":\"owned\",\"aws:RequestTag/topology.kubernetes.io/region\":\"us-east-1\"},\"StringLike\":{\"aws:RequestTag/karpenter.k8s.aws/ec2nodeclass\":\"*\"}}},{\"Sid\":\"AllowScopedInstanceProfileTagActions\",\"Effect\":\"Allow\",\"Action\":\"iam:TagInstanceProfile\",\"Resource\":\"*\",\"Condition\":{\"StringEquals\":{\"aws:RequestTag/kubernetes.io/cluster/hema-test\":\"owned\",\"aws:ResourceTag/kubernetes.io/cluster/hema-test\":\"owned\",\"aws:ResourceTag/topology.kubernetes.io/region\":\"us-east-1\"},\"StringLike\":{\"aws:RequestTag/karpenter.k8s.aws/ec2nodeclass\":\"*\",\"aws:ResourceTag/karpenter.k8s.aws/ec2nodeclass\":\"*\"}}},{\"Sid\":\"AllowScopedInstanceProfileActions\",\"Effect\":\"Allow\",\"Action\":[\"iam:RemoveRoleFromInstanceProfile\",\"iam:DeleteInstanceProfile\",\"iam:AddRoleToInstanceProfile\"],\"Resource\":\"*\",\"Condition\":{\"StringEquals\":{\"aws:ResourceTag/kubernetes.io/cluster/hema-test\":\"owned\",\"aws:ResourceTag/topology.kubernetes.io/region\":\"us-east-1\"},\"StringLike\":{\"aws:ResourceTag/karpenter.k8s.aws/ec2nodeclass\":\"*\"}}},{\"Sid\":\"AllowInstanceProfileReadActions\",\"Effect\":\"Allow\",\"Action\":\"iam:GetInstanceProfile\",\"Resource\":\"*\"},{\"Sid\":\"AllowAPIServerEndpointDiscovery\",\"Effect\":\"Allow\",\"Action\":\"eks:DescribeCluster\",\"Resource\":\"arn:aws:eks:us-east-1:111594127594:cluster/hema-test\"}]}",
            "override_json": null,
            "override_policy_documents": null,
            "policy_id": null,
            "source_json": null,
            "source_policy_documents": null,
            "statement": [
              {
                "actions": [
                  "ec2:CreateFleet",
                  "ec2:RunInstances"
                ],
                "condition": [],
                "effect": "Allow",
                "not_actions": [],
                "not_principals": [],
                "not_resources": [],
                "principals": [],
                "resources": [
                  "arn:aws:ec2:*:*:launch-template/*",
                  "arn:aws:ec2:*:*:security-group/*",
                  "arn:aws:ec2:*:*:spot-instances-request/*",
                  "arn:aws:ec2:*:*:subnet/*",
                  "arn:aws:ec2:*::image/*",
                  "arn:aws:ec2:*::snapshot/*"
                ],
                "sid": "AllowScopedEC2InstanceActions"
              },
              {
                "actions": [
                  "ec2:CreateFleet",
                  "ec2:CreateLaunchTemplate",
                  "ec2:RunInstances"
                ],
                "condition": [
                  {
                    "test": "StringEquals",
                    "values": [
                      "owned"
                    ],
                    "variable": "aws:RequestTag/kubernetes.io/cluster/hema-test"
                  },
                  {
                    "test": "StringLike",
                    "values": [
                      "*"
                    ],
                    "variable": "aws:RequestTag/karpenter.sh/nodepool"
                  }
                ],
                "effect": "Allow",
                "not_actions": [],
                "not_principals": [],
                "not_resources": [],
                "principals": [],
                "resources": [
                  "arn:aws:ec2:*:*:fleet/*",
                  "arn:aws:ec2:*:*:instance/*",
                  "arn:aws:ec2:*:*:launch-template/*",
                  "arn:aws:ec2:*:*:network-interface/*",
                  "arn:aws:ec2:*:*:spot-instances-request/*",
                  "arn:aws:ec2:*:*:volume/*"
                ],
                "sid": "AllowScopedEC2InstanceActionsWithTags"
              },
              {
                "actions": [
                  "ec2:CreateTags"
                ],
                "condition": [
                  {
                    "test": "StringEquals",
                    "values": [
                      "RunInstances",
                      "CreateFleet",
                      "CreateLaunchTemplate"
                    ],
                    "variable": "ec2:CreateAction"
                  },
                  {
                    "test": "StringEquals",
                    "values": [
                      "owned"
                    ],
                    "variable": "aws:RequestTag/kubernetes.io/cluster/hema-test"
                  },
                  {
                    "test": "StringLike",
                    "values": [
                      "*"
                    ],
                    "variable": "aws:RequestTag/karpenter.sh/nodepool"
                  }
                ],
                "effect": "Allow",
                "not_actions": [],
                "not_principals": [],
                "not_resources": [],
                "principals": [],
                "resources": [
                  "arn:aws:ec2:*:*:fleet/*",
                  "arn:aws:ec2:*:*:instance/*",
                  "arn:aws:ec2:*:*:launch-template/*",
                  "arn:aws:ec2:*:*:network-interface/*",
                  "arn:aws:ec2:*:*:spot-instances-request/*",
                  "arn:aws:ec2:*:*:volume/*"
                ],
                "sid": "AllowScopedResourceCreationTagging"
              },
              {
                "actions": [
                  "ec2:CreateTags"
                ],
                "condition": [
                  {
                    "test": "ForAllValues:StringEquals",
                    "values": [
                      "karpenter.sh/nodeclaim",
                      "Name"
                    ],
                    "variable": "aws:TagKeys"
                  },
                  {
                    "test": "StringEquals",
                    "values": [
                      "owned"
                    ],
                    "variable": "aws:ResourceTag/kubernetes.io/cluster/hema-test"
                  },
                  {
                    "test": "StringLike",
                    "values": [
                      "*"
                    ],
                    "variable": "aws:ResourceTag/karpenter.sh/nodepool"
                  }
                ],
                "effect": "Allow",
                "not_actions": [],
                "not_principals": [],
                "not_resources": [],
                "principals": [],
                "resources": [
                  "arn:aws:ec2:*:*:instance/*"
                ],
                "sid": "AllowScopedResourceTagging"
              },
              {
                "actions": [
                  "ec2:DeleteLaunchTemplate",
                  "ec2:TerminateInstances"
                ],
                "condition": [
                  {
                    "test": "StringEquals",
                    "values": [
                      "owned"
                    ],
                    "variable": "aws:ResourceTag/kubernetes.io/cluster/hema-test"
                  },
                  {
                    "test": "StringLike",
                    "values": [
                      "*"
                    ],
                    "variable": "aws:ResourceTag/karpenter.sh/nodepool"
                  }
                ],
                "effect": "Allow",
                "not_actions": [],
                "not_principals": [],
                "not_resources": [],
                "principals": [],
                "resources": [
                  "arn:aws:ec2:*:*:instance/*",
                  "arn:aws:ec2:*:*:launch-template/*"
                ],
                "sid": "AllowScopedDeletion"
              },
              {
                "actions": [
                  "ec2:DescribeAvailabilityZones",
                  "ec2:DescribeImages",
                  "ec2:DescribeInstanceTypeOfferings",
                  "ec2:DescribeInstanceTypes",
                  "ec2:DescribeInstances",
                  "ec2:DescribeLaunchTemplates",
                  "ec2:DescribeSecurityGroups",
                  "ec2:DescribeSpotPriceHistory",
                  "ec2:DescribeSubnets"
                ],
                "condition": [
                  {
                    "test": "StringEquals",
                    "values": [
                      "us-east-1"
                    ],
                    "variable": "aws:RequestedRegion"
                  }
                ],
                "effect": "Allow",
                "not_actions": [],
                "not_principals": [],
                "not_resources": [],
                "principals": [],
                "resources": [
                  "*"
                ],
                "sid": "AllowRegionalReadActions"
              },
              {
                "actions": [
                  "ssm:GetParameter"
                ],
                "condition": [],
                "effect": "Allow",
                "not_actions": [],
                "not_principals": [],
                "not_resources": [],
                "principals": [],
                "resources": [
                  "arn:aws:ssm:us-east-1::parameter/aws/service/*"
                ],
                "sid": "AllowSSMReadActions"
              },
              {
                "actions": [
                  "pricing:GetProducts"
                ],
                "condition": [],
                "effect": "Allow",
                "not_actions": [],
                "not_principals": [],
                "not_resources": [],
                "principals": [],
                "resources": [
                  "*"
                ],
                "sid": "AllowPricingReadActions"
              },
              {
                "actions": [
                  "sqs:DeleteMessage",
                  "sqs:GetQueueAttributes",
                  "sqs:GetQueueUrl",
                  "sqs:ReceiveMessage"
                ],
                "condition": [],
                "effect": "Allow",
                "not_actions": [],
                "not_principals": [],
                "not_resources": [],
                "principals": [],
                "resources": [
                  "arn:aws:sqs:us-east-1:111594127594:Karpenter-hema-test"
                ],
                "sid": "AllowInterruptionQueueActions"
              },
              {
                "actions": [
                  "iam:PassRole"
                ],
                "condition": [
                  {
                    "test": "StringEquals",
                    "values": [
                      "ec2.amazonaws.com"
                    ],
                    "variable": "iam:PassedToService"
                  }
                ],
                "effect": "Allow",
                "not_actions": [],
                "not_principals": [],
                "not_resources": [],
                "principals": [],
                "resources": [
                  "arn:aws:iam::111594127594:role/delegatedadmin/developer/eks-nodes-hema-test-20240614184751121400000002"
                ],
                "sid": "AllowPassingInstanceRole"
              },
              {
                "actions": [
                  "iam:CreateInstanceProfile"
                ],
                "condition": [
                  {
                    "test": "StringEquals",
                    "values": [
                      "owned"
                    ],
                    "variable": "aws:RequestTag/kubernetes.io/cluster/hema-test"
                  },
                  {
                    "test": "StringEquals",
                    "values": [
                      "us-east-1"
                    ],
                    "variable": "aws:RequestTag/topology.kubernetes.io/region"
                  },
                  {
                    "test": "StringLike",
                    "values": [
                      "*"
                    ],
                    "variable": "aws:RequestTag/karpenter.k8s.aws/ec2nodeclass"
                  }
                ],
                "effect": "Allow",
                "not_actions": [],
                "not_principals": [],
                "not_resources": [],
                "principals": [],
                "resources": [
                  "*"
                ],
                "sid": "AllowScopedInstanceProfileCreationActions"
              },
              {
                "actions": [
                  "iam:TagInstanceProfile"
                ],
                "condition": [
                  {
                    "test": "StringEquals",
                    "values": [
                      "owned"
                    ],
                    "variable": "aws:RequestTag/kubernetes.io/cluster/hema-test"
                  },
                  {
                    "test": "StringEquals",
                    "values": [
                      "owned"
                    ],
                    "variable": "aws:ResourceTag/kubernetes.io/cluster/hema-test"
                  },
                  {
                    "test": "StringEquals",
                    "values": [
                      "us-east-1"
                    ],
                    "variable": "aws:ResourceTag/topology.kubernetes.io/region"
                  },
                  {
                    "test": "StringLike",
                    "values": [
                      "*"
                    ],
                    "variable": "aws:RequestTag/karpenter.k8s.aws/ec2nodeclass"
                  },
                  {
                    "test": "StringLike",
                    "values": [
                      "*"
                    ],
                    "variable": "aws:ResourceTag/karpenter.k8s.aws/ec2nodeclass"
                  }
                ],
                "effect": "Allow",
                "not_actions": [],
                "not_principals": [],
                "not_resources": [],
                "principals": [],
                "resources": [
                  "*"
                ],
                "sid": "AllowScopedInstanceProfileTagActions"
              },
              {
                "actions": [
                  "iam:AddRoleToInstanceProfile",
                  "iam:DeleteInstanceProfile",
                  "iam:RemoveRoleFromInstanceProfile"
                ],
                "condition": [
                  {
                    "test": "StringEquals",
                    "values": [
                      "owned"
                    ],
                    "variable": "aws:ResourceTag/kubernetes.io/cluster/hema-test"
                  },
                  {
                    "test": "StringEquals",
                    "values": [
                      "us-east-1"
                    ],
                    "variable": "aws:ResourceTag/topology.kubernetes.io/region"
                  },
                  {
                    "test": "StringLike",
                    "values": [
                      "*"
                    ],
                    "variable": "aws:ResourceTag/karpenter.k8s.aws/ec2nodeclass"
                  }
                ],
                "effect": "Allow",
                "not_actions": [],
                "not_principals": [],
                "not_resources": [],
                "principals": [],
                "resources": [
                  "*"
                ],
                "sid": "AllowScopedInstanceProfileActions"
              },
              {
                "actions": [
                  "iam:GetInstanceProfile"
                ],
                "condition": [],
                "effect": "Allow",
                "not_actions": [],
                "not_principals": [],
                "not_resources": [],
                "principals": [],
                "resources": [
                  "*"
                ],
                "sid": "AllowInstanceProfileReadActions"
              },
              {
                "actions": [
                  "eks:DescribeCluster"
                ],
                "condition": [],
                "effect": "Allow",
                "not_actions": [],
                "not_principals": [],
                "not_resources": [],
                "principals": [],
                "resources": [
                  "arn:aws:eks:us-east-1:111594127594:cluster/hema-test"
                ],
                "sid": "AllowAPIServerEndpointDiscovery"
              }
            ],
            "version": "2012-10-17"
          },
          "sensitive_attributes": []
        }
      ]
    },
    {
      "module": "module.main-eks.module.eks_addons.module.karpenter",
      "mode": "data",
      "type": "aws_iam_policy_document",
      "name": "controller_assume_role",
      "provider": "provider[\"registry.terraform.io/hashicorp/aws\"]",
      "instances": [
        {
          "index_key": 0,
          "schema_version": 0,
          "attributes": {
            "id": "819195744",
            "json": "{\n  \"Version\": \"2012-10-17\",\n  \"Statement\": [\n    {\n      \"Effect\": \"Allow\",\n      \"Action\": [\n        \"sts:TagSession\",\n        \"sts:AssumeRole\"\n      ],\n      \"Principal\": {\n        \"Service\": \"pods.eks.amazonaws.com\"\n      }\n    }\n  ]\n}",
            "minified_json": "{\"Version\":\"2012-10-17\",\"Statement\":[{\"Effect\":\"Allow\",\"Action\":[\"sts:TagSession\",\"sts:AssumeRole\"],\"Principal\":{\"Service\":\"pods.eks.amazonaws.com\"}}]}",
            "override_json": null,
            "override_policy_documents": null,
            "policy_id": null,
            "source_json": null,
            "source_policy_documents": null,
            "statement": [
              {
                "actions": [
                  "sts:AssumeRole",
                  "sts:TagSession"
                ],
                "condition": [],
                "effect": "Allow",
                "not_actions": [],
                "not_principals": [],
                "not_resources": [],
                "principals": [
                  {
                    "identifiers": [
                      "pods.eks.amazonaws.com"
                    ],
                    "type": "Service"
                  }
                ],
                "resources": [],
                "sid": ""
              }
            ],
            "version": "2012-10-17"
          },
          "sensitive_attributes": []
        }
      ]
    },
    {
      "module": "module.main-eks.module.eks_addons.module.karpenter",
      "mode": "data",
      "type": "aws_iam_policy_document",
      "name": "queue",
      "provider": "provider[\"registry.terraform.io/hashicorp/aws\"]",
      "instances": [
        {
          "index_key": 0,
          "schema_version": 0,
          "attributes": {
            "id": "2128904192",
            "json": "{\n  \"Version\": \"2012-10-17\",\n  \"Statement\": [\n    {\n      \"Sid\": \"SqsWrite\",\n      \"Effect\": \"Allow\",\n      \"Action\": \"sqs:SendMessage\",\n      \"Resource\": \"arn:aws:sqs:us-east-1:111594127594:Karpenter-hema-test\",\n      \"Principal\": {\n        \"Service\": [\n          \"sqs.amazonaws.com\",\n          \"events.amazonaws.com\"\n        ]\n      }\n    }\n  ]\n}",
            "minified_json": "{\"Version\":\"2012-10-17\",\"Statement\":[{\"Sid\":\"SqsWrite\",\"Effect\":\"Allow\",\"Action\":\"sqs:SendMessage\",\"Resource\":\"arn:aws:sqs:us-east-1:111594127594:Karpenter-hema-test\",\"Principal\":{\"Service\":[\"sqs.amazonaws.com\",\"events.amazonaws.com\"]}}]}",
            "override_json": null,
            "override_policy_documents": null,
            "policy_id": null,
            "source_json": null,
            "source_policy_documents": null,
            "statement": [
              {
                "actions": [
                  "sqs:SendMessage"
                ],
                "condition": [],
                "effect": "Allow",
                "not_actions": [],
                "not_principals": [],
                "not_resources": [],
                "principals": [
                  {
                    "identifiers": [
                      "events.amazonaws.com",
                      "sqs.amazonaws.com"
                    ],
                    "type": "Service"
                  }
                ],
                "resources": [
                  "arn:aws:sqs:us-east-1:111594127594:Karpenter-hema-test"
                ],
                "sid": "SqsWrite"
              }
            ],
            "version": "2012-10-17"
          },
          "sensitive_attributes": []
        }
      ]
    },
    {
      "module": "module.main-eks.module.eks_addons.module.karpenter",
      "mode": "data",
      "type": "aws_partition",
      "name": "current",
      "provider": "provider[\"registry.terraform.io/hashicorp/aws\"]",
      "instances": [
        {
          "schema_version": 0,
          "attributes": {
            "dns_suffix": "amazonaws.com",
            "id": "aws",
            "partition": "aws",
            "reverse_dns_prefix": "com.amazonaws"
          },
          "sensitive_attributes": []
        }
      ]
    },
    {
      "module": "module.main-eks.module.eks_addons.module.karpenter",
      "mode": "data",
      "type": "aws_region",
      "name": "current",
      "provider": "provider[\"registry.terraform.io/hashicorp/aws\"]",
      "instances": [
        {
          "schema_version": 0,
          "attributes": {
            "description": "US East (N. Virginia)",
            "endpoint": "ec2.us-east-1.amazonaws.com",
            "id": "us-east-1",
            "name": "us-east-1"
          },
          "sensitive_attributes": []
        }
      ]
    },
    {
      "module": "module.main-eks.module.eks_addons.module.karpenter",
      "mode": "managed",
      "type": "aws_cloudwatch_event_rule",
      "name": "this",
      "provider": "provider[\"registry.terraform.io/hashicorp/aws\"]",
      "instances": [
        {
          "index_key": "health_event",
          "schema_version": 1,
          "attributes": {
            "arn": "arn:aws:events:us-east-1:111594127594:rule/KarpenterHealthEvent-20240614190302137600000022",
            "description": "Karpenter interrupt - AWS health event",
            "event_bus_name": "default",
            "event_pattern": "{\"detail-type\":[\"AWS Health Event\"],\"source\":[\"aws.health\"]}",
            "force_destroy": false,
            "id": "KarpenterHealthEvent-20240614190302137600000022",
            "is_enabled": true,
            "name": "KarpenterHealthEvent-20240614190302137600000022",
            "name_prefix": "KarpenterHealthEvent-",
            "role_arn": "",
            "schedule_expression": "",
            "state": "ENABLED",
            "tags": {
              "ClusterName": "hema-test"
            },
            "tags_all": {
              "ClusterName": "hema-test",
              "Creator": "Terraform"
            }
          },
          "sensitive_attributes": [],
          "private": "eyJzY2hlbWFfdmVyc2lvbiI6IjEifQ==",
          "dependencies": [
            "module.main-eks.data.aws_ami.gold_image",
            "module.main-eks.data.aws_caller_identity.current",
            "module.main-eks.data.aws_partition.current",
            "module.main-eks.data.aws_subnets.private",
            "module.main-eks.data.aws_vpc.vpc",
            "module.main-eks.module.cloudwatch_kms.aws_kms_external_key.this",
            "module.main-eks.module.cloudwatch_kms.aws_kms_key.this",
            "module.main-eks.module.cloudwatch_kms.aws_kms_replica_external_key.this",
            "module.main-eks.module.cloudwatch_kms.aws_kms_replica_key.this",
            "module.main-eks.module.cloudwatch_kms.data.aws_iam_policy_document.this",
            "module.main-eks.module.eks.aws_cloudwatch_log_group.this",
            "module.main-eks.module.eks.aws_eks_access_entry.this",
            "module.main-eks.module.eks.aws_eks_access_policy_association.this",
            "module.main-eks.module.eks.aws_eks_cluster.this",
            "module.main-eks.module.eks.aws_iam_policy.cni_ipv6_policy",
            "module.main-eks.module.eks.aws_iam_role.this",
            "module.main-eks.module.eks.aws_iam_role_policy_attachment.this",
            "module.main-eks.module.eks.aws_security_group.cluster",
            "module.main-eks.module.eks.aws_security_group.node",
            "module.main-eks.module.eks.aws_security_group_rule.cluster",
            "module.main-eks.module.eks.aws_security_group_rule.node",
            "module.main-eks.module.eks.data.aws_iam_policy_document.assume_role_policy",
            "module.main-eks.module.eks.data.aws_iam_session_context.current",
            "module.main-eks.module.eks.data.aws_partition.current",
            "module.main-eks.module.eks.module.kms.aws_kms_external_key.this",
            "module.main-eks.module.eks.module.kms.aws_kms_key.this",
            "module.main-eks.module.eks.module.kms.aws_kms_replica_external_key.this",
            "module.main-eks.module.eks.module.kms.aws_kms_replica_key.this",
            "module.main-eks.module.eks.module.kms.data.aws_caller_identity.current",
            "module.main-eks.module.eks.module.kms.data.aws_iam_policy_document.this",
            "module.main-eks.module.eks.module.kms.data.aws_partition.current",
            "module.main-eks.module.main_nodes.aws_autoscaling_schedule.this",
            "module.main-eks.module.main_nodes.aws_eks_node_group.this",
            "module.main-eks.module.main_nodes.aws_iam_role.this",
            "module.main-eks.module.main_nodes.aws_iam_role_policy_attachment.additional",
            "module.main-eks.module.main_nodes.aws_iam_role_policy_attachment.this",
            "module.main-eks.module.main_nodes.aws_launch_template.this",
            "module.main-eks.module.main_nodes.data.aws_caller_identity.current",
            "module.main-eks.module.main_nodes.data.aws_iam_policy_document.assume_role_policy",
            "module.main-eks.module.main_nodes.data.aws_partition.current",
            "module.main-eks.module.main_nodes.module.user_data.data.cloudinit_config.linux_eks_managed_node_group"
          ]
        },
        {
          "index_key": "instance_rebalance",
          "schema_version": 1,
          "attributes": {
            "arn": "arn:aws:events:us-east-1:111594127594:rule/KarpenterInstanceRebalance-20240614190302370200000024",
            "description": "Karpenter interrupt - EC2 instance rebalance recommendation",
            "event_bus_name": "default",
            "event_pattern": "{\"detail-type\":[\"EC2 Instance Rebalance Recommendation\"],\"source\":[\"aws.ec2\"]}",
            "force_destroy": false,
            "id": "KarpenterInstanceRebalance-20240614190302370200000024",
            "is_enabled": true,
            "name": "KarpenterInstanceRebalance-20240614190302370200000024",
            "name_prefix": "KarpenterInstanceRebalance-",
            "role_arn": "",
            "schedule_expression": "",
            "state": "ENABLED",
            "tags": {
              "ClusterName": "hema-test"
            },
            "tags_all": {
              "ClusterName": "hema-test",
              "Creator": "Terraform"
            }
          },
          "sensitive_attributes": [],
          "private": "eyJzY2hlbWFfdmVyc2lvbiI6IjEifQ==",
          "dependencies": [
            "module.main-eks.data.aws_ami.gold_image",
            "module.main-eks.data.aws_caller_identity.current",
            "module.main-eks.data.aws_partition.current",
            "module.main-eks.data.aws_subnets.private",
            "module.main-eks.data.aws_vpc.vpc",
            "module.main-eks.module.cloudwatch_kms.aws_kms_external_key.this",
            "module.main-eks.module.cloudwatch_kms.aws_kms_key.this",
            "module.main-eks.module.cloudwatch_kms.aws_kms_replica_external_key.this",
            "module.main-eks.module.cloudwatch_kms.aws_kms_replica_key.this",
            "module.main-eks.module.cloudwatch_kms.data.aws_iam_policy_document.this",
            "module.main-eks.module.eks.aws_cloudwatch_log_group.this",
            "module.main-eks.module.eks.aws_eks_access_entry.this",
            "module.main-eks.module.eks.aws_eks_access_policy_association.this",
            "module.main-eks.module.eks.aws_eks_cluster.this",
            "module.main-eks.module.eks.aws_iam_policy.cni_ipv6_policy",
            "module.main-eks.module.eks.aws_iam_role.this",
            "module.main-eks.module.eks.aws_iam_role_policy_attachment.this",
            "module.main-eks.module.eks.aws_security_group.cluster",
            "module.main-eks.module.eks.aws_security_group.node",
            "module.main-eks.module.eks.aws_security_group_rule.cluster",
            "module.main-eks.module.eks.aws_security_group_rule.node",
            "module.main-eks.module.eks.data.aws_iam_policy_document.assume_role_policy",
            "module.main-eks.module.eks.data.aws_iam_session_context.current",
            "module.main-eks.module.eks.data.aws_partition.current",
            "module.main-eks.module.eks.module.kms.aws_kms_external_key.this",
            "module.main-eks.module.eks.module.kms.aws_kms_key.this",
            "module.main-eks.module.eks.module.kms.aws_kms_replica_external_key.this",
            "module.main-eks.module.eks.module.kms.aws_kms_replica_key.this",
            "module.main-eks.module.eks.module.kms.data.aws_caller_identity.current",
            "module.main-eks.module.eks.module.kms.data.aws_iam_policy_document.this",
            "module.main-eks.module.eks.module.kms.data.aws_partition.current",
            "module.main-eks.module.main_nodes.aws_autoscaling_schedule.this",
            "module.main-eks.module.main_nodes.aws_eks_node_group.this",
            "module.main-eks.module.main_nodes.aws_iam_role.this",
            "module.main-eks.module.main_nodes.aws_iam_role_policy_attachment.additional",
            "module.main-eks.module.main_nodes.aws_iam_role_policy_attachment.this",
            "module.main-eks.module.main_nodes.aws_launch_template.this",
            "module.main-eks.module.main_nodes.data.aws_caller_identity.current",
            "module.main-eks.module.main_nodes.data.aws_iam_policy_document.assume_role_policy",
            "module.main-eks.module.main_nodes.data.aws_partition.current",
            "module.main-eks.module.main_nodes.module.user_data.data.cloudinit_config.linux_eks_managed_node_group"
          ]
        },
        {
          "index_key": "instance_state_change",
          "schema_version": 1,
          "attributes": {
            "arn": "arn:aws:events:us-east-1:111594127594:rule/KarpenterInstanceStateChange-20240614190302156500000023",
            "description": "Karpenter interrupt - EC2 instance state-change notification",
            "event_bus_name": "default",
            "event_pattern": "{\"detail-type\":[\"EC2 Instance State-change Notification\"],\"source\":[\"aws.ec2\"]}",
            "force_destroy": false,
            "id": "KarpenterInstanceStateChange-20240614190302156500000023",
            "is_enabled": true,
            "name": "KarpenterInstanceStateChange-20240614190302156500000023",
            "name_prefix": "KarpenterInstanceStateChange-",
            "role_arn": "",
            "schedule_expression": "",
            "state": "ENABLED",
            "tags": {
              "ClusterName": "hema-test"
            },
            "tags_all": {
              "ClusterName": "hema-test",
              "Creator": "Terraform"
            }
          },
          "sensitive_attributes": [],
          "private": "eyJzY2hlbWFfdmVyc2lvbiI6IjEifQ==",
          "dependencies": [
            "module.main-eks.data.aws_ami.gold_image",
            "module.main-eks.data.aws_caller_identity.current",
            "module.main-eks.data.aws_partition.current",
            "module.main-eks.data.aws_subnets.private",
            "module.main-eks.data.aws_vpc.vpc",
            "module.main-eks.module.cloudwatch_kms.aws_kms_external_key.this",
            "module.main-eks.module.cloudwatch_kms.aws_kms_key.this",
            "module.main-eks.module.cloudwatch_kms.aws_kms_replica_external_key.this",
            "module.main-eks.module.cloudwatch_kms.aws_kms_replica_key.this",
            "module.main-eks.module.cloudwatch_kms.data.aws_iam_policy_document.this",
            "module.main-eks.module.eks.aws_cloudwatch_log_group.this",
            "module.main-eks.module.eks.aws_eks_access_entry.this",
            "module.main-eks.module.eks.aws_eks_access_policy_association.this",
            "module.main-eks.module.eks.aws_eks_cluster.this",
            "module.main-eks.module.eks.aws_iam_policy.cni_ipv6_policy",
            "module.main-eks.module.eks.aws_iam_role.this",
            "module.main-eks.module.eks.aws_iam_role_policy_attachment.this",
            "module.main-eks.module.eks.aws_security_group.cluster",
            "module.main-eks.module.eks.aws_security_group.node",
            "module.main-eks.module.eks.aws_security_group_rule.cluster",
            "module.main-eks.module.eks.aws_security_group_rule.node",
            "module.main-eks.module.eks.data.aws_iam_policy_document.assume_role_policy",
            "module.main-eks.module.eks.data.aws_iam_session_context.current",
            "module.main-eks.module.eks.data.aws_partition.current",
            "module.main-eks.module.eks.module.kms.aws_kms_external_key.this",
            "module.main-eks.module.eks.module.kms.aws_kms_key.this",
            "module.main-eks.module.eks.module.kms.aws_kms_replica_external_key.this",
            "module.main-eks.module.eks.module.kms.aws_kms_replica_key.this",
            "module.main-eks.module.eks.module.kms.data.aws_caller_identity.current",
            "module.main-eks.module.eks.module.kms.data.aws_iam_policy_document.this",
            "module.main-eks.module.eks.module.kms.data.aws_partition.current",
            "module.main-eks.module.main_nodes.aws_autoscaling_schedule.this",
            "module.main-eks.module.main_nodes.aws_eks_node_group.this",
            "module.main-eks.module.main_nodes.aws_iam_role.this",
            "module.main-eks.module.main_nodes.aws_iam_role_policy_attachment.additional",
            "module.main-eks.module.main_nodes.aws_iam_role_policy_attachment.this",
            "module.main-eks.module.main_nodes.aws_launch_template.this",
            "module.main-eks.module.main_nodes.data.aws_caller_identity.current",
            "module.main-eks.module.main_nodes.data.aws_iam_policy_document.assume_role_policy",
            "module.main-eks.module.main_nodes.data.aws_partition.current",
            "module.main-eks.module.main_nodes.module.user_data.data.cloudinit_config.linux_eks_managed_node_group"
          ]
        },
        {
          "index_key": "spot_interrupt",
          "schema_version": 1,
          "attributes": {
            "arn": "arn:aws:events:us-east-1:111594127594:rule/KarpenterSpotInterrupt-20240614190302137100000021",
            "description": "Karpenter interrupt - EC2 spot instance interruption warning",
            "event_bus_name": "default",
            "event_pattern": "{\"detail-type\":[\"EC2 Spot Instance Interruption Warning\"],\"source\":[\"aws.ec2\"]}",
            "force_destroy": false,
            "id": "KarpenterSpotInterrupt-20240614190302137100000021",
            "is_enabled": true,
            "name": "KarpenterSpotInterrupt-20240614190302137100000021",
            "name_prefix": "KarpenterSpotInterrupt-",
            "role_arn": "",
            "schedule_expression": "",
            "state": "ENABLED",
            "tags": {
              "ClusterName": "hema-test"
            },
            "tags_all": {
              "ClusterName": "hema-test",
              "Creator": "Terraform"
            }
          },
          "sensitive_attributes": [],
          "private": "eyJzY2hlbWFfdmVyc2lvbiI6IjEifQ==",
          "dependencies": [
            "module.main-eks.data.aws_ami.gold_image",
            "module.main-eks.data.aws_caller_identity.current",
            "module.main-eks.data.aws_partition.current",
            "module.main-eks.data.aws_subnets.private",
            "module.main-eks.data.aws_vpc.vpc",
            "module.main-eks.module.cloudwatch_kms.aws_kms_external_key.this",
            "module.main-eks.module.cloudwatch_kms.aws_kms_key.this",
            "module.main-eks.module.cloudwatch_kms.aws_kms_replica_external_key.this",
            "module.main-eks.module.cloudwatch_kms.aws_kms_replica_key.this",
            "module.main-eks.module.cloudwatch_kms.data.aws_iam_policy_document.this",
            "module.main-eks.module.eks.aws_cloudwatch_log_group.this",
            "module.main-eks.module.eks.aws_eks_access_entry.this",
            "module.main-eks.module.eks.aws_eks_access_policy_association.this",
            "module.main-eks.module.eks.aws_eks_cluster.this",
            "module.main-eks.module.eks.aws_iam_policy.cni_ipv6_policy",
            "module.main-eks.module.eks.aws_iam_role.this",
            "module.main-eks.module.eks.aws_iam_role_policy_attachment.this",
            "module.main-eks.module.eks.aws_security_group.cluster",
            "module.main-eks.module.eks.aws_security_group.node",
            "module.main-eks.module.eks.aws_security_group_rule.cluster",
            "module.main-eks.module.eks.aws_security_group_rule.node",
            "module.main-eks.module.eks.data.aws_iam_policy_document.assume_role_policy",
            "module.main-eks.module.eks.data.aws_iam_session_context.current",
            "module.main-eks.module.eks.data.aws_partition.current",
            "module.main-eks.module.eks.module.kms.aws_kms_external_key.this",
            "module.main-eks.module.eks.module.kms.aws_kms_key.this",
            "module.main-eks.module.eks.module.kms.aws_kms_replica_external_key.this",
            "module.main-eks.module.eks.module.kms.aws_kms_replica_key.this",
            "module.main-eks.module.eks.module.kms.data.aws_caller_identity.current",
            "module.main-eks.module.eks.module.kms.data.aws_iam_policy_document.this",
            "module.main-eks.module.eks.module.kms.data.aws_partition.current",
            "module.main-eks.module.main_nodes.aws_autoscaling_schedule.this",
            "module.main-eks.module.main_nodes.aws_eks_node_group.this",
            "module.main-eks.module.main_nodes.aws_iam_role.this",
            "module.main-eks.module.main_nodes.aws_iam_role_policy_attachment.additional",
            "module.main-eks.module.main_nodes.aws_iam_role_policy_attachment.this",
            "module.main-eks.module.main_nodes.aws_launch_template.this",
            "module.main-eks.module.main_nodes.data.aws_caller_identity.current",
            "module.main-eks.module.main_nodes.data.aws_iam_policy_document.assume_role_policy",
            "module.main-eks.module.main_nodes.data.aws_partition.current",
            "module.main-eks.module.main_nodes.module.user_data.data.cloudinit_config.linux_eks_managed_node_group"
          ]
        }
      ]
    },
    {
      "module": "module.main-eks.module.eks_addons.module.karpenter",
      "mode": "managed",
      "type": "aws_cloudwatch_event_target",
      "name": "this",
      "provider": "provider[\"registry.terraform.io/hashicorp/aws\"]",
      "instances": [
        {
          "index_key": "health_event",
          "schema_version": 1,
          "attributes": {
            "arn": "arn:aws:sqs:us-east-1:111594127594:Karpenter-hema-test",
            "batch_target": [],
            "dead_letter_config": [],
            "ecs_target": [],
            "event_bus_name": "default",
            "force_destroy": false,
            "http_target": [],
            "id": "KarpenterHealthEvent-20240614190302137600000022-KarpenterInterruptionQueueTarget",
            "input": "",
            "input_path": "",
            "input_transformer": [],
            "kinesis_target": [],
            "redshift_target": [],
            "retry_policy": [],
            "role_arn": "",
            "rule": "KarpenterHealthEvent-20240614190302137600000022",
            "run_command_targets": [],
            "sagemaker_pipeline_target": [],
            "sqs_target": [],
            "target_id": "KarpenterInterruptionQueueTarget"
          },
          "sensitive_attributes": [],
          "private": "eyJzY2hlbWFfdmVyc2lvbiI6IjEifQ==",
          "dependencies": [
            "module.main-eks.data.aws_ami.gold_image",
            "module.main-eks.data.aws_caller_identity.current",
            "module.main-eks.data.aws_partition.current",
            "module.main-eks.data.aws_subnets.private",
            "module.main-eks.data.aws_vpc.vpc",
            "module.main-eks.module.cloudwatch_kms.aws_kms_external_key.this",
            "module.main-eks.module.cloudwatch_kms.aws_kms_key.this",
            "module.main-eks.module.cloudwatch_kms.aws_kms_replica_external_key.this",
            "module.main-eks.module.cloudwatch_kms.aws_kms_replica_key.this",
            "module.main-eks.module.cloudwatch_kms.data.aws_iam_policy_document.this",
            "module.main-eks.module.eks.aws_cloudwatch_log_group.this",
            "module.main-eks.module.eks.aws_eks_access_entry.this",
            "module.main-eks.module.eks.aws_eks_access_policy_association.this",
            "module.main-eks.module.eks.aws_eks_cluster.this",
            "module.main-eks.module.eks.aws_iam_policy.cni_ipv6_policy",
            "module.main-eks.module.eks.aws_iam_role.this",
            "module.main-eks.module.eks.aws_iam_role_policy_attachment.this",
            "module.main-eks.module.eks.aws_security_group.cluster",
            "module.main-eks.module.eks.aws_security_group.node",
            "module.main-eks.module.eks.aws_security_group_rule.cluster",
            "module.main-eks.module.eks.aws_security_group_rule.node",
            "module.main-eks.module.eks.data.aws_iam_policy_document.assume_role_policy",
            "module.main-eks.module.eks.data.aws_iam_session_context.current",
            "module.main-eks.module.eks.data.aws_partition.current",
            "module.main-eks.module.eks.module.kms.aws_kms_external_key.this",
            "module.main-eks.module.eks.module.kms.aws_kms_key.this",
            "module.main-eks.module.eks.module.kms.aws_kms_replica_external_key.this",
            "module.main-eks.module.eks.module.kms.aws_kms_replica_key.this",
            "module.main-eks.module.eks.module.kms.data.aws_caller_identity.current",
            "module.main-eks.module.eks.module.kms.data.aws_iam_policy_document.this",
            "module.main-eks.module.eks.module.kms.data.aws_partition.current",
            "module.main-eks.module.eks_addons.module.karpenter.aws_cloudwatch_event_rule.this",
            "module.main-eks.module.eks_addons.module.karpenter.aws_sqs_queue.this",
            "module.main-eks.module.main_nodes.aws_autoscaling_schedule.this",
            "module.main-eks.module.main_nodes.aws_eks_node_group.this",
            "module.main-eks.module.main_nodes.aws_iam_role.this",
            "module.main-eks.module.main_nodes.aws_iam_role_policy_attachment.additional",
            "module.main-eks.module.main_nodes.aws_iam_role_policy_attachment.this",
            "module.main-eks.module.main_nodes.aws_launch_template.this",
            "module.main-eks.module.main_nodes.data.aws_caller_identity.current",
            "module.main-eks.module.main_nodes.data.aws_iam_policy_document.assume_role_policy",
            "module.main-eks.module.main_nodes.data.aws_partition.current",
            "module.main-eks.module.main_nodes.module.user_data.data.cloudinit_config.linux_eks_managed_node_group"
          ]
        },
        {
          "index_key": "instance_rebalance",
          "schema_version": 1,
          "attributes": {
            "arn": "arn:aws:sqs:us-east-1:111594127594:Karpenter-hema-test",
            "batch_target": [],
            "dead_letter_config": [],
            "ecs_target": [],
            "event_bus_name": "default",
            "force_destroy": false,
            "http_target": [],
            "id": "KarpenterInstanceRebalance-20240614190302370200000024-KarpenterInterruptionQueueTarget",
            "input": "",
            "input_path": "",
            "input_transformer": [],
            "kinesis_target": [],
            "redshift_target": [],
            "retry_policy": [],
            "role_arn": "",
            "rule": "KarpenterInstanceRebalance-20240614190302370200000024",
            "run_command_targets": [],
            "sagemaker_pipeline_target": [],
            "sqs_target": [],
            "target_id": "KarpenterInterruptionQueueTarget"
          },
          "sensitive_attributes": [],
          "private": "eyJzY2hlbWFfdmVyc2lvbiI6IjEifQ==",
          "dependencies": [
            "module.main-eks.data.aws_ami.gold_image",
            "module.main-eks.data.aws_caller_identity.current",
            "module.main-eks.data.aws_partition.current",
            "module.main-eks.data.aws_subnets.private",
            "module.main-eks.data.aws_vpc.vpc",
            "module.main-eks.module.cloudwatch_kms.aws_kms_external_key.this",
            "module.main-eks.module.cloudwatch_kms.aws_kms_key.this",
            "module.main-eks.module.cloudwatch_kms.aws_kms_replica_external_key.this",
            "module.main-eks.module.cloudwatch_kms.aws_kms_replica_key.this",
            "module.main-eks.module.cloudwatch_kms.data.aws_iam_policy_document.this",
            "module.main-eks.module.eks.aws_cloudwatch_log_group.this",
            "module.main-eks.module.eks.aws_eks_access_entry.this",
            "module.main-eks.module.eks.aws_eks_access_policy_association.this",
            "module.main-eks.module.eks.aws_eks_cluster.this",
            "module.main-eks.module.eks.aws_iam_policy.cni_ipv6_policy",
            "module.main-eks.module.eks.aws_iam_role.this",
            "module.main-eks.module.eks.aws_iam_role_policy_attachment.this",
            "module.main-eks.module.eks.aws_security_group.cluster",
            "module.main-eks.module.eks.aws_security_group.node",
            "module.main-eks.module.eks.aws_security_group_rule.cluster",
            "module.main-eks.module.eks.aws_security_group_rule.node",
            "module.main-eks.module.eks.data.aws_iam_policy_document.assume_role_policy",
            "module.main-eks.module.eks.data.aws_iam_session_context.current",
            "module.main-eks.module.eks.data.aws_partition.current",
            "module.main-eks.module.eks.module.kms.aws_kms_external_key.this",
            "module.main-eks.module.eks.module.kms.aws_kms_key.this",
            "module.main-eks.module.eks.module.kms.aws_kms_replica_external_key.this",
            "module.main-eks.module.eks.module.kms.aws_kms_replica_key.this",
            "module.main-eks.module.eks.module.kms.data.aws_caller_identity.current",
            "module.main-eks.module.eks.module.kms.data.aws_iam_policy_document.this",
            "module.main-eks.module.eks.module.kms.data.aws_partition.current",
            "module.main-eks.module.eks_addons.module.karpenter.aws_cloudwatch_event_rule.this",
            "module.main-eks.module.eks_addons.module.karpenter.aws_sqs_queue.this",
            "module.main-eks.module.main_nodes.aws_autoscaling_schedule.this",
            "module.main-eks.module.main_nodes.aws_eks_node_group.this",
            "module.main-eks.module.main_nodes.aws_iam_role.this",
            "module.main-eks.module.main_nodes.aws_iam_role_policy_attachment.additional",
            "module.main-eks.module.main_nodes.aws_iam_role_policy_attachment.this",
            "module.main-eks.module.main_nodes.aws_launch_template.this",
            "module.main-eks.module.main_nodes.data.aws_caller_identity.current",
            "module.main-eks.module.main_nodes.data.aws_iam_policy_document.assume_role_policy",
            "module.main-eks.module.main_nodes.data.aws_partition.current",
            "module.main-eks.module.main_nodes.module.user_data.data.cloudinit_config.linux_eks_managed_node_group"
          ]
        },
        {
          "index_key": "instance_state_change",
          "schema_version": 1,
          "attributes": {
            "arn": "arn:aws:sqs:us-east-1:111594127594:Karpenter-hema-test",
            "batch_target": [],
            "dead_letter_config": [],
            "ecs_target": [],
            "event_bus_name": "default",
            "force_destroy": false,
            "http_target": [],
            "id": "KarpenterInstanceStateChange-20240614190302156500000023-KarpenterInterruptionQueueTarget",
            "input": "",
            "input_path": "",
            "input_transformer": [],
            "kinesis_target": [],
            "redshift_target": [],
            "retry_policy": [],
            "role_arn": "",
            "rule": "KarpenterInstanceStateChange-20240614190302156500000023",
            "run_command_targets": [],
            "sagemaker_pipeline_target": [],
            "sqs_target": [],
            "target_id": "KarpenterInterruptionQueueTarget"
          },
          "sensitive_attributes": [],
          "private": "eyJzY2hlbWFfdmVyc2lvbiI6IjEifQ==",
          "dependencies": [
            "module.main-eks.data.aws_ami.gold_image",
            "module.main-eks.data.aws_caller_identity.current",
            "module.main-eks.data.aws_partition.current",
            "module.main-eks.data.aws_subnets.private",
            "module.main-eks.data.aws_vpc.vpc",
            "module.main-eks.module.cloudwatch_kms.aws_kms_external_key.this",
            "module.main-eks.module.cloudwatch_kms.aws_kms_key.this",
            "module.main-eks.module.cloudwatch_kms.aws_kms_replica_external_key.this",
            "module.main-eks.module.cloudwatch_kms.aws_kms_replica_key.this",
            "module.main-eks.module.cloudwatch_kms.data.aws_iam_policy_document.this",
            "module.main-eks.module.eks.aws_cloudwatch_log_group.this",
            "module.main-eks.module.eks.aws_eks_access_entry.this",
            "module.main-eks.module.eks.aws_eks_access_policy_association.this",
            "module.main-eks.module.eks.aws_eks_cluster.this",
            "module.main-eks.module.eks.aws_iam_policy.cni_ipv6_policy",
            "module.main-eks.module.eks.aws_iam_role.this",
            "module.main-eks.module.eks.aws_iam_role_policy_attachment.this",
            "module.main-eks.module.eks.aws_security_group.cluster",
            "module.main-eks.module.eks.aws_security_group.node",
            "module.main-eks.module.eks.aws_security_group_rule.cluster",
            "module.main-eks.module.eks.aws_security_group_rule.node",
            "module.main-eks.module.eks.data.aws_iam_policy_document.assume_role_policy",
            "module.main-eks.module.eks.data.aws_iam_session_context.current",
            "module.main-eks.module.eks.data.aws_partition.current",
            "module.main-eks.module.eks.module.kms.aws_kms_external_key.this",
            "module.main-eks.module.eks.module.kms.aws_kms_key.this",
            "module.main-eks.module.eks.module.kms.aws_kms_replica_external_key.this",
            "module.main-eks.module.eks.module.kms.aws_kms_replica_key.this",
            "module.main-eks.module.eks.module.kms.data.aws_caller_identity.current",
            "module.main-eks.module.eks.module.kms.data.aws_iam_policy_document.this",
            "module.main-eks.module.eks.module.kms.data.aws_partition.current",
            "module.main-eks.module.eks_addons.module.karpenter.aws_cloudwatch_event_rule.this",
            "module.main-eks.module.eks_addons.module.karpenter.aws_sqs_queue.this",
            "module.main-eks.module.main_nodes.aws_autoscaling_schedule.this",
            "module.main-eks.module.main_nodes.aws_eks_node_group.this",
            "module.main-eks.module.main_nodes.aws_iam_role.this",
            "module.main-eks.module.main_nodes.aws_iam_role_policy_attachment.additional",
            "module.main-eks.module.main_nodes.aws_iam_role_policy_attachment.this",
            "module.main-eks.module.main_nodes.aws_launch_template.this",
            "module.main-eks.module.main_nodes.data.aws_caller_identity.current",
            "module.main-eks.module.main_nodes.data.aws_iam_policy_document.assume_role_policy",
            "module.main-eks.module.main_nodes.data.aws_partition.current",
            "module.main-eks.module.main_nodes.module.user_data.data.cloudinit_config.linux_eks_managed_node_group"
          ]
        },
        {
          "index_key": "spot_interrupt",
          "schema_version": 1,
          "attributes": {
            "arn": "arn:aws:sqs:us-east-1:111594127594:Karpenter-hema-test",
            "batch_target": [],
            "dead_letter_config": [],
            "ecs_target": [],
            "event_bus_name": "default",
            "force_destroy": false,
            "http_target": [],
            "id": "KarpenterSpotInterrupt-20240614190302137100000021-KarpenterInterruptionQueueTarget",
            "input": "",
            "input_path": "",
            "input_transformer": [],
            "kinesis_target": [],
            "redshift_target": [],
            "retry_policy": [],
            "role_arn": "",
            "rule": "KarpenterSpotInterrupt-20240614190302137100000021",
            "run_command_targets": [],
            "sagemaker_pipeline_target": [],
            "sqs_target": [],
            "target_id": "KarpenterInterruptionQueueTarget"
          },
          "sensitive_attributes": [],
          "private": "eyJzY2hlbWFfdmVyc2lvbiI6IjEifQ==",
          "dependencies": [
            "module.main-eks.data.aws_ami.gold_image",
            "module.main-eks.data.aws_caller_identity.current",
            "module.main-eks.data.aws_partition.current",
            "module.main-eks.data.aws_subnets.private",
            "module.main-eks.data.aws_vpc.vpc",
            "module.main-eks.module.cloudwatch_kms.aws_kms_external_key.this",
            "module.main-eks.module.cloudwatch_kms.aws_kms_key.this",
            "module.main-eks.module.cloudwatch_kms.aws_kms_replica_external_key.this",
            "module.main-eks.module.cloudwatch_kms.aws_kms_replica_key.this",
            "module.main-eks.module.cloudwatch_kms.data.aws_iam_policy_document.this",
            "module.main-eks.module.eks.aws_cloudwatch_log_group.this",
            "module.main-eks.module.eks.aws_eks_access_entry.this",
            "module.main-eks.module.eks.aws_eks_access_policy_association.this",
            "module.main-eks.module.eks.aws_eks_cluster.this",
            "module.main-eks.module.eks.aws_iam_policy.cni_ipv6_policy",
            "module.main-eks.module.eks.aws_iam_role.this",
            "module.main-eks.module.eks.aws_iam_role_policy_attachment.this",
            "module.main-eks.module.eks.aws_security_group.cluster",
            "module.main-eks.module.eks.aws_security_group.node",
            "module.main-eks.module.eks.aws_security_group_rule.cluster",
            "module.main-eks.module.eks.aws_security_group_rule.node",
            "module.main-eks.module.eks.data.aws_iam_policy_document.assume_role_policy",
            "module.main-eks.module.eks.data.aws_iam_session_context.current",
            "module.main-eks.module.eks.data.aws_partition.current",
            "module.main-eks.module.eks.module.kms.aws_kms_external_key.this",
            "module.main-eks.module.eks.module.kms.aws_kms_key.this",
            "module.main-eks.module.eks.module.kms.aws_kms_replica_external_key.this",
            "module.main-eks.module.eks.module.kms.aws_kms_replica_key.this",
            "module.main-eks.module.eks.module.kms.data.aws_caller_identity.current",
            "module.main-eks.module.eks.module.kms.data.aws_iam_policy_document.this",
            "module.main-eks.module.eks.module.kms.data.aws_partition.current",
            "module.main-eks.module.eks_addons.module.karpenter.aws_cloudwatch_event_rule.this",
            "module.main-eks.module.eks_addons.module.karpenter.aws_sqs_queue.this",
            "module.main-eks.module.main_nodes.aws_autoscaling_schedule.this",
            "module.main-eks.module.main_nodes.aws_eks_node_group.this",
            "module.main-eks.module.main_nodes.aws_iam_role.this",
            "module.main-eks.module.main_nodes.aws_iam_role_policy_attachment.additional",
            "module.main-eks.module.main_nodes.aws_iam_role_policy_attachment.this",
            "module.main-eks.module.main_nodes.aws_launch_template.this",
            "module.main-eks.module.main_nodes.data.aws_caller_identity.current",
            "module.main-eks.module.main_nodes.data.aws_iam_policy_document.assume_role_policy",
            "module.main-eks.module.main_nodes.data.aws_partition.current",
            "module.main-eks.module.main_nodes.module.user_data.data.cloudinit_config.linux_eks_managed_node_group"
          ]
        }
      ]
    },
    {
      "module": "module.main-eks.module.eks_addons.module.karpenter",
      "mode": "managed",
      "type": "aws_eks_access_entry",
      "name": "node",
      "provider": "provider[\"registry.terraform.io/hashicorp/aws\"]",
      "instances": []
    },
    {
      "module": "module.main-eks.module.eks_addons.module.karpenter",
      "mode": "managed",
      "type": "aws_eks_pod_identity_association",
      "name": "karpenter",
      "provider": "provider[\"registry.terraform.io/hashicorp/aws\"]",
      "instances": [
        {
          "index_key": 0,
          "schema_version": 0,
          "attributes": {
            "association_arn": "arn:aws:eks:us-east-1:111594127594:podidentityassociation/hema-test/a-ejeroxwbpyzbnm19h",
            "association_id": "a-ejeroxwbpyzbnm19h",
            "cluster_name": "hema-test",
            "id": "a-ejeroxwbpyzbnm19h",
            "namespace": "karpenter",
            "role_arn": "arn:aws:iam::111594127594:role/delegatedadmin/developer/KarpenterController-20240614190302517400000025",
            "service_account": "karpenter",
            "tags": {},
            "tags_all": {
              "Creator": "Terraform"
            }
          },
          "sensitive_attributes": [],
          "dependencies": [
            "module.main-eks.data.aws_ami.gold_image",
            "module.main-eks.data.aws_caller_identity.current",
            "module.main-eks.data.aws_partition.current",
            "module.main-eks.data.aws_subnets.private",
            "module.main-eks.data.aws_vpc.vpc",
            "module.main-eks.module.cloudwatch_kms.aws_kms_external_key.this",
            "module.main-eks.module.cloudwatch_kms.aws_kms_key.this",
            "module.main-eks.module.cloudwatch_kms.aws_kms_replica_external_key.this",
            "module.main-eks.module.cloudwatch_kms.aws_kms_replica_key.this",
            "module.main-eks.module.cloudwatch_kms.data.aws_iam_policy_document.this",
            "module.main-eks.module.eks.aws_cloudwatch_log_group.this",
            "module.main-eks.module.eks.aws_eks_access_entry.this",
            "module.main-eks.module.eks.aws_eks_access_policy_association.this",
            "module.main-eks.module.eks.aws_eks_cluster.this",
            "module.main-eks.module.eks.aws_iam_policy.cni_ipv6_policy",
            "module.main-eks.module.eks.aws_iam_role.this",
            "module.main-eks.module.eks.aws_iam_role_policy_attachment.this",
            "module.main-eks.module.eks.aws_security_group.cluster",
            "module.main-eks.module.eks.aws_security_group.node",
            "module.main-eks.module.eks.aws_security_group_rule.cluster",
            "module.main-eks.module.eks.aws_security_group_rule.node",
            "module.main-eks.module.eks.data.aws_iam_policy_document.assume_role_policy",
            "module.main-eks.module.eks.data.aws_iam_session_context.current",
            "module.main-eks.module.eks.data.aws_partition.current",
            "module.main-eks.module.eks.module.kms.aws_kms_external_key.this",
            "module.main-eks.module.eks.module.kms.aws_kms_key.this",
            "module.main-eks.module.eks.module.kms.aws_kms_replica_external_key.this",
            "module.main-eks.module.eks.module.kms.aws_kms_replica_key.this",
            "module.main-eks.module.eks.module.kms.data.aws_caller_identity.current",
            "module.main-eks.module.eks.module.kms.data.aws_iam_policy_document.this",
            "module.main-eks.module.eks.module.kms.data.aws_partition.current",
            "module.main-eks.module.eks_addons.module.karpenter.aws_iam_role.controller",
            "module.main-eks.module.eks_addons.module.karpenter.data.aws_iam_policy_document.controller_assume_role",
            "module.main-eks.module.main_nodes.aws_autoscaling_schedule.this",
            "module.main-eks.module.main_nodes.aws_eks_node_group.this",
            "module.main-eks.module.main_nodes.aws_iam_role.this",
            "module.main-eks.module.main_nodes.aws_iam_role_policy_attachment.additional",
            "module.main-eks.module.main_nodes.aws_iam_role_policy_attachment.this",
            "module.main-eks.module.main_nodes.aws_launch_template.this",
            "module.main-eks.module.main_nodes.data.aws_caller_identity.current",
            "module.main-eks.module.main_nodes.data.aws_iam_policy_document.assume_role_policy",
            "module.main-eks.module.main_nodes.data.aws_partition.current",
            "module.main-eks.module.main_nodes.module.user_data.data.cloudinit_config.linux_eks_managed_node_group"
          ]
        }
      ]
    },
    {
      "module": "module.main-eks.module.eks_addons.module.karpenter",
      "mode": "managed",
      "type": "aws_iam_instance_profile",
      "name": "this",
      "provider": "provider[\"registry.terraform.io/hashicorp/aws\"]",
      "instances": []
    },
    {
      "module": "module.main-eks.module.eks_addons.module.karpenter",
      "mode": "managed",
      "type": "aws_iam_policy",
      "name": "controller",
      "provider": "provider[\"registry.terraform.io/hashicorp/aws\"]",
      "instances": [
        {
          "index_key": 0,
          "schema_version": 0,
          "attributes": {
            "arn": "arn:aws:iam::111594127594:policy/delegatedadmin/developer/hema-test-karpenter-policy-20240614190327687000000028",
            "attachment_count": 0,
            "description": "Karpenter controller IAM policy",
            "id": "arn:aws:iam::111594127594:policy/delegatedadmin/developer/hema-test-karpenter-policy-20240614190327687000000028",
            "name": "hema-test-karpenter-policy-20240614190327687000000028",
            "name_prefix": "hema-test-karpenter-policy-",
            "path": "/delegatedadmin/developer/",
            "policy": "{\"Statement\":[{\"Action\":[\"ec2:RunInstances\",\"ec2:CreateFleet\"],\"Effect\":\"Allow\",\"Resource\":[\"arn:aws:ec2:*::snapshot/*\",\"arn:aws:ec2:*::image/*\",\"arn:aws:ec2:*:*:subnet/*\",\"arn:aws:ec2:*:*:spot-instances-request/*\",\"arn:aws:ec2:*:*:security-group/*\",\"arn:aws:ec2:*:*:launch-template/*\"],\"Sid\":\"AllowScopedEC2InstanceActions\"},{\"Action\":[\"ec2:RunInstances\",\"ec2:CreateLaunchTemplate\",\"ec2:CreateFleet\"],\"Condition\":{\"StringEquals\":{\"aws:RequestTag/kubernetes.io/cluster/hema-test\":\"owned\"},\"StringLike\":{\"aws:RequestTag/karpenter.sh/nodepool\":\"*\"}},\"Effect\":\"Allow\",\"Resource\":[\"arn:aws:ec2:*:*:volume/*\",\"arn:aws:ec2:*:*:spot-instances-request/*\",\"arn:aws:ec2:*:*:network-interface/*\",\"arn:aws:ec2:*:*:launch-template/*\",\"arn:aws:ec2:*:*:instance/*\",\"arn:aws:ec2:*:*:fleet/*\"],\"Sid\":\"AllowScopedEC2InstanceActionsWithTags\"},{\"Action\":\"ec2:CreateTags\",\"Condition\":{\"StringEquals\":{\"aws:RequestTag/kubernetes.io/cluster/hema-test\":\"owned\",\"ec2:CreateAction\":[\"RunInstances\",\"CreateFleet\",\"CreateLaunchTemplate\"]},\"StringLike\":{\"aws:RequestTag/karpenter.sh/nodepool\":\"*\"}},\"Effect\":\"Allow\",\"Resource\":[\"arn:aws:ec2:*:*:volume/*\",\"arn:aws:ec2:*:*:spot-instances-request/*\",\"arn:aws:ec2:*:*:network-interface/*\",\"arn:aws:ec2:*:*:launch-template/*\",\"arn:aws:ec2:*:*:instance/*\",\"arn:aws:ec2:*:*:fleet/*\"],\"Sid\":\"AllowScopedResourceCreationTagging\"},{\"Action\":\"ec2:CreateTags\",\"Condition\":{\"ForAllValues:StringEquals\":{\"aws:TagKeys\":[\"karpenter.sh/nodeclaim\",\"Name\"]},\"StringEquals\":{\"aws:ResourceTag/kubernetes.io/cluster/hema-test\":\"owned\"},\"StringLike\":{\"aws:ResourceTag/karpenter.sh/nodepool\":\"*\"}},\"Effect\":\"Allow\",\"Resource\":\"arn:aws:ec2:*:*:instance/*\",\"Sid\":\"AllowScopedResourceTagging\"},{\"Action\":[\"ec2:TerminateInstances\",\"ec2:DeleteLaunchTemplate\"],\"Condition\":{\"StringEquals\":{\"aws:ResourceTag/kubernetes.io/cluster/hema-test\":\"owned\"},\"StringLike\":{\"aws:ResourceTag/karpenter.sh/nodepool\":\"*\"}},\"Effect\":\"Allow\",\"Resource\":[\"arn:aws:ec2:*:*:launch-template/*\",\"arn:aws:ec2:*:*:instance/*\"],\"Sid\":\"AllowScopedDeletion\"},{\"Action\":[\"ec2:DescribeSubnets\",\"ec2:DescribeSpotPriceHistory\",\"ec2:DescribeSecurityGroups\",\"ec2:DescribeLaunchTemplates\",\"ec2:DescribeInstances\",\"ec2:DescribeInstanceTypes\",\"ec2:DescribeInstanceTypeOfferings\",\"ec2:DescribeImages\",\"ec2:DescribeAvailabilityZones\"],\"Condition\":{\"StringEquals\":{\"aws:RequestedRegion\":\"us-east-1\"}},\"Effect\":\"Allow\",\"Resource\":\"*\",\"Sid\":\"AllowRegionalReadActions\"},{\"Action\":\"ssm:GetParameter\",\"Effect\":\"Allow\",\"Resource\":\"arn:aws:ssm:us-east-1::parameter/aws/service/*\",\"Sid\":\"AllowSSMReadActions\"},{\"Action\":\"pricing:GetProducts\",\"Effect\":\"Allow\",\"Resource\":\"*\",\"Sid\":\"AllowPricingReadActions\"},{\"Action\":[\"sqs:ReceiveMessage\",\"sqs:GetQueueUrl\",\"sqs:GetQueueAttributes\",\"sqs:DeleteMessage\"],\"Effect\":\"Allow\",\"Resource\":\"arn:aws:sqs:us-east-1:111594127594:Karpenter-hema-test\",\"Sid\":\"AllowInterruptionQueueActions\"},{\"Action\":\"iam:PassRole\",\"Condition\":{\"StringEquals\":{\"iam:PassedToService\":\"ec2.amazonaws.com\"}},\"Effect\":\"Allow\",\"Resource\":\"arn:aws:iam::111594127594:role/delegatedadmin/developer/eks-nodes-hema-test-20240614184751121400000002\",\"Sid\":\"AllowPassingInstanceRole\"},{\"Action\":\"iam:CreateInstanceProfile\",\"Condition\":{\"StringEquals\":{\"aws:RequestTag/kubernetes.io/cluster/hema-test\":\"owned\",\"aws:RequestTag/topology.kubernetes.io/region\":\"us-east-1\"},\"StringLike\":{\"aws:RequestTag/karpenter.k8s.aws/ec2nodeclass\":\"*\"}},\"Effect\":\"Allow\",\"Resource\":\"*\",\"Sid\":\"AllowScopedInstanceProfileCreationActions\"},{\"Action\":\"iam:TagInstanceProfile\",\"Condition\":{\"StringEquals\":{\"aws:RequestTag/kubernetes.io/cluster/hema-test\":\"owned\",\"aws:ResourceTag/kubernetes.io/cluster/hema-test\":\"owned\",\"aws:ResourceTag/topology.kubernetes.io/region\":\"us-east-1\"},\"StringLike\":{\"aws:RequestTag/karpenter.k8s.aws/ec2nodeclass\":\"*\",\"aws:ResourceTag/karpenter.k8s.aws/ec2nodeclass\":\"*\"}},\"Effect\":\"Allow\",\"Resource\":\"*\",\"Sid\":\"AllowScopedInstanceProfileTagActions\"},{\"Action\":[\"iam:RemoveRoleFromInstanceProfile\",\"iam:DeleteInstanceProfile\",\"iam:AddRoleToInstanceProfile\"],\"Condition\":{\"StringEquals\":{\"aws:ResourceTag/kubernetes.io/cluster/hema-test\":\"owned\",\"aws:ResourceTag/topology.kubernetes.io/region\":\"us-east-1\"},\"StringLike\":{\"aws:ResourceTag/karpenter.k8s.aws/ec2nodeclass\":\"*\"}},\"Effect\":\"Allow\",\"Resource\":\"*\",\"Sid\":\"AllowScopedInstanceProfileActions\"},{\"Action\":\"iam:GetInstanceProfile\",\"Effect\":\"Allow\",\"Resource\":\"*\",\"Sid\":\"AllowInstanceProfileReadActions\"},{\"Action\":\"eks:DescribeCluster\",\"Effect\":\"Allow\",\"Resource\":\"arn:aws:eks:us-east-1:111594127594:cluster/hema-test\",\"Sid\":\"AllowAPIServerEndpointDiscovery\"}],\"Version\":\"2012-10-17\"}",
            "policy_id": "ANPART64HIDVLO44GYCWD",
            "tags": null,
            "tags_all": {
              "Creator": "Terraform"
            }
          },
          "sensitive_attributes": [],
          "private": "bnVsbA==",
          "dependencies": [
            "module.main-eks.data.aws_ami.gold_image",
            "module.main-eks.data.aws_caller_identity.current",
            "module.main-eks.data.aws_partition.current",
            "module.main-eks.data.aws_subnets.private",
            "module.main-eks.data.aws_vpc.vpc",
            "module.main-eks.module.cloudwatch_kms.aws_kms_external_key.this",
            "module.main-eks.module.cloudwatch_kms.aws_kms_key.this",
            "module.main-eks.module.cloudwatch_kms.aws_kms_replica_external_key.this",
            "module.main-eks.module.cloudwatch_kms.aws_kms_replica_key.this",
            "module.main-eks.module.cloudwatch_kms.data.aws_iam_policy_document.this",
            "module.main-eks.module.eks.aws_cloudwatch_log_group.this",
            "module.main-eks.module.eks.aws_eks_access_entry.this",
            "module.main-eks.module.eks.aws_eks_access_policy_association.this",
            "module.main-eks.module.eks.aws_eks_cluster.this",
            "module.main-eks.module.eks.aws_iam_policy.cni_ipv6_policy",
            "module.main-eks.module.eks.aws_iam_role.this",
            "module.main-eks.module.eks.aws_iam_role_policy_attachment.this",
            "module.main-eks.module.eks.aws_security_group.cluster",
            "module.main-eks.module.eks.aws_security_group.node",
            "module.main-eks.module.eks.aws_security_group_rule.cluster",
            "module.main-eks.module.eks.aws_security_group_rule.node",
            "module.main-eks.module.eks.data.aws_iam_policy_document.assume_role_policy",
            "module.main-eks.module.eks.data.aws_iam_session_context.current",
            "module.main-eks.module.eks.data.aws_partition.current",
            "module.main-eks.module.eks.module.kms.aws_kms_external_key.this",
            "module.main-eks.module.eks.module.kms.aws_kms_key.this",
            "module.main-eks.module.eks.module.kms.aws_kms_replica_external_key.this",
            "module.main-eks.module.eks.module.kms.aws_kms_replica_key.this",
            "module.main-eks.module.eks.module.kms.data.aws_caller_identity.current",
            "module.main-eks.module.eks.module.kms.data.aws_iam_policy_document.this",
            "module.main-eks.module.eks.module.kms.data.aws_partition.current",
            "module.main-eks.module.eks_addons.module.karpenter.aws_iam_role.node",
            "module.main-eks.module.eks_addons.module.karpenter.aws_sqs_queue.this",
            "module.main-eks.module.eks_addons.module.karpenter.data.aws_caller_identity.current",
            "module.main-eks.module.eks_addons.module.karpenter.data.aws_iam_policy_document.controller",
            "module.main-eks.module.eks_addons.module.karpenter.data.aws_partition.current",
            "module.main-eks.module.eks_addons.module.karpenter.data.aws_region.current",
            "module.main-eks.module.main_nodes.aws_autoscaling_schedule.this",
            "module.main-eks.module.main_nodes.aws_eks_node_group.this",
            "module.main-eks.module.main_nodes.aws_iam_role.this",
            "module.main-eks.module.main_nodes.aws_iam_role_policy_attachment.additional",
            "module.main-eks.module.main_nodes.aws_iam_role_policy_attachment.this",
            "module.main-eks.module.main_nodes.aws_launch_template.this",
            "module.main-eks.module.main_nodes.data.aws_caller_identity.current",
            "module.main-eks.module.main_nodes.data.aws_iam_policy_document.assume_role_policy",
            "module.main-eks.module.main_nodes.data.aws_partition.current",
            "module.main-eks.module.main_nodes.module.user_data.data.cloudinit_config.linux_eks_managed_node_group"
          ]
        }
      ]
    },
    {
      "module": "module.main-eks.module.eks_addons.module.karpenter",
      "mode": "managed",
      "type": "aws_iam_role",
      "name": "controller",
      "provider": "provider[\"registry.terraform.io/hashicorp/aws\"]",
      "instances": [
        {
          "index_key": 0,
          "schema_version": 0,
          "attributes": {
            "arn": "arn:aws:iam::111594127594:role/delegatedadmin/developer/KarpenterController-20240614190302517400000025",
            "assume_role_policy": "{\"Statement\":[{\"Action\":[\"sts:TagSession\",\"sts:AssumeRole\"],\"Effect\":\"Allow\",\"Principal\":{\"Service\":\"pods.eks.amazonaws.com\"}}],\"Version\":\"2012-10-17\"}",
            "create_date": "2024-06-14T19:03:02Z",
            "description": "Karpenter controller IAM role",
            "force_detach_policies": true,
            "id": "KarpenterController-20240614190302517400000025",
            "inline_policy": [],
            "managed_policy_arns": [],
            "max_session_duration": 3600,
            "name": "KarpenterController-20240614190302517400000025",
            "name_prefix": "KarpenterController-",
            "path": "/delegatedadmin/developer/",
            "permissions_boundary": "arn:aws:iam::111594127594:policy/cms-cloud-admin/ct-ado-poweruser-permissions-boundary-policy",
            "tags": null,
            "tags_all": {
              "Creator": "Terraform"
            },
            "unique_id": "AROART64HIDVMFOW5M2UF"
          },
          "sensitive_attributes": [],
          "private": "bnVsbA==",
          "dependencies": [
            "module.main-eks.data.aws_ami.gold_image",
            "module.main-eks.data.aws_caller_identity.current",
            "module.main-eks.data.aws_partition.current",
            "module.main-eks.data.aws_subnets.private",
            "module.main-eks.data.aws_vpc.vpc",
            "module.main-eks.module.cloudwatch_kms.aws_kms_external_key.this",
            "module.main-eks.module.cloudwatch_kms.aws_kms_key.this",
            "module.main-eks.module.cloudwatch_kms.aws_kms_replica_external_key.this",
            "module.main-eks.module.cloudwatch_kms.aws_kms_replica_key.this",
            "module.main-eks.module.cloudwatch_kms.data.aws_iam_policy_document.this",
            "module.main-eks.module.eks.aws_cloudwatch_log_group.this",
            "module.main-eks.module.eks.aws_eks_access_entry.this",
            "module.main-eks.module.eks.aws_eks_access_policy_association.this",
            "module.main-eks.module.eks.aws_eks_cluster.this",
            "module.main-eks.module.eks.aws_iam_policy.cni_ipv6_policy",
            "module.main-eks.module.eks.aws_iam_role.this",
            "module.main-eks.module.eks.aws_iam_role_policy_attachment.this",
            "module.main-eks.module.eks.aws_security_group.cluster",
            "module.main-eks.module.eks.aws_security_group.node",
            "module.main-eks.module.eks.aws_security_group_rule.cluster",
            "module.main-eks.module.eks.aws_security_group_rule.node",
            "module.main-eks.module.eks.data.aws_iam_policy_document.assume_role_policy",
            "module.main-eks.module.eks.data.aws_iam_session_context.current",
            "module.main-eks.module.eks.data.aws_partition.current",
            "module.main-eks.module.eks.module.kms.aws_kms_external_key.this",
            "module.main-eks.module.eks.module.kms.aws_kms_key.this",
            "module.main-eks.module.eks.module.kms.aws_kms_replica_external_key.this",
            "module.main-eks.module.eks.module.kms.aws_kms_replica_key.this",
            "module.main-eks.module.eks.module.kms.data.aws_caller_identity.current",
            "module.main-eks.module.eks.module.kms.data.aws_iam_policy_document.this",
            "module.main-eks.module.eks.module.kms.data.aws_partition.current",
            "module.main-eks.module.eks_addons.module.karpenter.data.aws_iam_policy_document.controller_assume_role",
            "module.main-eks.module.main_nodes.aws_autoscaling_schedule.this",
            "module.main-eks.module.main_nodes.aws_eks_node_group.this",
            "module.main-eks.module.main_nodes.aws_iam_role.this",
            "module.main-eks.module.main_nodes.aws_iam_role_policy_attachment.additional",
            "module.main-eks.module.main_nodes.aws_iam_role_policy_attachment.this",
            "module.main-eks.module.main_nodes.aws_launch_template.this",
            "module.main-eks.module.main_nodes.data.aws_caller_identity.current",
            "module.main-eks.module.main_nodes.data.aws_iam_policy_document.assume_role_policy",
            "module.main-eks.module.main_nodes.data.aws_partition.current",
            "module.main-eks.module.main_nodes.module.user_data.data.cloudinit_config.linux_eks_managed_node_group"
          ]
        }
      ]
    },
    {
      "module": "module.main-eks.module.eks_addons.module.karpenter",
      "mode": "managed",
      "type": "aws_iam_role",
      "name": "node",
      "provider": "provider[\"registry.terraform.io/hashicorp/aws\"]",
      "instances": []
    },
    {
      "module": "module.main-eks.module.eks_addons.module.karpenter",
      "mode": "managed",
      "type": "aws_iam_role_policy_attachment",
      "name": "controller",
      "provider": "provider[\"registry.terraform.io/hashicorp/aws\"]",
      "instances": [
        {
          "index_key": 0,
          "schema_version": 0,
          "attributes": {
            "id": "KarpenterController-20240614190302517400000025-20240614190328149300000029",
            "policy_arn": "arn:aws:iam::111594127594:policy/delegatedadmin/developer/hema-test-karpenter-policy-20240614190327687000000028",
            "role": "KarpenterController-20240614190302517400000025"
          },
          "sensitive_attributes": [],
          "private": "bnVsbA==",
          "dependencies": [
            "module.main-eks.data.aws_ami.gold_image",
            "module.main-eks.data.aws_caller_identity.current",
            "module.main-eks.data.aws_partition.current",
            "module.main-eks.data.aws_subnets.private",
            "module.main-eks.data.aws_vpc.vpc",
            "module.main-eks.module.cloudwatch_kms.aws_kms_external_key.this",
            "module.main-eks.module.cloudwatch_kms.aws_kms_key.this",
            "module.main-eks.module.cloudwatch_kms.aws_kms_replica_external_key.this",
            "module.main-eks.module.cloudwatch_kms.aws_kms_replica_key.this",
            "module.main-eks.module.cloudwatch_kms.data.aws_iam_policy_document.this",
            "module.main-eks.module.eks.aws_cloudwatch_log_group.this",
            "module.main-eks.module.eks.aws_eks_access_entry.this",
            "module.main-eks.module.eks.aws_eks_access_policy_association.this",
            "module.main-eks.module.eks.aws_eks_cluster.this",
            "module.main-eks.module.eks.aws_iam_policy.cni_ipv6_policy",
            "module.main-eks.module.eks.aws_iam_role.this",
            "module.main-eks.module.eks.aws_iam_role_policy_attachment.this",
            "module.main-eks.module.eks.aws_security_group.cluster",
            "module.main-eks.module.eks.aws_security_group.node",
            "module.main-eks.module.eks.aws_security_group_rule.cluster",
            "module.main-eks.module.eks.aws_security_group_rule.node",
            "module.main-eks.module.eks.data.aws_iam_policy_document.assume_role_policy",
            "module.main-eks.module.eks.data.aws_iam_session_context.current",
            "module.main-eks.module.eks.data.aws_partition.current",
            "module.main-eks.module.eks.module.kms.aws_kms_external_key.this",
            "module.main-eks.module.eks.module.kms.aws_kms_key.this",
            "module.main-eks.module.eks.module.kms.aws_kms_replica_external_key.this",
            "module.main-eks.module.eks.module.kms.aws_kms_replica_key.this",
            "module.main-eks.module.eks.module.kms.data.aws_caller_identity.current",
            "module.main-eks.module.eks.module.kms.data.aws_iam_policy_document.this",
            "module.main-eks.module.eks.module.kms.data.aws_partition.current",
            "module.main-eks.module.eks_addons.module.karpenter.aws_iam_policy.controller",
            "module.main-eks.module.eks_addons.module.karpenter.aws_iam_role.controller",
            "module.main-eks.module.eks_addons.module.karpenter.aws_iam_role.node",
            "module.main-eks.module.eks_addons.module.karpenter.aws_sqs_queue.this",
            "module.main-eks.module.eks_addons.module.karpenter.data.aws_caller_identity.current",
            "module.main-eks.module.eks_addons.module.karpenter.data.aws_iam_policy_document.controller",
            "module.main-eks.module.eks_addons.module.karpenter.data.aws_iam_policy_document.controller_assume_role",
            "module.main-eks.module.eks_addons.module.karpenter.data.aws_partition.current",
            "module.main-eks.module.eks_addons.module.karpenter.data.aws_region.current",
            "module.main-eks.module.main_nodes.aws_autoscaling_schedule.this",
            "module.main-eks.module.main_nodes.aws_eks_node_group.this",
            "module.main-eks.module.main_nodes.aws_iam_role.this",
            "module.main-eks.module.main_nodes.aws_iam_role_policy_attachment.additional",
            "module.main-eks.module.main_nodes.aws_iam_role_policy_attachment.this",
            "module.main-eks.module.main_nodes.aws_launch_template.this",
            "module.main-eks.module.main_nodes.data.aws_caller_identity.current",
            "module.main-eks.module.main_nodes.data.aws_iam_policy_document.assume_role_policy",
            "module.main-eks.module.main_nodes.data.aws_partition.current",
            "module.main-eks.module.main_nodes.module.user_data.data.cloudinit_config.linux_eks_managed_node_group"
          ]
        }
      ]
    },
    {
      "module": "module.main-eks.module.eks_addons.module.karpenter",
      "mode": "managed",
      "type": "aws_sqs_queue",
      "name": "this",
      "provider": "provider[\"registry.terraform.io/hashicorp/aws\"]",
      "instances": [
        {
          "index_key": 0,
          "schema_version": 0,
          "attributes": {
            "arn": "arn:aws:sqs:us-east-1:111594127594:Karpenter-hema-test",
            "content_based_deduplication": false,
            "deduplication_scope": "",
            "delay_seconds": 0,
            "fifo_queue": false,
            "fifo_throughput_limit": "",
            "id": "https://sqs.us-east-1.amazonaws.com/111594127594/Karpenter-hema-test",
            "kms_data_key_reuse_period_seconds": 300,
            "kms_master_key_id": "",
            "max_message_size": 262144,
            "message_retention_seconds": 300,
            "name": "Karpenter-hema-test",
            "name_prefix": "",
            "policy": "",
            "receive_wait_time_seconds": 0,
            "redrive_allow_policy": "",
            "redrive_policy": "",
            "sqs_managed_sse_enabled": true,
            "tags": null,
            "tags_all": {
              "Creator": "Terraform"
            },
            "url": "https://sqs.us-east-1.amazonaws.com/111594127594/Karpenter-hema-test",
            "visibility_timeout_seconds": 30
          },
          "sensitive_attributes": [],
          "private": "bnVsbA==",
          "dependencies": [
            "module.main-eks.data.aws_ami.gold_image",
            "module.main-eks.data.aws_caller_identity.current",
            "module.main-eks.data.aws_partition.current",
            "module.main-eks.data.aws_subnets.private",
            "module.main-eks.data.aws_vpc.vpc",
            "module.main-eks.module.cloudwatch_kms.aws_kms_external_key.this",
            "module.main-eks.module.cloudwatch_kms.aws_kms_key.this",
            "module.main-eks.module.cloudwatch_kms.aws_kms_replica_external_key.this",
            "module.main-eks.module.cloudwatch_kms.aws_kms_replica_key.this",
            "module.main-eks.module.cloudwatch_kms.data.aws_iam_policy_document.this",
            "module.main-eks.module.eks.aws_cloudwatch_log_group.this",
            "module.main-eks.module.eks.aws_eks_access_entry.this",
            "module.main-eks.module.eks.aws_eks_access_policy_association.this",
            "module.main-eks.module.eks.aws_eks_cluster.this",
            "module.main-eks.module.eks.aws_iam_policy.cni_ipv6_policy",
            "module.main-eks.module.eks.aws_iam_role.this",
            "module.main-eks.module.eks.aws_iam_role_policy_attachment.this",
            "module.main-eks.module.eks.aws_security_group.cluster",
            "module.main-eks.module.eks.aws_security_group.node",
            "module.main-eks.module.eks.aws_security_group_rule.cluster",
            "module.main-eks.module.eks.aws_security_group_rule.node",
            "module.main-eks.module.eks.data.aws_iam_policy_document.assume_role_policy",
            "module.main-eks.module.eks.data.aws_iam_session_context.current",
            "module.main-eks.module.eks.data.aws_partition.current",
            "module.main-eks.module.eks.module.kms.aws_kms_external_key.this",
            "module.main-eks.module.eks.module.kms.aws_kms_key.this",
            "module.main-eks.module.eks.module.kms.aws_kms_replica_external_key.this",
            "module.main-eks.module.eks.module.kms.aws_kms_replica_key.this",
            "module.main-eks.module.eks.module.kms.data.aws_caller_identity.current",
            "module.main-eks.module.eks.module.kms.data.aws_iam_policy_document.this",
            "module.main-eks.module.eks.module.kms.data.aws_partition.current",
            "module.main-eks.module.main_nodes.aws_autoscaling_schedule.this",
            "module.main-eks.module.main_nodes.aws_eks_node_group.this",
            "module.main-eks.module.main_nodes.aws_iam_role.this",
            "module.main-eks.module.main_nodes.aws_iam_role_policy_attachment.additional",
            "module.main-eks.module.main_nodes.aws_iam_role_policy_attachment.this",
            "module.main-eks.module.main_nodes.aws_launch_template.this",
            "module.main-eks.module.main_nodes.data.aws_caller_identity.current",
            "module.main-eks.module.main_nodes.data.aws_iam_policy_document.assume_role_policy",
            "module.main-eks.module.main_nodes.data.aws_partition.current",
            "module.main-eks.module.main_nodes.module.user_data.data.cloudinit_config.linux_eks_managed_node_group"
          ]
        }
      ]
    },
    {
      "module": "module.main-eks.module.eks_addons.module.karpenter",
      "mode": "managed",
      "type": "aws_sqs_queue_policy",
      "name": "this",
      "provider": "provider[\"registry.terraform.io/hashicorp/aws\"]",
      "instances": [
        {
          "index_key": 0,
          "schema_version": 1,
          "attributes": {
            "id": "https://sqs.us-east-1.amazonaws.com/111594127594/Karpenter-hema-test",
            "policy": "{\"Statement\":[{\"Action\":\"sqs:SendMessage\",\"Effect\":\"Allow\",\"Principal\":{\"Service\":[\"sqs.amazonaws.com\",\"events.amazonaws.com\"]},\"Resource\":\"arn:aws:sqs:us-east-1:111594127594:Karpenter-hema-test\",\"Sid\":\"SqsWrite\"}],\"Version\":\"2012-10-17\"}",
            "queue_url": "https://sqs.us-east-1.amazonaws.com/111594127594/Karpenter-hema-test"
          },
          "sensitive_attributes": [],
          "private": "eyJzY2hlbWFfdmVyc2lvbiI6IjEifQ==",
          "dependencies": [
            "module.main-eks.data.aws_ami.gold_image",
            "module.main-eks.data.aws_caller_identity.current",
            "module.main-eks.data.aws_partition.current",
            "module.main-eks.data.aws_subnets.private",
            "module.main-eks.data.aws_vpc.vpc",
            "module.main-eks.module.cloudwatch_kms.aws_kms_external_key.this",
            "module.main-eks.module.cloudwatch_kms.aws_kms_key.this",
            "module.main-eks.module.cloudwatch_kms.aws_kms_replica_external_key.this",
            "module.main-eks.module.cloudwatch_kms.aws_kms_replica_key.this",
            "module.main-eks.module.cloudwatch_kms.data.aws_iam_policy_document.this",
            "module.main-eks.module.eks.aws_cloudwatch_log_group.this",
            "module.main-eks.module.eks.aws_eks_access_entry.this",
            "module.main-eks.module.eks.aws_eks_access_policy_association.this",
            "module.main-eks.module.eks.aws_eks_cluster.this",
            "module.main-eks.module.eks.aws_iam_policy.cni_ipv6_policy",
            "module.main-eks.module.eks.aws_iam_role.this",
            "module.main-eks.module.eks.aws_iam_role_policy_attachment.this",
            "module.main-eks.module.eks.aws_security_group.cluster",
            "module.main-eks.module.eks.aws_security_group.node",
            "module.main-eks.module.eks.aws_security_group_rule.cluster",
            "module.main-eks.module.eks.aws_security_group_rule.node",
            "module.main-eks.module.eks.data.aws_iam_policy_document.assume_role_policy",
            "module.main-eks.module.eks.data.aws_iam_session_context.current",
            "module.main-eks.module.eks.data.aws_partition.current",
            "module.main-eks.module.eks.module.kms.aws_kms_external_key.this",
            "module.main-eks.module.eks.module.kms.aws_kms_key.this",
            "module.main-eks.module.eks.module.kms.aws_kms_replica_external_key.this",
            "module.main-eks.module.eks.module.kms.aws_kms_replica_key.this",
            "module.main-eks.module.eks.module.kms.data.aws_caller_identity.current",
            "module.main-eks.module.eks.module.kms.data.aws_iam_policy_document.this",
            "module.main-eks.module.eks.module.kms.data.aws_partition.current",
            "module.main-eks.module.eks_addons.module.karpenter.aws_sqs_queue.this",
            "module.main-eks.module.eks_addons.module.karpenter.data.aws_iam_policy_document.queue",
            "module.main-eks.module.main_nodes.aws_autoscaling_schedule.this",
            "module.main-eks.module.main_nodes.aws_eks_node_group.this",
            "module.main-eks.module.main_nodes.aws_iam_role.this",
            "module.main-eks.module.main_nodes.aws_iam_role_policy_attachment.additional",
            "module.main-eks.module.main_nodes.aws_iam_role_policy_attachment.this",
            "module.main-eks.module.main_nodes.aws_launch_template.this",
            "module.main-eks.module.main_nodes.data.aws_caller_identity.current",
            "module.main-eks.module.main_nodes.data.aws_iam_policy_document.assume_role_policy",
            "module.main-eks.module.main_nodes.data.aws_partition.current",
            "module.main-eks.module.main_nodes.module.user_data.data.cloudinit_config.linux_eks_managed_node_group"
          ]
        }
      ]
    },
    {
      "module": "module.main-eks.module.eks_base",
      "mode": "data",
      "type": "aws_caller_identity",
      "name": "current",
      "provider": "provider[\"registry.terraform.io/hashicorp/aws\"]",
      "instances": [
        {
          "schema_version": 0,
          "attributes": {
            "account_id": "111594127594",
            "arn": "arn:aws:sts::111594127594:assumed-role/ct-ado-batcave-techadmin/PDYW",
            "id": "111594127594",
            "user_id": "AROART64HIDVDKJZ7XSD4:PDYW"
          },
          "sensitive_attributes": []
        }
      ]
    },
    {
      "module": "module.main-eks.module.eks_base",
      "mode": "data",
      "type": "aws_partition",
      "name": "current",
      "provider": "provider[\"registry.terraform.io/hashicorp/aws\"]",
      "instances": [
        {
          "schema_version": 0,
          "attributes": {
            "dns_suffix": "amazonaws.com",
            "id": "aws",
            "partition": "aws",
            "reverse_dns_prefix": "com.amazonaws"
          },
          "sensitive_attributes": []
        }
      ]
    },
    {
      "module": "module.main-eks.module.eks_base",
      "mode": "data",
      "type": "aws_region",
      "name": "current",
      "provider": "provider[\"registry.terraform.io/hashicorp/aws\"]",
      "instances": [
        {
          "schema_version": 0,
          "attributes": {
            "description": "US East (N. Virginia)",
            "endpoint": "ec2.us-east-1.amazonaws.com",
            "id": "us-east-1",
            "name": "us-east-1"
          },
          "sensitive_attributes": []
        }
      ]
    },
    {
      "module": "module.main-eks.module.eks_base",
      "mode": "managed",
      "type": "time_sleep",
      "name": "this",
      "provider": "provider[\"registry.terraform.io/hashicorp/time\"]",
      "instances": [
        {
          "schema_version": 0,
          "attributes": {
            "create_duration": "30s",
            "destroy_duration": null,
            "id": "2024-06-14T18:59:19Z",
            "triggers": {
              "cluster_endpoint": "https://9D3B7F481A1A33B6AC3F86D8F7B0364C.yl4.us-east-1.eks.amazonaws.com",
              "cluster_name": "hema-test",
              "custom": "",
              "oidc_provider_arn": "arn:aws:iam::111594127594:oidc-provider/oidc.eks.us-east-1.amazonaws.com/id/9D3B7F481A1A33B6AC3F86D8F7B0364C"
            }
          },
          "sensitive_attributes": [],
          "dependencies": [
            "module.main-eks.aws_security_group_rule.allow_ingress_additional_prefix_lists",
            "module.main-eks.data.aws_caller_identity.current",
            "module.main-eks.data.aws_ec2_managed_prefix_list.cmscloud_security_tools",
            "module.main-eks.data.aws_ec2_managed_prefix_list.cmscloud_shared_services_pl",
            "module.main-eks.data.aws_ec2_managed_prefix_list.vpn_prefix_list",
            "module.main-eks.data.aws_ec2_managed_prefix_list.zscaler_pl",
            "module.main-eks.data.aws_partition.current",
            "module.main-eks.data.aws_subnets.private",
            "module.main-eks.data.aws_vpc.vpc",
            "module.main-eks.module.cloudwatch_kms.aws_kms_external_key.this",
            "module.main-eks.module.cloudwatch_kms.aws_kms_key.this",
            "module.main-eks.module.cloudwatch_kms.aws_kms_replica_external_key.this",
            "module.main-eks.module.cloudwatch_kms.aws_kms_replica_key.this",
            "module.main-eks.module.cloudwatch_kms.data.aws_iam_policy_document.this",
            "module.main-eks.module.eks.aws_cloudwatch_log_group.this",
            "module.main-eks.module.eks.aws_ec2_tag.cluster_primary_security_group",
            "module.main-eks.module.eks.aws_eks_access_entry.this",
            "module.main-eks.module.eks.aws_eks_access_policy_association.this",
            "module.main-eks.module.eks.aws_eks_addon.before_compute",
            "module.main-eks.module.eks.aws_eks_addon.this",
            "module.main-eks.module.eks.aws_eks_cluster.this",
            "module.main-eks.module.eks.aws_eks_identity_provider_config.this",
            "module.main-eks.module.eks.aws_iam_openid_connect_provider.oidc_provider",
            "module.main-eks.module.eks.aws_iam_policy.cluster_encryption",
            "module.main-eks.module.eks.aws_iam_policy.cni_ipv6_policy",
            "module.main-eks.module.eks.aws_iam_role.this",
            "module.main-eks.module.eks.aws_iam_role_policy_attachment.additional",
            "module.main-eks.module.eks.aws_iam_role_policy_attachment.cluster_encryption",
            "module.main-eks.module.eks.aws_iam_role_policy_attachment.this",
            "module.main-eks.module.eks.aws_security_group.cluster",
            "module.main-eks.module.eks.aws_security_group.node",
            "module.main-eks.module.eks.aws_security_group_rule.cluster",
            "module.main-eks.module.eks.aws_security_group_rule.node",
            "module.main-eks.module.eks.data.aws_caller_identity.current",
            "module.main-eks.module.eks.data.aws_eks_addon_version.this",
            "module.main-eks.module.eks.data.aws_iam_policy_document.assume_role_policy",
            "module.main-eks.module.eks.data.aws_iam_policy_document.cni_ipv6_policy",
            "module.main-eks.module.eks.data.aws_iam_session_context.current",
            "module.main-eks.module.eks.data.aws_partition.current",
            "module.main-eks.module.eks.data.tls_certificate.this",
            "module.main-eks.module.eks.module.eks_managed_node_group.aws_autoscaling_schedule.this",
            "module.main-eks.module.eks.module.eks_managed_node_group.aws_eks_node_group.this",
            "module.main-eks.module.eks.module.eks_managed_node_group.aws_iam_role.this",
            "module.main-eks.module.eks.module.eks_managed_node_group.aws_iam_role_policy_attachment.additional",
            "module.main-eks.module.eks.module.eks_managed_node_group.aws_iam_role_policy_attachment.this",
            "module.main-eks.module.eks.module.eks_managed_node_group.aws_launch_template.this",
            "module.main-eks.module.eks.module.eks_managed_node_group.aws_placement_group.this",
            "module.main-eks.module.eks.module.eks_managed_node_group.data.aws_caller_identity.current",
            "module.main-eks.module.eks.module.eks_managed_node_group.data.aws_ec2_instance_type.this",
            "module.main-eks.module.eks.module.eks_managed_node_group.data.aws_ec2_instance_type_offerings.this",
            "module.main-eks.module.eks.module.eks_managed_node_group.data.aws_iam_policy_document.assume_role_policy",
            "module.main-eks.module.eks.module.eks_managed_node_group.data.aws_partition.current",
            "module.main-eks.module.eks.module.eks_managed_node_group.data.aws_ssm_parameter.ami",
            "module.main-eks.module.eks.module.eks_managed_node_group.data.aws_subnets.efa",
            "module.main-eks.module.eks.module.eks_managed_node_group.module.user_data.data.cloudinit_config.al2023_eks_managed_node_group",
            "module.main-eks.module.eks.module.eks_managed_node_group.module.user_data.data.cloudinit_config.linux_eks_managed_node_group",
            "module.main-eks.module.eks.module.eks_managed_node_group.module.user_data.null_resource.validate_cluster_service_cidr",
            "module.main-eks.module.eks.module.fargate_profile.aws_eks_fargate_profile.this",
            "module.main-eks.module.eks.module.fargate_profile.aws_iam_role.this",
            "module.main-eks.module.eks.module.fargate_profile.aws_iam_role_policy_attachment.additional",
            "module.main-eks.module.eks.module.fargate_profile.aws_iam_role_policy_attachment.this",
            "module.main-eks.module.eks.module.fargate_profile.data.aws_caller_identity.current",
            "module.main-eks.module.eks.module.fargate_profile.data.aws_iam_policy_document.assume_role_policy",
            "module.main-eks.module.eks.module.fargate_profile.data.aws_partition.current",
            "module.main-eks.module.eks.module.fargate_profile.data.aws_region.current",
            "module.main-eks.module.eks.module.kms.aws_kms_alias.this",
            "module.main-eks.module.eks.module.kms.aws_kms_external_key.this",
            "module.main-eks.module.eks.module.kms.aws_kms_grant.this",
            "module.main-eks.module.eks.module.kms.aws_kms_key.this",
            "module.main-eks.module.eks.module.kms.aws_kms_replica_external_key.this",
            "module.main-eks.module.eks.module.kms.aws_kms_replica_key.this",
            "module.main-eks.module.eks.module.kms.data.aws_caller_identity.current",
            "module.main-eks.module.eks.module.kms.data.aws_iam_policy_document.this",
            "module.main-eks.module.eks.module.kms.data.aws_partition.current",
            "module.main-eks.module.eks.module.self_managed_node_group.aws_autoscaling_group.this",
            "module.main-eks.module.eks.module.self_managed_node_group.aws_autoscaling_schedule.this",
            "module.main-eks.module.eks.module.self_managed_node_group.aws_eks_access_entry.this",
            "module.main-eks.module.eks.module.self_managed_node_group.aws_iam_instance_profile.this",
            "module.main-eks.module.eks.module.self_managed_node_group.aws_iam_role.this",
            "module.main-eks.module.eks.module.self_managed_node_group.aws_iam_role_policy_attachment.additional",
            "module.main-eks.module.eks.module.self_managed_node_group.aws_iam_role_policy_attachment.this",
            "module.main-eks.module.eks.module.self_managed_node_group.aws_launch_template.this",
            "module.main-eks.module.eks.module.self_managed_node_group.aws_placement_group.this",
            "module.main-eks.module.eks.module.self_managed_node_group.data.aws_caller_identity.current",
            "module.main-eks.module.eks.module.self_managed_node_group.data.aws_ec2_instance_type.this",
            "module.main-eks.module.eks.module.self_managed_node_group.data.aws_ec2_instance_type_offerings.this",
            "module.main-eks.module.eks.module.self_managed_node_group.data.aws_iam_policy_document.assume_role_policy",
            "module.main-eks.module.eks.module.self_managed_node_group.data.aws_partition.current",
            "module.main-eks.module.eks.module.self_managed_node_group.data.aws_ssm_parameter.ami",
            "module.main-eks.module.eks.module.self_managed_node_group.data.aws_subnets.efa",
            "module.main-eks.module.eks.module.self_managed_node_group.module.user_data.data.cloudinit_config.al2023_eks_managed_node_group",
            "module.main-eks.module.eks.module.self_managed_node_group.module.user_data.data.cloudinit_config.linux_eks_managed_node_group",
            "module.main-eks.module.eks.module.self_managed_node_group.module.user_data.null_resource.validate_cluster_service_cidr",
            "module.main-eks.module.eks.time_sleep.this"
          ]
        }
      ]
    },
    {
      "module": "module.main-eks.module.eks_base.module.secrets_store_csi_driver_provider_aws",
      "mode": "managed",
      "type": "aws_iam_role",
      "name": "this",
      "provider": "provider[\"registry.terraform.io/hashicorp/aws\"]",
      "instances": []
    },
    {
      "module": "module.main-eks.module.main_nodes",
      "mode": "data",
      "type": "aws_caller_identity",
      "name": "current",
      "provider": "provider[\"registry.terraform.io/hashicorp/aws\"]",
      "instances": [
        {
          "schema_version": 0,
          "attributes": {
            "account_id": "111594127594",
            "arn": "arn:aws:sts::111594127594:assumed-role/ct-ado-batcave-techadmin/PDYW",
            "id": "111594127594",
            "user_id": "AROART64HIDVDKJZ7XSD4:PDYW"
          },
          "sensitive_attributes": []
        }
      ]
    },
    {
      "module": "module.main-eks.module.main_nodes",
      "mode": "data",
      "type": "aws_iam_policy_document",
      "name": "assume_role_policy",
      "provider": "provider[\"registry.terraform.io/hashicorp/aws\"]",
      "instances": [
        {
          "index_key": 0,
          "schema_version": 0,
          "attributes": {
            "id": "2560088296",
            "json": "{\n  \"Version\": \"2012-10-17\",\n  \"Statement\": [\n    {\n      \"Sid\": \"EKSNodeAssumeRole\",\n      \"Effect\": \"Allow\",\n      \"Action\": \"sts:AssumeRole\",\n      \"Principal\": {\n        \"Service\": \"ec2.amazonaws.com\"\n      }\n    }\n  ]\n}",
            "minified_json": "{\"Version\":\"2012-10-17\",\"Statement\":[{\"Sid\":\"EKSNodeAssumeRole\",\"Effect\":\"Allow\",\"Action\":\"sts:AssumeRole\",\"Principal\":{\"Service\":\"ec2.amazonaws.com\"}}]}",
            "override_json": null,
            "override_policy_documents": null,
            "policy_id": null,
            "source_json": null,
            "source_policy_documents": null,
            "statement": [
              {
                "actions": [
                  "sts:AssumeRole"
                ],
                "condition": [],
                "effect": "Allow",
                "not_actions": [],
                "not_principals": [],
                "not_resources": [],
                "principals": [
                  {
                    "identifiers": [
                      "ec2.amazonaws.com"
                    ],
                    "type": "Service"
                  }
                ],
                "resources": [],
                "sid": "EKSNodeAssumeRole"
              }
            ],
            "version": "2012-10-17"
          },
          "sensitive_attributes": []
        }
      ]
    },
    {
      "module": "module.main-eks.module.main_nodes",
      "mode": "data",
      "type": "aws_partition",
      "name": "current",
      "provider": "provider[\"registry.terraform.io/hashicorp/aws\"]",
      "instances": [
        {
          "schema_version": 0,
          "attributes": {
            "dns_suffix": "amazonaws.com",
            "id": "aws",
            "partition": "aws",
            "reverse_dns_prefix": "com.amazonaws"
          },
          "sensitive_attributes": []
        }
      ]
    },
    {
      "module": "module.main-eks.module.main_nodes",
      "mode": "managed",
      "type": "aws_autoscaling_schedule",
      "name": "this",
      "provider": "provider[\"registry.terraform.io/hashicorp/aws\"]",
      "instances": []
    },
    {
      "module": "module.main-eks.module.main_nodes",
      "mode": "managed",
      "type": "aws_eks_node_group",
      "name": "this",
      "provider": "provider[\"registry.terraform.io/hashicorp/aws\"]",
      "instances": [
        {
          "index_key": 0,
          "schema_version": 0,
          "attributes": {
            "ami_type": "CUSTOM",
            "arn": "arn:aws:eks:us-east-1:111594127594:nodegroup/hema-test/eks-main-hema-test-20240614185821943100000019/6cc80c0e-ba86-40dd-f2d7-f9a66044f7c2",
            "capacity_type": "ON_DEMAND",
            "cluster_name": "hema-test",
            "disk_size": 0,
            "force_update_version": null,
            "id": "hema-test:eks-main-hema-test-20240614185821943100000019",
            "instance_types": [
              "c5.2xlarge"
            ],
            "labels": null,
            "launch_template": [
              {
                "id": "lt-0e59ec92b5a604b0c",
                "name": "eks-main-hema-test-20240614185821027600000010",
                "version": "1"
              }
            ],
            "node_group_name": "eks-main-hema-test-20240614185821943100000019",
            "node_group_name_prefix": "eks-main-hema-test-",
            "node_role_arn": "arn:aws:iam::111594127594:role/delegatedadmin/developer/eks-nodes-hema-test-20240614184751121400000002",
            "release_version": "ami-021ff3ba98dc6d3a5",
            "remote_access": [],
            "resources": [
              {
                "autoscaling_groups": [
                  {
                    "name": "eks-eks-main-hema-test-20240614185821943100000019-6cc80c0e-ba86-40dd-f2d7-f9a66044f7c2"
                  }
                ],
                "remote_access_security_group_id": ""
              }
            ],
            "scaling_config": [
              {
                "desired_size": 3,
                "max_size": 6,
                "min_size": 3
              }
            ],
            "status": "ACTIVE",
            "subnet_ids": [
              "subnet-035ad9d12298c4d9d",
              "subnet-0a9ffecd6d6b5f938",
              "subnet-0fc274cdc0d0c62d9"
            ],
            "tags": {
              "Name": "eks-main-hema-test"
            },
            "tags_all": {
              "Creator": "Terraform",
              "Name": "eks-main-hema-test"
            },
            "taint": [],
            "timeouts": {
              "create": null,
              "delete": null,
              "update": null
            },
            "update_config": [
              {
                "max_unavailable": 0,
                "max_unavailable_percentage": 33
              }
            ],
            "version": "1.29"
          },
          "sensitive_attributes": [],
          "private": "eyJlMmJmYjczMC1lY2FhLTExZTYtOGY4OC0zNDM2M2JjN2M0YzAiOnsiY3JlYXRlIjozNjAwMDAwMDAwMDAwLCJkZWxldGUiOjM2MDAwMDAwMDAwMDAsInVwZGF0ZSI6MzYwMDAwMDAwMDAwMH19",
          "dependencies": [
            "module.main-eks.data.aws_ami.gold_image",
            "module.main-eks.data.aws_caller_identity.current",
            "module.main-eks.data.aws_partition.current",
            "module.main-eks.data.aws_subnets.private",
            "module.main-eks.data.aws_vpc.vpc",
            "module.main-eks.module.cloudwatch_kms.aws_kms_external_key.this",
            "module.main-eks.module.cloudwatch_kms.aws_kms_key.this",
            "module.main-eks.module.cloudwatch_kms.aws_kms_replica_external_key.this",
            "module.main-eks.module.cloudwatch_kms.aws_kms_replica_key.this",
            "module.main-eks.module.cloudwatch_kms.data.aws_iam_policy_document.this",
            "module.main-eks.module.eks.aws_cloudwatch_log_group.this",
            "module.main-eks.module.eks.aws_eks_access_entry.this",
            "module.main-eks.module.eks.aws_eks_access_policy_association.this",
            "module.main-eks.module.eks.aws_eks_cluster.this",
            "module.main-eks.module.eks.aws_iam_policy.cni_ipv6_policy",
            "module.main-eks.module.eks.aws_iam_role.this",
            "module.main-eks.module.eks.aws_iam_role_policy_attachment.this",
            "module.main-eks.module.eks.aws_security_group.cluster",
            "module.main-eks.module.eks.aws_security_group.node",
            "module.main-eks.module.eks.aws_security_group_rule.cluster",
            "module.main-eks.module.eks.aws_security_group_rule.node",
            "module.main-eks.module.eks.data.aws_iam_policy_document.assume_role_policy",
            "module.main-eks.module.eks.data.aws_iam_session_context.current",
            "module.main-eks.module.eks.data.aws_partition.current",
            "module.main-eks.module.eks.module.kms.aws_kms_external_key.this",
            "module.main-eks.module.eks.module.kms.aws_kms_key.this",
            "module.main-eks.module.eks.module.kms.aws_kms_replica_external_key.this",
            "module.main-eks.module.eks.module.kms.aws_kms_replica_key.this",
            "module.main-eks.module.eks.module.kms.data.aws_caller_identity.current",
            "module.main-eks.module.eks.module.kms.data.aws_iam_policy_document.this",
            "module.main-eks.module.eks.module.kms.data.aws_partition.current",
            "module.main-eks.module.main_nodes.aws_iam_role.this",
            "module.main-eks.module.main_nodes.aws_iam_role_policy_attachment.this",
            "module.main-eks.module.main_nodes.aws_launch_template.this",
            "module.main-eks.module.main_nodes.data.aws_caller_identity.current",
            "module.main-eks.module.main_nodes.data.aws_iam_policy_document.assume_role_policy",
            "module.main-eks.module.main_nodes.data.aws_partition.current",
            "module.main-eks.module.main_nodes.module.user_data.data.cloudinit_config.linux_eks_managed_node_group"
          ],
          "create_before_destroy": true
        }
      ]
    },
    {
      "module": "module.main-eks.module.main_nodes",
      "mode": "managed",
      "type": "aws_iam_role",
      "name": "this",
      "provider": "provider[\"registry.terraform.io/hashicorp/aws\"]",
      "instances": [
        {
          "index_key": 0,
          "schema_version": 0,
          "attributes": {
            "arn": "arn:aws:iam::111594127594:role/delegatedadmin/developer/eks-nodes-hema-test-20240614184751121400000002",
            "assume_role_policy": "{\"Statement\":[{\"Action\":\"sts:AssumeRole\",\"Effect\":\"Allow\",\"Principal\":{\"Service\":\"ec2.amazonaws.com\"},\"Sid\":\"EKSNodeAssumeRole\"}],\"Version\":\"2012-10-17\"}",
            "create_date": "2024-06-14T18:47:51Z",
            "description": "IAM role for EKS nodes for cluster hema-test",
            "force_detach_policies": true,
            "id": "eks-nodes-hema-test-20240614184751121400000002",
            "inline_policy": [],
            "managed_policy_arns": [],
            "max_session_duration": 3600,
            "name": "eks-nodes-hema-test-20240614184751121400000002",
            "name_prefix": "eks-nodes-hema-test-",
            "path": "/delegatedadmin/developer/",
            "permissions_boundary": "arn:aws:iam::111594127594:policy/cms-cloud-admin/ct-ado-poweruser-permissions-boundary-policy",
            "tags": {
              "Name": "eks-main-hema-test"
            },
            "tags_all": {
              "Creator": "Terraform",
              "Name": "eks-main-hema-test"
            },
            "unique_id": "AROART64HIDVJ6KXSR3QF"
          },
          "sensitive_attributes": [],
          "private": "bnVsbA==",
          "dependencies": [
            "module.main-eks.data.aws_caller_identity.current",
            "module.main-eks.data.aws_partition.current",
            "module.main-eks.module.main_nodes.data.aws_iam_policy_document.assume_role_policy"
          ],
          "create_before_destroy": true
        }
      ]
    },
    {
      "module": "module.main-eks.module.main_nodes",
      "mode": "managed",
      "type": "aws_iam_role_policy_attachment",
      "name": "additional",
      "provider": "provider[\"registry.terraform.io/hashicorp/aws\"]",
      "instances": [
        {
          "index_key": "ssm",
          "schema_version": 0,
          "attributes": {
            "id": "eks-nodes-hema-test-20240614184751121400000002-20240614184751941100000004",
            "policy_arn": "arn:aws:iam::aws:policy/AmazonSSMManagedInstanceCore",
            "role": "eks-nodes-hema-test-20240614184751121400000002"
          },
          "sensitive_attributes": [],
          "private": "bnVsbA==",
          "dependencies": [
            "module.main-eks.data.aws_caller_identity.current",
            "module.main-eks.data.aws_partition.current",
            "module.main-eks.module.main_nodes.aws_iam_role.this",
            "module.main-eks.module.main_nodes.data.aws_iam_policy_document.assume_role_policy"
          ]
        }
      ]
    },
    {
      "module": "module.main-eks.module.main_nodes",
      "mode": "managed",
      "type": "aws_iam_role_policy_attachment",
      "name": "this",
      "provider": "provider[\"registry.terraform.io/hashicorp/aws\"]",
      "instances": [
        {
          "index_key": "arn:aws:iam::aws:policy/AmazonEC2ContainerRegistryReadOnly",
          "schema_version": 0,
          "attributes": {
            "id": "eks-nodes-hema-test-20240614184751121400000002-20240614184751719300000003",
            "policy_arn": "arn:aws:iam::aws:policy/AmazonEC2ContainerRegistryReadOnly",
            "role": "eks-nodes-hema-test-20240614184751121400000002"
          },
          "sensitive_attributes": [],
          "private": "bnVsbA==",
          "dependencies": [
            "module.main-eks.data.aws_caller_identity.current",
            "module.main-eks.data.aws_partition.current",
            "module.main-eks.module.main_nodes.aws_iam_role.this",
            "module.main-eks.module.main_nodes.data.aws_caller_identity.current",
            "module.main-eks.module.main_nodes.data.aws_iam_policy_document.assume_role_policy",
            "module.main-eks.module.main_nodes.data.aws_partition.current"
          ],
          "create_before_destroy": true
        },
        {
          "index_key": "arn:aws:iam::aws:policy/AmazonEKSWorkerNodePolicy",
          "schema_version": 0,
          "attributes": {
            "id": "eks-nodes-hema-test-20240614184751121400000002-20240614184752114800000005",
            "policy_arn": "arn:aws:iam::aws:policy/AmazonEKSWorkerNodePolicy",
            "role": "eks-nodes-hema-test-20240614184751121400000002"
          },
          "sensitive_attributes": [],
          "private": "bnVsbA==",
          "dependencies": [
            "module.main-eks.data.aws_caller_identity.current",
            "module.main-eks.data.aws_partition.current",
            "module.main-eks.module.main_nodes.aws_iam_role.this",
            "module.main-eks.module.main_nodes.data.aws_caller_identity.current",
            "module.main-eks.module.main_nodes.data.aws_iam_policy_document.assume_role_policy",
            "module.main-eks.module.main_nodes.data.aws_partition.current"
          ],
          "create_before_destroy": true
        },
        {
          "index_key": "arn:aws:iam::aws:policy/AmazonEKS_CNI_Policy",
          "schema_version": 0,
          "attributes": {
            "id": "eks-nodes-hema-test-20240614184751121400000002-20240614184752239500000006",
            "policy_arn": "arn:aws:iam::aws:policy/AmazonEKS_CNI_Policy",
            "role": "eks-nodes-hema-test-20240614184751121400000002"
          },
          "sensitive_attributes": [],
          "private": "bnVsbA==",
          "dependencies": [
            "module.main-eks.data.aws_caller_identity.current",
            "module.main-eks.data.aws_partition.current",
            "module.main-eks.module.main_nodes.aws_iam_role.this",
            "module.main-eks.module.main_nodes.data.aws_caller_identity.current",
            "module.main-eks.module.main_nodes.data.aws_iam_policy_document.assume_role_policy",
            "module.main-eks.module.main_nodes.data.aws_partition.current"
          ],
          "create_before_destroy": true
        }
      ]
    },
    {
      "module": "module.main-eks.module.main_nodes",
      "mode": "managed",
      "type": "aws_launch_template",
      "name": "this",
      "provider": "provider[\"registry.terraform.io/hashicorp/aws\"]",
      "instances": [
        {
          "index_key": 0,
          "schema_version": 0,
          "attributes": {
            "arn": "arn:aws:ec2:us-east-1:111594127594:launch-template/lt-0e59ec92b5a604b0c",
            "block_device_mappings": [
              {
                "device_name": "/dev/xvda",
                "ebs": [
                  {
                    "delete_on_termination": "true",
                    "encrypted": "true",
                    "iops": 0,
                    "kms_key_id": "",
                    "snapshot_id": "",
                    "throughput": 0,
                    "volume_size": 300,
                    "volume_type": "gp3"
                  }
                ],
                "no_device": "",
                "virtual_name": ""
              }
            ],
            "capacity_reservation_specification": [],
            "cpu_options": [],
            "credit_specification": [],
            "default_version": 1,
            "description": "",
            "disable_api_stop": false,
            "disable_api_termination": false,
            "ebs_optimized": "",
            "elastic_gpu_specifications": [],
            "elastic_inference_accelerator": [],
            "enclave_options": [],
            "hibernation_options": [],
            "iam_instance_profile": [],
            "id": "lt-0e59ec92b5a604b0c",
            "image_id": "ami-021ff3ba98dc6d3a5",
            "instance_initiated_shutdown_behavior": "",
            "instance_market_options": [],
            "instance_requirements": [],
            "instance_type": "",
            "kernel_id": "",
            "key_name": "",
            "latest_version": 1,
            "license_specification": [],
            "maintenance_options": [],
            "metadata_options": [
              {
                "http_endpoint": "enabled",
                "http_protocol_ipv6": "",
                "http_put_response_hop_limit": 2,
                "http_tokens": "required",
                "instance_metadata_tags": ""
              }
            ],
            "monitoring": [
              {
                "enabled": true
              }
            ],
            "name": "eks-main-hema-test-20240614185821027600000010",
            "name_prefix": "eks-main-hema-test-",
            "network_interfaces": [],
            "placement": [],
            "private_dns_name_options": [],
            "ram_disk_id": "",
            "security_group_names": null,
            "tag_specifications": [
              {
                "resource_type": "instance",
                "tags": {
                  "Name": "eks-main-hema-test"
                }
              },
              {
                "resource_type": "network-interface",
                "tags": {
                  "Name": "eks-main-hema-test"
                }
              },
              {
                "resource_type": "volume",
                "tags": {
                  "Name": "eks-main-hema-test"
                }
              }
            ],
            "tags": {
              "Name": "eks-main-hema-test"
            },
            "tags_all": {
              "Creator": "Terraform",
              "Name": "eks-main-hema-test"
            },
            "update_default_version": true,
            "user_data": "IyEvYmluL2Jhc2gKc2V0IC1lCnN5c2N0bCAtdyBuZXQuaXB2NC5pcF9mb3J3YXJkPTEKZXhwb3J0IFNFUlZJQ0VfSVBWNF9DSURSPTE3Mi4yMC4wLjAvMTYKQjY0X0NMVVNURVJfQ0E9TFMwdExTMUNSVWRKVGlCRFJWSlVTVVpKUTBGVVJTMHRMUzB0Q2sxSlNVUkNWRU5EUVdVeVowRjNTVUpCWjBsSllXeGxXa0p2V1hvMVkydDNSRkZaU2t0dldrbG9kbU5PUVZGRlRFSlJRWGRHVkVWVVRVSkZSMEV4VlVVS1FYaE5TMkV6Vm1sYVdFcDFXbGhTYkdONlFXVkdkekI1VGtSQk1rMVVVWGhQUkZFMFRXcFNZVVozTUhwT1JFRXlUVlJKZUU5RVZYcE5hbEpoVFVKVmVBcEZla0ZTUW1kT1ZrSkJUVlJEYlhReFdXMVdlV0p0VmpCYVdFMTNaMmRGYVUxQk1FZERVM0ZIVTBsaU0wUlJSVUpCVVZWQlFUUkpRa1IzUVhkblowVkxDa0Z2U1VKQlVVUnhUemRDWlhod2VVeEhUV3BPVkdWRlltTm5iR2hGZEVKQldrMVZkbTVMY0doUE5qaE5TUzlKSzAxdVp6bEhibFZvUldSM1VVVkNUbk1LV1N0NlYzaDJXR3hTWW1oaWJXVmFNSHBoWVVsMGRYSnBhMmRuUzA5MlpsQlpMMm8yUkVONkwzZENTMVpPZFhGU2J6TlljRU1yWVdaQ1JqQkRPWGxaZVFwaFEyaHRVRWhLUVZWcU5rSmlXakprWVdoR05FRnNVSFJMVGxWNVpYRk1WVlJhUVRJeFpFYzNjbGhtY3pONFIwWlRORmxYYUUxd01tTmpkak16WVU5QkNrRkhTa0ZuYlVwVmRTdENZa1pRVDBGQ2RsRnlZek5LYlhORFZsUnpTemREUVZReU5GWmpjME54YWxOR1FVRmhNRzE0Tm1Kd1NUVXdXREJEWm5SbVYza0tNa2wyZEdSWVJuSXpiMkp6ZERObFJGTkljVEJ0TUZScGFreEtkVlpzTm5aRmNEUXZZelZVVWtGNlRYWlhjMVZUVERObmEyRllhVE5DZUZCcGVTOUdZZ3BEUzFKRlJHNU9SVFU1UjBwMlZsQkxWbEpIZEhsWU0zUlFWWGt4UVdkTlFrRkJSMnBYVkVKWVRVRTBSMEV4VldSRWQwVkNMM2RSUlVGM1NVTndSRUZRQ2tKblRsWklVazFDUVdZNFJVSlVRVVJCVVVndlRVSXdSMEV4VldSRVoxRlhRa0pTUjBKV2JHRmFhbmN5ZHpNcmFFcEtWVlJPZFRNd1kwdERhazVFUVZZS1FtZE9Wa2hTUlVWRWFrRk5aMmR3Y21SWFNteGpiVFZzWkVkV2VrMUJNRWREVTNGSFUwbGlNMFJSUlVKRGQxVkJRVFJKUWtGUlFYUmhaelF4TjBaRU1RcHBTM0JtWWt3clF6UjBXamd4V1hweVNuVTNVWEppZUZZdlRsaGxlRTB3ZHpJelRXWnZhaTlxUkhocFIxRnFZM2hITldWRFlrVnZhRTV3YzJ4bVVIaDZDa2hwWTBsbFNrNDNjMVF2V1daMEx6VlRUQ3N6ZEZNd1UyaG1VMjlrY1d0emVYTlNRV1oxU2t0Rk1ERXlWRmRNYW1kNVFrTkVVRmxXYzNwclFubFhUa3dLTUhOcVFsRnJaUzlwYlRCVGNtZElZM0JqV1VWTlJIVTVPRGh6ZERoaVEwSkdMM05EVWtsWFJVaFhlbGxpY1V4UU1tTjRNamhLWkRoU1pWZFRMelJFYWdwWVYwVlRiVTVuVm1kdGFtUjJRbEZwVkVreU5tYzNaVlozWjNwUVREazFkblE0WkRFMGRYb3dNMlZzTUhCRFkwNVRUaTlYVGxSMVRXSjBjMjFSVlRKaUNteEhURXhQYWxCclMyb3ljbTR5V21wQ05TOUhaM0IzV210bUsyWnFWa2hhTlRaRFIzWldOMjQxVEdOMVYzWnpSemw1VERoR1prNTVRUzluT1VsR2Ixa0tOMGRJU3pZeE1WVlBSVEpNQ2kwdExTMHRSVTVFSUVORlVsUkpSa2xEUVZSRkxTMHRMUzBLCkFQSV9TRVJWRVJfVVJMPWh0dHBzOi8vOUQzQjdGNDgxQTFBMzNCNkFDM0Y4NkQ4RjdCMDM2NEMueWw0LnVzLWVhc3QtMS5la3MuYW1hem9uYXdzLmNvbQovZXRjL2Vrcy9ib290c3RyYXAuc2ggaGVtYS10ZXN0ICAtLWI2NC1jbHVzdGVyLWNhICRCNjRfQ0xVU1RFUl9DQSAtLWFwaXNlcnZlci1lbmRwb2ludCAkQVBJX1NFUlZFUl9VUkwK",
            "vpc_security_group_ids": [
              "sg-00e5524775dcc9d44",
              "sg-0c9daf0e7276ab90d"
            ]
          },
          "sensitive_attributes": [],
          "private": "bnVsbA==",
          "dependencies": [
            "module.main-eks.data.aws_ami.gold_image",
            "module.main-eks.data.aws_caller_identity.current",
            "module.main-eks.data.aws_partition.current",
            "module.main-eks.data.aws_subnets.private",
            "module.main-eks.data.aws_vpc.vpc",
            "module.main-eks.module.cloudwatch_kms.aws_kms_external_key.this",
            "module.main-eks.module.cloudwatch_kms.aws_kms_key.this",
            "module.main-eks.module.cloudwatch_kms.aws_kms_replica_external_key.this",
            "module.main-eks.module.cloudwatch_kms.aws_kms_replica_key.this",
            "module.main-eks.module.cloudwatch_kms.data.aws_iam_policy_document.this",
            "module.main-eks.module.eks.aws_cloudwatch_log_group.this",
            "module.main-eks.module.eks.aws_eks_access_entry.this",
            "module.main-eks.module.eks.aws_eks_access_policy_association.this",
            "module.main-eks.module.eks.aws_eks_cluster.this",
            "module.main-eks.module.eks.aws_iam_policy.cni_ipv6_policy",
            "module.main-eks.module.eks.aws_iam_role.this",
            "module.main-eks.module.eks.aws_iam_role_policy_attachment.this",
            "module.main-eks.module.eks.aws_security_group.cluster",
            "module.main-eks.module.eks.aws_security_group.node",
            "module.main-eks.module.eks.aws_security_group_rule.cluster",
            "module.main-eks.module.eks.aws_security_group_rule.node",
            "module.main-eks.module.eks.data.aws_iam_policy_document.assume_role_policy",
            "module.main-eks.module.eks.data.aws_iam_session_context.current",
            "module.main-eks.module.eks.data.aws_partition.current",
            "module.main-eks.module.eks.module.kms.aws_kms_external_key.this",
            "module.main-eks.module.eks.module.kms.aws_kms_key.this",
            "module.main-eks.module.eks.module.kms.aws_kms_replica_external_key.this",
            "module.main-eks.module.eks.module.kms.aws_kms_replica_key.this",
            "module.main-eks.module.eks.module.kms.data.aws_caller_identity.current",
            "module.main-eks.module.eks.module.kms.data.aws_iam_policy_document.this",
            "module.main-eks.module.eks.module.kms.data.aws_partition.current",
            "module.main-eks.module.main_nodes.aws_iam_role.this",
            "module.main-eks.module.main_nodes.aws_iam_role_policy_attachment.this",
            "module.main-eks.module.main_nodes.data.aws_caller_identity.current",
            "module.main-eks.module.main_nodes.data.aws_iam_policy_document.assume_role_policy",
            "module.main-eks.module.main_nodes.data.aws_partition.current",
            "module.main-eks.module.main_nodes.module.user_data.data.cloudinit_config.linux_eks_managed_node_group"
          ],
          "create_before_destroy": true
        }
      ]
    },
    {
      "module": "module.main-eks.module.main_nodes.module.user_data",
      "mode": "data",
      "type": "cloudinit_config",
      "name": "linux_eks_managed_node_group",
      "provider": "provider[\"registry.terraform.io/hashicorp/cloudinit\"]",
      "instances": []
    },
    {
      "module": "module.main-eks.module.s3_kms",
      "mode": "data",
      "type": "aws_caller_identity",
      "name": "current",
      "provider": "provider[\"registry.terraform.io/hashicorp/aws\"]",
      "instances": [
        {
          "index_key": 0,
          "schema_version": 0,
          "attributes": {
            "account_id": "111594127594",
            "arn": "arn:aws:sts::111594127594:assumed-role/ct-ado-batcave-techadmin/PDYW",
            "id": "111594127594",
            "user_id": "AROART64HIDVDKJZ7XSD4:PDYW"
          },
          "sensitive_attributes": []
        }
      ]
    },
    {
      "module": "module.main-eks.module.s3_kms",
      "mode": "data",
      "type": "aws_iam_policy_document",
      "name": "this",
      "provider": "provider[\"registry.terraform.io/hashicorp/aws\"]",
      "instances": [
        {
          "index_key": 0,
          "schema_version": 0,
          "attributes": {
            "id": "771225177",
            "json": "{\n  \"Version\": \"2012-10-17\",\n  \"Statement\": [\n    {\n      \"Sid\": \"Default\",\n      \"Effect\": \"Allow\",\n      \"Action\": \"kms:*\",\n      \"Resource\": \"*\",\n      \"Principal\": {\n        \"AWS\": \"arn:aws:iam::111594127594:root\"\n      }\n    },\n    {\n      \"Sid\": \"KeyOwner\",\n      \"Effect\": \"Allow\",\n      \"Action\": \"kms:*\",\n      \"Resource\": \"*\",\n      \"Principal\": {\n        \"AWS\": \"arn:aws:sts::111594127594:assumed-role/ct-ado-batcave-techadmin/PDYW\"\n      }\n    },\n    {\n      \"Sid\": \"KeyAdministration\",\n      \"Effect\": \"Allow\",\n      \"Action\": [\n        \"kms:Update*\",\n        \"kms:UntagResource\",\n        \"kms:TagResource\",\n        \"kms:ScheduleKeyDeletion\",\n        \"kms:Revoke*\",\n        \"kms:ReplicateKey\",\n        \"kms:Put*\",\n        \"kms:List*\",\n        \"kms:ImportKeyMaterial\",\n        \"kms:Get*\",\n        \"kms:Enable*\",\n        \"kms:Disable*\",\n        \"kms:Describe*\",\n        \"kms:Delete*\",\n        \"kms:Create*\",\n        \"kms:CancelKeyDeletion\"\n      ],\n      \"Resource\": \"*\",\n      \"Principal\": {\n        \"AWS\": \"arn:aws:sts::111594127594:assumed-role/ct-ado-batcave-techadmin/PDYW\"\n      }\n    },\n    {\n      \"Sid\": \"KeyUsage\",\n      \"Effect\": \"Allow\",\n      \"Action\": [\n        \"kms:ReEncrypt*\",\n        \"kms:GenerateDataKey*\",\n        \"kms:Encrypt\",\n        \"kms:DescribeKey\",\n        \"kms:Decrypt\"\n      ],\n      \"Resource\": \"*\",\n      \"Principal\": {\n        \"AWS\": \"*\"\n      }\n    },\n    {\n      \"Sid\": \"KeyServiceUsage\",\n      \"Effect\": \"Allow\",\n      \"Action\": [\n        \"kms:RevokeGrant\",\n        \"kms:ListGrants\",\n        \"kms:CreateGrant\"\n      ],\n      \"Resource\": \"*\",\n      \"Principal\": {\n        \"AWS\": \"*\"\n      },\n      \"Condition\": {\n        \"Bool\": {\n          \"kms:GrantIsForAWSResource\": \"true\"\n        }\n      }\n    }\n  ]\n}",
            "minified_json": "{\"Version\":\"2012-10-17\",\"Statement\":[{\"Sid\":\"Default\",\"Effect\":\"Allow\",\"Action\":\"kms:*\",\"Resource\":\"*\",\"Principal\":{\"AWS\":\"arn:aws:iam::111594127594:root\"}},{\"Sid\":\"KeyOwner\",\"Effect\":\"Allow\",\"Action\":\"kms:*\",\"Resource\":\"*\",\"Principal\":{\"AWS\":\"arn:aws:sts::111594127594:assumed-role/ct-ado-batcave-techadmin/PDYW\"}},{\"Sid\":\"KeyAdministration\",\"Effect\":\"Allow\",\"Action\":[\"kms:Update*\",\"kms:UntagResource\",\"kms:TagResource\",\"kms:ScheduleKeyDeletion\",\"kms:Revoke*\",\"kms:ReplicateKey\",\"kms:Put*\",\"kms:List*\",\"kms:ImportKeyMaterial\",\"kms:Get*\",\"kms:Enable*\",\"kms:Disable*\",\"kms:Describe*\",\"kms:Delete*\",\"kms:Create*\",\"kms:CancelKeyDeletion\"],\"Resource\":\"*\",\"Principal\":{\"AWS\":\"arn:aws:sts::111594127594:assumed-role/ct-ado-batcave-techadmin/PDYW\"}},{\"Sid\":\"KeyUsage\",\"Effect\":\"Allow\",\"Action\":[\"kms:ReEncrypt*\",\"kms:GenerateDataKey*\",\"kms:Encrypt\",\"kms:DescribeKey\",\"kms:Decrypt\"],\"Resource\":\"*\",\"Principal\":{\"AWS\":\"*\"}},{\"Sid\":\"KeyServiceUsage\",\"Effect\":\"Allow\",\"Action\":[\"kms:RevokeGrant\",\"kms:ListGrants\",\"kms:CreateGrant\"],\"Resource\":\"*\",\"Principal\":{\"AWS\":\"*\"},\"Condition\":{\"Bool\":{\"kms:GrantIsForAWSResource\":\"true\"}}}]}",
            "override_json": null,
            "override_policy_documents": null,
            "policy_id": null,
            "source_json": null,
            "source_policy_documents": null,
            "statement": [
              {
                "actions": [
                  "kms:*"
                ],
                "condition": [],
                "effect": "Allow",
                "not_actions": [],
                "not_principals": [],
                "not_resources": [],
                "principals": [
                  {
                    "identifiers": [
                      "arn:aws:iam::111594127594:root"
                    ],
                    "type": "AWS"
                  }
                ],
                "resources": [
                  "*"
                ],
                "sid": "Default"
              },
              {
                "actions": [
                  "kms:*"
                ],
                "condition": [],
                "effect": "Allow",
                "not_actions": [],
                "not_principals": [],
                "not_resources": [],
                "principals": [
                  {
                    "identifiers": [
                      "arn:aws:sts::111594127594:assumed-role/ct-ado-batcave-techadmin/PDYW"
                    ],
                    "type": "AWS"
                  }
                ],
                "resources": [
                  "*"
                ],
                "sid": "KeyOwner"
              },
              {
                "actions": [
                  "kms:CancelKeyDeletion",
                  "kms:Create*",
                  "kms:Delete*",
                  "kms:Describe*",
                  "kms:Disable*",
                  "kms:Enable*",
                  "kms:Get*",
                  "kms:ImportKeyMaterial",
                  "kms:List*",
                  "kms:Put*",
                  "kms:ReplicateKey",
                  "kms:Revoke*",
                  "kms:ScheduleKeyDeletion",
                  "kms:TagResource",
                  "kms:UntagResource",
                  "kms:Update*"
                ],
                "condition": [],
                "effect": "Allow",
                "not_actions": [],
                "not_principals": [],
                "not_resources": [],
                "principals": [
                  {
                    "identifiers": [
                      "arn:aws:sts::111594127594:assumed-role/ct-ado-batcave-techadmin/PDYW"
                    ],
                    "type": "AWS"
                  }
                ],
                "resources": [
                  "*"
                ],
                "sid": "KeyAdministration"
              },
              {
                "actions": [
                  "kms:Decrypt",
                  "kms:DescribeKey",
                  "kms:Encrypt",
                  "kms:GenerateDataKey*",
                  "kms:ReEncrypt*"
                ],
                "condition": [],
                "effect": "Allow",
                "not_actions": [],
                "not_principals": [],
                "not_resources": [],
                "principals": [
                  {
                    "identifiers": [
                      "*"
                    ],
                    "type": "AWS"
                  }
                ],
                "resources": [
                  "*"
                ],
                "sid": "KeyUsage"
              },
              {
                "actions": [
                  "kms:CreateGrant",
                  "kms:ListGrants",
                  "kms:RevokeGrant"
                ],
                "condition": [
                  {
                    "test": "Bool",
                    "values": [
                      "true"
                    ],
                    "variable": "kms:GrantIsForAWSResource"
                  }
                ],
                "effect": "Allow",
                "not_actions": [],
                "not_principals": [],
                "not_resources": [],
                "principals": [
                  {
                    "identifiers": [
                      "*"
                    ],
                    "type": "AWS"
                  }
                ],
                "resources": [
                  "*"
                ],
                "sid": "KeyServiceUsage"
              }
            ],
            "version": "2012-10-17"
          },
          "sensitive_attributes": []
        }
      ]
    },
    {
      "module": "module.main-eks.module.s3_kms",
      "mode": "data",
      "type": "aws_partition",
      "name": "current",
      "provider": "provider[\"registry.terraform.io/hashicorp/aws\"]",
      "instances": [
        {
          "index_key": 0,
          "schema_version": 0,
          "attributes": {
            "dns_suffix": "amazonaws.com",
            "id": "aws",
            "partition": "aws",
            "reverse_dns_prefix": "com.amazonaws"
          },
          "sensitive_attributes": []
        }
      ]
    },
    {
      "module": "module.main-eks.module.s3_kms",
      "mode": "managed",
      "type": "aws_kms_alias",
      "name": "this",
      "provider": "provider[\"registry.terraform.io/hashicorp/aws\"]",
      "instances": [
        {
          "index_key": "hema-test-s3",
          "schema_version": 0,
          "attributes": {
            "arn": "arn:aws:kms:us-east-1:111594127594:alias/hema-test-s3",
            "id": "alias/hema-test-s3",
            "name": "alias/hema-test-s3",
            "name_prefix": "",
            "target_key_arn": "arn:aws:kms:us-east-1:111594127594:key/c9edc672-45a5-47df-9cef-694cf64d230f",
            "target_key_id": "c9edc672-45a5-47df-9cef-694cf64d230f"
          },
          "sensitive_attributes": [],
          "private": "bnVsbA==",
          "dependencies": [
            "module.main-eks.module.s3_kms.aws_kms_external_key.this",
            "module.main-eks.module.s3_kms.aws_kms_key.this",
            "module.main-eks.module.s3_kms.aws_kms_replica_external_key.this",
            "module.main-eks.module.s3_kms.aws_kms_replica_key.this",
            "module.main-eks.module.s3_kms.data.aws_iam_policy_document.this"
          ]
        }
      ]
    },
    {
      "module": "module.main-eks.module.s3_kms",
      "mode": "managed",
      "type": "aws_kms_external_key",
      "name": "this",
      "provider": "provider[\"registry.terraform.io/hashicorp/aws\"]",
      "instances": []
    },
    {
      "module": "module.main-eks.module.s3_kms",
      "mode": "managed",
      "type": "aws_kms_key",
      "name": "this",
      "provider": "provider[\"registry.terraform.io/hashicorp/aws\"]",
      "instances": [
        {
          "index_key": 0,
          "schema_version": 0,
          "attributes": {
            "arn": "arn:aws:kms:us-east-1:111594127594:key/c9edc672-45a5-47df-9cef-694cf64d230f",
            "bypass_policy_lockout_safety_check": false,
            "custom_key_store_id": "",
            "customer_master_key_spec": "SYMMETRIC_DEFAULT",
            "deletion_window_in_days": 7,
            "description": "Encrypt and decrypt data for S3",
            "enable_key_rotation": true,
            "id": "c9edc672-45a5-47df-9cef-694cf64d230f",
            "is_enabled": true,
            "key_id": "c9edc672-45a5-47df-9cef-694cf64d230f",
            "key_usage": "ENCRYPT_DECRYPT",
            "multi_region": false,
            "policy": "{\"Statement\":[{\"Action\":\"kms:*\",\"Effect\":\"Allow\",\"Principal\":{\"AWS\":\"arn:aws:iam::111594127594:root\"},\"Resource\":\"*\",\"Sid\":\"Default\"},{\"Action\":\"kms:*\",\"Effect\":\"Allow\",\"Principal\":{\"AWS\":\"arn:aws:sts::111594127594:assumed-role/ct-ado-batcave-techadmin/PDYW\"},\"Resource\":\"*\",\"Sid\":\"KeyOwner\"},{\"Action\":[\"kms:Update*\",\"kms:UntagResource\",\"kms:TagResource\",\"kms:ScheduleKeyDeletion\",\"kms:Revoke*\",\"kms:ReplicateKey\",\"kms:Put*\",\"kms:List*\",\"kms:ImportKeyMaterial\",\"kms:Get*\",\"kms:Enable*\",\"kms:Disable*\",\"kms:Describe*\",\"kms:Delete*\",\"kms:Create*\",\"kms:CancelKeyDeletion\"],\"Effect\":\"Allow\",\"Principal\":{\"AWS\":\"arn:aws:sts::111594127594:assumed-role/ct-ado-batcave-techadmin/PDYW\"},\"Resource\":\"*\",\"Sid\":\"KeyAdministration\"},{\"Action\":[\"kms:ReEncrypt*\",\"kms:GenerateDataKey*\",\"kms:Encrypt\",\"kms:DescribeKey\",\"kms:Decrypt\"],\"Effect\":\"Allow\",\"Principal\":{\"AWS\":\"*\"},\"Resource\":\"*\",\"Sid\":\"KeyUsage\"},{\"Action\":[\"kms:RevokeGrant\",\"kms:ListGrants\",\"kms:CreateGrant\"],\"Condition\":{\"Bool\":{\"kms:GrantIsForAWSResource\":\"true\"}},\"Effect\":\"Allow\",\"Principal\":{\"AWS\":\"*\"},\"Resource\":\"*\",\"Sid\":\"KeyServiceUsage\"}],\"Version\":\"2012-10-17\"}",
            "rotation_period_in_days": 90,
            "tags": {
              "Name": "S3"
            },
            "tags_all": {
              "Creator": "Terraform",
              "Name": "S3"
            },
            "timeouts": null,
            "xks_key_id": ""
          },
          "sensitive_attributes": [],
          "private": "eyJlMmJmYjczMC1lY2FhLTExZTYtOGY4OC0zNDM2M2JjN2M0YzAiOnsiY3JlYXRlIjoxMjAwMDAwMDAwMDB9fQ==",
          "dependencies": [
            "module.main-eks.module.s3_kms.data.aws_iam_policy_document.this"
          ]
        }
      ]
    },
    {
      "module": "module.main-eks.module.s3_kms",
      "mode": "managed",
      "type": "aws_kms_replica_external_key",
      "name": "this",
      "provider": "provider[\"registry.terraform.io/hashicorp/aws\"]",
      "instances": []
    },
    {
      "module": "module.main-eks.module.s3_kms",
      "mode": "managed",
      "type": "aws_kms_replica_key",
      "name": "this",
      "provider": "provider[\"registry.terraform.io/hashicorp/aws\"]",
      "instances": []
    },
    {
      "module": "module.main-eks.module.s3_logs",
      "mode": "data",
      "type": "aws_caller_identity",
      "name": "current",
      "provider": "provider[\"registry.terraform.io/hashicorp/aws\"]",
      "instances": [
        {
          "schema_version": 0,
          "attributes": {
            "account_id": "111594127594",
            "arn": "arn:aws:sts::111594127594:assumed-role/ct-ado-batcave-techadmin/PDYW",
            "id": "111594127594",
            "user_id": "AROART64HIDVDKJZ7XSD4:PDYW"
          },
          "sensitive_attributes": []
        }
      ]
    },
    {
      "module": "module.main-eks.module.s3_logs",
      "mode": "data",
      "type": "aws_iam_policy_document",
      "name": "access_log_delivery",
      "provider": "provider[\"registry.terraform.io/hashicorp/aws\"]",
      "instances": [
        {
          "index_key": 0,
          "schema_version": 0,
          "attributes": {
            "id": "3572287285",
            "json": "{\n  \"Version\": \"2012-10-17\",\n  \"Statement\": [\n    {\n      \"Sid\": \"AWSAccessLogDeliveryWrite\",\n      \"Effect\": \"Allow\",\n      \"Action\": \"s3:PutObject\",\n      \"Resource\": \"arn:aws:s3:::hema-test-logs-t2stgk0dvnzo/*\",\n      \"Principal\": {\n        \"Service\": \"logging.s3.amazonaws.com\"\n      }\n    },\n    {\n      \"Sid\": \"AWSAccessLogDeliveryAclCheck\",\n      \"Effect\": \"Allow\",\n      \"Action\": \"s3:GetBucketAcl\",\n      \"Resource\": \"arn:aws:s3:::hema-test-logs-t2stgk0dvnzo\",\n      \"Principal\": {\n        \"Service\": \"logging.s3.amazonaws.com\"\n      }\n    }\n  ]\n}",
            "minified_json": "{\"Version\":\"2012-10-17\",\"Statement\":[{\"Sid\":\"AWSAccessLogDeliveryWrite\",\"Effect\":\"Allow\",\"Action\":\"s3:PutObject\",\"Resource\":\"arn:aws:s3:::hema-test-logs-t2stgk0dvnzo/*\",\"Principal\":{\"Service\":\"logging.s3.amazonaws.com\"}},{\"Sid\":\"AWSAccessLogDeliveryAclCheck\",\"Effect\":\"Allow\",\"Action\":\"s3:GetBucketAcl\",\"Resource\":\"arn:aws:s3:::hema-test-logs-t2stgk0dvnzo\",\"Principal\":{\"Service\":\"logging.s3.amazonaws.com\"}}]}",
            "override_json": null,
            "override_policy_documents": null,
            "policy_id": null,
            "source_json": null,
            "source_policy_documents": null,
            "statement": [
              {
                "actions": [
                  "s3:PutObject"
                ],
                "condition": [],
                "effect": "Allow",
                "not_actions": [],
                "not_principals": [],
                "not_resources": [],
                "principals": [
                  {
                    "identifiers": [
                      "logging.s3.amazonaws.com"
                    ],
                    "type": "Service"
                  }
                ],
                "resources": [
                  "arn:aws:s3:::hema-test-logs-t2stgk0dvnzo/*"
                ],
                "sid": "AWSAccessLogDeliveryWrite"
              },
              {
                "actions": [
                  "s3:GetBucketAcl"
                ],
                "condition": [],
                "effect": "Allow",
                "not_actions": [],
                "not_principals": [],
                "not_resources": [],
                "principals": [
                  {
                    "identifiers": [
                      "logging.s3.amazonaws.com"
                    ],
                    "type": "Service"
                  }
                ],
                "resources": [
                  "arn:aws:s3:::hema-test-logs-t2stgk0dvnzo"
                ],
                "sid": "AWSAccessLogDeliveryAclCheck"
              }
            ],
            "version": "2012-10-17"
          },
          "sensitive_attributes": []
        }
      ]
    },
    {
      "module": "module.main-eks.module.s3_logs",
      "mode": "data",
      "type": "aws_iam_policy_document",
      "name": "combined",
      "provider": "provider[\"registry.terraform.io/hashicorp/aws\"]",
      "instances": [
        {
          "index_key": 0,
          "schema_version": 0,
          "attributes": {
            "id": "4020149311",
            "json": "{\n  \"Version\": \"2012-10-17\",\n  \"Statement\": [\n    {\n      \"Sid\": \"ELBRegionUs-East-1\",\n      \"Effect\": \"Allow\",\n      \"Action\": \"s3:PutObject\",\n      \"Resource\": \"arn:aws:s3:::hema-test-logs-t2stgk0dvnzo/*\",\n      \"Principal\": {\n        \"AWS\": \"arn:aws:iam::127311923021:root\"\n      }\n    },\n    {\n      \"Effect\": \"Allow\",\n      \"Action\": \"s3:PutObject\",\n      \"Resource\": \"arn:aws:s3:::hema-test-logs-t2stgk0dvnzo/*\",\n      \"Principal\": {\n        \"Service\": \"logdelivery.elasticloadbalancing.amazonaws.com\"\n      }\n    },\n    {\n      \"Sid\": \"AWSLogDeliveryWrite\",\n      \"Effect\": \"Allow\",\n      \"Action\": \"s3:PutObject\",\n      \"Resource\": \"arn:aws:s3:::hema-test-logs-t2stgk0dvnzo/*\",\n      \"Principal\": {\n        \"Service\": \"delivery.logs.amazonaws.com\"\n      },\n      \"Condition\": {\n        \"StringEquals\": {\n          \"s3:x-amz-acl\": \"bucket-owner-full-control\"\n        }\n      }\n    },\n    {\n      \"Sid\": \"AWSLogDeliveryAclCheck\",\n      \"Effect\": \"Allow\",\n      \"Action\": [\n        \"s3:ListBucket\",\n        \"s3:GetBucketAcl\"\n      ],\n      \"Resource\": \"arn:aws:s3:::hema-test-logs-t2stgk0dvnzo\",\n      \"Principal\": {\n        \"Service\": \"delivery.logs.amazonaws.com\"\n      }\n    },\n    {\n      \"Sid\": \"AWSAccessLogDeliveryWrite\",\n      \"Effect\": \"Allow\",\n      \"Action\": \"s3:PutObject\",\n      \"Resource\": \"arn:aws:s3:::hema-test-logs-t2stgk0dvnzo/*\",\n      \"Principal\": {\n        \"Service\": \"logging.s3.amazonaws.com\"\n      }\n    },\n    {\n      \"Sid\": \"AWSAccessLogDeliveryAclCheck\",\n      \"Effect\": \"Allow\",\n      \"Action\": \"s3:GetBucketAcl\",\n      \"Resource\": \"arn:aws:s3:::hema-test-logs-t2stgk0dvnzo\",\n      \"Principal\": {\n        \"Service\": \"logging.s3.amazonaws.com\"\n      }\n    },\n    {\n      \"Sid\": \"denyInsecureTransport\",\n      \"Effect\": \"Deny\",\n      \"Action\": \"s3:*\",\n      \"Resource\": [\n        \"arn:aws:s3:::hema-test-logs-t2stgk0dvnzo/*\",\n        \"arn:aws:s3:::hema-test-logs-t2stgk0dvnzo\"\n      ],\n      \"Principal\": \"*\",\n      \"Condition\": {\n        \"Bool\": {\n          \"aws:SecureTransport\": \"false\"\n        }\n      }\n    }\n  ]\n}",
            "minified_json": "{\"Version\":\"2012-10-17\",\"Statement\":[{\"Sid\":\"ELBRegionUs-East-1\",\"Effect\":\"Allow\",\"Action\":\"s3:PutObject\",\"Resource\":\"arn:aws:s3:::hema-test-logs-t2stgk0dvnzo/*\",\"Principal\":{\"AWS\":\"arn:aws:iam::127311923021:root\"}},{\"Effect\":\"Allow\",\"Action\":\"s3:PutObject\",\"Resource\":\"arn:aws:s3:::hema-test-logs-t2stgk0dvnzo/*\",\"Principal\":{\"Service\":\"logdelivery.elasticloadbalancing.amazonaws.com\"}},{\"Sid\":\"AWSLogDeliveryWrite\",\"Effect\":\"Allow\",\"Action\":\"s3:PutObject\",\"Resource\":\"arn:aws:s3:::hema-test-logs-t2stgk0dvnzo/*\",\"Principal\":{\"Service\":\"delivery.logs.amazonaws.com\"},\"Condition\":{\"StringEquals\":{\"s3:x-amz-acl\":\"bucket-owner-full-control\"}}},{\"Sid\":\"AWSLogDeliveryAclCheck\",\"Effect\":\"Allow\",\"Action\":[\"s3:ListBucket\",\"s3:GetBucketAcl\"],\"Resource\":\"arn:aws:s3:::hema-test-logs-t2stgk0dvnzo\",\"Principal\":{\"Service\":\"delivery.logs.amazonaws.com\"}},{\"Sid\":\"AWSAccessLogDeliveryWrite\",\"Effect\":\"Allow\",\"Action\":\"s3:PutObject\",\"Resource\":\"arn:aws:s3:::hema-test-logs-t2stgk0dvnzo/*\",\"Principal\":{\"Service\":\"logging.s3.amazonaws.com\"}},{\"Sid\":\"AWSAccessLogDeliveryAclCheck\",\"Effect\":\"Allow\",\"Action\":\"s3:GetBucketAcl\",\"Resource\":\"arn:aws:s3:::hema-test-logs-t2stgk0dvnzo\",\"Principal\":{\"Service\":\"logging.s3.amazonaws.com\"}},{\"Sid\":\"denyInsecureTransport\",\"Effect\":\"Deny\",\"Action\":\"s3:*\",\"Resource\":[\"arn:aws:s3:::hema-test-logs-t2stgk0dvnzo/*\",\"arn:aws:s3:::hema-test-logs-t2stgk0dvnzo\"],\"Principal\":\"*\",\"Condition\":{\"Bool\":{\"aws:SecureTransport\":\"false\"}}}]}",
            "override_json": null,
            "override_policy_documents": null,
            "policy_id": null,
            "source_json": null,
            "source_policy_documents": [
              "{\n  \"Version\": \"2012-10-17\",\n  \"Statement\": [\n    {\n      \"Sid\": \"ELBRegionUs-East-1\",\n      \"Effect\": \"Allow\",\n      \"Action\": \"s3:PutObject\",\n      \"Resource\": \"arn:aws:s3:::hema-test-logs-t2stgk0dvnzo/*\",\n      \"Principal\": {\n        \"AWS\": \"arn:aws:iam::127311923021:root\"\n      }\n    },\n    {\n      \"Effect\": \"Allow\",\n      \"Action\": \"s3:PutObject\",\n      \"Resource\": \"arn:aws:s3:::hema-test-logs-t2stgk0dvnzo/*\",\n      \"Principal\": {\n        \"Service\": \"logdelivery.elasticloadbalancing.amazonaws.com\"\n      }\n    }\n  ]\n}",
              "{\n  \"Version\": \"2012-10-17\",\n  \"Statement\": [\n    {\n      \"Sid\": \"AWSLogDeliveryWrite\",\n      \"Effect\": \"Allow\",\n      \"Action\": \"s3:PutObject\",\n      \"Resource\": \"arn:aws:s3:::hema-test-logs-t2stgk0dvnzo/*\",\n      \"Principal\": {\n        \"Service\": \"delivery.logs.amazonaws.com\"\n      },\n      \"Condition\": {\n        \"StringEquals\": {\n          \"s3:x-amz-acl\": \"bucket-owner-full-control\"\n        }\n      }\n    },\n    {\n      \"Sid\": \"AWSLogDeliveryAclCheck\",\n      \"Effect\": \"Allow\",\n      \"Action\": [\n        \"s3:ListBucket\",\n        \"s3:GetBucketAcl\"\n      ],\n      \"Resource\": \"arn:aws:s3:::hema-test-logs-t2stgk0dvnzo\",\n      \"Principal\": {\n        \"Service\": \"delivery.logs.amazonaws.com\"\n      }\n    }\n  ]\n}",
              "{\n  \"Version\": \"2012-10-17\",\n  \"Statement\": [\n    {\n      \"Sid\": \"AWSAccessLogDeliveryWrite\",\n      \"Effect\": \"Allow\",\n      \"Action\": \"s3:PutObject\",\n      \"Resource\": \"arn:aws:s3:::hema-test-logs-t2stgk0dvnzo/*\",\n      \"Principal\": {\n        \"Service\": \"logging.s3.amazonaws.com\"\n      }\n    },\n    {\n      \"Sid\": \"AWSAccessLogDeliveryAclCheck\",\n      \"Effect\": \"Allow\",\n      \"Action\": \"s3:GetBucketAcl\",\n      \"Resource\": \"arn:aws:s3:::hema-test-logs-t2stgk0dvnzo\",\n      \"Principal\": {\n        \"Service\": \"logging.s3.amazonaws.com\"\n      }\n    }\n  ]\n}",
              "{\n  \"Version\": \"2012-10-17\",\n  \"Statement\": [\n    {\n      \"Sid\": \"denyInsecureTransport\",\n      \"Effect\": \"Deny\",\n      \"Action\": \"s3:*\",\n      \"Resource\": [\n        \"arn:aws:s3:::hema-test-logs-t2stgk0dvnzo/*\",\n        \"arn:aws:s3:::hema-test-logs-t2stgk0dvnzo\"\n      ],\n      \"Principal\": \"*\",\n      \"Condition\": {\n        \"Bool\": {\n          \"aws:SecureTransport\": \"false\"\n        }\n      }\n    }\n  ]\n}"
            ],
            "statement": null,
            "version": "2012-10-17"
          },
          "sensitive_attributes": []
        }
      ]
    },
    {
      "module": "module.main-eks.module.s3_logs",
      "mode": "data",
      "type": "aws_iam_policy_document",
      "name": "deny_incorrect_encryption_headers",
      "provider": "provider[\"registry.terraform.io/hashicorp/aws\"]",
      "instances": []
    },
    {
      "module": "module.main-eks.module.s3_logs",
      "mode": "data",
      "type": "aws_iam_policy_document",
      "name": "deny_incorrect_kms_key_sse",
      "provider": "provider[\"registry.terraform.io/hashicorp/aws\"]",
      "instances": []
    },
    {
      "module": "module.main-eks.module.s3_logs",
      "mode": "data",
      "type": "aws_iam_policy_document",
      "name": "deny_insecure_transport",
      "provider": "provider[\"registry.terraform.io/hashicorp/aws\"]",
      "instances": [
        {
          "index_key": 0,
          "schema_version": 0,
          "attributes": {
            "id": "977162229",
            "json": "{\n  \"Version\": \"2012-10-17\",\n  \"Statement\": [\n    {\n      \"Sid\": \"denyInsecureTransport\",\n      \"Effect\": \"Deny\",\n      \"Action\": \"s3:*\",\n      \"Resource\": [\n        \"arn:aws:s3:::hema-test-logs-t2stgk0dvnzo/*\",\n        \"arn:aws:s3:::hema-test-logs-t2stgk0dvnzo\"\n      ],\n      \"Principal\": \"*\",\n      \"Condition\": {\n        \"Bool\": {\n          \"aws:SecureTransport\": \"false\"\n        }\n      }\n    }\n  ]\n}",
            "minified_json": "{\"Version\":\"2012-10-17\",\"Statement\":[{\"Sid\":\"denyInsecureTransport\",\"Effect\":\"Deny\",\"Action\":\"s3:*\",\"Resource\":[\"arn:aws:s3:::hema-test-logs-t2stgk0dvnzo/*\",\"arn:aws:s3:::hema-test-logs-t2stgk0dvnzo\"],\"Principal\":\"*\",\"Condition\":{\"Bool\":{\"aws:SecureTransport\":\"false\"}}}]}",
            "override_json": null,
            "override_policy_documents": null,
            "policy_id": null,
            "source_json": null,
            "source_policy_documents": null,
            "statement": [
              {
                "actions": [
                  "s3:*"
                ],
                "condition": [
                  {
                    "test": "Bool",
                    "values": [
                      "false"
                    ],
                    "variable": "aws:SecureTransport"
                  }
                ],
                "effect": "Deny",
                "not_actions": [],
                "not_principals": [],
                "not_resources": [],
                "principals": [
                  {
                    "identifiers": [
                      "*"
                    ],
                    "type": "*"
                  }
                ],
                "resources": [
                  "arn:aws:s3:::hema-test-logs-t2stgk0dvnzo",
                  "arn:aws:s3:::hema-test-logs-t2stgk0dvnzo/*"
                ],
                "sid": "denyInsecureTransport"
              }
            ],
            "version": "2012-10-17"
          },
          "sensitive_attributes": []
        }
      ]
    },
    {
      "module": "module.main-eks.module.s3_logs",
      "mode": "data",
      "type": "aws_iam_policy_document",
      "name": "deny_unencrypted_object_uploads",
      "provider": "provider[\"registry.terraform.io/hashicorp/aws\"]",
      "instances": []
    },
    {
      "module": "module.main-eks.module.s3_logs",
      "mode": "data",
      "type": "aws_iam_policy_document",
      "name": "elb_log_delivery",
      "provider": "provider[\"registry.terraform.io/hashicorp/aws\"]",
      "instances": [
        {
          "index_key": 0,
          "schema_version": 0,
          "attributes": {
            "id": "1440922231",
            "json": "{\n  \"Version\": \"2012-10-17\",\n  \"Statement\": [\n    {\n      \"Sid\": \"ELBRegionUs-East-1\",\n      \"Effect\": \"Allow\",\n      \"Action\": \"s3:PutObject\",\n      \"Resource\": \"arn:aws:s3:::hema-test-logs-t2stgk0dvnzo/*\",\n      \"Principal\": {\n        \"AWS\": \"arn:aws:iam::127311923021:root\"\n      }\n    },\n    {\n      \"Effect\": \"Allow\",\n      \"Action\": \"s3:PutObject\",\n      \"Resource\": \"arn:aws:s3:::hema-test-logs-t2stgk0dvnzo/*\",\n      \"Principal\": {\n        \"Service\": \"logdelivery.elasticloadbalancing.amazonaws.com\"\n      }\n    }\n  ]\n}",
            "minified_json": "{\"Version\":\"2012-10-17\",\"Statement\":[{\"Sid\":\"ELBRegionUs-East-1\",\"Effect\":\"Allow\",\"Action\":\"s3:PutObject\",\"Resource\":\"arn:aws:s3:::hema-test-logs-t2stgk0dvnzo/*\",\"Principal\":{\"AWS\":\"arn:aws:iam::127311923021:root\"}},{\"Effect\":\"Allow\",\"Action\":\"s3:PutObject\",\"Resource\":\"arn:aws:s3:::hema-test-logs-t2stgk0dvnzo/*\",\"Principal\":{\"Service\":\"logdelivery.elasticloadbalancing.amazonaws.com\"}}]}",
            "override_json": null,
            "override_policy_documents": null,
            "policy_id": null,
            "source_json": null,
            "source_policy_documents": null,
            "statement": [
              {
                "actions": [
                  "s3:PutObject"
                ],
                "condition": [],
                "effect": "Allow",
                "not_actions": [],
                "not_principals": [],
                "not_resources": [],
                "principals": [
                  {
                    "identifiers": [
                      "arn:aws:iam::127311923021:root"
                    ],
                    "type": "AWS"
                  }
                ],
                "resources": [
                  "arn:aws:s3:::hema-test-logs-t2stgk0dvnzo/*"
                ],
                "sid": "ELBRegionUs-East-1"
              },
              {
                "actions": [
                  "s3:PutObject"
                ],
                "condition": [],
                "effect": "Allow",
                "not_actions": [],
                "not_principals": [],
                "not_resources": [],
                "principals": [
                  {
                    "identifiers": [
                      "logdelivery.elasticloadbalancing.amazonaws.com"
                    ],
                    "type": "Service"
                  }
                ],
                "resources": [
                  "arn:aws:s3:::hema-test-logs-t2stgk0dvnzo/*"
                ],
                "sid": ""
              }
            ],
            "version": "2012-10-17"
          },
          "sensitive_attributes": []
        }
      ]
    },
    {
      "module": "module.main-eks.module.s3_logs",
      "mode": "data",
      "type": "aws_iam_policy_document",
      "name": "inventory_and_analytics_destination_policy",
      "provider": "provider[\"registry.terraform.io/hashicorp/aws\"]",
      "instances": []
    },
    {
      "module": "module.main-eks.module.s3_logs",
      "mode": "data",
      "type": "aws_iam_policy_document",
      "name": "lb_log_delivery",
      "provider": "provider[\"registry.terraform.io/hashicorp/aws\"]",
      "instances": [
        {
          "index_key": 0,
          "schema_version": 0,
          "attributes": {
            "id": "809958852",
            "json": "{\n  \"Version\": \"2012-10-17\",\n  \"Statement\": [\n    {\n      \"Sid\": \"AWSLogDeliveryWrite\",\n      \"Effect\": \"Allow\",\n      \"Action\": \"s3:PutObject\",\n      \"Resource\": \"arn:aws:s3:::hema-test-logs-t2stgk0dvnzo/*\",\n      \"Principal\": {\n        \"Service\": \"delivery.logs.amazonaws.com\"\n      },\n      \"Condition\": {\n        \"StringEquals\": {\n          \"s3:x-amz-acl\": \"bucket-owner-full-control\"\n        }\n      }\n    },\n    {\n      \"Sid\": \"AWSLogDeliveryAclCheck\",\n      \"Effect\": \"Allow\",\n      \"Action\": [\n        \"s3:ListBucket\",\n        \"s3:GetBucketAcl\"\n      ],\n      \"Resource\": \"arn:aws:s3:::hema-test-logs-t2stgk0dvnzo\",\n      \"Principal\": {\n        \"Service\": \"delivery.logs.amazonaws.com\"\n      }\n    }\n  ]\n}",
            "minified_json": "{\"Version\":\"2012-10-17\",\"Statement\":[{\"Sid\":\"AWSLogDeliveryWrite\",\"Effect\":\"Allow\",\"Action\":\"s3:PutObject\",\"Resource\":\"arn:aws:s3:::hema-test-logs-t2stgk0dvnzo/*\",\"Principal\":{\"Service\":\"delivery.logs.amazonaws.com\"},\"Condition\":{\"StringEquals\":{\"s3:x-amz-acl\":\"bucket-owner-full-control\"}}},{\"Sid\":\"AWSLogDeliveryAclCheck\",\"Effect\":\"Allow\",\"Action\":[\"s3:ListBucket\",\"s3:GetBucketAcl\"],\"Resource\":\"arn:aws:s3:::hema-test-logs-t2stgk0dvnzo\",\"Principal\":{\"Service\":\"delivery.logs.amazonaws.com\"}}]}",
            "override_json": null,
            "override_policy_documents": null,
            "policy_id": null,
            "source_json": null,
            "source_policy_documents": null,
            "statement": [
              {
                "actions": [
                  "s3:PutObject"
                ],
                "condition": [
                  {
                    "test": "StringEquals",
                    "values": [
                      "bucket-owner-full-control"
                    ],
                    "variable": "s3:x-amz-acl"
                  }
                ],
                "effect": "Allow",
                "not_actions": [],
                "not_principals": [],
                "not_resources": [],
                "principals": [
                  {
                    "identifiers": [
                      "delivery.logs.amazonaws.com"
                    ],
                    "type": "Service"
                  }
                ],
                "resources": [
                  "arn:aws:s3:::hema-test-logs-t2stgk0dvnzo/*"
                ],
                "sid": "AWSLogDeliveryWrite"
              },
              {
                "actions": [
                  "s3:GetBucketAcl",
                  "s3:ListBucket"
                ],
                "condition": [],
                "effect": "Allow",
                "not_actions": [],
                "not_principals": [],
                "not_resources": [],
                "principals": [
                  {
                    "identifiers": [
                      "delivery.logs.amazonaws.com"
                    ],
                    "type": "Service"
                  }
                ],
                "resources": [
                  "arn:aws:s3:::hema-test-logs-t2stgk0dvnzo"
                ],
                "sid": "AWSLogDeliveryAclCheck"
              }
            ],
            "version": "2012-10-17"
          },
          "sensitive_attributes": []
        }
      ]
    },
    {
      "module": "module.main-eks.module.s3_logs",
      "mode": "data",
      "type": "aws_iam_policy_document",
      "name": "require_latest_tls",
      "provider": "provider[\"registry.terraform.io/hashicorp/aws\"]",
      "instances": []
    },
    {
      "module": "module.main-eks.module.s3_logs",
      "mode": "data",
      "type": "aws_partition",
      "name": "current",
      "provider": "provider[\"registry.terraform.io/hashicorp/aws\"]",
      "instances": [
        {
          "schema_version": 0,
          "attributes": {
            "dns_suffix": "amazonaws.com",
            "id": "aws",
            "partition": "aws",
            "reverse_dns_prefix": "com.amazonaws"
          },
          "sensitive_attributes": []
        }
      ]
    },
    {
      "module": "module.main-eks.module.s3_logs",
      "mode": "data",
      "type": "aws_region",
      "name": "current",
      "provider": "provider[\"registry.terraform.io/hashicorp/aws\"]",
      "instances": [
        {
          "schema_version": 0,
          "attributes": {
            "description": "US East (N. Virginia)",
            "endpoint": "ec2.us-east-1.amazonaws.com",
            "id": "us-east-1",
            "name": "us-east-1"
          },
          "sensitive_attributes": []
        }
      ]
    },
    {
      "module": "module.main-eks.module.s3_logs",
      "mode": "managed",
      "type": "aws_s3_bucket",
      "name": "this",
      "provider": "provider[\"registry.terraform.io/hashicorp/aws\"]",
      "instances": [
        {
          "index_key": 0,
          "schema_version": 0,
          "attributes": {
            "acceleration_status": "",
            "acl": null,
            "arn": "arn:aws:s3:::hema-test-logs-t2stgk0dvnzo",
            "bucket": "hema-test-logs-t2stgk0dvnzo",
            "bucket_domain_name": "hema-test-logs-t2stgk0dvnzo.s3.amazonaws.com",
            "bucket_prefix": "",
            "bucket_regional_domain_name": "hema-test-logs-t2stgk0dvnzo.s3.us-east-1.amazonaws.com",
            "cors_rule": [],
            "force_destroy": true,
            "grant": [
              {
                "id": "0fd8ae17d1c18aba43df20e0f548c86894e4781cda489df6a490a0bcf6e217e9",
                "permissions": [
                  "FULL_CONTROL"
                ],
                "type": "CanonicalUser",
                "uri": ""
              }
            ],
            "hosted_zone_id": "Z3AQBSTGFYJSTF",
            "id": "hema-test-logs-t2stgk0dvnzo",
            "lifecycle_rule": [],
            "logging": [],
            "object_lock_configuration": [],
            "object_lock_enabled": false,
            "policy": "",
            "region": "us-east-1",
            "replication_configuration": [],
            "request_payer": "BucketOwner",
            "server_side_encryption_configuration": [
              {
                "rule": [
                  {
                    "apply_server_side_encryption_by_default": [
                      {
                        "kms_master_key_id": "",
                        "sse_algorithm": "AES256"
                      }
                    ],
                    "bucket_key_enabled": false
                  }
                ]
              }
            ],
            "tags": {
              "Name": "hema-test-Logs"
            },
            "tags_all": {
              "Creator": "Terraform",
              "Name": "hema-test-Logs"
            },
            "timeouts": null,
            "versioning": [
              {
                "enabled": false,
                "mfa_delete": false
              }
            ],
            "website": [],
            "website_domain": null,
            "website_endpoint": null
          },
          "sensitive_attributes": [],
          "private": "eyJlMmJmYjczMC1lY2FhLTExZTYtOGY4OC0zNDM2M2JjN2M0YzAiOnsiY3JlYXRlIjoxMjAwMDAwMDAwMDAwLCJkZWxldGUiOjM2MDAwMDAwMDAwMDAsInJlYWQiOjEyMDAwMDAwMDAwMDAsInVwZGF0ZSI6MTIwMDAwMDAwMDAwMH19",
          "dependencies": [
            "module.main-eks.random_string.s3"
          ]
        }
      ]
    },
    {
      "module": "module.main-eks.module.s3_logs",
      "mode": "managed",
      "type": "aws_s3_bucket_lifecycle_configuration",
      "name": "this",
      "provider": "provider[\"registry.terraform.io/hashicorp/aws\"]",
      "instances": [
        {
          "index_key": 0,
          "schema_version": 0,
          "attributes": {
            "bucket": "hema-test-logs-t2stgk0dvnzo",
            "expected_bucket_owner": "",
            "id": "hema-test-logs-t2stgk0dvnzo",
            "rule": [
              {
                "abort_incomplete_multipart_upload": [
                  {
                    "days_after_initiation": 7
                  }
                ],
                "expiration": [
                  {
                    "date": "",
                    "days": 365,
                    "expired_object_delete_marker": false
                  }
                ],
                "filter": [
                  {
                    "and": [],
                    "object_size_greater_than": "",
                    "object_size_less_than": "",
                    "prefix": "",
                    "tag": []
                  }
                ],
                "id": "main-logs",
                "noncurrent_version_expiration": [
                  {
                    "newer_noncurrent_versions": "25",
                    "noncurrent_days": 365
                  }
                ],
                "noncurrent_version_transition": [
                  {
                    "newer_noncurrent_versions": "25",
                    "noncurrent_days": 180,
                    "storage_class": "DEEP_ARCHIVE"
                  },
                  {
                    "newer_noncurrent_versions": "25",
                    "noncurrent_days": 60,
                    "storage_class": "STANDARD_IA"
                  }
                ],
                "prefix": "",
                "status": "Enabled",
                "transition": [
                  {
                    "date": "",
                    "days": 180,
                    "storage_class": "DEEP_ARCHIVE"
                  },
                  {
                    "date": "",
                    "days": 60,
                    "storage_class": "STANDARD_IA"
                  }
                ]
              }
            ],
            "timeouts": null
          },
          "sensitive_attributes": [],
          "private": "eyJlMmJmYjczMC1lY2FhLTExZTYtOGY4OC0zNDM2M2JjN2M0YzAiOnsiY3JlYXRlIjoxODAwMDAwMDAwMDAsInVwZGF0ZSI6MTgwMDAwMDAwMDAwfX0=",
          "dependencies": [
            "module.main-eks.module.s3_logs.aws_s3_bucket.this",
            "module.main-eks.module.s3_logs.aws_s3_bucket_versioning.this",
            "module.main-eks.random_string.s3"
          ]
        }
      ]
    },
    {
      "module": "module.main-eks.module.s3_logs",
      "mode": "managed",
      "type": "aws_s3_bucket_ownership_controls",
      "name": "this",
      "provider": "provider[\"registry.terraform.io/hashicorp/aws\"]",
      "instances": [
        {
          "index_key": 0,
          "schema_version": 0,
          "attributes": {
            "bucket": "hema-test-logs-t2stgk0dvnzo",
            "id": "hema-test-logs-t2stgk0dvnzo",
            "rule": [
              {
                "object_ownership": "BucketOwnerEnforced"
              }
            ]
          },
          "sensitive_attributes": [],
          "private": "bnVsbA==",
          "dependencies": [
            "module.main-eks.module.s3_logs.aws_s3_bucket.this",
            "module.main-eks.module.s3_logs.aws_s3_bucket_policy.this",
            "module.main-eks.module.s3_logs.aws_s3_bucket_public_access_block.this",
            "module.main-eks.module.s3_logs.data.aws_iam_policy_document.access_log_delivery",
            "module.main-eks.module.s3_logs.data.aws_iam_policy_document.combined",
            "module.main-eks.module.s3_logs.data.aws_iam_policy_document.deny_incorrect_encryption_headers",
            "module.main-eks.module.s3_logs.data.aws_iam_policy_document.deny_incorrect_kms_key_sse",
            "module.main-eks.module.s3_logs.data.aws_iam_policy_document.deny_insecure_transport",
            "module.main-eks.module.s3_logs.data.aws_iam_policy_document.deny_unencrypted_object_uploads",
            "module.main-eks.module.s3_logs.data.aws_iam_policy_document.elb_log_delivery",
            "module.main-eks.module.s3_logs.data.aws_iam_policy_document.inventory_and_analytics_destination_policy",
            "module.main-eks.module.s3_logs.data.aws_iam_policy_document.lb_log_delivery",
            "module.main-eks.module.s3_logs.data.aws_iam_policy_document.require_latest_tls",
            "module.main-eks.module.s3_logs.data.aws_partition.current",
            "module.main-eks.module.s3_logs.data.aws_region.current",
            "module.main-eks.random_string.s3"
          ]
        }
      ]
    },
    {
      "module": "module.main-eks.module.s3_logs",
      "mode": "managed",
      "type": "aws_s3_bucket_policy",
      "name": "this",
      "provider": "provider[\"registry.terraform.io/hashicorp/aws\"]",
      "instances": [
        {
          "index_key": 0,
          "schema_version": 0,
          "attributes": {
            "bucket": "hema-test-logs-t2stgk0dvnzo",
            "id": "hema-test-logs-t2stgk0dvnzo",
            "policy": "{\"Statement\":[{\"Action\":\"s3:PutObject\",\"Effect\":\"Allow\",\"Principal\":{\"AWS\":\"arn:aws:iam::127311923021:root\"},\"Resource\":\"arn:aws:s3:::hema-test-logs-t2stgk0dvnzo/*\",\"Sid\":\"ELBRegionUs-East-1\"},{\"Action\":\"s3:PutObject\",\"Effect\":\"Allow\",\"Principal\":{\"Service\":\"logdelivery.elasticloadbalancing.amazonaws.com\"},\"Resource\":\"arn:aws:s3:::hema-test-logs-t2stgk0dvnzo/*\"},{\"Action\":\"s3:PutObject\",\"Condition\":{\"StringEquals\":{\"s3:x-amz-acl\":\"bucket-owner-full-control\"}},\"Effect\":\"Allow\",\"Principal\":{\"Service\":\"delivery.logs.amazonaws.com\"},\"Resource\":\"arn:aws:s3:::hema-test-logs-t2stgk0dvnzo/*\",\"Sid\":\"AWSLogDeliveryWrite\"},{\"Action\":[\"s3:ListBucket\",\"s3:GetBucketAcl\"],\"Effect\":\"Allow\",\"Principal\":{\"Service\":\"delivery.logs.amazonaws.com\"},\"Resource\":\"arn:aws:s3:::hema-test-logs-t2stgk0dvnzo\",\"Sid\":\"AWSLogDeliveryAclCheck\"},{\"Action\":\"s3:PutObject\",\"Effect\":\"Allow\",\"Principal\":{\"Service\":\"logging.s3.amazonaws.com\"},\"Resource\":\"arn:aws:s3:::hema-test-logs-t2stgk0dvnzo/*\",\"Sid\":\"AWSAccessLogDeliveryWrite\"},{\"Action\":\"s3:GetBucketAcl\",\"Effect\":\"Allow\",\"Principal\":{\"Service\":\"logging.s3.amazonaws.com\"},\"Resource\":\"arn:aws:s3:::hema-test-logs-t2stgk0dvnzo\",\"Sid\":\"AWSAccessLogDeliveryAclCheck\"},{\"Action\":\"s3:*\",\"Condition\":{\"Bool\":{\"aws:SecureTransport\":\"false\"}},\"Effect\":\"Deny\",\"Principal\":\"*\",\"Resource\":[\"arn:aws:s3:::hema-test-logs-t2stgk0dvnzo/*\",\"arn:aws:s3:::hema-test-logs-t2stgk0dvnzo\"],\"Sid\":\"denyInsecureTransport\"}],\"Version\":\"2012-10-17\"}"
          },
          "sensitive_attributes": [],
          "private": "bnVsbA==",
          "dependencies": [
            "module.main-eks.module.s3_logs.aws_s3_bucket.this",
            "module.main-eks.module.s3_logs.aws_s3_bucket_public_access_block.this",
            "module.main-eks.module.s3_logs.data.aws_iam_policy_document.access_log_delivery",
            "module.main-eks.module.s3_logs.data.aws_iam_policy_document.combined",
            "module.main-eks.module.s3_logs.data.aws_iam_policy_document.deny_incorrect_encryption_headers",
            "module.main-eks.module.s3_logs.data.aws_iam_policy_document.deny_incorrect_kms_key_sse",
            "module.main-eks.module.s3_logs.data.aws_iam_policy_document.deny_insecure_transport",
            "module.main-eks.module.s3_logs.data.aws_iam_policy_document.deny_unencrypted_object_uploads",
            "module.main-eks.module.s3_logs.data.aws_iam_policy_document.elb_log_delivery",
            "module.main-eks.module.s3_logs.data.aws_iam_policy_document.inventory_and_analytics_destination_policy",
            "module.main-eks.module.s3_logs.data.aws_iam_policy_document.lb_log_delivery",
            "module.main-eks.module.s3_logs.data.aws_iam_policy_document.require_latest_tls",
            "module.main-eks.module.s3_logs.data.aws_partition.current",
            "module.main-eks.module.s3_logs.data.aws_region.current",
            "module.main-eks.random_string.s3"
          ]
        }
      ]
    },
    {
      "module": "module.main-eks.module.s3_logs",
      "mode": "managed",
      "type": "aws_s3_bucket_public_access_block",
      "name": "this",
      "provider": "provider[\"registry.terraform.io/hashicorp/aws\"]",
      "instances": [
        {
          "index_key": 0,
          "schema_version": 0,
          "attributes": {
            "block_public_acls": true,
            "block_public_policy": true,
            "bucket": "hema-test-logs-t2stgk0dvnzo",
            "id": "hema-test-logs-t2stgk0dvnzo",
            "ignore_public_acls": true,
            "restrict_public_buckets": true
          },
          "sensitive_attributes": [],
          "private": "bnVsbA==",
          "dependencies": [
            "module.main-eks.module.s3_logs.aws_s3_bucket.this",
            "module.main-eks.random_string.s3"
          ]
        }
      ]
    },
    {
      "module": "module.main-eks.module.s3_logs",
      "mode": "managed",
      "type": "aws_s3_bucket_server_side_encryption_configuration",
      "name": "this",
      "provider": "provider[\"registry.terraform.io/hashicorp/aws\"]",
      "instances": [
        {
          "index_key": 0,
          "schema_version": 0,
          "attributes": {
            "bucket": "hema-test-logs-t2stgk0dvnzo",
            "expected_bucket_owner": "",
            "id": "hema-test-logs-t2stgk0dvnzo",
            "rule": [
              {
                "apply_server_side_encryption_by_default": [
                  {
                    "kms_master_key_id": "arn:aws:kms:us-east-1:111594127594:key/c9edc672-45a5-47df-9cef-694cf64d230f",
                    "sse_algorithm": "aws:kms"
                  }
                ],
                "bucket_key_enabled": true
              }
            ]
          },
          "sensitive_attributes": [],
          "private": "bnVsbA==",
          "dependencies": [
            "module.main-eks.module.s3_kms.aws_kms_external_key.this",
            "module.main-eks.module.s3_kms.aws_kms_key.this",
            "module.main-eks.module.s3_kms.aws_kms_replica_external_key.this",
            "module.main-eks.module.s3_kms.aws_kms_replica_key.this",
            "module.main-eks.module.s3_kms.data.aws_iam_policy_document.this",
            "module.main-eks.module.s3_logs.aws_s3_bucket.this",
            "module.main-eks.random_string.s3"
          ]
        }
      ]
    },
    {
      "module": "module.main-eks.module.s3_logs",
      "mode": "managed",
      "type": "aws_s3_bucket_versioning",
      "name": "this",
      "provider": "provider[\"registry.terraform.io/hashicorp/aws\"]",
      "instances": [
        {
          "index_key": 0,
          "schema_version": 0,
          "attributes": {
            "bucket": "hema-test-logs-t2stgk0dvnzo",
            "expected_bucket_owner": "",
            "id": "hema-test-logs-t2stgk0dvnzo",
            "mfa": null,
            "versioning_configuration": [
              {
                "mfa_delete": "",
                "status": "Enabled"
              }
            ]
          },
          "sensitive_attributes": [],
          "private": "bnVsbA==",
          "dependencies": [
            "module.main-eks.module.s3_logs.aws_s3_bucket.this",
            "module.main-eks.random_string.s3"
          ]
        }
      ]
    },
    {
      "module": "module.main-eks.module.s3_main",
      "mode": "data",
      "type": "aws_caller_identity",
      "name": "current",
      "provider": "provider[\"registry.terraform.io/hashicorp/aws\"]",
      "instances": [
        {
          "schema_version": 0,
          "attributes": {
            "account_id": "111594127594",
            "arn": "arn:aws:sts::111594127594:assumed-role/ct-ado-batcave-techadmin/PDYW",
            "id": "111594127594",
            "user_id": "AROART64HIDVDKJZ7XSD4:PDYW"
          },
          "sensitive_attributes": []
        }
      ]
    },
    {
      "module": "module.main-eks.module.s3_main",
      "mode": "data",
      "type": "aws_iam_policy_document",
      "name": "access_log_delivery",
      "provider": "provider[\"registry.terraform.io/hashicorp/aws\"]",
      "instances": []
    },
    {
      "module": "module.main-eks.module.s3_main",
      "mode": "data",
      "type": "aws_iam_policy_document",
      "name": "combined",
      "provider": "provider[\"registry.terraform.io/hashicorp/aws\"]",
      "instances": [
        {
          "index_key": 0,
          "schema_version": 0,
          "attributes": {
            "id": "3220182216",
            "json": "{\n  \"Version\": \"2012-10-17\",\n  \"Statement\": [\n    {\n      \"Sid\": \"denyInsecureTransport\",\n      \"Effect\": \"Deny\",\n      \"Action\": \"s3:*\",\n      \"Resource\": [\n        \"arn:aws:s3:::hema-test-main-t2stgk0dvnzo/*\",\n        \"arn:aws:s3:::hema-test-main-t2stgk0dvnzo\"\n      ],\n      \"Principal\": \"*\",\n      \"Condition\": {\n        \"Bool\": {\n          \"aws:SecureTransport\": \"false\"\n        }\n      }\n    }\n  ]\n}",
            "minified_json": "{\"Version\":\"2012-10-17\",\"Statement\":[{\"Sid\":\"denyInsecureTransport\",\"Effect\":\"Deny\",\"Action\":\"s3:*\",\"Resource\":[\"arn:aws:s3:::hema-test-main-t2stgk0dvnzo/*\",\"arn:aws:s3:::hema-test-main-t2stgk0dvnzo\"],\"Principal\":\"*\",\"Condition\":{\"Bool\":{\"aws:SecureTransport\":\"false\"}}}]}",
            "override_json": null,
            "override_policy_documents": null,
            "policy_id": null,
            "source_json": null,
            "source_policy_documents": [
              "{\n  \"Version\": \"2012-10-17\",\n  \"Statement\": [\n    {\n      \"Sid\": \"denyInsecureTransport\",\n      \"Effect\": \"Deny\",\n      \"Action\": \"s3:*\",\n      \"Resource\": [\n        \"arn:aws:s3:::hema-test-main-t2stgk0dvnzo/*\",\n        \"arn:aws:s3:::hema-test-main-t2stgk0dvnzo\"\n      ],\n      \"Principal\": \"*\",\n      \"Condition\": {\n        \"Bool\": {\n          \"aws:SecureTransport\": \"false\"\n        }\n      }\n    }\n  ]\n}"
            ],
            "statement": null,
            "version": "2012-10-17"
          },
          "sensitive_attributes": []
        }
      ]
    },
    {
      "module": "module.main-eks.module.s3_main",
      "mode": "data",
      "type": "aws_iam_policy_document",
      "name": "deny_incorrect_encryption_headers",
      "provider": "provider[\"registry.terraform.io/hashicorp/aws\"]",
      "instances": []
    },
    {
      "module": "module.main-eks.module.s3_main",
      "mode": "data",
      "type": "aws_iam_policy_document",
      "name": "deny_incorrect_kms_key_sse",
      "provider": "provider[\"registry.terraform.io/hashicorp/aws\"]",
      "instances": []
    },
    {
      "module": "module.main-eks.module.s3_main",
      "mode": "data",
      "type": "aws_iam_policy_document",
      "name": "deny_insecure_transport",
      "provider": "provider[\"registry.terraform.io/hashicorp/aws\"]",
      "instances": [
        {
          "index_key": 0,
          "schema_version": 0,
          "attributes": {
            "id": "3220182216",
            "json": "{\n  \"Version\": \"2012-10-17\",\n  \"Statement\": [\n    {\n      \"Sid\": \"denyInsecureTransport\",\n      \"Effect\": \"Deny\",\n      \"Action\": \"s3:*\",\n      \"Resource\": [\n        \"arn:aws:s3:::hema-test-main-t2stgk0dvnzo/*\",\n        \"arn:aws:s3:::hema-test-main-t2stgk0dvnzo\"\n      ],\n      \"Principal\": \"*\",\n      \"Condition\": {\n        \"Bool\": {\n          \"aws:SecureTransport\": \"false\"\n        }\n      }\n    }\n  ]\n}",
            "minified_json": "{\"Version\":\"2012-10-17\",\"Statement\":[{\"Sid\":\"denyInsecureTransport\",\"Effect\":\"Deny\",\"Action\":\"s3:*\",\"Resource\":[\"arn:aws:s3:::hema-test-main-t2stgk0dvnzo/*\",\"arn:aws:s3:::hema-test-main-t2stgk0dvnzo\"],\"Principal\":\"*\",\"Condition\":{\"Bool\":{\"aws:SecureTransport\":\"false\"}}}]}",
            "override_json": null,
            "override_policy_documents": null,
            "policy_id": null,
            "source_json": null,
            "source_policy_documents": null,
            "statement": [
              {
                "actions": [
                  "s3:*"
                ],
                "condition": [
                  {
                    "test": "Bool",
                    "values": [
                      "false"
                    ],
                    "variable": "aws:SecureTransport"
                  }
                ],
                "effect": "Deny",
                "not_actions": [],
                "not_principals": [],
                "not_resources": [],
                "principals": [
                  {
                    "identifiers": [
                      "*"
                    ],
                    "type": "*"
                  }
                ],
                "resources": [
                  "arn:aws:s3:::hema-test-main-t2stgk0dvnzo",
                  "arn:aws:s3:::hema-test-main-t2stgk0dvnzo/*"
                ],
                "sid": "denyInsecureTransport"
              }
            ],
            "version": "2012-10-17"
          },
          "sensitive_attributes": []
        }
      ]
    },
    {
      "module": "module.main-eks.module.s3_main",
      "mode": "data",
      "type": "aws_iam_policy_document",
      "name": "deny_unencrypted_object_uploads",
      "provider": "provider[\"registry.terraform.io/hashicorp/aws\"]",
      "instances": []
    },
    {
      "module": "module.main-eks.module.s3_main",
      "mode": "data",
      "type": "aws_iam_policy_document",
      "name": "elb_log_delivery",
      "provider": "provider[\"registry.terraform.io/hashicorp/aws\"]",
      "instances": []
    },
    {
      "module": "module.main-eks.module.s3_main",
      "mode": "data",
      "type": "aws_iam_policy_document",
      "name": "inventory_and_analytics_destination_policy",
      "provider": "provider[\"registry.terraform.io/hashicorp/aws\"]",
      "instances": []
    },
    {
      "module": "module.main-eks.module.s3_main",
      "mode": "data",
      "type": "aws_iam_policy_document",
      "name": "lb_log_delivery",
      "provider": "provider[\"registry.terraform.io/hashicorp/aws\"]",
      "instances": []
    },
    {
      "module": "module.main-eks.module.s3_main",
      "mode": "data",
      "type": "aws_iam_policy_document",
      "name": "require_latest_tls",
      "provider": "provider[\"registry.terraform.io/hashicorp/aws\"]",
      "instances": []
    },
    {
      "module": "module.main-eks.module.s3_main",
      "mode": "data",
      "type": "aws_partition",
      "name": "current",
      "provider": "provider[\"registry.terraform.io/hashicorp/aws\"]",
      "instances": [
        {
          "schema_version": 0,
          "attributes": {
            "dns_suffix": "amazonaws.com",
            "id": "aws",
            "partition": "aws",
            "reverse_dns_prefix": "com.amazonaws"
          },
          "sensitive_attributes": []
        }
      ]
    },
    {
      "module": "module.main-eks.module.s3_main",
      "mode": "data",
      "type": "aws_region",
      "name": "current",
      "provider": "provider[\"registry.terraform.io/hashicorp/aws\"]",
      "instances": [
        {
          "schema_version": 0,
          "attributes": {
            "description": "US East (N. Virginia)",
            "endpoint": "ec2.us-east-1.amazonaws.com",
            "id": "us-east-1",
            "name": "us-east-1"
          },
          "sensitive_attributes": []
        }
      ]
    },
    {
      "module": "module.main-eks.module.s3_main",
      "mode": "managed",
      "type": "aws_s3_bucket",
      "name": "this",
      "provider": "provider[\"registry.terraform.io/hashicorp/aws\"]",
      "instances": [
        {
          "index_key": 0,
          "schema_version": 0,
          "attributes": {
            "acceleration_status": "",
            "acl": null,
            "arn": "arn:aws:s3:::hema-test-main-t2stgk0dvnzo",
            "bucket": "hema-test-main-t2stgk0dvnzo",
            "bucket_domain_name": "hema-test-main-t2stgk0dvnzo.s3.amazonaws.com",
            "bucket_prefix": "",
            "bucket_regional_domain_name": "hema-test-main-t2stgk0dvnzo.s3.us-east-1.amazonaws.com",
            "cors_rule": [],
            "force_destroy": true,
            "grant": [
              {
                "id": "0fd8ae17d1c18aba43df20e0f548c86894e4781cda489df6a490a0bcf6e217e9",
                "permissions": [
                  "FULL_CONTROL"
                ],
                "type": "CanonicalUser",
                "uri": ""
              }
            ],
            "hosted_zone_id": "Z3AQBSTGFYJSTF",
            "id": "hema-test-main-t2stgk0dvnzo",
            "lifecycle_rule": [],
            "logging": [],
            "object_lock_configuration": [],
            "object_lock_enabled": false,
            "policy": "",
            "region": "us-east-1",
            "replication_configuration": [],
            "request_payer": "BucketOwner",
            "server_side_encryption_configuration": [
              {
                "rule": [
                  {
                    "apply_server_side_encryption_by_default": [
                      {
                        "kms_master_key_id": "",
                        "sse_algorithm": "AES256"
                      }
                    ],
                    "bucket_key_enabled": false
                  }
                ]
              }
            ],
            "tags": {
              "Name": "hema-test-main"
            },
            "tags_all": {
              "Creator": "Terraform",
              "Name": "hema-test-main"
            },
            "timeouts": null,
            "versioning": [
              {
                "enabled": false,
                "mfa_delete": false
              }
            ],
            "website": [],
            "website_domain": null,
            "website_endpoint": null
          },
          "sensitive_attributes": [],
          "private": "eyJlMmJmYjczMC1lY2FhLTExZTYtOGY4OC0zNDM2M2JjN2M0YzAiOnsiY3JlYXRlIjoxMjAwMDAwMDAwMDAwLCJkZWxldGUiOjM2MDAwMDAwMDAwMDAsInJlYWQiOjEyMDAwMDAwMDAwMDAsInVwZGF0ZSI6MTIwMDAwMDAwMDAwMH19",
          "dependencies": [
            "module.main-eks.random_string.s3"
          ]
        }
      ]
    },
    {
      "module": "module.main-eks.module.s3_main",
      "mode": "managed",
      "type": "aws_s3_bucket_logging",
      "name": "this",
      "provider": "provider[\"registry.terraform.io/hashicorp/aws\"]",
      "instances": [
        {
          "index_key": 0,
          "schema_version": 0,
          "attributes": {
            "bucket": "hema-test-main-t2stgk0dvnzo",
            "expected_bucket_owner": "",
            "id": "hema-test-main-t2stgk0dvnzo",
            "target_bucket": "hema-test-logs-t2stgk0dvnzo",
            "target_grant": [],
            "target_object_key_format": [],
            "target_prefix": "/"
          },
          "sensitive_attributes": [],
          "private": "bnVsbA==",
          "dependencies": [
            "module.main-eks.module.s3_logs.aws_s3_bucket.this",
            "module.main-eks.module.s3_logs.aws_s3_bucket_policy.this",
            "module.main-eks.module.s3_logs.aws_s3_bucket_public_access_block.this",
            "module.main-eks.module.s3_logs.data.aws_iam_policy_document.access_log_delivery",
            "module.main-eks.module.s3_logs.data.aws_iam_policy_document.combined",
            "module.main-eks.module.s3_logs.data.aws_iam_policy_document.deny_incorrect_encryption_headers",
            "module.main-eks.module.s3_logs.data.aws_iam_policy_document.deny_incorrect_kms_key_sse",
            "module.main-eks.module.s3_logs.data.aws_iam_policy_document.deny_insecure_transport",
            "module.main-eks.module.s3_logs.data.aws_iam_policy_document.deny_unencrypted_object_uploads",
            "module.main-eks.module.s3_logs.data.aws_iam_policy_document.elb_log_delivery",
            "module.main-eks.module.s3_logs.data.aws_iam_policy_document.inventory_and_analytics_destination_policy",
            "module.main-eks.module.s3_logs.data.aws_iam_policy_document.lb_log_delivery",
            "module.main-eks.module.s3_logs.data.aws_iam_policy_document.require_latest_tls",
            "module.main-eks.module.s3_logs.data.aws_partition.current",
            "module.main-eks.module.s3_logs.data.aws_region.current",
            "module.main-eks.module.s3_main.aws_s3_bucket.this",
            "module.main-eks.random_string.s3"
          ]
        }
      ]
    },
    {
      "module": "module.main-eks.module.s3_main",
      "mode": "managed",
      "type": "aws_s3_bucket_ownership_controls",
      "name": "this",
      "provider": "provider[\"registry.terraform.io/hashicorp/aws\"]",
      "instances": [
        {
          "index_key": 0,
          "schema_version": 0,
          "attributes": {
            "bucket": "hema-test-main-t2stgk0dvnzo",
            "id": "hema-test-main-t2stgk0dvnzo",
            "rule": [
              {
                "object_ownership": "BucketOwnerEnforced"
              }
            ]
          },
          "sensitive_attributes": [],
          "private": "bnVsbA==",
          "dependencies": [
            "module.main-eks.module.s3_main.aws_s3_bucket.this",
            "module.main-eks.module.s3_main.aws_s3_bucket_policy.this",
            "module.main-eks.module.s3_main.aws_s3_bucket_public_access_block.this",
            "module.main-eks.module.s3_main.data.aws_iam_policy_document.access_log_delivery",
            "module.main-eks.module.s3_main.data.aws_iam_policy_document.combined",
            "module.main-eks.module.s3_main.data.aws_iam_policy_document.deny_incorrect_encryption_headers",
            "module.main-eks.module.s3_main.data.aws_iam_policy_document.deny_incorrect_kms_key_sse",
            "module.main-eks.module.s3_main.data.aws_iam_policy_document.deny_insecure_transport",
            "module.main-eks.module.s3_main.data.aws_iam_policy_document.deny_unencrypted_object_uploads",
            "module.main-eks.module.s3_main.data.aws_iam_policy_document.elb_log_delivery",
            "module.main-eks.module.s3_main.data.aws_iam_policy_document.inventory_and_analytics_destination_policy",
            "module.main-eks.module.s3_main.data.aws_iam_policy_document.lb_log_delivery",
            "module.main-eks.module.s3_main.data.aws_iam_policy_document.require_latest_tls",
            "module.main-eks.random_string.s3"
          ]
        }
      ]
    },
    {
      "module": "module.main-eks.module.s3_main",
      "mode": "managed",
      "type": "aws_s3_bucket_policy",
      "name": "this",
      "provider": "provider[\"registry.terraform.io/hashicorp/aws\"]",
      "instances": [
        {
          "index_key": 0,
          "schema_version": 0,
          "attributes": {
            "bucket": "hema-test-main-t2stgk0dvnzo",
            "id": "hema-test-main-t2stgk0dvnzo",
            "policy": "{\"Statement\":[{\"Action\":\"s3:*\",\"Condition\":{\"Bool\":{\"aws:SecureTransport\":\"false\"}},\"Effect\":\"Deny\",\"Principal\":\"*\",\"Resource\":[\"arn:aws:s3:::hema-test-main-t2stgk0dvnzo/*\",\"arn:aws:s3:::hema-test-main-t2stgk0dvnzo\"],\"Sid\":\"denyInsecureTransport\"}],\"Version\":\"2012-10-17\"}"
          },
          "sensitive_attributes": [],
          "private": "bnVsbA==",
          "dependencies": [
            "module.main-eks.module.s3_main.aws_s3_bucket.this",
            "module.main-eks.module.s3_main.aws_s3_bucket_public_access_block.this",
            "module.main-eks.module.s3_main.data.aws_iam_policy_document.access_log_delivery",
            "module.main-eks.module.s3_main.data.aws_iam_policy_document.combined",
            "module.main-eks.module.s3_main.data.aws_iam_policy_document.deny_incorrect_encryption_headers",
            "module.main-eks.module.s3_main.data.aws_iam_policy_document.deny_incorrect_kms_key_sse",
            "module.main-eks.module.s3_main.data.aws_iam_policy_document.deny_insecure_transport",
            "module.main-eks.module.s3_main.data.aws_iam_policy_document.deny_unencrypted_object_uploads",
            "module.main-eks.module.s3_main.data.aws_iam_policy_document.elb_log_delivery",
            "module.main-eks.module.s3_main.data.aws_iam_policy_document.inventory_and_analytics_destination_policy",
            "module.main-eks.module.s3_main.data.aws_iam_policy_document.lb_log_delivery",
            "module.main-eks.module.s3_main.data.aws_iam_policy_document.require_latest_tls",
            "module.main-eks.random_string.s3"
          ]
        }
      ]
    },
    {
      "module": "module.main-eks.module.s3_main",
      "mode": "managed",
      "type": "aws_s3_bucket_public_access_block",
      "name": "this",
      "provider": "provider[\"registry.terraform.io/hashicorp/aws\"]",
      "instances": [
        {
          "index_key": 0,
          "schema_version": 0,
          "attributes": {
            "block_public_acls": true,
            "block_public_policy": true,
            "bucket": "hema-test-main-t2stgk0dvnzo",
            "id": "hema-test-main-t2stgk0dvnzo",
            "ignore_public_acls": true,
            "restrict_public_buckets": true
          },
          "sensitive_attributes": [],
          "private": "bnVsbA==",
          "dependencies": [
            "module.main-eks.module.s3_main.aws_s3_bucket.this",
            "module.main-eks.random_string.s3"
          ]
        }
      ]
    },
    {
      "module": "module.main-eks.module.s3_main",
      "mode": "managed",
      "type": "aws_s3_bucket_server_side_encryption_configuration",
      "name": "this",
      "provider": "provider[\"registry.terraform.io/hashicorp/aws\"]",
      "instances": [
        {
          "index_key": 0,
          "schema_version": 0,
          "attributes": {
            "bucket": "hema-test-main-t2stgk0dvnzo",
            "expected_bucket_owner": "",
            "id": "hema-test-main-t2stgk0dvnzo",
            "rule": [
              {
                "apply_server_side_encryption_by_default": [
                  {
                    "kms_master_key_id": "arn:aws:kms:us-east-1:111594127594:key/c9edc672-45a5-47df-9cef-694cf64d230f",
                    "sse_algorithm": "aws:kms"
                  }
                ],
                "bucket_key_enabled": true
              }
            ]
          },
          "sensitive_attributes": [],
          "private": "bnVsbA==",
          "dependencies": [
            "module.main-eks.module.s3_kms.aws_kms_external_key.this",
            "module.main-eks.module.s3_kms.aws_kms_key.this",
            "module.main-eks.module.s3_kms.aws_kms_replica_external_key.this",
            "module.main-eks.module.s3_kms.aws_kms_replica_key.this",
            "module.main-eks.module.s3_kms.data.aws_iam_policy_document.this",
            "module.main-eks.module.s3_main.aws_s3_bucket.this",
            "module.main-eks.random_string.s3"
          ]
        }
      ]
    },
    {
      "module": "module.main-eks.module.s3_main",
      "mode": "managed",
      "type": "aws_s3_bucket_versioning",
      "name": "this",
      "provider": "provider[\"registry.terraform.io/hashicorp/aws\"]",
      "instances": [
        {
          "index_key": 0,
          "schema_version": 0,
          "attributes": {
            "bucket": "hema-test-main-t2stgk0dvnzo",
            "expected_bucket_owner": "",
            "id": "hema-test-main-t2stgk0dvnzo",
            "mfa": null,
            "versioning_configuration": [
              {
                "mfa_delete": "",
                "status": "Enabled"
              }
            ]
          },
          "sensitive_attributes": [],
          "private": "bnVsbA==",
          "dependencies": [
            "module.main-eks.module.s3_main.aws_s3_bucket.this",
            "module.main-eks.random_string.s3"
          ]
        }
      ]
    },
    {
      "module": "module.main-eks.module.ssm_kms",
      "mode": "data",
      "type": "aws_caller_identity",
      "name": "current",
      "provider": "provider[\"registry.terraform.io/hashicorp/aws\"]",
      "instances": [
        {
          "index_key": 0,
          "schema_version": 0,
          "attributes": {
            "account_id": "111594127594",
            "arn": "arn:aws:sts::111594127594:assumed-role/ct-ado-batcave-techadmin/PDYW",
            "id": "111594127594",
            "user_id": "AROART64HIDVDKJZ7XSD4:PDYW"
          },
          "sensitive_attributes": []
        }
      ]
    },
    {
      "module": "module.main-eks.module.ssm_kms",
      "mode": "data",
      "type": "aws_iam_policy_document",
      "name": "this",
      "provider": "provider[\"registry.terraform.io/hashicorp/aws\"]",
      "instances": [
        {
          "index_key": 0,
          "schema_version": 0,
          "attributes": {
            "id": "771225177",
            "json": "{\n  \"Version\": \"2012-10-17\",\n  \"Statement\": [\n    {\n      \"Sid\": \"Default\",\n      \"Effect\": \"Allow\",\n      \"Action\": \"kms:*\",\n      \"Resource\": \"*\",\n      \"Principal\": {\n        \"AWS\": \"arn:aws:iam::111594127594:root\"\n      }\n    },\n    {\n      \"Sid\": \"KeyOwner\",\n      \"Effect\": \"Allow\",\n      \"Action\": \"kms:*\",\n      \"Resource\": \"*\",\n      \"Principal\": {\n        \"AWS\": \"arn:aws:sts::111594127594:assumed-role/ct-ado-batcave-techadmin/PDYW\"\n      }\n    },\n    {\n      \"Sid\": \"KeyAdministration\",\n      \"Effect\": \"Allow\",\n      \"Action\": [\n        \"kms:Update*\",\n        \"kms:UntagResource\",\n        \"kms:TagResource\",\n        \"kms:ScheduleKeyDeletion\",\n        \"kms:Revoke*\",\n        \"kms:ReplicateKey\",\n        \"kms:Put*\",\n        \"kms:List*\",\n        \"kms:ImportKeyMaterial\",\n        \"kms:Get*\",\n        \"kms:Enable*\",\n        \"kms:Disable*\",\n        \"kms:Describe*\",\n        \"kms:Delete*\",\n        \"kms:Create*\",\n        \"kms:CancelKeyDeletion\"\n      ],\n      \"Resource\": \"*\",\n      \"Principal\": {\n        \"AWS\": \"arn:aws:sts::111594127594:assumed-role/ct-ado-batcave-techadmin/PDYW\"\n      }\n    },\n    {\n      \"Sid\": \"KeyUsage\",\n      \"Effect\": \"Allow\",\n      \"Action\": [\n        \"kms:ReEncrypt*\",\n        \"kms:GenerateDataKey*\",\n        \"kms:Encrypt\",\n        \"kms:DescribeKey\",\n        \"kms:Decrypt\"\n      ],\n      \"Resource\": \"*\",\n      \"Principal\": {\n        \"AWS\": \"*\"\n      }\n    },\n    {\n      \"Sid\": \"KeyServiceUsage\",\n      \"Effect\": \"Allow\",\n      \"Action\": [\n        \"kms:RevokeGrant\",\n        \"kms:ListGrants\",\n        \"kms:CreateGrant\"\n      ],\n      \"Resource\": \"*\",\n      \"Principal\": {\n        \"AWS\": \"*\"\n      },\n      \"Condition\": {\n        \"Bool\": {\n          \"kms:GrantIsForAWSResource\": \"true\"\n        }\n      }\n    }\n  ]\n}",
            "minified_json": "{\"Version\":\"2012-10-17\",\"Statement\":[{\"Sid\":\"Default\",\"Effect\":\"Allow\",\"Action\":\"kms:*\",\"Resource\":\"*\",\"Principal\":{\"AWS\":\"arn:aws:iam::111594127594:root\"}},{\"Sid\":\"KeyOwner\",\"Effect\":\"Allow\",\"Action\":\"kms:*\",\"Resource\":\"*\",\"Principal\":{\"AWS\":\"arn:aws:sts::111594127594:assumed-role/ct-ado-batcave-techadmin/PDYW\"}},{\"Sid\":\"KeyAdministration\",\"Effect\":\"Allow\",\"Action\":[\"kms:Update*\",\"kms:UntagResource\",\"kms:TagResource\",\"kms:ScheduleKeyDeletion\",\"kms:Revoke*\",\"kms:ReplicateKey\",\"kms:Put*\",\"kms:List*\",\"kms:ImportKeyMaterial\",\"kms:Get*\",\"kms:Enable*\",\"kms:Disable*\",\"kms:Describe*\",\"kms:Delete*\",\"kms:Create*\",\"kms:CancelKeyDeletion\"],\"Resource\":\"*\",\"Principal\":{\"AWS\":\"arn:aws:sts::111594127594:assumed-role/ct-ado-batcave-techadmin/PDYW\"}},{\"Sid\":\"KeyUsage\",\"Effect\":\"Allow\",\"Action\":[\"kms:ReEncrypt*\",\"kms:GenerateDataKey*\",\"kms:Encrypt\",\"kms:DescribeKey\",\"kms:Decrypt\"],\"Resource\":\"*\",\"Principal\":{\"AWS\":\"*\"}},{\"Sid\":\"KeyServiceUsage\",\"Effect\":\"Allow\",\"Action\":[\"kms:RevokeGrant\",\"kms:ListGrants\",\"kms:CreateGrant\"],\"Resource\":\"*\",\"Principal\":{\"AWS\":\"*\"},\"Condition\":{\"Bool\":{\"kms:GrantIsForAWSResource\":\"true\"}}}]}",
            "override_json": null,
            "override_policy_documents": null,
            "policy_id": null,
            "source_json": null,
            "source_policy_documents": null,
            "statement": [
              {
                "actions": [
                  "kms:*"
                ],
                "condition": [],
                "effect": "Allow",
                "not_actions": [],
                "not_principals": [],
                "not_resources": [],
                "principals": [
                  {
                    "identifiers": [
                      "arn:aws:iam::111594127594:root"
                    ],
                    "type": "AWS"
                  }
                ],
                "resources": [
                  "*"
                ],
                "sid": "Default"
              },
              {
                "actions": [
                  "kms:*"
                ],
                "condition": [],
                "effect": "Allow",
                "not_actions": [],
                "not_principals": [],
                "not_resources": [],
                "principals": [
                  {
                    "identifiers": [
                      "arn:aws:sts::111594127594:assumed-role/ct-ado-batcave-techadmin/PDYW"
                    ],
                    "type": "AWS"
                  }
                ],
                "resources": [
                  "*"
                ],
                "sid": "KeyOwner"
              },
              {
                "actions": [
                  "kms:CancelKeyDeletion",
                  "kms:Create*",
                  "kms:Delete*",
                  "kms:Describe*",
                  "kms:Disable*",
                  "kms:Enable*",
                  "kms:Get*",
                  "kms:ImportKeyMaterial",
                  "kms:List*",
                  "kms:Put*",
                  "kms:ReplicateKey",
                  "kms:Revoke*",
                  "kms:ScheduleKeyDeletion",
                  "kms:TagResource",
                  "kms:UntagResource",
                  "kms:Update*"
                ],
                "condition": [],
                "effect": "Allow",
                "not_actions": [],
                "not_principals": [],
                "not_resources": [],
                "principals": [
                  {
                    "identifiers": [
                      "arn:aws:sts::111594127594:assumed-role/ct-ado-batcave-techadmin/PDYW"
                    ],
                    "type": "AWS"
                  }
                ],
                "resources": [
                  "*"
                ],
                "sid": "KeyAdministration"
              },
              {
                "actions": [
                  "kms:Decrypt",
                  "kms:DescribeKey",
                  "kms:Encrypt",
                  "kms:GenerateDataKey*",
                  "kms:ReEncrypt*"
                ],
                "condition": [],
                "effect": "Allow",
                "not_actions": [],
                "not_principals": [],
                "not_resources": [],
                "principals": [
                  {
                    "identifiers": [
                      "*"
                    ],
                    "type": "AWS"
                  }
                ],
                "resources": [
                  "*"
                ],
                "sid": "KeyUsage"
              },
              {
                "actions": [
                  "kms:CreateGrant",
                  "kms:ListGrants",
                  "kms:RevokeGrant"
                ],
                "condition": [
                  {
                    "test": "Bool",
                    "values": [
                      "true"
                    ],
                    "variable": "kms:GrantIsForAWSResource"
                  }
                ],
                "effect": "Allow",
                "not_actions": [],
                "not_principals": [],
                "not_resources": [],
                "principals": [
                  {
                    "identifiers": [
                      "*"
                    ],
                    "type": "AWS"
                  }
                ],
                "resources": [
                  "*"
                ],
                "sid": "KeyServiceUsage"
              }
            ],
            "version": "2012-10-17"
          },
          "sensitive_attributes": []
        }
      ]
    },
    {
      "module": "module.main-eks.module.ssm_kms",
      "mode": "data",
      "type": "aws_partition",
      "name": "current",
      "provider": "provider[\"registry.terraform.io/hashicorp/aws\"]",
      "instances": [
        {
          "index_key": 0,
          "schema_version": 0,
          "attributes": {
            "dns_suffix": "amazonaws.com",
            "id": "aws",
            "partition": "aws",
            "reverse_dns_prefix": "com.amazonaws"
          },
          "sensitive_attributes": []
        }
      ]
    },
    {
      "module": "module.main-eks.module.ssm_kms",
      "mode": "managed",
      "type": "aws_kms_alias",
      "name": "this",
      "provider": "provider[\"registry.terraform.io/hashicorp/aws\"]",
      "instances": [
        {
          "index_key": "hema-test-ssm",
          "schema_version": 0,
          "attributes": {
            "arn": "arn:aws:kms:us-east-1:111594127594:alias/hema-test-ssm",
            "id": "alias/hema-test-ssm",
            "name": "alias/hema-test-ssm",
            "name_prefix": "",
            "target_key_arn": "arn:aws:kms:us-east-1:111594127594:key/dcd33b3a-7def-4724-a6aa-eb01ae57d522",
            "target_key_id": "dcd33b3a-7def-4724-a6aa-eb01ae57d522"
          },
          "sensitive_attributes": [],
          "private": "bnVsbA==",
          "dependencies": [
            "module.main-eks.module.ssm_kms.aws_kms_external_key.this",
            "module.main-eks.module.ssm_kms.aws_kms_key.this",
            "module.main-eks.module.ssm_kms.aws_kms_replica_external_key.this",
            "module.main-eks.module.ssm_kms.aws_kms_replica_key.this",
            "module.main-eks.module.ssm_kms.data.aws_iam_policy_document.this"
          ]
        }
      ]
    },
    {
      "module": "module.main-eks.module.ssm_kms",
      "mode": "managed",
      "type": "aws_kms_external_key",
      "name": "this",
      "provider": "provider[\"registry.terraform.io/hashicorp/aws\"]",
      "instances": []
    },
    {
      "module": "module.main-eks.module.ssm_kms",
      "mode": "managed",
      "type": "aws_kms_key",
      "name": "this",
      "provider": "provider[\"registry.terraform.io/hashicorp/aws\"]",
      "instances": [
        {
          "index_key": 0,
          "schema_version": 0,
          "attributes": {
            "arn": "arn:aws:kms:us-east-1:111594127594:key/dcd33b3a-7def-4724-a6aa-eb01ae57d522",
            "bypass_policy_lockout_safety_check": false,
            "custom_key_store_id": "",
            "customer_master_key_spec": "SYMMETRIC_DEFAULT",
            "deletion_window_in_days": 7,
            "description": "Encrypt and decrypt data for SSM",
            "enable_key_rotation": true,
            "id": "dcd33b3a-7def-4724-a6aa-eb01ae57d522",
            "is_enabled": true,
            "key_id": "dcd33b3a-7def-4724-a6aa-eb01ae57d522",
            "key_usage": "ENCRYPT_DECRYPT",
            "multi_region": false,
            "policy": "{\"Statement\":[{\"Action\":\"kms:*\",\"Effect\":\"Allow\",\"Principal\":{\"AWS\":\"arn:aws:iam::111594127594:root\"},\"Resource\":\"*\",\"Sid\":\"Default\"},{\"Action\":\"kms:*\",\"Effect\":\"Allow\",\"Principal\":{\"AWS\":\"arn:aws:sts::111594127594:assumed-role/ct-ado-batcave-techadmin/PDYW\"},\"Resource\":\"*\",\"Sid\":\"KeyOwner\"},{\"Action\":[\"kms:Update*\",\"kms:UntagResource\",\"kms:TagResource\",\"kms:ScheduleKeyDeletion\",\"kms:Revoke*\",\"kms:ReplicateKey\",\"kms:Put*\",\"kms:List*\",\"kms:ImportKeyMaterial\",\"kms:Get*\",\"kms:Enable*\",\"kms:Disable*\",\"kms:Describe*\",\"kms:Delete*\",\"kms:Create*\",\"kms:CancelKeyDeletion\"],\"Effect\":\"Allow\",\"Principal\":{\"AWS\":\"arn:aws:sts::111594127594:assumed-role/ct-ado-batcave-techadmin/PDYW\"},\"Resource\":\"*\",\"Sid\":\"KeyAdministration\"},{\"Action\":[\"kms:ReEncrypt*\",\"kms:GenerateDataKey*\",\"kms:Encrypt\",\"kms:DescribeKey\",\"kms:Decrypt\"],\"Effect\":\"Allow\",\"Principal\":{\"AWS\":\"*\"},\"Resource\":\"*\",\"Sid\":\"KeyUsage\"},{\"Action\":[\"kms:RevokeGrant\",\"kms:ListGrants\",\"kms:CreateGrant\"],\"Condition\":{\"Bool\":{\"kms:GrantIsForAWSResource\":\"true\"}},\"Effect\":\"Allow\",\"Principal\":{\"AWS\":\"*\"},\"Resource\":\"*\",\"Sid\":\"KeyServiceUsage\"}],\"Version\":\"2012-10-17\"}",
            "rotation_period_in_days": 90,
            "tags": {
              "Name": "SSM"
            },
            "tags_all": {
              "Creator": "Terraform",
              "Name": "SSM"
            },
            "timeouts": null,
            "xks_key_id": ""
          },
          "sensitive_attributes": [],
          "private": "eyJlMmJmYjczMC1lY2FhLTExZTYtOGY4OC0zNDM2M2JjN2M0YzAiOnsiY3JlYXRlIjoxMjAwMDAwMDAwMDB9fQ==",
          "dependencies": [
            "module.main-eks.module.ssm_kms.data.aws_iam_policy_document.this"
          ]
        }
      ]
    },
    {
      "module": "module.main-eks.module.ssm_kms",
      "mode": "managed",
      "type": "aws_kms_replica_external_key",
      "name": "this",
      "provider": "provider[\"registry.terraform.io/hashicorp/aws\"]",
      "instances": []
    },
    {
      "module": "module.main-eks.module.ssm_kms",
      "mode": "managed",
      "type": "aws_kms_replica_key",
      "name": "this",
      "provider": "provider[\"registry.terraform.io/hashicorp/aws\"]",
      "instances": []
    }
  ],
  "check_results": [
    {
      "object_kind": "resource",
      "config_addr": "module.main-eks.module.eks.module.eks_managed_node_group.module.user_data.null_resource.validate_cluster_service_cidr",
      "status": "pass",
      "objects": null
    },
    {
      "object_kind": "resource",
      "config_addr": "module.main-eks.module.eks.module.self_managed_node_group.module.user_data.null_resource.validate_cluster_service_cidr",
      "status": "pass",
      "objects": null
    }
  ]
}
